{
  "version": 4,
  "terraform_version": "1.39.0",
  "serial": 1,
  "lineage": "",
  "outputs": {},
  "resources": [
    {
      "mode": "managed",
      "type": "aws_api_gateway_documentation_part",
      "name": "ac--4t79rwsi0m-002F-0ajq91",
      "provider": "provider[\"registry.terraform.io/hashicorp/aws\"]",
      "instances": [
        {
          "schema_version": 0,
          "attributes": {
            "id": "4t79rwsi0m/0ajq91",
            "location": [
              {
                "method": "OPTIONS",
                "name": "",
                "path": "/adminauth/scf-payment/{proxy+}",
                "status_code": "200",
                "type": "RESPONSE"
              }
            ],
            "properties": "{\n  \"description\" : \"200 response\"\n}",
            "rest_api_id": "4t79rwsi0m"
          },
          "sensitive_attributes": []
        }
      ]
    },
    {
      "mode": "managed",
      "type": "aws_api_gateway_documentation_part",
      "name": "ac--4t79rwsi0m-002F-0unxq6",
      "provider": "provider[\"registry.terraform.io/hashicorp/aws\"]",
      "instances": [
        {
          "schema_version": 0,
          "attributes": {
            "id": "4t79rwsi0m/0unxq6",
            "location": [
              {
                "method": "OPTIONS",
                "name": "",
                "path": "/wauth/otp/{proxy+}",
                "status_code": "200",
                "type": "RESPONSE"
              }
            ],
            "properties": "{\n  \"description\" : \"200 response\"\n}",
            "rest_api_id": "4t79rwsi0m"
          },
          "sensitive_attributes": []
        }
      ]
    },
    {
      "mode": "managed",
      "type": "aws_api_gateway_documentation_part",
      "name": "ac--4t79rwsi0m-002F-0vpt2z",
      "provider": "provider[\"registry.terraform.io/hashicorp/aws\"]",
      "instances": [
        {
          "schema_version": 0,
          "attributes": {
            "id": "4t79rwsi0m/0vpt2z",
            "location": [
              {
                "method": "OPTIONS",
                "name": "",
                "path": "/pauth/scf-invoicebod/{proxy+}",
                "status_code": "200",
                "type": "RESPONSE"
              }
            ],
            "properties": "{\n  \"description\" : \"200 response\"\n}",
            "rest_api_id": "4t79rwsi0m"
          },
          "sensitive_attributes": []
        }
      ]
    },
    {
      "mode": "managed",
      "type": "aws_api_gateway_documentation_part",
      "name": "ac--4t79rwsi0m-002F-18niyd",
      "provider": "provider[\"registry.terraform.io/hashicorp/aws\"]",
      "instances": [
        {
          "schema_version": 0,
          "attributes": {
            "id": "4t79rwsi0m/18niyd",
            "location": [
              {
                "method": "OPTIONS",
                "name": "",
                "path": "/pauth/scf-fiinvoicereconciliation/{proxy+}",
                "status_code": "200",
                "type": "RESPONSE"
              }
            ],
            "properties": "{\n  \"description\" : \"200 response\"\n}",
            "rest_api_id": "4t79rwsi0m"
          },
          "sensitive_attributes": []
        }
      ]
    },
    {
      "mode": "managed",
      "type": "aws_api_gateway_documentation_part",
      "name": "ac--4t79rwsi0m-002F-1z725o",
      "provider": "provider[\"registry.terraform.io/hashicorp/aws\"]",
      "instances": [
        {
          "schema_version": 0,
          "attributes": {
            "id": "4t79rwsi0m/1z725o",
            "location": [
              {
                "method": "OPTIONS",
                "name": "",
                "path": "/pauth/scf-onboard/{proxy+}",
                "status_code": "200",
                "type": "RESPONSE"
              }
            ],
            "properties": "{\n  \"description\" : \"200 response\"\n}",
            "rest_api_id": "4t79rwsi0m"
          },
          "sensitive_attributes": []
        }
      ]
    },
    {
      "mode": "managed",
      "type": "aws_api_gateway_documentation_part",
      "name": "ac--4t79rwsi0m-002F-3o9m0y",
      "provider": "provider[\"registry.terraform.io/hashicorp/aws\"]",
      "instances": [
        {
          "schema_version": 0,
          "attributes": {
            "id": "4t79rwsi0m/3o9m0y",
            "location": [
              {
                "method": "*",
                "name": "",
                "path": "/pauth/{proxy+}",
                "status_code": "200",
                "type": "RESPONSE"
              }
            ],
            "properties": "{\n  \"description\" : \"200 response\"\n}",
            "rest_api_id": "4t79rwsi0m"
          },
          "sensitive_attributes": []
        }
      ]
    },
    {
      "mode": "managed",
      "type": "aws_api_gateway_documentation_part",
      "name": "ac--4t79rwsi0m-002F-5840ez",
      "provider": "provider[\"registry.terraform.io/hashicorp/aws\"]",
      "instances": [
        {
          "schema_version": 0,
          "attributes": {
            "id": "4t79rwsi0m/5840ez",
            "location": [
              {
                "method": "OPTIONS",
                "name": "",
                "path": "/pauth/scf-notification/{proxy+}",
                "status_code": "200",
                "type": "RESPONSE"
              }
            ],
            "properties": "{\n  \"description\" : \"200 response\"\n}",
            "rest_api_id": "4t79rwsi0m"
          },
          "sensitive_attributes": []
        }
      ]
    },
    {
      "mode": "managed",
      "type": "aws_api_gateway_documentation_part",
      "name": "ac--4t79rwsi0m-002F-59bv0h",
      "provider": "provider[\"registry.terraform.io/hashicorp/aws\"]",
      "instances": [
        {
          "schema_version": 0,
          "attributes": {
            "id": "4t79rwsi0m/59bv0h",
            "location": [
              {
                "method": "OPTIONS",
                "name": "",
                "path": "/adminauth/scf-finance/{proxy+}",
                "status_code": "200",
                "type": "RESPONSE"
              }
            ],
            "properties": "{\n  \"description\" : \"200 response\"\n}",
            "rest_api_id": "4t79rwsi0m"
          },
          "sensitive_attributes": []
        }
      ]
    },
    {
      "mode": "managed",
      "type": "aws_api_gateway_documentation_part",
      "name": "ac--4t79rwsi0m-002F-5d3kl9",
      "provider": "provider[\"registry.terraform.io/hashicorp/aws\"]",
      "instances": [
        {
          "schema_version": 0,
          "attributes": {
            "id": "4t79rwsi0m/5d3kl9",
            "location": [
              {
                "method": "OPTIONS",
                "name": "",
                "path": "/pauth/scf-payment/{proxy+}",
                "status_code": "200",
                "type": "RESPONSE"
              }
            ],
            "properties": "{\n  \"description\" : \"200 response\"\n}",
            "rest_api_id": "4t79rwsi0m"
          },
          "sensitive_attributes": []
        }
      ]
    },
    {
      "mode": "managed",
      "type": "aws_api_gateway_documentation_part",
      "name": "ac--4t79rwsi0m-002F-630acu",
      "provider": "provider[\"registry.terraform.io/hashicorp/aws\"]",
      "instances": [
        {
          "schema_version": 0,
          "attributes": {
            "id": "4t79rwsi0m/630acu",
            "location": [
              {
                "method": "POST",
                "name": "",
                "path": "/wauth/-score-social",
                "status_code": "200",
                "type": "RESPONSE"
              }
            ],
            "properties": "{\n  \"description\" : \"200 response\"\n}",
            "rest_api_id": "4t79rwsi0m"
          },
          "sensitive_attributes": []
        }
      ]
    },
    {
      "mode": "managed",
      "type": "aws_api_gateway_documentation_part",
      "name": "ac--4t79rwsi0m-002F-67cee2",
      "provider": "provider[\"registry.terraform.io/hashicorp/aws\"]",
      "instances": [
        {
          "schema_version": 0,
          "attributes": {
            "id": "4t79rwsi0m/67cee2",
            "location": [
              {
                "method": "OPTIONS",
                "name": "",
                "path": "/adminauth/scf-creditlimit/{proxy+}",
                "status_code": "200",
                "type": "RESPONSE"
              }
            ],
            "properties": "{\n  \"description\" : \"200 response\"\n}",
            "rest_api_id": "4t79rwsi0m"
          },
          "sensitive_attributes": []
        }
      ]
    },
    {
      "mode": "managed",
      "type": "aws_api_gateway_documentation_part",
      "name": "ac--4t79rwsi0m-002F-6pbv4x",
      "provider": "provider[\"registry.terraform.io/hashicorp/aws\"]",
      "instances": [
        {
          "schema_version": 0,
          "attributes": {
            "id": "4t79rwsi0m/6pbv4x",
            "location": [
              {
                "method": "OPTIONS",
                "name": "",
                "path": "/wauth/bankstatement/result/{proxy+}",
                "status_code": "200",
                "type": "RESPONSE"
              }
            ],
            "properties": "{\n  \"description\" : \"200 response\"\n}",
            "rest_api_id": "4t79rwsi0m"
          },
          "sensitive_attributes": []
        }
      ]
    },
    {
      "mode": "managed",
      "type": "aws_api_gateway_documentation_part",
      "name": "ac--4t79rwsi0m-002F-7tdfxi",
      "provider": "provider[\"registry.terraform.io/hashicorp/aws\"]",
      "instances": [
        {
          "schema_version": 0,
          "attributes": {
            "id": "4t79rwsi0m/7tdfxi",
            "location": [
              {
                "method": "OPTIONS",
                "name": "",
                "path": "/wauth/cognito-auth/v2/{proxy+}",
                "status_code": "200",
                "type": "RESPONSE"
              }
            ],
            "properties": "{\n  \"description\" : \"200 response\"\n}",
            "rest_api_id": "4t79rwsi0m"
          },
          "sensitive_attributes": []
        }
      ]
    },
    {
      "mode": "managed",
      "type": "aws_api_gateway_documentation_part",
      "name": "ac--4t79rwsi0m-002F-8rp0kj",
      "provider": "provider[\"registry.terraform.io/hashicorp/aws\"]",
      "instances": [
        {
          "schema_version": 0,
          "attributes": {
            "id": "4t79rwsi0m/8rp0kj",
            "location": [
              {
                "method": "*",
                "name": "",
                "path": "/wauth/customer-profile/api/v1/user/validate-email",
                "status_code": "200",
                "type": "RESPONSE"
              }
            ],
            "properties": "{\n  \"description\" : \"200 response\"\n}",
            "rest_api_id": "4t79rwsi0m"
          },
          "sensitive_attributes": []
        }
      ]
    },
    {
      "mode": "managed",
      "type": "aws_api_gateway_documentation_part",
      "name": "ac--4t79rwsi0m-002F-8rtxg1",
      "provider": "provider[\"registry.terraform.io/hashicorp/aws\"]",
      "instances": [
        {
          "schema_version": 0,
          "attributes": {
            "id": "4t79rwsi0m/8rtxg1",
            "location": [
              {
                "method": "OPTIONS",
                "name": "",
                "path": "/adminauth/scf-api-routing/{proxy+}",
                "status_code": "200",
                "type": "RESPONSE"
              }
            ],
            "properties": "{\n  \"description\" : \"200 response\"\n}",
            "rest_api_id": "4t79rwsi0m"
          },
          "sensitive_attributes": []
        }
      ]
    },
    {
      "mode": "managed",
      "type": "aws_api_gateway_documentation_part",
      "name": "ac--4t79rwsi0m-002F-8ym33t",
      "provider": "provider[\"registry.terraform.io/hashicorp/aws\"]",
      "instances": [
        {
          "schema_version": 0,
          "attributes": {
            "id": "4t79rwsi0m/8ym33t",
            "location": [
              {
                "method": "OPTIONS",
                "name": "",
                "path": "/pauth/scf-finance/{proxy+}",
                "status_code": "200",
                "type": "RESPONSE"
              }
            ],
            "properties": "{\n  \"description\" : \"200 response\"\n}",
            "rest_api_id": "4t79rwsi0m"
          },
          "sensitive_attributes": []
        }
      ]
    },
    {
      "mode": "managed",
      "type": "aws_api_gateway_documentation_part",
      "name": "ac--4t79rwsi0m-002F-91wgvi",
      "provider": "provider[\"registry.terraform.io/hashicorp/aws\"]",
      "instances": [
        {
          "schema_version": 0,
          "attributes": {
            "id": "4t79rwsi0m/91wgvi",
            "location": [
              {
                "method": "OPTIONS",
                "name": "",
                "path": "/wauth/cognito-auth/v3/{proxy+}",
                "status_code": "200",
                "type": "RESPONSE"
              }
            ],
            "properties": "{\n  \"description\" : \"200 response\"\n}",
            "rest_api_id": "4t79rwsi0m"
          },
          "sensitive_attributes": []
        }
      ]
    },
    {
      "mode": "managed",
      "type": "aws_api_gateway_documentation_part",
      "name": "ac--4t79rwsi0m-002F-96mc3w",
      "provider": "provider[\"registry.terraform.io/hashicorp/aws\"]",
      "instances": [
        {
          "schema_version": 0,
          "attributes": {
            "id": "4t79rwsi0m/96mc3w",
            "location": [
              {
                "method": "OPTIONS",
                "name": "",
                "path": "/pauth/scf-fileupload/{proxy+}",
                "status_code": "200",
                "type": "RESPONSE"
              }
            ],
            "properties": "{\n  \"description\" : \"200 response\"\n}",
            "rest_api_id": "4t79rwsi0m"
          },
          "sensitive_attributes": []
        }
      ]
    },
    {
      "mode": "managed",
      "type": "aws_api_gateway_documentation_part",
      "name": "ac--4t79rwsi0m-002F-azs3rt",
      "provider": "provider[\"registry.terraform.io/hashicorp/aws\"]",
      "instances": [
        {
          "schema_version": 0,
          "attributes": {
            "id": "4t79rwsi0m/azs3rt",
            "location": [
              {
                "method": "OPTIONS",
                "name": "",
                "path": "/pauth/scf-api-routing/{proxy+}",
                "status_code": "200",
                "type": "RESPONSE"
              }
            ],
            "properties": "{\n  \"description\" : \"200 response\"\n}",
            "rest_api_id": "4t79rwsi0m"
          },
          "sensitive_attributes": []
        }
      ]
    },
    {
      "mode": "managed",
      "type": "aws_api_gateway_documentation_part",
      "name": "ac--4t79rwsi0m-002F-bmw87a",
      "provider": "provider[\"registry.terraform.io/hashicorp/aws\"]",
      "instances": [
        {
          "schema_version": 0,
          "attributes": {
            "id": "4t79rwsi0m/bmw87a",
            "location": [
              {
                "method": "GET",
                "name": "",
                "path": "/wauth/kyc-service/api/v1/onboarding-document/filter",
                "status_code": "200",
                "type": "RESPONSE"
              }
            ],
            "properties": "{\n  \"description\" : \"200 response\"\n}",
            "rest_api_id": "4t79rwsi0m"
          },
          "sensitive_attributes": []
        }
      ]
    },
    {
      "mode": "managed",
      "type": "aws_api_gateway_documentation_part",
      "name": "ac--4t79rwsi0m-002F-c9xjqu",
      "provider": "provider[\"registry.terraform.io/hashicorp/aws\"]",
      "instances": [
        {
          "schema_version": 0,
          "attributes": {
            "id": "4t79rwsi0m/c9xjqu",
            "location": [
              {
                "method": "OPTIONS",
                "name": "",
                "path": "/wauth/communication/sendEmail",
                "status_code": "200",
                "type": "RESPONSE"
              }
            ],
            "properties": "{\n  \"description\" : \"200 response\"\n}",
            "rest_api_id": "4t79rwsi0m"
          },
          "sensitive_attributes": []
        }
      ]
    },
    {
      "mode": "managed",
      "type": "aws_api_gateway_documentation_part",
      "name": "ac--4t79rwsi0m-002F-cd84vs",
      "provider": "provider[\"registry.terraform.io/hashicorp/aws\"]",
      "instances": [
        {
          "schema_version": 0,
          "attributes": {
            "id": "4t79rwsi0m/cd84vs",
            "location": [
              {
                "method": "OPTIONS",
                "name": "",
                "path": "/wauth/cognito-auth/v1/{proxy+}",
                "status_code": "200",
                "type": "RESPONSE"
              }
            ],
            "properties": "{\n  \"description\" : \"200 response\"\n}",
            "rest_api_id": "4t79rwsi0m"
          },
          "sensitive_attributes": []
        }
      ]
    },
    {
      "mode": "managed",
      "type": "aws_api_gateway_documentation_part",
      "name": "ac--4t79rwsi0m-002F-cz2svv",
      "provider": "provider[\"registry.terraform.io/hashicorp/aws\"]",
      "instances": [
        {
          "schema_version": 0,
          "attributes": {
            "id": "4t79rwsi0m/cz2svv",
            "location": [
              {
                "method": "OPTIONS",
                "name": "",
                "path": "/pauth/scf-limitbod/{proxy+}",
                "status_code": "200",
                "type": "RESPONSE"
              }
            ],
            "properties": "{\n  \"description\" : \"200 response\"\n}",
            "rest_api_id": "4t79rwsi0m"
          },
          "sensitive_attributes": []
        }
      ]
    },
    {
      "mode": "managed",
      "type": "aws_api_gateway_documentation_part",
      "name": "ac--4t79rwsi0m-002F-dfp2z6",
      "provider": "provider[\"registry.terraform.io/hashicorp/aws\"]",
      "instances": [
        {
          "schema_version": 0,
          "attributes": {
            "id": "4t79rwsi0m/dfp2z6",
            "location": [
              {
                "method": "OPTIONS",
                "name": "",
                "path": "/wauth/customer-profile/api/v1/user/validate-email",
                "status_code": "200",
                "type": "RESPONSE"
              }
            ],
            "properties": "{\n  \"description\" : \"200 response\"\n}",
            "rest_api_id": "4t79rwsi0m"
          },
          "sensitive_attributes": []
        }
      ]
    },
    {
      "mode": "managed",
      "type": "aws_api_gateway_documentation_part",
      "name": "ac--4t79rwsi0m-002F-e8z23g",
      "provider": "provider[\"registry.terraform.io/hashicorp/aws\"]",
      "instances": [
        {
          "schema_version": 0,
          "attributes": {
            "id": "4t79rwsi0m/e8z23g",
            "location": [
              {
                "method": "OPTIONS",
                "name": "",
                "path": "/wauth/gst/webhook/returndata",
                "status_code": "200",
                "type": "RESPONSE"
              }
            ],
            "properties": "{\n  \"description\" : \"200 response\"\n}",
            "rest_api_id": "4t79rwsi0m"
          },
          "sensitive_attributes": []
        }
      ]
    },
    {
      "mode": "managed",
      "type": "aws_api_gateway_documentation_part",
      "name": "ac--4t79rwsi0m-002F-eaerst",
      "provider": "provider[\"registry.terraform.io/hashicorp/aws\"]",
      "instances": [
        {
          "schema_version": 0,
          "attributes": {
            "id": "4t79rwsi0m/eaerst",
            "location": [
              {
                "method": "OPTIONS",
                "name": "",
                "path": "/email",
                "status_code": "200",
                "type": "RESPONSE"
              }
            ],
            "properties": "{\n  \"description\" : \"200 response\"\n}",
            "rest_api_id": "4t79rwsi0m"
          },
          "sensitive_attributes": []
        }
      ]
    },
    {
      "mode": "managed",
      "type": "aws_api_gateway_documentation_part",
      "name": "ac--4t79rwsi0m-002F-exzmum",
      "provider": "provider[\"registry.terraform.io/hashicorp/aws\"]",
      "instances": [
        {
          "schema_version": 0,
          "attributes": {
            "id": "4t79rwsi0m/exzmum",
            "location": [
              {
                "method": "OPTIONS",
                "name": "",
                "path": "/pauth/{proxy+}",
                "status_code": "200",
                "type": "RESPONSE"
              }
            ],
            "properties": "{\n  \"description\" : \"200 response\"\n}",
            "rest_api_id": "4t79rwsi0m"
          },
          "sensitive_attributes": []
        }
      ]
    },
    {
      "mode": "managed",
      "type": "aws_api_gateway_documentation_part",
      "name": "ac--4t79rwsi0m-002F-fksuvm",
      "provider": "provider[\"registry.terraform.io/hashicorp/aws\"]",
      "instances": [
        {
          "schema_version": 0,
          "attributes": {
            "id": "4t79rwsi0m/fksuvm",
            "location": [
              {
                "method": "OPTIONS",
                "name": "",
                "path": "/pauth/scf-notification-service/{proxy+}",
                "status_code": "200",
                "type": "RESPONSE"
              }
            ],
            "properties": "{\n  \"description\" : \"200 response\"\n}",
            "rest_api_id": "4t79rwsi0m"
          },
          "sensitive_attributes": []
        }
      ]
    },
    {
      "mode": "managed",
      "type": "aws_api_gateway_documentation_part",
      "name": "ac--4t79rwsi0m-002F-g4v1bn",
      "provider": "provider[\"registry.terraform.io/hashicorp/aws\"]",
      "instances": [
        {
          "schema_version": 0,
          "attributes": {
            "id": "4t79rwsi0m/g4v1bn",
            "location": [
              {
                "method": "OPTIONS",
                "name": "",
                "path": "/pauth/scf-invoice/{proxy+}",
                "status_code": "200",
                "type": "RESPONSE"
              }
            ],
            "properties": "{\n  \"description\" : \"200 response\"\n}",
            "rest_api_id": "4t79rwsi0m"
          },
          "sensitive_attributes": []
        }
      ]
    },
    {
      "mode": "managed",
      "type": "aws_api_gateway_documentation_part",
      "name": "ac--4t79rwsi0m-002F-g9s3fl",
      "provider": "provider[\"registry.terraform.io/hashicorp/aws\"]",
      "instances": [
        {
          "schema_version": 0,
          "attributes": {
            "id": "4t79rwsi0m/g9s3fl",
            "location": [
              {
                "method": "OPTIONS",
                "name": "",
                "path": "/adminauth/scf-notification-service/{proxy+}",
                "status_code": "200",
                "type": "RESPONSE"
              }
            ],
            "properties": "{\n  \"description\" : \"200 response\"\n}",
            "rest_api_id": "4t79rwsi0m"
          },
          "sensitive_attributes": []
        }
      ]
    },
    {
      "mode": "managed",
      "type": "aws_api_gateway_documentation_part",
      "name": "ac--4t79rwsi0m-002F-gakb56",
      "provider": "provider[\"registry.terraform.io/hashicorp/aws\"]",
      "instances": [
        {
          "schema_version": 0,
          "attributes": {
            "id": "4t79rwsi0m/gakb56",
            "location": [
              {
                "method": "OPTIONS",
                "name": "",
                "path": "/",
                "status_code": "200",
                "type": "RESPONSE"
              }
            ],
            "properties": "{\n  \"description\" : \"200 response\"\n}",
            "rest_api_id": "4t79rwsi0m"
          },
          "sensitive_attributes": []
        }
      ]
    },
    {
      "mode": "managed",
      "type": "aws_api_gateway_documentation_part",
      "name": "ac--4t79rwsi0m-002F-h4jzls",
      "provider": "provider[\"registry.terraform.io/hashicorp/aws\"]",
      "instances": [
        {
          "schema_version": 0,
          "attributes": {
            "id": "4t79rwsi0m/h4jzls",
            "location": [
              {
                "method": "OPTIONS",
                "name": "",
                "path": "/adminauth/scf-invoiceparse/{proxy+}",
                "status_code": "200",
                "type": "RESPONSE"
              }
            ],
            "properties": "{\n  \"description\" : \"200 response\"\n}",
            "rest_api_id": "4t79rwsi0m"
          },
          "sensitive_attributes": []
        }
      ]
    },
    {
      "mode": "managed",
      "type": "aws_api_gateway_documentation_part",
      "name": "ac--4t79rwsi0m-002F-h9c8km",
      "provider": "provider[\"registry.terraform.io/hashicorp/aws\"]",
      "instances": [
        {
          "schema_version": 0,
          "attributes": {
            "id": "4t79rwsi0m/h9c8km",
            "location": [
              {
                "method": "OPTIONS",
                "name": "",
                "path": "/wauth/scf-accesscontrol/{proxy+}",
                "status_code": "200",
                "type": "RESPONSE"
              }
            ],
            "properties": "{\n  \"description\" : \"200 response\"\n}",
            "rest_api_id": "4t79rwsi0m"
          },
          "sensitive_attributes": []
        }
      ]
    },
    {
      "mode": "managed",
      "type": "aws_api_gateway_documentation_part",
      "name": "ac--4t79rwsi0m-002F-iv039f",
      "provider": "provider[\"registry.terraform.io/hashicorp/aws\"]",
      "instances": [
        {
          "schema_version": 0,
          "attributes": {
            "id": "4t79rwsi0m/iv039f",
            "location": [
              {
                "method": "OPTIONS",
                "name": "",
                "path": "/adminauth/scf-fiinvoicereconciliation/{proxy+}",
                "status_code": "200",
                "type": "RESPONSE"
              }
            ],
            "properties": "{\n  \"description\" : \"200 response\"\n}",
            "rest_api_id": "4t79rwsi0m"
          },
          "sensitive_attributes": []
        }
      ]
    },
    {
      "mode": "managed",
      "type": "aws_api_gateway_documentation_part",
      "name": "ac--4t79rwsi0m-002F-jbnjsh",
      "provider": "provider[\"registry.terraform.io/hashicorp/aws\"]",
      "instances": [
        {
          "schema_version": 0,
          "attributes": {
            "id": "4t79rwsi0m/jbnjsh",
            "location": [
              {
                "method": "OPTIONS",
                "name": "",
                "path": "/pauth/scf-enhancement/{proxy+}",
                "status_code": "200",
                "type": "RESPONSE"
              }
            ],
            "properties": "{\n  \"description\" : \"200 response\"\n}",
            "rest_api_id": "4t79rwsi0m"
          },
          "sensitive_attributes": []
        }
      ]
    },
    {
      "mode": "managed",
      "type": "aws_api_gateway_documentation_part",
      "name": "ac--4t79rwsi0m-002F-jz4z1d",
      "provider": "provider[\"registry.terraform.io/hashicorp/aws\"]",
      "instances": [
        {
          "schema_version": 0,
          "attributes": {
            "id": "4t79rwsi0m/jz4z1d",
            "location": [
              {
                "method": "OPTIONS",
                "name": "",
                "path": "/pauth/scf-report/{proxy+}",
                "status_code": "200",
                "type": "RESPONSE"
              }
            ],
            "properties": "{\n  \"description\" : \"200 response\"\n}",
            "rest_api_id": "4t79rwsi0m"
          },
          "sensitive_attributes": []
        }
      ]
    },
    {
      "mode": "managed",
      "type": "aws_api_gateway_documentation_part",
      "name": "ac--4t79rwsi0m-002F-k5zqze",
      "provider": "provider[\"registry.terraform.io/hashicorp/aws\"]",
      "instances": [
        {
          "schema_version": 0,
          "attributes": {
            "id": "4t79rwsi0m/k5zqze",
            "location": [
              {
                "method": "*",
                "name": "",
                "path": "/wauth/gst/webhook/returndata",
                "status_code": "200",
                "type": "RESPONSE"
              }
            ],
            "properties": "{\n  \"description\" : \"200 response\"\n}",
            "rest_api_id": "4t79rwsi0m"
          },
          "sensitive_attributes": []
        }
      ]
    },
    {
      "mode": "managed",
      "type": "aws_api_gateway_documentation_part",
      "name": "ac--4t79rwsi0m-002F-l7pe9z",
      "provider": "provider[\"registry.terraform.io/hashicorp/aws\"]",
      "instances": [
        {
          "schema_version": 0,
          "attributes": {
            "id": "4t79rwsi0m/l7pe9z",
            "location": [
              {
                "method": "OPTIONS",
                "name": "",
                "path": "/adminauth/scf-fileupload/{proxy+}",
                "status_code": "200",
                "type": "RESPONSE"
              }
            ],
            "properties": "{\n  \"description\" : \"200 response\"\n}",
            "rest_api_id": "4t79rwsi0m"
          },
          "sensitive_attributes": []
        }
      ]
    },
    {
      "mode": "managed",
      "type": "aws_api_gateway_documentation_part",
      "name": "ac--4t79rwsi0m-002F-li178f",
      "provider": "provider[\"registry.terraform.io/hashicorp/aws\"]",
      "instances": [
        {
          "schema_version": 0,
          "attributes": {
            "id": "4t79rwsi0m/li178f",
            "location": [
              {
                "method": "OPTIONS",
                "name": "",
                "path": "/pauth/scf-invoiceparse/{proxy+}",
                "status_code": "200",
                "type": "RESPONSE"
              }
            ],
            "properties": "{\n  \"description\" : \"200 response\"\n}",
            "rest_api_id": "4t79rwsi0m"
          },
          "sensitive_attributes": []
        }
      ]
    },
    {
      "mode": "managed",
      "type": "aws_api_gateway_documentation_part",
      "name": "ac--4t79rwsi0m-002F-lyzur8",
      "provider": "provider[\"registry.terraform.io/hashicorp/aws\"]",
      "instances": [
        {
          "schema_version": 0,
          "attributes": {
            "id": "4t79rwsi0m/lyzur8",
            "location": [
              {
                "method": "OPTIONS",
                "name": "",
                "path": "/adminauth/scf-onboard/{proxy+}",
                "status_code": "200",
                "type": "RESPONSE"
              }
            ],
            "properties": "{\n  \"description\" : \"200 response\"\n}",
            "rest_api_id": "4t79rwsi0m"
          },
          "sensitive_attributes": []
        }
      ]
    },
    {
      "mode": "managed",
      "type": "aws_api_gateway_documentation_part",
      "name": "ac--4t79rwsi0m-002F-m1pgek",
      "provider": "provider[\"registry.terraform.io/hashicorp/aws\"]",
      "instances": [
        {
          "schema_version": 0,
          "attributes": {
            "id": "4t79rwsi0m/m1pgek",
            "location": [
              {
                "method": "*",
                "name": "",
                "path": "/pauth/{proxy+}",
                "status_code": "400",
                "type": "RESPONSE"
              }
            ],
            "properties": "{\n  \"description\" : \"400 response\"\n}",
            "rest_api_id": "4t79rwsi0m"
          },
          "sensitive_attributes": []
        }
      ]
    },
    {
      "mode": "managed",
      "type": "aws_api_gateway_documentation_part",
      "name": "ac--4t79rwsi0m-002F-n5fw9p",
      "provider": "provider[\"registry.terraform.io/hashicorp/aws\"]",
      "instances": [
        {
          "schema_version": 0,
          "attributes": {
            "id": "4t79rwsi0m/n5fw9p",
            "location": [
              {
                "method": "*",
                "name": "",
                "path": "/pauth/{proxy+}",
                "status_code": "500",
                "type": "RESPONSE"
              }
            ],
            "properties": "{\n  \"description\" : \"500 response\"\n}",
            "rest_api_id": "4t79rwsi0m"
          },
          "sensitive_attributes": []
        }
      ]
    },
    {
      "mode": "managed",
      "type": "aws_api_gateway_documentation_part",
      "name": "ac--4t79rwsi0m-002F-n8u16q",
      "provider": "provider[\"registry.terraform.io/hashicorp/aws\"]",
      "instances": [
        {
          "schema_version": 0,
          "attributes": {
            "id": "4t79rwsi0m/n8u16q",
            "location": [
              {
                "method": "OPTIONS",
                "name": "",
                "path": "/adminauth/scf-invoice/{proxy+}",
                "status_code": "200",
                "type": "RESPONSE"
              }
            ],
            "properties": "{\n  \"description\" : \"200 response\"\n}",
            "rest_api_id": "4t79rwsi0m"
          },
          "sensitive_attributes": []
        }
      ]
    },
    {
      "mode": "managed",
      "type": "aws_api_gateway_documentation_part",
      "name": "ac--4t79rwsi0m-002F-nwczvh",
      "provider": "provider[\"registry.terraform.io/hashicorp/aws\"]",
      "instances": [
        {
          "schema_version": 0,
          "attributes": {
            "id": "4t79rwsi0m/nwczvh",
            "location": [
              {
                "method": "*",
                "name": "",
                "path": "/email",
                "status_code": "200",
                "type": "RESPONSE"
              }
            ],
            "properties": "{\n  \"description\" : \"200 response\"\n}",
            "rest_api_id": "4t79rwsi0m"
          },
          "sensitive_attributes": []
        }
      ]
    },
    {
      "mode": "managed",
      "type": "aws_api_gateway_documentation_part",
      "name": "ac--4t79rwsi0m-002F-ok7z9j",
      "provider": "provider[\"registry.terraform.io/hashicorp/aws\"]",
      "instances": [
        {
          "schema_version": 0,
          "attributes": {
            "id": "4t79rwsi0m/ok7z9j",
            "location": [
              {
                "method": "OPTIONS",
                "name": "",
                "path": "/adminauth/scf-notification/{proxy+}",
                "status_code": "200",
                "type": "RESPONSE"
              }
            ],
            "properties": "{\n  \"description\" : \"200 response\"\n}",
            "rest_api_id": "4t79rwsi0m"
          },
          "sensitive_attributes": []
        }
      ]
    },
    {
      "mode": "managed",
      "type": "aws_api_gateway_documentation_part",
      "name": "ac--4t79rwsi0m-002F-okj29o",
      "provider": "provider[\"registry.terraform.io/hashicorp/aws\"]",
      "instances": [
        {
          "schema_version": 0,
          "attributes": {
            "id": "4t79rwsi0m/okj29o",
            "location": [
              {
                "method": "OPTIONS",
                "name": "",
                "path": "/pauth/scf-creditlimit/{proxy+}",
                "status_code": "200",
                "type": "RESPONSE"
              }
            ],
            "properties": "{\n  \"description\" : \"200 response\"\n}",
            "rest_api_id": "4t79rwsi0m"
          },
          "sensitive_attributes": []
        }
      ]
    },
    {
      "mode": "managed",
      "type": "aws_api_gateway_documentation_part",
      "name": "ac--4t79rwsi0m-002F-or0dt1",
      "provider": "provider[\"registry.terraform.io/hashicorp/aws\"]",
      "instances": [
        {
          "schema_version": 0,
          "attributes": {
            "id": "4t79rwsi0m/or0dt1",
            "location": [
              {
                "method": "POST",
                "name": "",
                "path": "/wauth/communication/sendEmail",
                "status_code": "200",
                "type": "RESPONSE"
              }
            ],
            "properties": "{\n  \"description\" : \"200 response\"\n}",
            "rest_api_id": "4t79rwsi0m"
          },
          "sensitive_attributes": []
        }
      ]
    },
    {
      "mode": "managed",
      "type": "aws_api_gateway_documentation_part",
      "name": "ac--4t79rwsi0m-002F-ox5i4b",
      "provider": "provider[\"registry.terraform.io/hashicorp/aws\"]",
      "instances": [
        {
          "schema_version": 0,
          "attributes": {
            "id": "4t79rwsi0m/ox5i4b",
            "location": [
              {
                "method": "OPTIONS",
                "name": "",
                "path": "/wauth/kyc-service/api/v1/onboarding-document/filter",
                "status_code": "200",
                "type": "RESPONSE"
              }
            ],
            "properties": "{\n  \"description\" : \"200 response\"\n}",
            "rest_api_id": "4t79rwsi0m"
          },
          "sensitive_attributes": []
        }
      ]
    },
    {
      "mode": "managed",
      "type": "aws_api_gateway_documentation_part",
      "name": "ac--4t79rwsi0m-002F-q1wbc5",
      "provider": "provider[\"registry.terraform.io/hashicorp/aws\"]",
      "instances": [
        {
          "schema_version": 0,
          "attributes": {
            "id": "4t79rwsi0m/q1wbc5",
            "location": [
              {
                "method": "OPTIONS",
                "name": "",
                "path": "/monitoring/{proxy+}",
                "status_code": "200",
                "type": "RESPONSE"
              }
            ],
            "properties": "{\n  \"description\" : \"200 response\"\n}",
            "rest_api_id": "4t79rwsi0m"
          },
          "sensitive_attributes": []
        }
      ]
    },
    {
      "mode": "managed",
      "type": "aws_api_gateway_documentation_part",
      "name": "ac--4t79rwsi0m-002F-q934bf",
      "provider": "provider[\"registry.terraform.io/hashicorp/aws\"]",
      "instances": [
        {
          "schema_version": 0,
          "attributes": {
            "id": "4t79rwsi0m/q934bf",
            "location": [
              {
                "method": "OPTIONS",
                "name": "",
                "path": "/adminauth/scf-profile/{proxy+}",
                "status_code": "200",
                "type": "RESPONSE"
              }
            ],
            "properties": "{\n  \"description\" : \"200 response\"\n}",
            "rest_api_id": "4t79rwsi0m"
          },
          "sensitive_attributes": []
        }
      ]
    },
    {
      "mode": "managed",
      "type": "aws_api_gateway_documentation_part",
      "name": "ac--4t79rwsi0m-002F-qxwmai",
      "provider": "provider[\"registry.terraform.io/hashicorp/aws\"]",
      "instances": [
        {
          "schema_version": 0,
          "attributes": {
            "id": "4t79rwsi0m/qxwmai",
            "location": [
              {
                "method": "OPTIONS",
                "name": "",
                "path": "/adminauth/scf-enhancement/{proxy+}",
                "status_code": "200",
                "type": "RESPONSE"
              }
            ],
            "properties": "{\n  \"description\" : \"200 response\"\n}",
            "rest_api_id": "4t79rwsi0m"
          },
          "sensitive_attributes": []
        }
      ]
    },
    {
      "mode": "managed",
      "type": "aws_api_gateway_documentation_part",
      "name": "ac--4t79rwsi0m-002F-sackry",
      "provider": "provider[\"registry.terraform.io/hashicorp/aws\"]",
      "instances": [
        {
          "schema_version": 0,
          "attributes": {
            "id": "4t79rwsi0m/sackry",
            "location": [
              {
                "method": "",
                "name": "Empty",
                "path": "",
                "status_code": "",
                "type": "MODEL"
              }
            ],
            "properties": "{\n  \"title\" : \"Empty Schema\"\n}",
            "rest_api_id": "4t79rwsi0m"
          },
          "sensitive_attributes": []
        }
      ]
    },
    {
      "mode": "managed",
      "type": "aws_api_gateway_documentation_part",
      "name": "ac--4t79rwsi0m-002F-ssgtge",
      "provider": "provider[\"registry.terraform.io/hashicorp/aws\"]",
      "instances": [
        {
          "schema_version": 0,
          "attributes": {
            "id": "4t79rwsi0m/ssgtge",
            "location": [
              {
                "method": "OPTIONS",
                "name": "",
                "path": "/adminauth/scf-invoicebod/{proxy+}",
                "status_code": "200",
                "type": "RESPONSE"
              }
            ],
            "properties": "{\n  \"description\" : \"200 response\"\n}",
            "rest_api_id": "4t79rwsi0m"
          },
          "sensitive_attributes": []
        }
      ]
    },
    {
      "mode": "managed",
      "type": "aws_api_gateway_documentation_part",
      "name": "ac--4t79rwsi0m-002F-t3p7mg",
      "provider": "provider[\"registry.terraform.io/hashicorp/aws\"]",
      "instances": [
        {
          "schema_version": 0,
          "attributes": {
            "id": "4t79rwsi0m/t3p7mg",
            "location": [
              {
                "method": "OPTIONS",
                "name": "",
                "path": "/adminauth/scf-fs-listener/{proxy+}",
                "status_code": "200",
                "type": "RESPONSE"
              }
            ],
            "properties": "{\n  \"description\" : \"200 response\"\n}",
            "rest_api_id": "4t79rwsi0m"
          },
          "sensitive_attributes": []
        }
      ]
    },
    {
      "mode": "managed",
      "type": "aws_api_gateway_documentation_part",
      "name": "ac--4t79rwsi0m-002F-t6g7gt",
      "provider": "provider[\"registry.terraform.io/hashicorp/aws\"]",
      "instances": [
        {
          "schema_version": 0,
          "attributes": {
            "id": "4t79rwsi0m/t6g7gt",
            "location": [
              {
                "method": "OPTIONS",
                "name": "",
                "path": "/pauth/scf-fs-listener/{proxy+}",
                "status_code": "200",
                "type": "RESPONSE"
              }
            ],
            "properties": "{\n  \"description\" : \"200 response\"\n}",
            "rest_api_id": "4t79rwsi0m"
          },
          "sensitive_attributes": []
        }
      ]
    },
    {
      "mode": "managed",
      "type": "aws_api_gateway_documentation_part",
      "name": "ac--4t79rwsi0m-002F-u31pbx",
      "provider": "provider[\"registry.terraform.io/hashicorp/aws\"]",
      "instances": [
        {
          "schema_version": 0,
          "attributes": {
            "id": "4t79rwsi0m/u31pbx",
            "location": [
              {
                "method": "OPTIONS",
                "name": "",
                "path": "/wauth/onboarding/user/{proxy+}",
                "status_code": "200",
                "type": "RESPONSE"
              }
            ],
            "properties": "{\n  \"description\" : \"200 response\"\n}",
            "rest_api_id": "4t79rwsi0m"
          },
          "sensitive_attributes": []
        }
      ]
    },
    {
      "mode": "managed",
      "type": "aws_api_gateway_documentation_part",
      "name": "ac--4t79rwsi0m-002F-ulx9gf",
      "provider": "provider[\"registry.terraform.io/hashicorp/aws\"]",
      "instances": [
        {
          "schema_version": 0,
          "attributes": {
            "id": "4t79rwsi0m/ulx9gf",
            "location": [
              {
                "method": "OPTIONS",
                "name": "",
                "path": "/pauth/scf-profile/{proxy+}",
                "status_code": "200",
                "type": "RESPONSE"
              }
            ],
            "properties": "{\n  \"description\" : \"200 response\"\n}",
            "rest_api_id": "4t79rwsi0m"
          },
          "sensitive_attributes": []
        }
      ]
    },
    {
      "mode": "managed",
      "type": "aws_api_gateway_documentation_part",
      "name": "ac--4t79rwsi0m-002F-uyjqzc",
      "provider": "provider[\"registry.terraform.io/hashicorp/aws\"]",
      "instances": [
        {
          "schema_version": 0,
          "attributes": {
            "id": "4t79rwsi0m/uyjqzc",
            "location": [
              {
                "method": "OPTIONS",
                "name": "",
                "path": "/wauth/communication/api/v1/{proxy+}",
                "status_code": "200",
                "type": "RESPONSE"
              }
            ],
            "properties": "{\n  \"description\" : \"200 response\"\n}",
            "rest_api_id": "4t79rwsi0m"
          },
          "sensitive_attributes": []
        }
      ]
    },
    {
      "mode": "managed",
      "type": "aws_api_gateway_documentation_part",
      "name": "ac--4t79rwsi0m-002F-wolb9y",
      "provider": "provider[\"registry.terraform.io/hashicorp/aws\"]",
      "instances": [
        {
          "schema_version": 0,
          "attributes": {
            "id": "4t79rwsi0m/wolb9y",
            "location": [
              {
                "method": "OPTIONS",
                "name": "",
                "path": "/wauth/cognito-auth/admin/v1/{proxy+}",
                "status_code": "200",
                "type": "RESPONSE"
              }
            ],
            "properties": "{\n  \"description\" : \"200 response\"\n}",
            "rest_api_id": "4t79rwsi0m"
          },
          "sensitive_attributes": []
        }
      ]
    },
    {
      "mode": "managed",
      "type": "aws_api_gateway_documentation_part",
      "name": "ac--4t79rwsi0m-002F-xt85m0",
      "provider": "provider[\"registry.terraform.io/hashicorp/aws\"]",
      "instances": [
        {
          "schema_version": 0,
          "attributes": {
            "id": "4t79rwsi0m/xt85m0",
            "location": [
              {
                "method": "OPTIONS",
                "name": "",
                "path": "/adminauth/scf-limitbod/{proxy+}",
                "status_code": "200",
                "type": "RESPONSE"
              }
            ],
            "properties": "{\n  \"description\" : \"200 response\"\n}",
            "rest_api_id": "4t79rwsi0m"
          },
          "sensitive_attributes": []
        }
      ]
    },
    {
      "mode": "managed",
      "type": "aws_api_gateway_documentation_part",
      "name": "ac--4t79rwsi0m-002F-zq6110",
      "provider": "provider[\"registry.terraform.io/hashicorp/aws\"]",
      "instances": [
        {
          "schema_version": 0,
          "attributes": {
            "id": "4t79rwsi0m/zq6110",
            "location": [
              {
                "method": "*",
                "name": "",
                "path": "/SocialScoreLambdaFunction",
                "status_code": "200",
                "type": "RESPONSE"
              }
            ],
            "properties": "{\n  \"description\" : \"200 response\"\n}",
            "rest_api_id": "4t79rwsi0m"
          },
          "sensitive_attributes": []
        }
      ]
    },
    {
      "mode": "managed",
      "type": "aws_api_gateway_gateway_response",
      "name": "ac--4t79rwsi0m-002F-ACCESS_DENIED",
      "provider": "provider[\"registry.terraform.io/hashicorp/aws\"]",
      "instances": [
        {
          "schema_version": 0,
          "attributes": {
            "id": "4t79rwsi0m/ACCESS_DENIED",
            "response_parameters": {},
            "response_templates": {
              "application/json": "{\"message\":$context.error.messageString}"
            },
            "response_type": "ACCESS_DENIED",
            "rest_api_id": "4t79rwsi0m",
            "status_code": "403"
          },
          "sensitive_attributes": []
        }
      ]
    },
    {
      "mode": "managed",
      "type": "aws_api_gateway_gateway_response",
      "name": "ac--4t79rwsi0m-002F-API_CONFIGURATION_ERROR",
      "provider": "provider[\"registry.terraform.io/hashicorp/aws\"]",
      "instances": [
        {
          "schema_version": 0,
          "attributes": {
            "id": "4t79rwsi0m/API_CONFIGURATION_ERROR",
            "response_parameters": {},
            "response_templates": {
              "application/json": "{\"message\":$context.error.messageString}"
            },
            "response_type": "API_CONFIGURATION_ERROR",
            "rest_api_id": "4t79rwsi0m",
            "status_code": "500"
          },
          "sensitive_attributes": []
        }
      ]
    },
    {
      "mode": "managed",
      "type": "aws_api_gateway_gateway_response",
      "name": "ac--4t79rwsi0m-002F-AUTHORIZER_CONFIGURATION_ERROR",
      "provider": "provider[\"registry.terraform.io/hashicorp/aws\"]",
      "instances": [
        {
          "schema_version": 0,
          "attributes": {
            "id": "4t79rwsi0m/AUTHORIZER_CONFIGURATION_ERROR",
            "response_parameters": {},
            "response_templates": {
              "application/json": "{\"message\":$context.error.messageString}"
            },
            "response_type": "AUTHORIZER_CONFIGURATION_ERROR",
            "rest_api_id": "4t79rwsi0m",
            "status_code": "500"
          },
          "sensitive_attributes": []
        }
      ]
    },
    {
      "mode": "managed",
      "type": "aws_api_gateway_gateway_response",
      "name": "ac--4t79rwsi0m-002F-AUTHORIZER_FAILURE",
      "provider": "provider[\"registry.terraform.io/hashicorp/aws\"]",
      "instances": [
        {
          "schema_version": 0,
          "attributes": {
            "id": "4t79rwsi0m/AUTHORIZER_FAILURE",
            "response_parameters": {},
            "response_templates": {
              "application/json": "{\"message\":$context.error.messageString}"
            },
            "response_type": "AUTHORIZER_FAILURE",
            "rest_api_id": "4t79rwsi0m",
            "status_code": "500"
          },
          "sensitive_attributes": []
        }
      ]
    },
    {
      "mode": "managed",
      "type": "aws_api_gateway_gateway_response",
      "name": "ac--4t79rwsi0m-002F-BAD_REQUEST_BODY",
      "provider": "provider[\"registry.terraform.io/hashicorp/aws\"]",
      "instances": [
        {
          "schema_version": 0,
          "attributes": {
            "id": "4t79rwsi0m/BAD_REQUEST_BODY",
            "response_parameters": {},
            "response_templates": {
              "application/json": "{\"message\":$context.error.messageString}"
            },
            "response_type": "BAD_REQUEST_BODY",
            "rest_api_id": "4t79rwsi0m",
            "status_code": "400"
          },
          "sensitive_attributes": []
        }
      ]
    },
    {
      "mode": "managed",
      "type": "aws_api_gateway_gateway_response",
      "name": "ac--4t79rwsi0m-002F-BAD_REQUEST_PARAMETERS",
      "provider": "provider[\"registry.terraform.io/hashicorp/aws\"]",
      "instances": [
        {
          "schema_version": 0,
          "attributes": {
            "id": "4t79rwsi0m/BAD_REQUEST_PARAMETERS",
            "response_parameters": {},
            "response_templates": {
              "application/json": "{\"message\":$context.error.messageString}"
            },
            "response_type": "BAD_REQUEST_PARAMETERS",
            "rest_api_id": "4t79rwsi0m",
            "status_code": "400"
          },
          "sensitive_attributes": []
        }
      ]
    },
    {
      "mode": "managed",
      "type": "aws_api_gateway_gateway_response",
      "name": "ac--4t79rwsi0m-002F-DEFAULT_4XX",
      "provider": "provider[\"registry.terraform.io/hashicorp/aws\"]",
      "instances": [
        {
          "schema_version": 0,
          "attributes": {
            "id": "4t79rwsi0m/DEFAULT_4XX",
            "response_parameters": {},
            "response_templates": {
              "application/json": "{\"message\":$context.error.messageString}"
            },
            "response_type": "DEFAULT_4XX",
            "rest_api_id": "4t79rwsi0m",
            "status_code": ""
          },
          "sensitive_attributes": []
        }
      ]
    },
    {
      "mode": "managed",
      "type": "aws_api_gateway_gateway_response",
      "name": "ac--4t79rwsi0m-002F-DEFAULT_5XX",
      "provider": "provider[\"registry.terraform.io/hashicorp/aws\"]",
      "instances": [
        {
          "schema_version": 0,
          "attributes": {
            "id": "4t79rwsi0m/DEFAULT_5XX",
            "response_parameters": {},
            "response_templates": {
              "application/json": "{\"message\":$context.error.messageString}"
            },
            "response_type": "DEFAULT_5XX",
            "rest_api_id": "4t79rwsi0m",
            "status_code": ""
          },
          "sensitive_attributes": []
        }
      ]
    },
    {
      "mode": "managed",
      "type": "aws_api_gateway_gateway_response",
      "name": "ac--4t79rwsi0m-002F-EXPIRED_TOKEN",
      "provider": "provider[\"registry.terraform.io/hashicorp/aws\"]",
      "instances": [
        {
          "schema_version": 0,
          "attributes": {
            "id": "4t79rwsi0m/EXPIRED_TOKEN",
            "response_parameters": {},
            "response_templates": {
              "application/json": "{\"message\":$context.error.messageString}"
            },
            "response_type": "EXPIRED_TOKEN",
            "rest_api_id": "4t79rwsi0m",
            "status_code": "403"
          },
          "sensitive_attributes": []
        }
      ]
    },
    {
      "mode": "managed",
      "type": "aws_api_gateway_gateway_response",
      "name": "ac--4t79rwsi0m-002F-INTEGRATION_FAILURE",
      "provider": "provider[\"registry.terraform.io/hashicorp/aws\"]",
      "instances": [
        {
          "schema_version": 0,
          "attributes": {
            "id": "4t79rwsi0m/INTEGRATION_FAILURE",
            "response_parameters": {},
            "response_templates": {
              "application/json": "{\"message\":$context.error.messageString}"
            },
            "response_type": "INTEGRATION_FAILURE",
            "rest_api_id": "4t79rwsi0m",
            "status_code": "504"
          },
          "sensitive_attributes": []
        }
      ]
    },
    {
      "mode": "managed",
      "type": "aws_api_gateway_gateway_response",
      "name": "ac--4t79rwsi0m-002F-INTEGRATION_TIMEOUT",
      "provider": "provider[\"registry.terraform.io/hashicorp/aws\"]",
      "instances": [
        {
          "schema_version": 0,
          "attributes": {
            "id": "4t79rwsi0m/INTEGRATION_TIMEOUT",
            "response_parameters": {},
            "response_templates": {
              "application/json": "{\"message\":$context.error.messageString}"
            },
            "response_type": "INTEGRATION_TIMEOUT",
            "rest_api_id": "4t79rwsi0m",
            "status_code": "504"
          },
          "sensitive_attributes": []
        }
      ]
    },
    {
      "mode": "managed",
      "type": "aws_api_gateway_gateway_response",
      "name": "ac--4t79rwsi0m-002F-INVALID_API_KEY",
      "provider": "provider[\"registry.terraform.io/hashicorp/aws\"]",
      "instances": [
        {
          "schema_version": 0,
          "attributes": {
            "id": "4t79rwsi0m/INVALID_API_KEY",
            "response_parameters": {},
            "response_templates": {
              "application/json": "{\"message\":$context.error.messageString}"
            },
            "response_type": "INVALID_API_KEY",
            "rest_api_id": "4t79rwsi0m",
            "status_code": "403"
          },
          "sensitive_attributes": []
        }
      ]
    },
    {
      "mode": "managed",
      "type": "aws_api_gateway_gateway_response",
      "name": "ac--4t79rwsi0m-002F-INVALID_SIGNATURE",
      "provider": "provider[\"registry.terraform.io/hashicorp/aws\"]",
      "instances": [
        {
          "schema_version": 0,
          "attributes": {
            "id": "4t79rwsi0m/INVALID_SIGNATURE",
            "response_parameters": {},
            "response_templates": {
              "application/json": "{\"message\":$context.error.messageString}"
            },
            "response_type": "INVALID_SIGNATURE",
            "rest_api_id": "4t79rwsi0m",
            "status_code": "403"
          },
          "sensitive_attributes": []
        }
      ]
    },
    {
      "mode": "managed",
      "type": "aws_api_gateway_gateway_response",
      "name": "ac--4t79rwsi0m-002F-MISSING_AUTHENTICATION_TOKEN",
      "provider": "provider[\"registry.terraform.io/hashicorp/aws\"]",
      "instances": [
        {
          "schema_version": 0,
          "attributes": {
            "id": "4t79rwsi0m/MISSING_AUTHENTICATION_TOKEN",
            "response_parameters": {},
            "response_templates": {
              "application/json": "{\"message\":$context.error.messageString}"
            },
            "response_type": "MISSING_AUTHENTICATION_TOKEN",
            "rest_api_id": "4t79rwsi0m",
            "status_code": "403"
          },
          "sensitive_attributes": []
        }
      ]
    },
    {
      "mode": "managed",
      "type": "aws_api_gateway_gateway_response",
      "name": "ac--4t79rwsi0m-002F-QUOTA_EXCEEDED",
      "provider": "provider[\"registry.terraform.io/hashicorp/aws\"]",
      "instances": [
        {
          "schema_version": 0,
          "attributes": {
            "id": "4t79rwsi0m/QUOTA_EXCEEDED",
            "response_parameters": {},
            "response_templates": {
              "application/json": "{\"message\":$context.error.messageString}"
            },
            "response_type": "QUOTA_EXCEEDED",
            "rest_api_id": "4t79rwsi0m",
            "status_code": "429"
          },
          "sensitive_attributes": []
        }
      ]
    },
    {
      "mode": "managed",
      "type": "aws_api_gateway_gateway_response",
      "name": "ac--4t79rwsi0m-002F-REQUEST_TOO_LARGE",
      "provider": "provider[\"registry.terraform.io/hashicorp/aws\"]",
      "instances": [
        {
          "schema_version": 0,
          "attributes": {
            "id": "4t79rwsi0m/REQUEST_TOO_LARGE",
            "response_parameters": {},
            "response_templates": {
              "application/json": "{\"message\":$context.error.messageString}"
            },
            "response_type": "REQUEST_TOO_LARGE",
            "rest_api_id": "4t79rwsi0m",
            "status_code": "413"
          },
          "sensitive_attributes": []
        }
      ]
    },
    {
      "mode": "managed",
      "type": "aws_api_gateway_gateway_response",
      "name": "ac--4t79rwsi0m-002F-RESOURCE_NOT_FOUND",
      "provider": "provider[\"registry.terraform.io/hashicorp/aws\"]",
      "instances": [
        {
          "schema_version": 0,
          "attributes": {
            "id": "4t79rwsi0m/RESOURCE_NOT_FOUND",
            "response_parameters": {},
            "response_templates": {
              "application/json": "{\"message\":$context.error.messageString}"
            },
            "response_type": "RESOURCE_NOT_FOUND",
            "rest_api_id": "4t79rwsi0m",
            "status_code": "404"
          },
          "sensitive_attributes": []
        }
      ]
    },
    {
      "mode": "managed",
      "type": "aws_api_gateway_gateway_response",
      "name": "ac--4t79rwsi0m-002F-THROTTLED",
      "provider": "provider[\"registry.terraform.io/hashicorp/aws\"]",
      "instances": [
        {
          "schema_version": 0,
          "attributes": {
            "id": "4t79rwsi0m/THROTTLED",
            "response_parameters": {},
            "response_templates": {
              "application/json": "{\"message\":$context.error.messageString}"
            },
            "response_type": "THROTTLED",
            "rest_api_id": "4t79rwsi0m",
            "status_code": "429"
          },
          "sensitive_attributes": []
        }
      ]
    },
    {
      "mode": "managed",
      "type": "aws_api_gateway_gateway_response",
      "name": "ac--4t79rwsi0m-002F-UNAUTHORIZED",
      "provider": "provider[\"registry.terraform.io/hashicorp/aws\"]",
      "instances": [
        {
          "schema_version": 0,
          "attributes": {
            "id": "4t79rwsi0m/UNAUTHORIZED",
            "response_parameters": {},
            "response_templates": {
              "application/json": "{\"message\":$context.error.messageString}"
            },
            "response_type": "UNAUTHORIZED",
            "rest_api_id": "4t79rwsi0m",
            "status_code": "401"
          },
          "sensitive_attributes": []
        }
      ]
    },
    {
      "mode": "managed",
      "type": "aws_api_gateway_gateway_response",
      "name": "ac--4t79rwsi0m-002F-UNSUPPORTED_MEDIA_TYPE",
      "provider": "provider[\"registry.terraform.io/hashicorp/aws\"]",
      "instances": [
        {
          "schema_version": 0,
          "attributes": {
            "id": "4t79rwsi0m/UNSUPPORTED_MEDIA_TYPE",
            "response_parameters": {},
            "response_templates": {
              "application/json": "{\"message\":$context.error.messageString}"
            },
            "response_type": "UNSUPPORTED_MEDIA_TYPE",
            "rest_api_id": "4t79rwsi0m",
            "status_code": "415"
          },
          "sensitive_attributes": []
        }
      ]
    },
    {
      "mode": "managed",
      "type": "aws_api_gateway_gateway_response",
      "name": "ac--4t79rwsi0m-002F-WAF_FILTERED",
      "provider": "provider[\"registry.terraform.io/hashicorp/aws\"]",
      "instances": [
        {
          "schema_version": 0,
          "attributes": {
            "id": "4t79rwsi0m/WAF_FILTERED",
            "response_parameters": {},
            "response_templates": {
              "application/json": "{\"message\":$context.error.messageString}"
            },
            "response_type": "WAF_FILTERED",
            "rest_api_id": "4t79rwsi0m",
            "status_code": "403"
          },
          "sensitive_attributes": []
        }
      ]
    },
    {
      "mode": "managed",
      "type": "aws_api_gateway_method",
      "name": "ac--4t79rwsi0m-002F-0fbr7g-002F-ANY",
      "provider": "provider[\"registry.terraform.io/hashicorp/aws\"]",
      "instances": [
        {
          "schema_version": 0,
          "attributes": {
            "api_key_required": false,
            "authorization": "NONE",
            "authorization_scopes": [],
            "authorizer_id": "",
            "http_method": "ANY",
            "id": "4t79rwsi0m/0fbr7g/ANY",
            "operation_name": "",
            "request_models": {},
            "request_parameters": {
              "method.request.path.proxy": true
            },
            "request_validator_id": "",
            "resource_id": "0fbr7g",
            "rest_api_id": "4t79rwsi0m"
          },
          "sensitive_attributes": []
        }
      ]
    },
    {
      "mode": "managed",
      "type": "aws_api_gateway_method",
      "name": "ac--4t79rwsi0m-002F-0fbr7g-002F-OPTIONS",
      "provider": "provider[\"registry.terraform.io/hashicorp/aws\"]",
      "instances": [
        {
          "schema_version": 0,
          "attributes": {
            "api_key_required": false,
            "authorization": "NONE",
            "authorization_scopes": [],
            "authorizer_id": "",
            "http_method": "OPTIONS",
            "id": "4t79rwsi0m/0fbr7g/OPTIONS",
            "operation_name": "",
            "request_models": {},
            "request_parameters": {
              "method.request.path.proxy": true
            },
            "request_validator_id": "",
            "resource_id": "0fbr7g",
            "rest_api_id": "4t79rwsi0m"
          },
          "sensitive_attributes": []
        }
      ]
    },
    {
      "mode": "managed",
      "type": "aws_api_gateway_method",
      "name": "ac--4t79rwsi0m-002F-18h72g-002F-ANY",
      "provider": "provider[\"registry.terraform.io/hashicorp/aws\"]",
      "instances": [
        {
          "schema_version": 0,
          "attributes": {
            "api_key_required": false,
            "authorization": "NONE",
            "authorization_scopes": [],
            "authorizer_id": "",
            "http_method": "ANY",
            "id": "4t79rwsi0m/18h72g/ANY",
            "operation_name": "",
            "request_models": {},
            "request_parameters": {
              "method.request.path.proxy": true
            },
            "request_validator_id": "",
            "resource_id": "18h72g",
            "rest_api_id": "4t79rwsi0m"
          },
          "sensitive_attributes": []
        }
      ]
    },
    {
      "mode": "managed",
      "type": "aws_api_gateway_method",
      "name": "ac--4t79rwsi0m-002F-18h72g-002F-OPTIONS",
      "provider": "provider[\"registry.terraform.io/hashicorp/aws\"]",
      "instances": [
        {
          "schema_version": 0,
          "attributes": {
            "api_key_required": false,
            "authorization": "NONE",
            "authorization_scopes": [],
            "authorizer_id": "",
            "http_method": "OPTIONS",
            "id": "4t79rwsi0m/18h72g/OPTIONS",
            "operation_name": "",
            "request_models": {},
            "request_parameters": {
              "method.request.path.proxy": true
            },
            "request_validator_id": "",
            "resource_id": "18h72g",
            "rest_api_id": "4t79rwsi0m"
          },
          "sensitive_attributes": []
        }
      ]
    },
    {
      "mode": "managed",
      "type": "aws_api_gateway_method",
      "name": "ac--4t79rwsi0m-002F-1e771z-002F-ANY",
      "provider": "provider[\"registry.terraform.io/hashicorp/aws\"]",
      "instances": [
        {
          "schema_version": 0,
          "attributes": {
            "api_key_required": false,
            "authorization": "NONE",
            "authorization_scopes": [],
            "authorizer_id": "",
            "http_method": "ANY",
            "id": "4t79rwsi0m/1e771z/ANY",
            "operation_name": "",
            "request_models": {},
            "request_parameters": {
              "method.request.path.proxy": true
            },
            "request_validator_id": "",
            "resource_id": "1e771z",
            "rest_api_id": "4t79rwsi0m"
          },
          "sensitive_attributes": []
        }
      ]
    },
    {
      "mode": "managed",
      "type": "aws_api_gateway_method",
      "name": "ac--4t79rwsi0m-002F-1e771z-002F-OPTIONS",
      "provider": "provider[\"registry.terraform.io/hashicorp/aws\"]",
      "instances": [
        {
          "schema_version": 0,
          "attributes": {
            "api_key_required": false,
            "authorization": "NONE",
            "authorization_scopes": [],
            "authorizer_id": "",
            "http_method": "OPTIONS",
            "id": "4t79rwsi0m/1e771z/OPTIONS",
            "operation_name": "",
            "request_models": {},
            "request_parameters": {
              "method.request.path.proxy": true
            },
            "request_validator_id": "",
            "resource_id": "1e771z",
            "rest_api_id": "4t79rwsi0m"
          },
          "sensitive_attributes": []
        }
      ]
    },
    {
      "mode": "managed",
      "type": "aws_api_gateway_method",
      "name": "ac--4t79rwsi0m-002F-2a5b7o-002F-ANY",
      "provider": "provider[\"registry.terraform.io/hashicorp/aws\"]",
      "instances": [
        {
          "schema_version": 0,
          "attributes": {
            "api_key_required": false,
            "authorization": "NONE",
            "authorization_scopes": [],
            "authorizer_id": "",
            "http_method": "ANY",
            "id": "4t79rwsi0m/2a5b7o/ANY",
            "operation_name": "",
            "request_models": {},
            "request_parameters": {
              "method.request.path.proxy": true
            },
            "request_validator_id": "",
            "resource_id": "2a5b7o",
            "rest_api_id": "4t79rwsi0m"
          },
          "sensitive_attributes": []
        }
      ]
    },
    {
      "mode": "managed",
      "type": "aws_api_gateway_method",
      "name": "ac--4t79rwsi0m-002F-2a5b7o-002F-OPTIONS",
      "provider": "provider[\"registry.terraform.io/hashicorp/aws\"]",
      "instances": [
        {
          "schema_version": 0,
          "attributes": {
            "api_key_required": false,
            "authorization": "NONE",
            "authorization_scopes": [],
            "authorizer_id": "",
            "http_method": "OPTIONS",
            "id": "4t79rwsi0m/2a5b7o/OPTIONS",
            "operation_name": "",
            "request_models": {},
            "request_parameters": {
              "method.request.path.proxy": true
            },
            "request_validator_id": "",
            "resource_id": "2a5b7o",
            "rest_api_id": "4t79rwsi0m"
          },
          "sensitive_attributes": []
        }
      ]
    },
    {
      "mode": "managed",
      "type": "aws_api_gateway_method",
      "name": "ac--4t79rwsi0m-002F-2o7x47-002F-ANY",
      "provider": "provider[\"registry.terraform.io/hashicorp/aws\"]",
      "instances": [
        {
          "schema_version": 0,
          "attributes": {
            "api_key_required": false,
            "authorization": "NONE",
            "authorization_scopes": [],
            "authorizer_id": "",
            "http_method": "ANY",
            "id": "4t79rwsi0m/2o7x47/ANY",
            "operation_name": "",
            "request_models": {},
            "request_parameters": {
              "method.request.path.proxy": true
            },
            "request_validator_id": "",
            "resource_id": "2o7x47",
            "rest_api_id": "4t79rwsi0m"
          },
          "sensitive_attributes": []
        }
      ]
    },
    {
      "mode": "managed",
      "type": "aws_api_gateway_method",
      "name": "ac--4t79rwsi0m-002F-2o7x47-002F-OPTIONS",
      "provider": "provider[\"registry.terraform.io/hashicorp/aws\"]",
      "instances": [
        {
          "schema_version": 0,
          "attributes": {
            "api_key_required": false,
            "authorization": "NONE",
            "authorization_scopes": [],
            "authorizer_id": "",
            "http_method": "OPTIONS",
            "id": "4t79rwsi0m/2o7x47/OPTIONS",
            "operation_name": "",
            "request_models": {},
            "request_parameters": {
              "method.request.path.proxy": true
            },
            "request_validator_id": "",
            "resource_id": "2o7x47",
            "rest_api_id": "4t79rwsi0m"
          },
          "sensitive_attributes": []
        }
      ]
    },
    {
      "mode": "managed",
      "type": "aws_api_gateway_method",
      "name": "ac--4t79rwsi0m-002F-2ru78o-002F-ANY",
      "provider": "provider[\"registry.terraform.io/hashicorp/aws\"]",
      "instances": [
        {
          "schema_version": 0,
          "attributes": {
            "api_key_required": false,
            "authorization": "NONE",
            "authorization_scopes": [],
            "authorizer_id": "",
            "http_method": "ANY",
            "id": "4t79rwsi0m/2ru78o/ANY",
            "operation_name": "",
            "request_models": {},
            "request_parameters": {
              "method.request.path.proxy": true
            },
            "request_validator_id": "",
            "resource_id": "2ru78o",
            "rest_api_id": "4t79rwsi0m"
          },
          "sensitive_attributes": []
        }
      ]
    },
    {
      "mode": "managed",
      "type": "aws_api_gateway_method",
      "name": "ac--4t79rwsi0m-002F-2ru78o-002F-OPTIONS",
      "provider": "provider[\"registry.terraform.io/hashicorp/aws\"]",
      "instances": [
        {
          "schema_version": 0,
          "attributes": {
            "api_key_required": false,
            "authorization": "NONE",
            "authorization_scopes": [],
            "authorizer_id": "",
            "http_method": "OPTIONS",
            "id": "4t79rwsi0m/2ru78o/OPTIONS",
            "operation_name": "",
            "request_models": {},
            "request_parameters": {
              "method.request.path.proxy": true
            },
            "request_validator_id": "",
            "resource_id": "2ru78o",
            "rest_api_id": "4t79rwsi0m"
          },
          "sensitive_attributes": []
        }
      ]
    },
    {
      "mode": "managed",
      "type": "aws_api_gateway_method",
      "name": "ac--4t79rwsi0m-002F-4oxxk3-002F-ANY",
      "provider": "provider[\"registry.terraform.io/hashicorp/aws\"]",
      "instances": [
        {
          "schema_version": 0,
          "attributes": {
            "api_key_required": false,
            "authorization": "NONE",
            "authorization_scopes": [],
            "authorizer_id": "",
            "http_method": "ANY",
            "id": "4t79rwsi0m/4oxxk3/ANY",
            "operation_name": "",
            "request_models": {},
            "request_parameters": {
              "method.request.path.proxy": true
            },
            "request_validator_id": "",
            "resource_id": "4oxxk3",
            "rest_api_id": "4t79rwsi0m"
          },
          "sensitive_attributes": []
        }
      ]
    },
    {
      "mode": "managed",
      "type": "aws_api_gateway_method",
      "name": "ac--4t79rwsi0m-002F-4oxxk3-002F-OPTIONS",
      "provider": "provider[\"registry.terraform.io/hashicorp/aws\"]",
      "instances": [
        {
          "schema_version": 0,
          "attributes": {
            "api_key_required": false,
            "authorization": "NONE",
            "authorization_scopes": [],
            "authorizer_id": "",
            "http_method": "OPTIONS",
            "id": "4t79rwsi0m/4oxxk3/OPTIONS",
            "operation_name": "",
            "request_models": {},
            "request_parameters": {
              "method.request.path.proxy": true
            },
            "request_validator_id": "",
            "resource_id": "4oxxk3",
            "rest_api_id": "4t79rwsi0m"
          },
          "sensitive_attributes": []
        }
      ]
    },
    {
      "mode": "managed",
      "type": "aws_api_gateway_method",
      "name": "ac--4t79rwsi0m-002F-5u81fr-002F-GET",
      "provider": "provider[\"registry.terraform.io/hashicorp/aws\"]",
      "instances": [
        {
          "schema_version": 0,
          "attributes": {
            "api_key_required": false,
            "authorization": "NONE",
            "authorization_scopes": [],
            "authorizer_id": "",
            "http_method": "GET",
            "id": "4t79rwsi0m/5u81fr/GET",
            "operation_name": "",
            "request_models": {},
            "request_parameters": {},
            "request_validator_id": "",
            "resource_id": "5u81fr",
            "rest_api_id": "4t79rwsi0m"
          },
          "sensitive_attributes": []
        }
      ]
    },
    {
      "mode": "managed",
      "type": "aws_api_gateway_method",
      "name": "ac--4t79rwsi0m-002F-5u81fr-002F-OPTIONS",
      "provider": "provider[\"registry.terraform.io/hashicorp/aws\"]",
      "instances": [
        {
          "schema_version": 0,
          "attributes": {
            "api_key_required": false,
            "authorization": "NONE",
            "authorization_scopes": [],
            "authorizer_id": "",
            "http_method": "OPTIONS",
            "id": "4t79rwsi0m/5u81fr/OPTIONS",
            "operation_name": "",
            "request_models": {},
            "request_parameters": {},
            "request_validator_id": "",
            "resource_id": "5u81fr",
            "rest_api_id": "4t79rwsi0m"
          },
          "sensitive_attributes": []
        }
      ]
    },
    {
      "mode": "managed",
      "type": "aws_api_gateway_method",
      "name": "ac--4t79rwsi0m-002F-93fm2n-002F-ANY",
      "provider": "provider[\"registry.terraform.io/hashicorp/aws\"]",
      "instances": [
        {
          "schema_version": 0,
          "attributes": {
            "api_key_required": false,
            "authorization": "NONE",
            "authorization_scopes": [],
            "authorizer_id": "",
            "http_method": "ANY",
            "id": "4t79rwsi0m/93fm2n/ANY",
            "operation_name": "",
            "request_models": {},
            "request_parameters": {
              "method.request.path.proxy": true
            },
            "request_validator_id": "",
            "resource_id": "93fm2n",
            "rest_api_id": "4t79rwsi0m"
          },
          "sensitive_attributes": []
        }
      ]
    },
    {
      "mode": "managed",
      "type": "aws_api_gateway_method",
      "name": "ac--4t79rwsi0m-002F-93fm2n-002F-OPTIONS",
      "provider": "provider[\"registry.terraform.io/hashicorp/aws\"]",
      "instances": [
        {
          "schema_version": 0,
          "attributes": {
            "api_key_required": false,
            "authorization": "NONE",
            "authorization_scopes": [],
            "authorizer_id": "",
            "http_method": "OPTIONS",
            "id": "4t79rwsi0m/93fm2n/OPTIONS",
            "operation_name": "",
            "request_models": {},
            "request_parameters": {
              "method.request.path.proxy": true
            },
            "request_validator_id": "",
            "resource_id": "93fm2n",
            "rest_api_id": "4t79rwsi0m"
          },
          "sensitive_attributes": []
        }
      ]
    },
    {
      "mode": "managed",
      "type": "aws_api_gateway_method",
      "name": "ac--4t79rwsi0m-002F-9cmuch-002F-ANY",
      "provider": "provider[\"registry.terraform.io/hashicorp/aws\"]",
      "instances": [
        {
          "schema_version": 0,
          "attributes": {
            "api_key_required": false,
            "authorization": "NONE",
            "authorization_scopes": [],
            "authorizer_id": "",
            "http_method": "ANY",
            "id": "4t79rwsi0m/9cmuch/ANY",
            "operation_name": "",
            "request_models": {},
            "request_parameters": {
              "method.request.path.proxy": true
            },
            "request_validator_id": "",
            "resource_id": "9cmuch",
            "rest_api_id": "4t79rwsi0m"
          },
          "sensitive_attributes": []
        }
      ]
    },
    {
      "mode": "managed",
      "type": "aws_api_gateway_method",
      "name": "ac--4t79rwsi0m-002F-9cmuch-002F-OPTIONS",
      "provider": "provider[\"registry.terraform.io/hashicorp/aws\"]",
      "instances": [
        {
          "schema_version": 0,
          "attributes": {
            "api_key_required": false,
            "authorization": "NONE",
            "authorization_scopes": [],
            "authorizer_id": "",
            "http_method": "OPTIONS",
            "id": "4t79rwsi0m/9cmuch/OPTIONS",
            "operation_name": "",
            "request_models": {},
            "request_parameters": {
              "method.request.path.proxy": true
            },
            "request_validator_id": "",
            "resource_id": "9cmuch",
            "rest_api_id": "4t79rwsi0m"
          },
          "sensitive_attributes": []
        }
      ]
    },
    {
      "mode": "managed",
      "type": "aws_api_gateway_method",
      "name": "ac--4t79rwsi0m-002F-9e4vsy-002F-ANY",
      "provider": "provider[\"registry.terraform.io/hashicorp/aws\"]",
      "instances": [
        {
          "schema_version": 0,
          "attributes": {
            "api_key_required": false,
            "authorization": "NONE",
            "authorization_scopes": [],
            "authorizer_id": "",
            "http_method": "ANY",
            "id": "4t79rwsi0m/9e4vsy/ANY",
            "operation_name": "",
            "request_models": {},
            "request_parameters": {
              "method.request.path.proxy": true
            },
            "request_validator_id": "",
            "resource_id": "9e4vsy",
            "rest_api_id": "4t79rwsi0m"
          },
          "sensitive_attributes": []
        }
      ]
    },
    {
      "mode": "managed",
      "type": "aws_api_gateway_method",
      "name": "ac--4t79rwsi0m-002F-9e4vsy-002F-OPTIONS",
      "provider": "provider[\"registry.terraform.io/hashicorp/aws\"]",
      "instances": [
        {
          "schema_version": 0,
          "attributes": {
            "api_key_required": false,
            "authorization": "NONE",
            "authorization_scopes": [],
            "authorizer_id": "",
            "http_method": "OPTIONS",
            "id": "4t79rwsi0m/9e4vsy/OPTIONS",
            "operation_name": "",
            "request_models": {},
            "request_parameters": {
              "method.request.path.proxy": true
            },
            "request_validator_id": "",
            "resource_id": "9e4vsy",
            "rest_api_id": "4t79rwsi0m"
          },
          "sensitive_attributes": []
        }
      ]
    },
    {
      "mode": "managed",
      "type": "aws_api_gateway_method",
      "name": "ac--4t79rwsi0m-002F-9erh9d-002F-ANY",
      "provider": "provider[\"registry.terraform.io/hashicorp/aws\"]",
      "instances": [
        {
          "schema_version": 0,
          "attributes": {
            "api_key_required": false,
            "authorization": "NONE",
            "authorization_scopes": [],
            "authorizer_id": "",
            "http_method": "ANY",
            "id": "4t79rwsi0m/9erh9d/ANY",
            "operation_name": "",
            "request_models": {},
            "request_parameters": {
              "method.request.path.proxy": true
            },
            "request_validator_id": "",
            "resource_id": "9erh9d",
            "rest_api_id": "4t79rwsi0m"
          },
          "sensitive_attributes": []
        }
      ]
    },
    {
      "mode": "managed",
      "type": "aws_api_gateway_method",
      "name": "ac--4t79rwsi0m-002F-9erh9d-002F-OPTIONS",
      "provider": "provider[\"registry.terraform.io/hashicorp/aws\"]",
      "instances": [
        {
          "schema_version": 0,
          "attributes": {
            "api_key_required": false,
            "authorization": "NONE",
            "authorization_scopes": [],
            "authorizer_id": "",
            "http_method": "OPTIONS",
            "id": "4t79rwsi0m/9erh9d/OPTIONS",
            "operation_name": "",
            "request_models": {},
            "request_parameters": {
              "method.request.path.proxy": true
            },
            "request_validator_id": "",
            "resource_id": "9erh9d",
            "rest_api_id": "4t79rwsi0m"
          },
          "sensitive_attributes": []
        }
      ]
    },
    {
      "mode": "managed",
      "type": "aws_api_gateway_method",
      "name": "ac--4t79rwsi0m-002F-au1vdo-002F-ANY",
      "provider": "provider[\"registry.terraform.io/hashicorp/aws\"]",
      "instances": [
        {
          "schema_version": 0,
          "attributes": {
            "api_key_required": false,
            "authorization": "NONE",
            "authorization_scopes": [],
            "authorizer_id": "",
            "http_method": "ANY",
            "id": "4t79rwsi0m/au1vdo/ANY",
            "operation_name": "",
            "request_models": {},
            "request_parameters": {
              "method.request.path.proxy": true
            },
            "request_validator_id": "",
            "resource_id": "au1vdo",
            "rest_api_id": "4t79rwsi0m"
          },
          "sensitive_attributes": []
        }
      ]
    },
    {
      "mode": "managed",
      "type": "aws_api_gateway_method",
      "name": "ac--4t79rwsi0m-002F-au1vdo-002F-OPTIONS",
      "provider": "provider[\"registry.terraform.io/hashicorp/aws\"]",
      "instances": [
        {
          "schema_version": 0,
          "attributes": {
            "api_key_required": false,
            "authorization": "NONE",
            "authorization_scopes": [],
            "authorizer_id": "",
            "http_method": "OPTIONS",
            "id": "4t79rwsi0m/au1vdo/OPTIONS",
            "operation_name": "",
            "request_models": {},
            "request_parameters": {
              "method.request.path.proxy": true
            },
            "request_validator_id": "",
            "resource_id": "au1vdo",
            "rest_api_id": "4t79rwsi0m"
          },
          "sensitive_attributes": []
        }
      ]
    },
    {
      "mode": "managed",
      "type": "aws_api_gateway_method",
      "name": "ac--4t79rwsi0m-002F-auyjst-002F-ANY",
      "provider": "provider[\"registry.terraform.io/hashicorp/aws\"]",
      "instances": [
        {
          "schema_version": 0,
          "attributes": {
            "api_key_required": false,
            "authorization": "NONE",
            "authorization_scopes": [],
            "authorizer_id": "",
            "http_method": "ANY",
            "id": "4t79rwsi0m/auyjst/ANY",
            "operation_name": "",
            "request_models": {},
            "request_parameters": {
              "method.request.path.proxy": true
            },
            "request_validator_id": "",
            "resource_id": "auyjst",
            "rest_api_id": "4t79rwsi0m"
          },
          "sensitive_attributes": []
        }
      ]
    },
    {
      "mode": "managed",
      "type": "aws_api_gateway_method",
      "name": "ac--4t79rwsi0m-002F-auyjst-002F-OPTIONS",
      "provider": "provider[\"registry.terraform.io/hashicorp/aws\"]",
      "instances": [
        {
          "schema_version": 0,
          "attributes": {
            "api_key_required": false,
            "authorization": "NONE",
            "authorization_scopes": [],
            "authorizer_id": "",
            "http_method": "OPTIONS",
            "id": "4t79rwsi0m/auyjst/OPTIONS",
            "operation_name": "",
            "request_models": {},
            "request_parameters": {
              "method.request.path.proxy": true
            },
            "request_validator_id": "",
            "resource_id": "auyjst",
            "rest_api_id": "4t79rwsi0m"
          },
          "sensitive_attributes": []
        }
      ]
    },
    {
      "mode": "managed",
      "type": "aws_api_gateway_method",
      "name": "ac--4t79rwsi0m-002F-bbz8p8-002F-ANY",
      "provider": "provider[\"registry.terraform.io/hashicorp/aws\"]",
      "instances": [
        {
          "schema_version": 0,
          "attributes": {
            "api_key_required": false,
            "authorization": "NONE",
            "authorization_scopes": [],
            "authorizer_id": "",
            "http_method": "ANY",
            "id": "4t79rwsi0m/bbz8p8/ANY",
            "operation_name": "",
            "request_models": {},
            "request_parameters": {
              "method.request.path.proxy": true
            },
            "request_validator_id": "",
            "resource_id": "bbz8p8",
            "rest_api_id": "4t79rwsi0m"
          },
          "sensitive_attributes": []
        }
      ]
    },
    {
      "mode": "managed",
      "type": "aws_api_gateway_method",
      "name": "ac--4t79rwsi0m-002F-bbz8p8-002F-OPTIONS",
      "provider": "provider[\"registry.terraform.io/hashicorp/aws\"]",
      "instances": [
        {
          "schema_version": 0,
          "attributes": {
            "api_key_required": false,
            "authorization": "NONE",
            "authorization_scopes": [],
            "authorizer_id": "",
            "http_method": "OPTIONS",
            "id": "4t79rwsi0m/bbz8p8/OPTIONS",
            "operation_name": "",
            "request_models": {},
            "request_parameters": {
              "method.request.path.proxy": true
            },
            "request_validator_id": "",
            "resource_id": "bbz8p8",
            "rest_api_id": "4t79rwsi0m"
          },
          "sensitive_attributes": []
        }
      ]
    },
    {
      "mode": "managed",
      "type": "aws_api_gateway_method",
      "name": "ac--4t79rwsi0m-002F-bd4jvt-002F-ANY",
      "provider": "provider[\"registry.terraform.io/hashicorp/aws\"]",
      "instances": [
        {
          "schema_version": 0,
          "attributes": {
            "api_key_required": false,
            "authorization": "NONE",
            "authorization_scopes": [],
            "authorizer_id": "",
            "http_method": "ANY",
            "id": "4t79rwsi0m/bd4jvt/ANY",
            "operation_name": "",
            "request_models": {},
            "request_parameters": {
              "method.request.path.proxy": true
            },
            "request_validator_id": "",
            "resource_id": "bd4jvt",
            "rest_api_id": "4t79rwsi0m"
          },
          "sensitive_attributes": []
        }
      ]
    },
    {
      "mode": "managed",
      "type": "aws_api_gateway_method",
      "name": "ac--4t79rwsi0m-002F-bd4jvt-002F-OPTIONS",
      "provider": "provider[\"registry.terraform.io/hashicorp/aws\"]",
      "instances": [
        {
          "schema_version": 0,
          "attributes": {
            "api_key_required": false,
            "authorization": "NONE",
            "authorization_scopes": [],
            "authorizer_id": "",
            "http_method": "OPTIONS",
            "id": "4t79rwsi0m/bd4jvt/OPTIONS",
            "operation_name": "",
            "request_models": {},
            "request_parameters": {
              "method.request.path.proxy": true
            },
            "request_validator_id": "",
            "resource_id": "bd4jvt",
            "rest_api_id": "4t79rwsi0m"
          },
          "sensitive_attributes": []
        }
      ]
    },
    {
      "mode": "managed",
      "type": "aws_api_gateway_method",
      "name": "ac--4t79rwsi0m-002F-bk8mo0-002F-ANY",
      "provider": "provider[\"registry.terraform.io/hashicorp/aws\"]",
      "instances": [
        {
          "schema_version": 0,
          "attributes": {
            "api_key_required": true,
            "authorization": "NONE",
            "authorization_scopes": [],
            "authorizer_id": "",
            "http_method": "ANY",
            "id": "4t79rwsi0m/bk8mo0/ANY",
            "operation_name": "",
            "request_models": {},
            "request_parameters": {},
            "request_validator_id": "",
            "resource_id": "bk8mo0",
            "rest_api_id": "4t79rwsi0m"
          },
          "sensitive_attributes": []
        }
      ]
    },
    {
      "mode": "managed",
      "type": "aws_api_gateway_method",
      "name": "ac--4t79rwsi0m-002F-bk8mo0-002F-OPTIONS",
      "provider": "provider[\"registry.terraform.io/hashicorp/aws\"]",
      "instances": [
        {
          "schema_version": 0,
          "attributes": {
            "api_key_required": false,
            "authorization": "NONE",
            "authorization_scopes": [],
            "authorizer_id": "",
            "http_method": "OPTIONS",
            "id": "4t79rwsi0m/bk8mo0/OPTIONS",
            "operation_name": "",
            "request_models": {},
            "request_parameters": {},
            "request_validator_id": "",
            "resource_id": "bk8mo0",
            "rest_api_id": "4t79rwsi0m"
          },
          "sensitive_attributes": []
        }
      ]
    },
    {
      "mode": "managed",
      "type": "aws_api_gateway_method",
      "name": "ac--4t79rwsi0m-002F-cuosvy-002F-ANY",
      "provider": "provider[\"registry.terraform.io/hashicorp/aws\"]",
      "instances": [
        {
          "schema_version": 0,
          "attributes": {
            "api_key_required": false,
            "authorization": "NONE",
            "authorization_scopes": [],
            "authorizer_id": "",
            "http_method": "ANY",
            "id": "4t79rwsi0m/cuosvy/ANY",
            "operation_name": "",
            "request_models": {},
            "request_parameters": {
              "method.request.path.proxy": true
            },
            "request_validator_id": "",
            "resource_id": "cuosvy",
            "rest_api_id": "4t79rwsi0m"
          },
          "sensitive_attributes": []
        }
      ]
    },
    {
      "mode": "managed",
      "type": "aws_api_gateway_method",
      "name": "ac--4t79rwsi0m-002F-cuosvy-002F-OPTIONS",
      "provider": "provider[\"registry.terraform.io/hashicorp/aws\"]",
      "instances": [
        {
          "schema_version": 0,
          "attributes": {
            "api_key_required": false,
            "authorization": "NONE",
            "authorization_scopes": [],
            "authorizer_id": "",
            "http_method": "OPTIONS",
            "id": "4t79rwsi0m/cuosvy/OPTIONS",
            "operation_name": "",
            "request_models": {},
            "request_parameters": {
              "method.request.path.proxy": true
            },
            "request_validator_id": "",
            "resource_id": "cuosvy",
            "rest_api_id": "4t79rwsi0m"
          },
          "sensitive_attributes": []
        }
      ]
    },
    {
      "mode": "managed",
      "type": "aws_api_gateway_method",
      "name": "ac--4t79rwsi0m-002F-cwdxmq-002F-ANY",
      "provider": "provider[\"registry.terraform.io/hashicorp/aws\"]",
      "instances": [
        {
          "schema_version": 0,
          "attributes": {
            "api_key_required": false,
            "authorization": "NONE",
            "authorization_scopes": [],
            "authorizer_id": "",
            "http_method": "ANY",
            "id": "4t79rwsi0m/cwdxmq/ANY",
            "operation_name": "",
            "request_models": {},
            "request_parameters": {
              "method.request.path.proxy": true
            },
            "request_validator_id": "",
            "resource_id": "cwdxmq",
            "rest_api_id": "4t79rwsi0m"
          },
          "sensitive_attributes": []
        }
      ]
    },
    {
      "mode": "managed",
      "type": "aws_api_gateway_method",
      "name": "ac--4t79rwsi0m-002F-cwdxmq-002F-OPTIONS",
      "provider": "provider[\"registry.terraform.io/hashicorp/aws\"]",
      "instances": [
        {
          "schema_version": 0,
          "attributes": {
            "api_key_required": false,
            "authorization": "NONE",
            "authorization_scopes": [],
            "authorizer_id": "",
            "http_method": "OPTIONS",
            "id": "4t79rwsi0m/cwdxmq/OPTIONS",
            "operation_name": "",
            "request_models": {},
            "request_parameters": {
              "method.request.path.proxy": true
            },
            "request_validator_id": "",
            "resource_id": "cwdxmq",
            "rest_api_id": "4t79rwsi0m"
          },
          "sensitive_attributes": []
        }
      ]
    },
    {
      "mode": "managed",
      "type": "aws_api_gateway_method",
      "name": "ac--4t79rwsi0m-002F-cyaptg-002F-ANY",
      "provider": "provider[\"registry.terraform.io/hashicorp/aws\"]",
      "instances": [
        {
          "schema_version": 0,
          "attributes": {
            "api_key_required": false,
            "authorization": "NONE",
            "authorization_scopes": [],
            "authorizer_id": "",
            "http_method": "ANY",
            "id": "4t79rwsi0m/cyaptg/ANY",
            "operation_name": "",
            "request_models": {},
            "request_parameters": {
              "method.request.path.proxy": true
            },
            "request_validator_id": "",
            "resource_id": "cyaptg",
            "rest_api_id": "4t79rwsi0m"
          },
          "sensitive_attributes": []
        }
      ]
    },
    {
      "mode": "managed",
      "type": "aws_api_gateway_method",
      "name": "ac--4t79rwsi0m-002F-cyaptg-002F-OPTIONS",
      "provider": "provider[\"registry.terraform.io/hashicorp/aws\"]",
      "instances": [
        {
          "schema_version": 0,
          "attributes": {
            "api_key_required": false,
            "authorization": "NONE",
            "authorization_scopes": [],
            "authorizer_id": "",
            "http_method": "OPTIONS",
            "id": "4t79rwsi0m/cyaptg/OPTIONS",
            "operation_name": "",
            "request_models": {},
            "request_parameters": {
              "method.request.path.proxy": true
            },
            "request_validator_id": "",
            "resource_id": "cyaptg",
            "rest_api_id": "4t79rwsi0m"
          },
          "sensitive_attributes": []
        }
      ]
    },
    {
      "mode": "managed",
      "type": "aws_api_gateway_method",
      "name": "ac--4t79rwsi0m-002F-e8wr7f-002F-ANY",
      "provider": "provider[\"registry.terraform.io/hashicorp/aws\"]",
      "instances": [
        {
          "schema_version": 0,
          "attributes": {
            "api_key_required": false,
            "authorization": "NONE",
            "authorization_scopes": [],
            "authorizer_id": "",
            "http_method": "ANY",
            "id": "4t79rwsi0m/e8wr7f/ANY",
            "operation_name": "",
            "request_models": {},
            "request_parameters": {
              "method.request.path.proxy": true
            },
            "request_validator_id": "",
            "resource_id": "e8wr7f",
            "rest_api_id": "4t79rwsi0m"
          },
          "sensitive_attributes": []
        }
      ]
    },
    {
      "mode": "managed",
      "type": "aws_api_gateway_method",
      "name": "ac--4t79rwsi0m-002F-e8wr7f-002F-OPTIONS",
      "provider": "provider[\"registry.terraform.io/hashicorp/aws\"]",
      "instances": [
        {
          "schema_version": 0,
          "attributes": {
            "api_key_required": false,
            "authorization": "NONE",
            "authorization_scopes": [],
            "authorizer_id": "",
            "http_method": "OPTIONS",
            "id": "4t79rwsi0m/e8wr7f/OPTIONS",
            "operation_name": "",
            "request_models": {},
            "request_parameters": {
              "method.request.path.proxy": true
            },
            "request_validator_id": "",
            "resource_id": "e8wr7f",
            "rest_api_id": "4t79rwsi0m"
          },
          "sensitive_attributes": []
        }
      ]
    },
    {
      "mode": "managed",
      "type": "aws_api_gateway_method",
      "name": "ac--4t79rwsi0m-002F-eeuwzn220m-002F-OPTIONS",
      "provider": "provider[\"registry.terraform.io/hashicorp/aws\"]",
      "instances": [
        {
          "schema_version": 0,
          "attributes": {
            "api_key_required": false,
            "authorization": "NONE",
            "authorization_scopes": [],
            "authorizer_id": "",
            "http_method": "OPTIONS",
            "id": "4t79rwsi0m/eeuwzn220m/OPTIONS",
            "operation_name": "",
            "request_models": {},
            "request_parameters": {},
            "request_validator_id": "",
            "resource_id": "eeuwzn220m",
            "rest_api_id": "4t79rwsi0m"
          },
          "sensitive_attributes": []
        }
      ]
    },
    {
      "mode": "managed",
      "type": "aws_api_gateway_method",
      "name": "ac--4t79rwsi0m-002F-h49yeq-002F-ANY",
      "provider": "provider[\"registry.terraform.io/hashicorp/aws\"]",
      "instances": [
        {
          "schema_version": 0,
          "attributes": {
            "api_key_required": false,
            "authorization": "NONE",
            "authorization_scopes": [],
            "authorizer_id": "",
            "http_method": "ANY",
            "id": "4t79rwsi0m/h49yeq/ANY",
            "operation_name": "",
            "request_models": {},
            "request_parameters": {
              "method.request.path.proxy": true
            },
            "request_validator_id": "",
            "resource_id": "h49yeq",
            "rest_api_id": "4t79rwsi0m"
          },
          "sensitive_attributes": []
        }
      ]
    },
    {
      "mode": "managed",
      "type": "aws_api_gateway_method",
      "name": "ac--4t79rwsi0m-002F-h49yeq-002F-OPTIONS",
      "provider": "provider[\"registry.terraform.io/hashicorp/aws\"]",
      "instances": [
        {
          "schema_version": 0,
          "attributes": {
            "api_key_required": false,
            "authorization": "NONE",
            "authorization_scopes": [],
            "authorizer_id": "",
            "http_method": "OPTIONS",
            "id": "4t79rwsi0m/h49yeq/OPTIONS",
            "operation_name": "",
            "request_models": {},
            "request_parameters": {
              "method.request.path.proxy": true
            },
            "request_validator_id": "",
            "resource_id": "h49yeq",
            "rest_api_id": "4t79rwsi0m"
          },
          "sensitive_attributes": []
        }
      ]
    },
    {
      "mode": "managed",
      "type": "aws_api_gateway_method",
      "name": "ac--4t79rwsi0m-002F-h90hdk-002F-ANY",
      "provider": "provider[\"registry.terraform.io/hashicorp/aws\"]",
      "instances": [
        {
          "schema_version": 0,
          "attributes": {
            "api_key_required": false,
            "authorization": "NONE",
            "authorization_scopes": [],
            "authorizer_id": "",
            "http_method": "ANY",
            "id": "4t79rwsi0m/h90hdk/ANY",
            "operation_name": "",
            "request_models": {},
            "request_parameters": {
              "method.request.path.proxy": true
            },
            "request_validator_id": "",
            "resource_id": "h90hdk",
            "rest_api_id": "4t79rwsi0m"
          },
          "sensitive_attributes": []
        }
      ]
    },
    {
      "mode": "managed",
      "type": "aws_api_gateway_method",
      "name": "ac--4t79rwsi0m-002F-h90hdk-002F-OPTIONS",
      "provider": "provider[\"registry.terraform.io/hashicorp/aws\"]",
      "instances": [
        {
          "schema_version": 0,
          "attributes": {
            "api_key_required": false,
            "authorization": "NONE",
            "authorization_scopes": [],
            "authorizer_id": "",
            "http_method": "OPTIONS",
            "id": "4t79rwsi0m/h90hdk/OPTIONS",
            "operation_name": "",
            "request_models": {},
            "request_parameters": {
              "method.request.path.proxy": true
            },
            "request_validator_id": "",
            "resource_id": "h90hdk",
            "rest_api_id": "4t79rwsi0m"
          },
          "sensitive_attributes": []
        }
      ]
    },
    {
      "mode": "managed",
      "type": "aws_api_gateway_method",
      "name": "ac--4t79rwsi0m-002F-hlb4ag-002F-ANY",
      "provider": "provider[\"registry.terraform.io/hashicorp/aws\"]",
      "instances": [
        {
          "schema_version": 0,
          "attributes": {
            "api_key_required": false,
            "authorization": "NONE",
            "authorization_scopes": [],
            "authorizer_id": "",
            "http_method": "ANY",
            "id": "4t79rwsi0m/hlb4ag/ANY",
            "operation_name": "",
            "request_models": {},
            "request_parameters": {
              "method.request.path.proxy": true
            },
            "request_validator_id": "",
            "resource_id": "hlb4ag",
            "rest_api_id": "4t79rwsi0m"
          },
          "sensitive_attributes": []
        }
      ]
    },
    {
      "mode": "managed",
      "type": "aws_api_gateway_method",
      "name": "ac--4t79rwsi0m-002F-hlb4ag-002F-OPTIONS",
      "provider": "provider[\"registry.terraform.io/hashicorp/aws\"]",
      "instances": [
        {
          "schema_version": 0,
          "attributes": {
            "api_key_required": false,
            "authorization": "NONE",
            "authorization_scopes": [],
            "authorizer_id": "",
            "http_method": "OPTIONS",
            "id": "4t79rwsi0m/hlb4ag/OPTIONS",
            "operation_name": "",
            "request_models": {},
            "request_parameters": {
              "method.request.path.proxy": true
            },
            "request_validator_id": "",
            "resource_id": "hlb4ag",
            "rest_api_id": "4t79rwsi0m"
          },
          "sensitive_attributes": []
        }
      ]
    },
    {
      "mode": "managed",
      "type": "aws_api_gateway_method",
      "name": "ac--4t79rwsi0m-002F-hs1mf9-002F-ANY",
      "provider": "provider[\"registry.terraform.io/hashicorp/aws\"]",
      "instances": [
        {
          "schema_version": 0,
          "attributes": {
            "api_key_required": true,
            "authorization": "NONE",
            "authorization_scopes": [],
            "authorizer_id": "",
            "http_method": "ANY",
            "id": "4t79rwsi0m/hs1mf9/ANY",
            "operation_name": "",
            "request_models": {},
            "request_parameters": {},
            "request_validator_id": "",
            "resource_id": "hs1mf9",
            "rest_api_id": "4t79rwsi0m"
          },
          "sensitive_attributes": []
        }
      ]
    },
    {
      "mode": "managed",
      "type": "aws_api_gateway_method",
      "name": "ac--4t79rwsi0m-002F-isawlt-002F-ANY",
      "provider": "provider[\"registry.terraform.io/hashicorp/aws\"]",
      "instances": [
        {
          "schema_version": 0,
          "attributes": {
            "api_key_required": false,
            "authorization": "NONE",
            "authorization_scopes": [],
            "authorizer_id": "",
            "http_method": "ANY",
            "id": "4t79rwsi0m/isawlt/ANY",
            "operation_name": "",
            "request_models": {},
            "request_parameters": {
              "method.request.path.proxy": true
            },
            "request_validator_id": "",
            "resource_id": "isawlt",
            "rest_api_id": "4t79rwsi0m"
          },
          "sensitive_attributes": []
        }
      ]
    },
    {
      "mode": "managed",
      "type": "aws_api_gateway_method",
      "name": "ac--4t79rwsi0m-002F-isawlt-002F-OPTIONS",
      "provider": "provider[\"registry.terraform.io/hashicorp/aws\"]",
      "instances": [
        {
          "schema_version": 0,
          "attributes": {
            "api_key_required": false,
            "authorization": "NONE",
            "authorization_scopes": [],
            "authorizer_id": "",
            "http_method": "OPTIONS",
            "id": "4t79rwsi0m/isawlt/OPTIONS",
            "operation_name": "",
            "request_models": {},
            "request_parameters": {
              "method.request.path.proxy": true
            },
            "request_validator_id": "",
            "resource_id": "isawlt",
            "rest_api_id": "4t79rwsi0m"
          },
          "sensitive_attributes": []
        }
      ]
    },
    {
      "mode": "managed",
      "type": "aws_api_gateway_method",
      "name": "ac--4t79rwsi0m-002F-ispu1z-002F-ANY",
      "provider": "provider[\"registry.terraform.io/hashicorp/aws\"]",
      "instances": [
        {
          "schema_version": 0,
          "attributes": {
            "api_key_required": false,
            "authorization": "NONE",
            "authorization_scopes": [],
            "authorizer_id": "",
            "http_method": "ANY",
            "id": "4t79rwsi0m/ispu1z/ANY",
            "operation_name": "",
            "request_models": {},
            "request_parameters": {
              "method.request.path.proxy": true
            },
            "request_validator_id": "",
            "resource_id": "ispu1z",
            "rest_api_id": "4t79rwsi0m"
          },
          "sensitive_attributes": []
        }
      ]
    },
    {
      "mode": "managed",
      "type": "aws_api_gateway_method",
      "name": "ac--4t79rwsi0m-002F-ispu1z-002F-OPTIONS",
      "provider": "provider[\"registry.terraform.io/hashicorp/aws\"]",
      "instances": [
        {
          "schema_version": 0,
          "attributes": {
            "api_key_required": false,
            "authorization": "NONE",
            "authorization_scopes": [],
            "authorizer_id": "",
            "http_method": "OPTIONS",
            "id": "4t79rwsi0m/ispu1z/OPTIONS",
            "operation_name": "",
            "request_models": {},
            "request_parameters": {
              "method.request.path.proxy": true
            },
            "request_validator_id": "",
            "resource_id": "ispu1z",
            "rest_api_id": "4t79rwsi0m"
          },
          "sensitive_attributes": []
        }
      ]
    },
    {
      "mode": "managed",
      "type": "aws_api_gateway_method",
      "name": "ac--4t79rwsi0m-002F-jbkzyj-002F-ANY",
      "provider": "provider[\"registry.terraform.io/hashicorp/aws\"]",
      "instances": [
        {
          "schema_version": 0,
          "attributes": {
            "api_key_required": false,
            "authorization": "NONE",
            "authorization_scopes": [],
            "authorizer_id": "",
            "http_method": "ANY",
            "id": "4t79rwsi0m/jbkzyj/ANY",
            "operation_name": "",
            "request_models": {},
            "request_parameters": {
              "method.request.path.proxy": true
            },
            "request_validator_id": "",
            "resource_id": "jbkzyj",
            "rest_api_id": "4t79rwsi0m"
          },
          "sensitive_attributes": []
        }
      ]
    },
    {
      "mode": "managed",
      "type": "aws_api_gateway_method",
      "name": "ac--4t79rwsi0m-002F-jbkzyj-002F-OPTIONS",
      "provider": "provider[\"registry.terraform.io/hashicorp/aws\"]",
      "instances": [
        {
          "schema_version": 0,
          "attributes": {
            "api_key_required": false,
            "authorization": "NONE",
            "authorization_scopes": [],
            "authorizer_id": "",
            "http_method": "OPTIONS",
            "id": "4t79rwsi0m/jbkzyj/OPTIONS",
            "operation_name": "",
            "request_models": {},
            "request_parameters": {
              "method.request.path.proxy": true
            },
            "request_validator_id": "",
            "resource_id": "jbkzyj",
            "rest_api_id": "4t79rwsi0m"
          },
          "sensitive_attributes": []
        }
      ]
    },
    {
      "mode": "managed",
      "type": "aws_api_gateway_method",
      "name": "ac--4t79rwsi0m-002F-jots3b-002F-ANY",
      "provider": "provider[\"registry.terraform.io/hashicorp/aws\"]",
      "instances": [
        {
          "schema_version": 0,
          "attributes": {
            "api_key_required": false,
            "authorization": "NONE",
            "authorization_scopes": [],
            "authorizer_id": "",
            "http_method": "ANY",
            "id": "4t79rwsi0m/jots3b/ANY",
            "operation_name": "",
            "request_models": {},
            "request_parameters": {
              "method.request.path.proxy": true
            },
            "request_validator_id": "",
            "resource_id": "jots3b",
            "rest_api_id": "4t79rwsi0m"
          },
          "sensitive_attributes": []
        }
      ]
    },
    {
      "mode": "managed",
      "type": "aws_api_gateway_method",
      "name": "ac--4t79rwsi0m-002F-jots3b-002F-OPTIONS",
      "provider": "provider[\"registry.terraform.io/hashicorp/aws\"]",
      "instances": [
        {
          "schema_version": 0,
          "attributes": {
            "api_key_required": false,
            "authorization": "NONE",
            "authorization_scopes": [],
            "authorizer_id": "",
            "http_method": "OPTIONS",
            "id": "4t79rwsi0m/jots3b/OPTIONS",
            "operation_name": "",
            "request_models": {},
            "request_parameters": {
              "method.request.path.proxy": true
            },
            "request_validator_id": "",
            "resource_id": "jots3b",
            "rest_api_id": "4t79rwsi0m"
          },
          "sensitive_attributes": []
        }
      ]
    },
    {
      "mode": "managed",
      "type": "aws_api_gateway_method",
      "name": "ac--4t79rwsi0m-002F-jslm6y-002F-ANY",
      "provider": "provider[\"registry.terraform.io/hashicorp/aws\"]",
      "instances": [
        {
          "schema_version": 0,
          "attributes": {
            "api_key_required": false,
            "authorization": "NONE",
            "authorization_scopes": [],
            "authorizer_id": "",
            "http_method": "ANY",
            "id": "4t79rwsi0m/jslm6y/ANY",
            "operation_name": "",
            "request_models": {},
            "request_parameters": {
              "method.request.path.proxy": true
            },
            "request_validator_id": "",
            "resource_id": "jslm6y",
            "rest_api_id": "4t79rwsi0m"
          },
          "sensitive_attributes": []
        }
      ]
    },
    {
      "mode": "managed",
      "type": "aws_api_gateway_method",
      "name": "ac--4t79rwsi0m-002F-jslm6y-002F-OPTIONS",
      "provider": "provider[\"registry.terraform.io/hashicorp/aws\"]",
      "instances": [
        {
          "schema_version": 0,
          "attributes": {
            "api_key_required": false,
            "authorization": "NONE",
            "authorization_scopes": [],
            "authorizer_id": "",
            "http_method": "OPTIONS",
            "id": "4t79rwsi0m/jslm6y/OPTIONS",
            "operation_name": "",
            "request_models": {},
            "request_parameters": {
              "method.request.path.proxy": true
            },
            "request_validator_id": "",
            "resource_id": "jslm6y",
            "rest_api_id": "4t79rwsi0m"
          },
          "sensitive_attributes": []
        }
      ]
    },
    {
      "mode": "managed",
      "type": "aws_api_gateway_method",
      "name": "ac--4t79rwsi0m-002F-l0kfqa-002F-ANY",
      "provider": "provider[\"registry.terraform.io/hashicorp/aws\"]",
      "instances": [
        {
          "schema_version": 0,
          "attributes": {
            "api_key_required": false,
            "authorization": "NONE",
            "authorization_scopes": [],
            "authorizer_id": "",
            "http_method": "ANY",
            "id": "4t79rwsi0m/l0kfqa/ANY",
            "operation_name": "",
            "request_models": {},
            "request_parameters": {
              "method.request.path.proxy": true
            },
            "request_validator_id": "",
            "resource_id": "l0kfqa",
            "rest_api_id": "4t79rwsi0m"
          },
          "sensitive_attributes": []
        }
      ]
    },
    {
      "mode": "managed",
      "type": "aws_api_gateway_method",
      "name": "ac--4t79rwsi0m-002F-l0kfqa-002F-OPTIONS",
      "provider": "provider[\"registry.terraform.io/hashicorp/aws\"]",
      "instances": [
        {
          "schema_version": 0,
          "attributes": {
            "api_key_required": false,
            "authorization": "NONE",
            "authorization_scopes": [],
            "authorizer_id": "",
            "http_method": "OPTIONS",
            "id": "4t79rwsi0m/l0kfqa/OPTIONS",
            "operation_name": "",
            "request_models": {},
            "request_parameters": {
              "method.request.path.proxy": true
            },
            "request_validator_id": "",
            "resource_id": "l0kfqa",
            "rest_api_id": "4t79rwsi0m"
          },
          "sensitive_attributes": []
        }
      ]
    },
    {
      "mode": "managed",
      "type": "aws_api_gateway_method",
      "name": "ac--4t79rwsi0m-002F-lrsy6z-002F-ANY",
      "provider": "provider[\"registry.terraform.io/hashicorp/aws\"]",
      "instances": [
        {
          "schema_version": 0,
          "attributes": {
            "api_key_required": false,
            "authorization": "NONE",
            "authorization_scopes": [],
            "authorizer_id": "",
            "http_method": "ANY",
            "id": "4t79rwsi0m/lrsy6z/ANY",
            "operation_name": "",
            "request_models": {},
            "request_parameters": {
              "method.request.path.proxy": true
            },
            "request_validator_id": "",
            "resource_id": "lrsy6z",
            "rest_api_id": "4t79rwsi0m"
          },
          "sensitive_attributes": []
        }
      ]
    },
    {
      "mode": "managed",
      "type": "aws_api_gateway_method",
      "name": "ac--4t79rwsi0m-002F-lrsy6z-002F-OPTIONS",
      "provider": "provider[\"registry.terraform.io/hashicorp/aws\"]",
      "instances": [
        {
          "schema_version": 0,
          "attributes": {
            "api_key_required": false,
            "authorization": "NONE",
            "authorization_scopes": [],
            "authorizer_id": "",
            "http_method": "OPTIONS",
            "id": "4t79rwsi0m/lrsy6z/OPTIONS",
            "operation_name": "",
            "request_models": {},
            "request_parameters": {
              "method.request.path.proxy": true
            },
            "request_validator_id": "",
            "resource_id": "lrsy6z",
            "rest_api_id": "4t79rwsi0m"
          },
          "sensitive_attributes": []
        }
      ]
    },
    {
      "mode": "managed",
      "type": "aws_api_gateway_method",
      "name": "ac--4t79rwsi0m-002F-lvllua-002F-ANY",
      "provider": "provider[\"registry.terraform.io/hashicorp/aws\"]",
      "instances": [
        {
          "schema_version": 0,
          "attributes": {
            "api_key_required": false,
            "authorization": "NONE",
            "authorization_scopes": [],
            "authorizer_id": "",
            "http_method": "ANY",
            "id": "4t79rwsi0m/lvllua/ANY",
            "operation_name": "",
            "request_models": {},
            "request_parameters": {
              "method.request.path.proxy": true
            },
            "request_validator_id": "",
            "resource_id": "lvllua",
            "rest_api_id": "4t79rwsi0m"
          },
          "sensitive_attributes": []
        }
      ]
    },
    {
      "mode": "managed",
      "type": "aws_api_gateway_method",
      "name": "ac--4t79rwsi0m-002F-lvllua-002F-OPTIONS",
      "provider": "provider[\"registry.terraform.io/hashicorp/aws\"]",
      "instances": [
        {
          "schema_version": 0,
          "attributes": {
            "api_key_required": false,
            "authorization": "NONE",
            "authorization_scopes": [],
            "authorizer_id": "",
            "http_method": "OPTIONS",
            "id": "4t79rwsi0m/lvllua/OPTIONS",
            "operation_name": "",
            "request_models": {},
            "request_parameters": {
              "method.request.path.proxy": true
            },
            "request_validator_id": "",
            "resource_id": "lvllua",
            "rest_api_id": "4t79rwsi0m"
          },
          "sensitive_attributes": []
        }
      ]
    },
    {
      "mode": "managed",
      "type": "aws_api_gateway_method",
      "name": "ac--4t79rwsi0m-002F-m5r0rq-002F-ANY",
      "provider": "provider[\"registry.terraform.io/hashicorp/aws\"]",
      "instances": [
        {
          "schema_version": 0,
          "attributes": {
            "api_key_required": false,
            "authorization": "NONE",
            "authorization_scopes": [],
            "authorizer_id": "",
            "http_method": "ANY",
            "id": "4t79rwsi0m/m5r0rq/ANY",
            "operation_name": "",
            "request_models": {},
            "request_parameters": {
              "method.request.path.proxy": true
            },
            "request_validator_id": "",
            "resource_id": "m5r0rq",
            "rest_api_id": "4t79rwsi0m"
          },
          "sensitive_attributes": []
        }
      ]
    },
    {
      "mode": "managed",
      "type": "aws_api_gateway_method",
      "name": "ac--4t79rwsi0m-002F-m5r0rq-002F-OPTIONS",
      "provider": "provider[\"registry.terraform.io/hashicorp/aws\"]",
      "instances": [
        {
          "schema_version": 0,
          "attributes": {
            "api_key_required": false,
            "authorization": "NONE",
            "authorization_scopes": [],
            "authorizer_id": "",
            "http_method": "OPTIONS",
            "id": "4t79rwsi0m/m5r0rq/OPTIONS",
            "operation_name": "",
            "request_models": {},
            "request_parameters": {
              "method.request.path.proxy": true
            },
            "request_validator_id": "",
            "resource_id": "m5r0rq",
            "rest_api_id": "4t79rwsi0m"
          },
          "sensitive_attributes": []
        }
      ]
    },
    {
      "mode": "managed",
      "type": "aws_api_gateway_method",
      "name": "ac--4t79rwsi0m-002F-nefmr8-002F-ANY",
      "provider": "provider[\"registry.terraform.io/hashicorp/aws\"]",
      "instances": [
        {
          "schema_version": 0,
          "attributes": {
            "api_key_required": false,
            "authorization": "NONE",
            "authorization_scopes": [],
            "authorizer_id": "",
            "http_method": "ANY",
            "id": "4t79rwsi0m/nefmr8/ANY",
            "operation_name": "",
            "request_models": {},
            "request_parameters": {
              "method.request.path.proxy": true
            },
            "request_validator_id": "",
            "resource_id": "nefmr8",
            "rest_api_id": "4t79rwsi0m"
          },
          "sensitive_attributes": []
        }
      ]
    },
    {
      "mode": "managed",
      "type": "aws_api_gateway_method",
      "name": "ac--4t79rwsi0m-002F-nefmr8-002F-OPTIONS",
      "provider": "provider[\"registry.terraform.io/hashicorp/aws\"]",
      "instances": [
        {
          "schema_version": 0,
          "attributes": {
            "api_key_required": false,
            "authorization": "NONE",
            "authorization_scopes": [],
            "authorizer_id": "",
            "http_method": "OPTIONS",
            "id": "4t79rwsi0m/nefmr8/OPTIONS",
            "operation_name": "",
            "request_models": {},
            "request_parameters": {},
            "request_validator_id": "",
            "resource_id": "nefmr8",
            "rest_api_id": "4t79rwsi0m"
          },
          "sensitive_attributes": []
        }
      ]
    },
    {
      "mode": "managed",
      "type": "aws_api_gateway_method",
      "name": "ac--4t79rwsi0m-002F-nhglk8-002F-ANY",
      "provider": "provider[\"registry.terraform.io/hashicorp/aws\"]",
      "instances": [
        {
          "schema_version": 0,
          "attributes": {
            "api_key_required": false,
            "authorization": "NONE",
            "authorization_scopes": [],
            "authorizer_id": "",
            "http_method": "ANY",
            "id": "4t79rwsi0m/nhglk8/ANY",
            "operation_name": "",
            "request_models": {},
            "request_parameters": {
              "method.request.path.proxy": true
            },
            "request_validator_id": "",
            "resource_id": "nhglk8",
            "rest_api_id": "4t79rwsi0m"
          },
          "sensitive_attributes": []
        }
      ]
    },
    {
      "mode": "managed",
      "type": "aws_api_gateway_method",
      "name": "ac--4t79rwsi0m-002F-nhglk8-002F-OPTIONS",
      "provider": "provider[\"registry.terraform.io/hashicorp/aws\"]",
      "instances": [
        {
          "schema_version": 0,
          "attributes": {
            "api_key_required": false,
            "authorization": "NONE",
            "authorization_scopes": [],
            "authorizer_id": "",
            "http_method": "OPTIONS",
            "id": "4t79rwsi0m/nhglk8/OPTIONS",
            "operation_name": "",
            "request_models": {},
            "request_parameters": {
              "method.request.path.proxy": true
            },
            "request_validator_id": "",
            "resource_id": "nhglk8",
            "rest_api_id": "4t79rwsi0m"
          },
          "sensitive_attributes": []
        }
      ]
    },
    {
      "mode": "managed",
      "type": "aws_api_gateway_method",
      "name": "ac--4t79rwsi0m-002F-np7od3-002F-ANY",
      "provider": "provider[\"registry.terraform.io/hashicorp/aws\"]",
      "instances": [
        {
          "schema_version": 0,
          "attributes": {
            "api_key_required": false,
            "authorization": "NONE",
            "authorization_scopes": [],
            "authorizer_id": "",
            "http_method": "ANY",
            "id": "4t79rwsi0m/np7od3/ANY",
            "operation_name": "",
            "request_models": {},
            "request_parameters": {},
            "request_validator_id": "",
            "resource_id": "np7od3",
            "rest_api_id": "4t79rwsi0m"
          },
          "sensitive_attributes": []
        }
      ]
    },
    {
      "mode": "managed",
      "type": "aws_api_gateway_method",
      "name": "ac--4t79rwsi0m-002F-np7od3-002F-OPTIONS",
      "provider": "provider[\"registry.terraform.io/hashicorp/aws\"]",
      "instances": [
        {
          "schema_version": 0,
          "attributes": {
            "api_key_required": false,
            "authorization": "NONE",
            "authorization_scopes": [],
            "authorizer_id": "",
            "http_method": "OPTIONS",
            "id": "4t79rwsi0m/np7od3/OPTIONS",
            "operation_name": "",
            "request_models": {},
            "request_parameters": {},
            "request_validator_id": "",
            "resource_id": "np7od3",
            "rest_api_id": "4t79rwsi0m"
          },
          "sensitive_attributes": []
        }
      ]
    },
    {
      "mode": "managed",
      "type": "aws_api_gateway_method",
      "name": "ac--4t79rwsi0m-002F-obbnv9-002F-ANY",
      "provider": "provider[\"registry.terraform.io/hashicorp/aws\"]",
      "instances": [
        {
          "schema_version": 0,
          "attributes": {
            "api_key_required": false,
            "authorization": "NONE",
            "authorization_scopes": [],
            "authorizer_id": "",
            "http_method": "ANY",
            "id": "4t79rwsi0m/obbnv9/ANY",
            "operation_name": "",
            "request_models": {},
            "request_parameters": {
              "method.request.path.proxy": true
            },
            "request_validator_id": "",
            "resource_id": "obbnv9",
            "rest_api_id": "4t79rwsi0m"
          },
          "sensitive_attributes": []
        }
      ]
    },
    {
      "mode": "managed",
      "type": "aws_api_gateway_method",
      "name": "ac--4t79rwsi0m-002F-obbnv9-002F-OPTIONS",
      "provider": "provider[\"registry.terraform.io/hashicorp/aws\"]",
      "instances": [
        {
          "schema_version": 0,
          "attributes": {
            "api_key_required": false,
            "authorization": "NONE",
            "authorization_scopes": [],
            "authorizer_id": "",
            "http_method": "OPTIONS",
            "id": "4t79rwsi0m/obbnv9/OPTIONS",
            "operation_name": "",
            "request_models": {},
            "request_parameters": {
              "method.request.path.proxy": true
            },
            "request_validator_id": "",
            "resource_id": "obbnv9",
            "rest_api_id": "4t79rwsi0m"
          },
          "sensitive_attributes": []
        }
      ]
    },
    {
      "mode": "managed",
      "type": "aws_api_gateway_method",
      "name": "ac--4t79rwsi0m-002F-oymz6c-002F-ANY",
      "provider": "provider[\"registry.terraform.io/hashicorp/aws\"]",
      "instances": [
        {
          "schema_version": 0,
          "attributes": {
            "api_key_required": false,
            "authorization": "NONE",
            "authorization_scopes": [],
            "authorizer_id": "",
            "http_method": "ANY",
            "id": "4t79rwsi0m/oymz6c/ANY",
            "operation_name": "",
            "request_models": {},
            "request_parameters": {
              "method.request.path.proxy": true
            },
            "request_validator_id": "",
            "resource_id": "oymz6c",
            "rest_api_id": "4t79rwsi0m"
          },
          "sensitive_attributes": []
        }
      ]
    },
    {
      "mode": "managed",
      "type": "aws_api_gateway_method",
      "name": "ac--4t79rwsi0m-002F-oymz6c-002F-OPTIONS",
      "provider": "provider[\"registry.terraform.io/hashicorp/aws\"]",
      "instances": [
        {
          "schema_version": 0,
          "attributes": {
            "api_key_required": false,
            "authorization": "NONE",
            "authorization_scopes": [],
            "authorizer_id": "",
            "http_method": "OPTIONS",
            "id": "4t79rwsi0m/oymz6c/OPTIONS",
            "operation_name": "",
            "request_models": {},
            "request_parameters": {
              "method.request.path.proxy": true
            },
            "request_validator_id": "",
            "resource_id": "oymz6c",
            "rest_api_id": "4t79rwsi0m"
          },
          "sensitive_attributes": []
        }
      ]
    },
    {
      "mode": "managed",
      "type": "aws_api_gateway_method",
      "name": "ac--4t79rwsi0m-002F-poe1o5-002F-ANY",
      "provider": "provider[\"registry.terraform.io/hashicorp/aws\"]",
      "instances": [
        {
          "schema_version": 0,
          "attributes": {
            "api_key_required": false,
            "authorization": "NONE",
            "authorization_scopes": [],
            "authorizer_id": "",
            "http_method": "ANY",
            "id": "4t79rwsi0m/poe1o5/ANY",
            "operation_name": "",
            "request_models": {},
            "request_parameters": {
              "method.request.path.proxy": true
            },
            "request_validator_id": "",
            "resource_id": "poe1o5",
            "rest_api_id": "4t79rwsi0m"
          },
          "sensitive_attributes": []
        }
      ]
    },
    {
      "mode": "managed",
      "type": "aws_api_gateway_method",
      "name": "ac--4t79rwsi0m-002F-poe1o5-002F-OPTIONS",
      "provider": "provider[\"registry.terraform.io/hashicorp/aws\"]",
      "instances": [
        {
          "schema_version": 0,
          "attributes": {
            "api_key_required": false,
            "authorization": "NONE",
            "authorization_scopes": [],
            "authorizer_id": "",
            "http_method": "OPTIONS",
            "id": "4t79rwsi0m/poe1o5/OPTIONS",
            "operation_name": "",
            "request_models": {},
            "request_parameters": {
              "method.request.path.proxy": true
            },
            "request_validator_id": "",
            "resource_id": "poe1o5",
            "rest_api_id": "4t79rwsi0m"
          },
          "sensitive_attributes": []
        }
      ]
    },
    {
      "mode": "managed",
      "type": "aws_api_gateway_method",
      "name": "ac--4t79rwsi0m-002F-q10b5m-002F-ANY",
      "provider": "provider[\"registry.terraform.io/hashicorp/aws\"]",
      "instances": [
        {
          "schema_version": 0,
          "attributes": {
            "api_key_required": false,
            "authorization": "NONE",
            "authorization_scopes": [],
            "authorizer_id": "",
            "http_method": "ANY",
            "id": "4t79rwsi0m/q10b5m/ANY",
            "operation_name": "",
            "request_models": {},
            "request_parameters": {},
            "request_validator_id": "",
            "resource_id": "q10b5m",
            "rest_api_id": "4t79rwsi0m"
          },
          "sensitive_attributes": []
        }
      ]
    },
    {
      "mode": "managed",
      "type": "aws_api_gateway_method",
      "name": "ac--4t79rwsi0m-002F-q10b5m-002F-OPTIONS",
      "provider": "provider[\"registry.terraform.io/hashicorp/aws\"]",
      "instances": [
        {
          "schema_version": 0,
          "attributes": {
            "api_key_required": false,
            "authorization": "NONE",
            "authorization_scopes": [],
            "authorizer_id": "",
            "http_method": "OPTIONS",
            "id": "4t79rwsi0m/q10b5m/OPTIONS",
            "operation_name": "",
            "request_models": {},
            "request_parameters": {},
            "request_validator_id": "",
            "resource_id": "q10b5m",
            "rest_api_id": "4t79rwsi0m"
          },
          "sensitive_attributes": []
        }
      ]
    },
    {
      "mode": "managed",
      "type": "aws_api_gateway_method",
      "name": "ac--4t79rwsi0m-002F-qtu4da-002F-ANY",
      "provider": "provider[\"registry.terraform.io/hashicorp/aws\"]",
      "instances": [
        {
          "schema_version": 0,
          "attributes": {
            "api_key_required": false,
            "authorization": "NONE",
            "authorization_scopes": [],
            "authorizer_id": "",
            "http_method": "ANY",
            "id": "4t79rwsi0m/qtu4da/ANY",
            "operation_name": "",
            "request_models": {},
            "request_parameters": {
              "method.request.path.proxy": true
            },
            "request_validator_id": "",
            "resource_id": "qtu4da",
            "rest_api_id": "4t79rwsi0m"
          },
          "sensitive_attributes": []
        }
      ]
    },
    {
      "mode": "managed",
      "type": "aws_api_gateway_method",
      "name": "ac--4t79rwsi0m-002F-qtu4da-002F-OPTIONS",
      "provider": "provider[\"registry.terraform.io/hashicorp/aws\"]",
      "instances": [
        {
          "schema_version": 0,
          "attributes": {
            "api_key_required": false,
            "authorization": "NONE",
            "authorization_scopes": [],
            "authorizer_id": "",
            "http_method": "OPTIONS",
            "id": "4t79rwsi0m/qtu4da/OPTIONS",
            "operation_name": "",
            "request_models": {},
            "request_parameters": {
              "method.request.path.proxy": true
            },
            "request_validator_id": "",
            "resource_id": "qtu4da",
            "rest_api_id": "4t79rwsi0m"
          },
          "sensitive_attributes": []
        }
      ]
    },
    {
      "mode": "managed",
      "type": "aws_api_gateway_method",
      "name": "ac--4t79rwsi0m-002F-rqx672-002F-ANY",
      "provider": "provider[\"registry.terraform.io/hashicorp/aws\"]",
      "instances": [
        {
          "schema_version": 0,
          "attributes": {
            "api_key_required": false,
            "authorization": "NONE",
            "authorization_scopes": [],
            "authorizer_id": "",
            "http_method": "ANY",
            "id": "4t79rwsi0m/rqx672/ANY",
            "operation_name": "",
            "request_models": {},
            "request_parameters": {
              "method.request.path.proxy": true
            },
            "request_validator_id": "",
            "resource_id": "rqx672",
            "rest_api_id": "4t79rwsi0m"
          },
          "sensitive_attributes": []
        }
      ]
    },
    {
      "mode": "managed",
      "type": "aws_api_gateway_method",
      "name": "ac--4t79rwsi0m-002F-rqx672-002F-OPTIONS",
      "provider": "provider[\"registry.terraform.io/hashicorp/aws\"]",
      "instances": [
        {
          "schema_version": 0,
          "attributes": {
            "api_key_required": false,
            "authorization": "NONE",
            "authorization_scopes": [],
            "authorizer_id": "",
            "http_method": "OPTIONS",
            "id": "4t79rwsi0m/rqx672/OPTIONS",
            "operation_name": "",
            "request_models": {},
            "request_parameters": {
              "method.request.path.proxy": true
            },
            "request_validator_id": "",
            "resource_id": "rqx672",
            "rest_api_id": "4t79rwsi0m"
          },
          "sensitive_attributes": []
        }
      ]
    },
    {
      "mode": "managed",
      "type": "aws_api_gateway_method",
      "name": "ac--4t79rwsi0m-002F-seuqvf-002F-ANY",
      "provider": "provider[\"registry.terraform.io/hashicorp/aws\"]",
      "instances": [
        {
          "schema_version": 0,
          "attributes": {
            "api_key_required": false,
            "authorization": "NONE",
            "authorization_scopes": [],
            "authorizer_id": "",
            "http_method": "ANY",
            "id": "4t79rwsi0m/seuqvf/ANY",
            "operation_name": "",
            "request_models": {},
            "request_parameters": {
              "method.request.path.proxy": true
            },
            "request_validator_id": "",
            "resource_id": "seuqvf",
            "rest_api_id": "4t79rwsi0m"
          },
          "sensitive_attributes": []
        }
      ]
    },
    {
      "mode": "managed",
      "type": "aws_api_gateway_method",
      "name": "ac--4t79rwsi0m-002F-seuqvf-002F-OPTIONS",
      "provider": "provider[\"registry.terraform.io/hashicorp/aws\"]",
      "instances": [
        {
          "schema_version": 0,
          "attributes": {
            "api_key_required": false,
            "authorization": "NONE",
            "authorization_scopes": [],
            "authorizer_id": "",
            "http_method": "OPTIONS",
            "id": "4t79rwsi0m/seuqvf/OPTIONS",
            "operation_name": "",
            "request_models": {},
            "request_parameters": {
              "method.request.path.proxy": true
            },
            "request_validator_id": "",
            "resource_id": "seuqvf",
            "rest_api_id": "4t79rwsi0m"
          },
          "sensitive_attributes": []
        }
      ]
    },
    {
      "mode": "managed",
      "type": "aws_api_gateway_method",
      "name": "ac--4t79rwsi0m-002F-th5ptt-002F-OPTIONS",
      "provider": "provider[\"registry.terraform.io/hashicorp/aws\"]",
      "instances": [
        {
          "schema_version": 0,
          "attributes": {
            "api_key_required": false,
            "authorization": "NONE",
            "authorization_scopes": [],
            "authorizer_id": "",
            "http_method": "OPTIONS",
            "id": "4t79rwsi0m/th5ptt/OPTIONS",
            "operation_name": "",
            "request_models": {},
            "request_parameters": {},
            "request_validator_id": "",
            "resource_id": "th5ptt",
            "rest_api_id": "4t79rwsi0m"
          },
          "sensitive_attributes": []
        }
      ]
    },
    {
      "mode": "managed",
      "type": "aws_api_gateway_method",
      "name": "ac--4t79rwsi0m-002F-th5ptt-002F-POST",
      "provider": "provider[\"registry.terraform.io/hashicorp/aws\"]",
      "instances": [
        {
          "schema_version": 0,
          "attributes": {
            "api_key_required": false,
            "authorization": "NONE",
            "authorization_scopes": [],
            "authorizer_id": "",
            "http_method": "POST",
            "id": "4t79rwsi0m/th5ptt/POST",
            "operation_name": "",
            "request_models": {},
            "request_parameters": {},
            "request_validator_id": "",
            "resource_id": "th5ptt",
            "rest_api_id": "4t79rwsi0m"
          },
          "sensitive_attributes": []
        }
      ]
    },
    {
      "mode": "managed",
      "type": "aws_api_gateway_method",
      "name": "ac--4t79rwsi0m-002F-u1c3u6-002F-ANY",
      "provider": "provider[\"registry.terraform.io/hashicorp/aws\"]",
      "instances": [
        {
          "schema_version": 0,
          "attributes": {
            "api_key_required": false,
            "authorization": "NONE",
            "authorization_scopes": [],
            "authorizer_id": "",
            "http_method": "ANY",
            "id": "4t79rwsi0m/u1c3u6/ANY",
            "operation_name": "",
            "request_models": {},
            "request_parameters": {
              "method.request.path.proxy": true
            },
            "request_validator_id": "",
            "resource_id": "u1c3u6",
            "rest_api_id": "4t79rwsi0m"
          },
          "sensitive_attributes": []
        }
      ]
    },
    {
      "mode": "managed",
      "type": "aws_api_gateway_method",
      "name": "ac--4t79rwsi0m-002F-u1c3u6-002F-OPTIONS",
      "provider": "provider[\"registry.terraform.io/hashicorp/aws\"]",
      "instances": [
        {
          "schema_version": 0,
          "attributes": {
            "api_key_required": false,
            "authorization": "NONE",
            "authorization_scopes": [],
            "authorizer_id": "",
            "http_method": "OPTIONS",
            "id": "4t79rwsi0m/u1c3u6/OPTIONS",
            "operation_name": "",
            "request_models": {},
            "request_parameters": {
              "method.request.path.proxy": true
            },
            "request_validator_id": "",
            "resource_id": "u1c3u6",
            "rest_api_id": "4t79rwsi0m"
          },
          "sensitive_attributes": []
        }
      ]
    },
    {
      "mode": "managed",
      "type": "aws_api_gateway_method",
      "name": "ac--4t79rwsi0m-002F-uktwl1-002F-ANY",
      "provider": "provider[\"registry.terraform.io/hashicorp/aws\"]",
      "instances": [
        {
          "schema_version": 0,
          "attributes": {
            "api_key_required": false,
            "authorization": "NONE",
            "authorization_scopes": [],
            "authorizer_id": "",
            "http_method": "ANY",
            "id": "4t79rwsi0m/uktwl1/ANY",
            "operation_name": "",
            "request_models": {},
            "request_parameters": {
              "method.request.path.proxy": true
            },
            "request_validator_id": "",
            "resource_id": "uktwl1",
            "rest_api_id": "4t79rwsi0m"
          },
          "sensitive_attributes": []
        }
      ]
    },
    {
      "mode": "managed",
      "type": "aws_api_gateway_method",
      "name": "ac--4t79rwsi0m-002F-uktwl1-002F-OPTIONS",
      "provider": "provider[\"registry.terraform.io/hashicorp/aws\"]",
      "instances": [
        {
          "schema_version": 0,
          "attributes": {
            "api_key_required": false,
            "authorization": "NONE",
            "authorization_scopes": [],
            "authorizer_id": "",
            "http_method": "OPTIONS",
            "id": "4t79rwsi0m/uktwl1/OPTIONS",
            "operation_name": "",
            "request_models": {},
            "request_parameters": {
              "method.request.path.proxy": true
            },
            "request_validator_id": "",
            "resource_id": "uktwl1",
            "rest_api_id": "4t79rwsi0m"
          },
          "sensitive_attributes": []
        }
      ]
    },
    {
      "mode": "managed",
      "type": "aws_api_gateway_method",
      "name": "ac--4t79rwsi0m-002F-xpenxh-002F-ANY",
      "provider": "provider[\"registry.terraform.io/hashicorp/aws\"]",
      "instances": [
        {
          "schema_version": 0,
          "attributes": {
            "api_key_required": false,
            "authorization": "NONE",
            "authorization_scopes": [],
            "authorizer_id": "",
            "http_method": "ANY",
            "id": "4t79rwsi0m/xpenxh/ANY",
            "operation_name": "",
            "request_models": {},
            "request_parameters": {
              "method.request.path.proxy": true
            },
            "request_validator_id": "",
            "resource_id": "xpenxh",
            "rest_api_id": "4t79rwsi0m"
          },
          "sensitive_attributes": []
        }
      ]
    },
    {
      "mode": "managed",
      "type": "aws_api_gateway_method",
      "name": "ac--4t79rwsi0m-002F-xpenxh-002F-OPTIONS",
      "provider": "provider[\"registry.terraform.io/hashicorp/aws\"]",
      "instances": [
        {
          "schema_version": 0,
          "attributes": {
            "api_key_required": false,
            "authorization": "NONE",
            "authorization_scopes": [],
            "authorizer_id": "",
            "http_method": "OPTIONS",
            "id": "4t79rwsi0m/xpenxh/OPTIONS",
            "operation_name": "",
            "request_models": {},
            "request_parameters": {
              "method.request.path.proxy": true
            },
            "request_validator_id": "",
            "resource_id": "xpenxh",
            "rest_api_id": "4t79rwsi0m"
          },
          "sensitive_attributes": []
        }
      ]
    },
    {
      "mode": "managed",
      "type": "aws_api_gateway_method",
      "name": "ac--4t79rwsi0m-002F-yzoq0s-002F-POST",
      "provider": "provider[\"registry.terraform.io/hashicorp/aws\"]",
      "instances": [
        {
          "schema_version": 0,
          "attributes": {
            "api_key_required": false,
            "authorization": "NONE",
            "authorization_scopes": [],
            "authorizer_id": "",
            "http_method": "POST",
            "id": "4t79rwsi0m/yzoq0s/POST",
            "operation_name": "",
            "request_models": {},
            "request_parameters": {},
            "request_validator_id": "",
            "resource_id": "yzoq0s",
            "rest_api_id": "4t79rwsi0m"
          },
          "sensitive_attributes": []
        }
      ]
    },
    {
      "mode": "managed",
      "type": "aws_api_gateway_method",
      "name": "ac--4t79rwsi0m-002F-z5dnnc-002F-ANY",
      "provider": "provider[\"registry.terraform.io/hashicorp/aws\"]",
      "instances": [
        {
          "schema_version": 0,
          "attributes": {
            "api_key_required": false,
            "authorization": "NONE",
            "authorization_scopes": [],
            "authorizer_id": "",
            "http_method": "ANY",
            "id": "4t79rwsi0m/z5dnnc/ANY",
            "operation_name": "",
            "request_models": {},
            "request_parameters": {
              "method.request.path.proxy": true
            },
            "request_validator_id": "",
            "resource_id": "z5dnnc",
            "rest_api_id": "4t79rwsi0m"
          },
          "sensitive_attributes": []
        }
      ]
    },
    {
      "mode": "managed",
      "type": "aws_api_gateway_method",
      "name": "ac--4t79rwsi0m-002F-z5dnnc-002F-OPTIONS",
      "provider": "provider[\"registry.terraform.io/hashicorp/aws\"]",
      "instances": [
        {
          "schema_version": 0,
          "attributes": {
            "api_key_required": false,
            "authorization": "NONE",
            "authorization_scopes": [],
            "authorizer_id": "",
            "http_method": "OPTIONS",
            "id": "4t79rwsi0m/z5dnnc/OPTIONS",
            "operation_name": "",
            "request_models": {},
            "request_parameters": {
              "method.request.path.proxy": true
            },
            "request_validator_id": "",
            "resource_id": "z5dnnc",
            "rest_api_id": "4t79rwsi0m"
          },
          "sensitive_attributes": []
        }
      ]
    },
    {
      "mode": "managed",
      "type": "aws_api_gateway_method",
      "name": "ac--4t79rwsi0m-002F-zl1rvj-002F-ANY",
      "provider": "provider[\"registry.terraform.io/hashicorp/aws\"]",
      "instances": [
        {
          "schema_version": 0,
          "attributes": {
            "api_key_required": false,
            "authorization": "NONE",
            "authorization_scopes": [],
            "authorizer_id": "",
            "http_method": "ANY",
            "id": "4t79rwsi0m/zl1rvj/ANY",
            "operation_name": "",
            "request_models": {},
            "request_parameters": {
              "method.request.path.proxy": true
            },
            "request_validator_id": "",
            "resource_id": "zl1rvj",
            "rest_api_id": "4t79rwsi0m"
          },
          "sensitive_attributes": []
        }
      ]
    },
    {
      "mode": "managed",
      "type": "aws_api_gateway_method",
      "name": "ac--4t79rwsi0m-002F-zl1rvj-002F-OPTIONS",
      "provider": "provider[\"registry.terraform.io/hashicorp/aws\"]",
      "instances": [
        {
          "schema_version": 0,
          "attributes": {
            "api_key_required": false,
            "authorization": "NONE",
            "authorization_scopes": [],
            "authorizer_id": "",
            "http_method": "OPTIONS",
            "id": "4t79rwsi0m/zl1rvj/OPTIONS",
            "operation_name": "",
            "request_models": {},
            "request_parameters": {
              "method.request.path.proxy": true
            },
            "request_validator_id": "",
            "resource_id": "zl1rvj",
            "rest_api_id": "4t79rwsi0m"
          },
          "sensitive_attributes": []
        }
      ]
    },
    {
      "mode": "managed",
      "type": "aws_api_gateway_method",
      "name": "ac--4t79rwsi0m-002F-zxrwyo-002F-ANY",
      "provider": "provider[\"registry.terraform.io/hashicorp/aws\"]",
      "instances": [
        {
          "schema_version": 0,
          "attributes": {
            "api_key_required": false,
            "authorization": "NONE",
            "authorization_scopes": [],
            "authorizer_id": "",
            "http_method": "ANY",
            "id": "4t79rwsi0m/zxrwyo/ANY",
            "operation_name": "",
            "request_models": {},
            "request_parameters": {
              "method.request.path.proxy": true
            },
            "request_validator_id": "",
            "resource_id": "zxrwyo",
            "rest_api_id": "4t79rwsi0m"
          },
          "sensitive_attributes": []
        }
      ]
    },
    {
      "mode": "managed",
      "type": "aws_api_gateway_method",
      "name": "ac--4t79rwsi0m-002F-zxrwyo-002F-OPTIONS",
      "provider": "provider[\"registry.terraform.io/hashicorp/aws\"]",
      "instances": [
        {
          "schema_version": 0,
          "attributes": {
            "api_key_required": false,
            "authorization": "NONE",
            "authorization_scopes": [],
            "authorizer_id": "",
            "http_method": "OPTIONS",
            "id": "4t79rwsi0m/zxrwyo/OPTIONS",
            "operation_name": "",
            "request_models": {},
            "request_parameters": {
              "method.request.path.proxy": true
            },
            "request_validator_id": "",
            "resource_id": "zxrwyo",
            "rest_api_id": "4t79rwsi0m"
          },
          "sensitive_attributes": []
        }
      ]
    },
    {
      "mode": "managed",
      "type": "aws_api_gateway_model",
      "name": "ac--4t79rwsi0m-002F-Empty",
      "provider": "provider[\"registry.terraform.io/hashicorp/aws\"]",
      "instances": [
        {
          "schema_version": 0,
          "attributes": {
            "content_type": "application/json",
            "description": "",
            "id": "4t79rwsi0m/Empty",
            "name": "Empty",
            "rest_api_id": "4t79rwsi0m",
            "schema": "{\n  \"type\" : \"object\",\n  \"title\" : \"Empty Schema\"\n}"
          },
          "sensitive_attributes": []
        }
      ]
    },
    {
      "mode": "managed",
      "type": "aws_api_gateway_resource",
      "name": "ac--0fbr7g",
      "provider": "provider[\"registry.terraform.io/hashicorp/aws\"]",
      "instances": [
        {
          "schema_version": 0,
          "attributes": {
            "id": "0fbr7g",
            "parent_id": "zg6wv3",
            "path": "/pauth/scf-enhancement/{proxy+}",
            "path_part": "{proxy+}",
            "rest_api_id": "4t79rwsi0m"
          },
          "sensitive_attributes": [],
          "dependencies": [
            "aws_api_gateway_rest_api.ac--4t79rwsi0m"
          ]
        }
      ]
    },
    {
      "mode": "managed",
      "type": "aws_api_gateway_resource",
      "name": "ac--18h72g",
      "provider": "provider[\"registry.terraform.io/hashicorp/aws\"]",
      "instances": [
        {
          "schema_version": 0,
          "attributes": {
            "id": "18h72g",
            "parent_id": "ydsz2a",
            "path": "/adminauth/scf-api-routing/{proxy+}",
            "path_part": "{proxy+}",
            "rest_api_id": "4t79rwsi0m"
          },
          "sensitive_attributes": [],
          "dependencies": [
            "aws_api_gateway_rest_api.ac--4t79rwsi0m"
          ]
        }
      ]
    },
    {
      "mode": "managed",
      "type": "aws_api_gateway_resource",
      "name": "ac--1b0xno",
      "provider": "provider[\"registry.terraform.io/hashicorp/aws\"]",
      "instances": [
        {
          "schema_version": 0,
          "attributes": {
            "id": "1b0xno",
            "parent_id": "xhuhiz",
            "path": "/wauth/communication/api",
            "path_part": "api",
            "rest_api_id": "4t79rwsi0m"
          },
          "sensitive_attributes": [],
          "dependencies": [
            "aws_api_gateway_rest_api.ac--4t79rwsi0m"
          ]
        }
      ]
    },
    {
      "mode": "managed",
      "type": "aws_api_gateway_resource",
      "name": "ac--1bgfut",
      "provider": "provider[\"registry.terraform.io/hashicorp/aws\"]",
      "instances": [
        {
          "schema_version": 0,
          "attributes": {
            "id": "1bgfut",
            "parent_id": "2um55p",
            "path": "/pauth/scf-fileupload",
            "path_part": "scf-fileupload",
            "rest_api_id": "4t79rwsi0m"
          },
          "sensitive_attributes": [],
          "dependencies": [
            "aws_api_gateway_rest_api.ac--4t79rwsi0m"
          ]
        }
      ]
    },
    {
      "mode": "managed",
      "type": "aws_api_gateway_resource",
      "name": "ac--1e771z",
      "provider": "provider[\"registry.terraform.io/hashicorp/aws\"]",
      "instances": [
        {
          "schema_version": 0,
          "attributes": {
            "id": "1e771z",
            "parent_id": "o18232",
            "path": "/wauth/cognito-auth/v2/{proxy+}",
            "path_part": "{proxy+}",
            "rest_api_id": "4t79rwsi0m"
          },
          "sensitive_attributes": [],
          "dependencies": [
            "aws_api_gateway_rest_api.ac--4t79rwsi0m"
          ]
        }
      ]
    },
    {
      "mode": "managed",
      "type": "aws_api_gateway_resource",
      "name": "ac--1mrpvr",
      "provider": "provider[\"registry.terraform.io/hashicorp/aws\"]",
      "instances": [
        {
          "schema_version": 0,
          "attributes": {
            "id": "1mrpvr",
            "parent_id": "6zty1p",
            "path": "/wauth/gst",
            "path_part": "gst",
            "rest_api_id": "4t79rwsi0m"
          },
          "sensitive_attributes": [],
          "dependencies": [
            "aws_api_gateway_rest_api.ac--4t79rwsi0m"
          ]
        }
      ]
    },
    {
      "mode": "managed",
      "type": "aws_api_gateway_resource",
      "name": "ac--2a5b7o",
      "provider": "provider[\"registry.terraform.io/hashicorp/aws\"]",
      "instances": [
        {
          "schema_version": 0,
          "attributes": {
            "id": "2a5b7o",
            "parent_id": "pnu28d",
            "path": "/pauth/scf-invoiceparse/{proxy+}",
            "path_part": "{proxy+}",
            "rest_api_id": "4t79rwsi0m"
          },
          "sensitive_attributes": [],
          "dependencies": [
            "aws_api_gateway_rest_api.ac--4t79rwsi0m"
          ]
        }
      ]
    },
    {
      "mode": "managed",
      "type": "aws_api_gateway_resource",
      "name": "ac--2o7x47",
      "provider": "provider[\"registry.terraform.io/hashicorp/aws\"]",
      "instances": [
        {
          "schema_version": 0,
          "attributes": {
            "id": "2o7x47",
            "parent_id": "ak0nbg",
            "path": "/pauth/scf-invoice/{proxy+}",
            "path_part": "{proxy+}",
            "rest_api_id": "4t79rwsi0m"
          },
          "sensitive_attributes": [],
          "dependencies": [
            "aws_api_gateway_rest_api.ac--4t79rwsi0m"
          ]
        }
      ]
    },
    {
      "mode": "managed",
      "type": "aws_api_gateway_resource",
      "name": "ac--2oy0s9",
      "provider": "provider[\"registry.terraform.io/hashicorp/aws\"]",
      "instances": [
        {
          "schema_version": 0,
          "attributes": {
            "id": "2oy0s9",
            "parent_id": "6zty1p",
            "path": "/wauth/customer-profile",
            "path_part": "customer-profile",
            "rest_api_id": "4t79rwsi0m"
          },
          "sensitive_attributes": [],
          "dependencies": [
            "aws_api_gateway_rest_api.ac--4t79rwsi0m"
          ]
        }
      ]
    },
    {
      "mode": "managed",
      "type": "aws_api_gateway_resource",
      "name": "ac--2ru78o",
      "provider": "provider[\"registry.terraform.io/hashicorp/aws\"]",
      "instances": [
        {
          "schema_version": 0,
          "attributes": {
            "id": "2ru78o",
            "parent_id": "lleo89",
            "path": "/adminauth/scf-invoicebod/{proxy+}",
            "path_part": "{proxy+}",
            "rest_api_id": "4t79rwsi0m"
          },
          "sensitive_attributes": [],
          "dependencies": [
            "aws_api_gateway_rest_api.ac--4t79rwsi0m"
          ]
        }
      ]
    },
    {
      "mode": "managed",
      "type": "aws_api_gateway_resource",
      "name": "ac--2um55p",
      "provider": "provider[\"registry.terraform.io/hashicorp/aws\"]",
      "instances": [
        {
          "schema_version": 0,
          "attributes": {
            "id": "2um55p",
            "parent_id": "eeuwzn220m",
            "path": "/pauth",
            "path_part": "pauth",
            "rest_api_id": "4t79rwsi0m"
          },
          "sensitive_attributes": [],
          "dependencies": [
            "aws_api_gateway_rest_api.ac--4t79rwsi0m"
          ]
        }
      ]
    },
    {
      "mode": "managed",
      "type": "aws_api_gateway_resource",
      "name": "ac--43o36t",
      "provider": "provider[\"registry.terraform.io/hashicorp/aws\"]",
      "instances": [
        {
          "schema_version": 0,
          "attributes": {
            "id": "43o36t",
            "parent_id": "t5iluh",
            "path": "/wauth/cognito-auth/admin/v1",
            "path_part": "v1",
            "rest_api_id": "4t79rwsi0m"
          },
          "sensitive_attributes": [],
          "dependencies": [
            "aws_api_gateway_rest_api.ac--4t79rwsi0m"
          ]
        }
      ]
    },
    {
      "mode": "managed",
      "type": "aws_api_gateway_resource",
      "name": "ac--4oxxk3",
      "provider": "provider[\"registry.terraform.io/hashicorp/aws\"]",
      "instances": [
        {
          "schema_version": 0,
          "attributes": {
            "id": "4oxxk3",
            "parent_id": "u1iad2",
            "path": "/wauth/onboarding/user/{proxy+}",
            "path_part": "{proxy+}",
            "rest_api_id": "4t79rwsi0m"
          },
          "sensitive_attributes": [],
          "dependencies": [
            "aws_api_gateway_rest_api.ac--4t79rwsi0m"
          ]
        }
      ]
    },
    {
      "mode": "managed",
      "type": "aws_api_gateway_resource",
      "name": "ac--4sdsay",
      "provider": "provider[\"registry.terraform.io/hashicorp/aws\"]",
      "instances": [
        {
          "schema_version": 0,
          "attributes": {
            "id": "4sdsay",
            "parent_id": "gwdezo",
            "path": "/adminauth/scf-limitbod",
            "path_part": "scf-limitbod",
            "rest_api_id": "4t79rwsi0m"
          },
          "sensitive_attributes": [],
          "dependencies": [
            "aws_api_gateway_rest_api.ac--4t79rwsi0m"
          ]
        }
      ]
    },
    {
      "mode": "managed",
      "type": "aws_api_gateway_resource",
      "name": "ac--502wqc",
      "provider": "provider[\"registry.terraform.io/hashicorp/aws\"]",
      "instances": [
        {
          "schema_version": 0,
          "attributes": {
            "id": "502wqc",
            "parent_id": "1mrpvr",
            "path": "/wauth/gst/webhook",
            "path_part": "webhook",
            "rest_api_id": "4t79rwsi0m"
          },
          "sensitive_attributes": [],
          "dependencies": [
            "aws_api_gateway_rest_api.ac--4t79rwsi0m"
          ]
        }
      ]
    },
    {
      "mode": "managed",
      "type": "aws_api_gateway_resource",
      "name": "ac--5jxpvm",
      "provider": "provider[\"registry.terraform.io/hashicorp/aws\"]",
      "instances": [
        {
          "schema_version": 0,
          "attributes": {
            "id": "5jxpvm",
            "parent_id": "2um55p",
            "path": "/pauth/scf-onboard",
            "path_part": "scf-onboard",
            "rest_api_id": "4t79rwsi0m"
          },
          "sensitive_attributes": [],
          "dependencies": [
            "aws_api_gateway_rest_api.ac--4t79rwsi0m"
          ]
        }
      ]
    },
    {
      "mode": "managed",
      "type": "aws_api_gateway_resource",
      "name": "ac--5snnya",
      "provider": "provider[\"registry.terraform.io/hashicorp/aws\"]",
      "instances": [
        {
          "schema_version": 0,
          "attributes": {
            "id": "5snnya",
            "parent_id": "6zty1p",
            "path": "/wauth/bankstatement",
            "path_part": "bankstatement",
            "rest_api_id": "4t79rwsi0m"
          },
          "sensitive_attributes": [],
          "dependencies": [
            "aws_api_gateway_rest_api.ac--4t79rwsi0m"
          ]
        }
      ]
    },
    {
      "mode": "managed",
      "type": "aws_api_gateway_resource",
      "name": "ac--5u81fr",
      "provider": "provider[\"registry.terraform.io/hashicorp/aws\"]",
      "instances": [
        {
          "schema_version": 0,
          "attributes": {
            "id": "5u81fr",
            "parent_id": "6dwwuv",
            "path": "/wauth/kyc-service/api/v1/onboarding-document/filter",
            "path_part": "filter",
            "rest_api_id": "4t79rwsi0m"
          },
          "sensitive_attributes": [],
          "dependencies": [
            "aws_api_gateway_rest_api.ac--4t79rwsi0m"
          ]
        }
      ]
    },
    {
      "mode": "managed",
      "type": "aws_api_gateway_resource",
      "name": "ac--68c6bn",
      "provider": "provider[\"registry.terraform.io/hashicorp/aws\"]",
      "instances": [
        {
          "schema_version": 0,
          "attributes": {
            "id": "68c6bn",
            "parent_id": "6zty1p",
            "path": "/wauth/otp",
            "path_part": "otp",
            "rest_api_id": "4t79rwsi0m"
          },
          "sensitive_attributes": [],
          "dependencies": [
            "aws_api_gateway_rest_api.ac--4t79rwsi0m"
          ]
        }
      ]
    },
    {
      "mode": "managed",
      "type": "aws_api_gateway_resource",
      "name": "ac--6dwwuv",
      "provider": "provider[\"registry.terraform.io/hashicorp/aws\"]",
      "instances": [
        {
          "schema_version": 0,
          "attributes": {
            "id": "6dwwuv",
            "parent_id": "wxlh3l",
            "path": "/wauth/kyc-service/api/v1/onboarding-document",
            "path_part": "onboarding-document",
            "rest_api_id": "4t79rwsi0m"
          },
          "sensitive_attributes": [],
          "dependencies": [
            "aws_api_gateway_rest_api.ac--4t79rwsi0m"
          ]
        }
      ]
    },
    {
      "mode": "managed",
      "type": "aws_api_gateway_resource",
      "name": "ac--6zty1p",
      "provider": "provider[\"registry.terraform.io/hashicorp/aws\"]",
      "instances": [
        {
          "schema_version": 0,
          "attributes": {
            "id": "6zty1p",
            "parent_id": "eeuwzn220m",
            "path": "/wauth",
            "path_part": "wauth",
            "rest_api_id": "4t79rwsi0m"
          },
          "sensitive_attributes": [],
          "dependencies": [
            "aws_api_gateway_rest_api.ac--4t79rwsi0m"
          ]
        }
      ]
    },
    {
      "mode": "managed",
      "type": "aws_api_gateway_resource",
      "name": "ac--8u4xa6",
      "provider": "provider[\"registry.terraform.io/hashicorp/aws\"]",
      "instances": [
        {
          "schema_version": 0,
          "attributes": {
            "id": "8u4xa6",
            "parent_id": "gwdezo",
            "path": "/adminauth/scf-notification-service",
            "path_part": "scf-notification-service",
            "rest_api_id": "4t79rwsi0m"
          },
          "sensitive_attributes": [],
          "dependencies": [
            "aws_api_gateway_rest_api.ac--4t79rwsi0m"
          ]
        }
      ]
    },
    {
      "mode": "managed",
      "type": "aws_api_gateway_resource",
      "name": "ac--93fm2n",
      "provider": "provider[\"registry.terraform.io/hashicorp/aws\"]",
      "instances": [
        {
          "schema_version": 0,
          "attributes": {
            "id": "93fm2n",
            "parent_id": "z6o35o",
            "path": "/wauth/cognito-auth/v1/{proxy+}",
            "path_part": "{proxy+}",
            "rest_api_id": "4t79rwsi0m"
          },
          "sensitive_attributes": [],
          "dependencies": [
            "aws_api_gateway_rest_api.ac--4t79rwsi0m"
          ]
        }
      ]
    },
    {
      "mode": "managed",
      "type": "aws_api_gateway_resource",
      "name": "ac--9cmuch",
      "provider": "provider[\"registry.terraform.io/hashicorp/aws\"]",
      "instances": [
        {
          "schema_version": 0,
          "attributes": {
            "id": "9cmuch",
            "parent_id": "t5dw4p",
            "path": "/adminauth/scf-invoiceparse/{proxy+}",
            "path_part": "{proxy+}",
            "rest_api_id": "4t79rwsi0m"
          },
          "sensitive_attributes": [],
          "dependencies": [
            "aws_api_gateway_rest_api.ac--4t79rwsi0m"
          ]
        }
      ]
    },
    {
      "mode": "managed",
      "type": "aws_api_gateway_resource",
      "name": "ac--9e4vsy",
      "provider": "provider[\"registry.terraform.io/hashicorp/aws\"]",
      "instances": [
        {
          "schema_version": 0,
          "attributes": {
            "id": "9e4vsy",
            "parent_id": "43o36t",
            "path": "/wauth/cognito-auth/admin/v1/{proxy+}",
            "path_part": "{proxy+}",
            "rest_api_id": "4t79rwsi0m"
          },
          "sensitive_attributes": [],
          "dependencies": [
            "aws_api_gateway_rest_api.ac--4t79rwsi0m"
          ]
        }
      ]
    },
    {
      "mode": "managed",
      "type": "aws_api_gateway_resource",
      "name": "ac--9erh9d",
      "provider": "provider[\"registry.terraform.io/hashicorp/aws\"]",
      "instances": [
        {
          "schema_version": 0,
          "attributes": {
            "id": "9erh9d",
            "parent_id": "68c6bn",
            "path": "/wauth/otp/{proxy+}",
            "path_part": "{proxy+}",
            "rest_api_id": "4t79rwsi0m"
          },
          "sensitive_attributes": [],
          "dependencies": [
            "aws_api_gateway_rest_api.ac--4t79rwsi0m"
          ]
        }
      ]
    },
    {
      "mode": "managed",
      "type": "aws_api_gateway_resource",
      "name": "ac--9vkuf1",
      "provider": "provider[\"registry.terraform.io/hashicorp/aws\"]",
      "instances": [
        {
          "schema_version": 0,
          "attributes": {
            "id": "9vkuf1",
            "parent_id": "ac67aj",
            "path": "/wauth/customer-profile/api/v1",
            "path_part": "v1",
            "rest_api_id": "4t79rwsi0m"
          },
          "sensitive_attributes": [],
          "dependencies": [
            "aws_api_gateway_rest_api.ac--4t79rwsi0m"
          ]
        }
      ]
    },
    {
      "mode": "managed",
      "type": "aws_api_gateway_resource",
      "name": "ac--a59mpr",
      "provider": "provider[\"registry.terraform.io/hashicorp/aws\"]",
      "instances": [
        {
          "schema_version": 0,
          "attributes": {
            "id": "a59mpr",
            "parent_id": "6zty1p",
            "path": "/wauth/sftp-fi-service",
            "path_part": "sftp-fi-service",
            "rest_api_id": "4t79rwsi0m"
          },
          "sensitive_attributes": [],
          "dependencies": [
            "aws_api_gateway_rest_api.ac--4t79rwsi0m"
          ]
        }
      ]
    },
    {
      "mode": "managed",
      "type": "aws_api_gateway_resource",
      "name": "ac--ac67aj",
      "provider": "provider[\"registry.terraform.io/hashicorp/aws\"]",
      "instances": [
        {
          "schema_version": 0,
          "attributes": {
            "id": "ac67aj",
            "parent_id": "2oy0s9",
            "path": "/wauth/customer-profile/api",
            "path_part": "api",
            "rest_api_id": "4t79rwsi0m"
          },
          "sensitive_attributes": [],
          "dependencies": [
            "aws_api_gateway_rest_api.ac--4t79rwsi0m"
          ]
        }
      ]
    },
    {
      "mode": "managed",
      "type": "aws_api_gateway_resource",
      "name": "ac--ak0nbg",
      "provider": "provider[\"registry.terraform.io/hashicorp/aws\"]",
      "instances": [
        {
          "schema_version": 0,
          "attributes": {
            "id": "ak0nbg",
            "parent_id": "2um55p",
            "path": "/pauth/scf-invoice",
            "path_part": "scf-invoice",
            "rest_api_id": "4t79rwsi0m"
          },
          "sensitive_attributes": [],
          "dependencies": [
            "aws_api_gateway_rest_api.ac--4t79rwsi0m"
          ]
        }
      ]
    },
    {
      "mode": "managed",
      "type": "aws_api_gateway_resource",
      "name": "ac--at0j3c",
      "provider": "provider[\"registry.terraform.io/hashicorp/aws\"]",
      "instances": [
        {
          "schema_version": 0,
          "attributes": {
            "id": "at0j3c",
            "parent_id": "gwdezo",
            "path": "/adminauth/scf-payment",
            "path_part": "scf-payment",
            "rest_api_id": "4t79rwsi0m"
          },
          "sensitive_attributes": [],
          "dependencies": [
            "aws_api_gateway_rest_api.ac--4t79rwsi0m"
          ]
        }
      ]
    },
    {
      "mode": "managed",
      "type": "aws_api_gateway_resource",
      "name": "ac--au1vdo",
      "provider": "provider[\"registry.terraform.io/hashicorp/aws\"]",
      "instances": [
        {
          "schema_version": 0,
          "attributes": {
            "id": "au1vdo",
            "parent_id": "at0j3c",
            "path": "/adminauth/scf-payment/{proxy+}",
            "path_part": "{proxy+}",
            "rest_api_id": "4t79rwsi0m"
          },
          "sensitive_attributes": [],
          "dependencies": [
            "aws_api_gateway_rest_api.ac--4t79rwsi0m"
          ]
        }
      ]
    },
    {
      "mode": "managed",
      "type": "aws_api_gateway_resource",
      "name": "ac--auyjst",
      "provider": "provider[\"registry.terraform.io/hashicorp/aws\"]",
      "instances": [
        {
          "schema_version": 0,
          "attributes": {
            "id": "auyjst",
            "parent_id": "cspoo0",
            "path": "/wauth/cognito-auth/v3/{proxy+}",
            "path_part": "{proxy+}",
            "rest_api_id": "4t79rwsi0m"
          },
          "sensitive_attributes": [],
          "dependencies": [
            "aws_api_gateway_rest_api.ac--4t79rwsi0m"
          ]
        }
      ]
    },
    {
      "mode": "managed",
      "type": "aws_api_gateway_resource",
      "name": "ac--bbz8p8",
      "provider": "provider[\"registry.terraform.io/hashicorp/aws\"]",
      "instances": [
        {
          "schema_version": 0,
          "attributes": {
            "id": "bbz8p8",
            "parent_id": "gtkaod",
            "path": "/wauth/scf-accesscontrol/{proxy+}",
            "path_part": "{proxy+}",
            "rest_api_id": "4t79rwsi0m"
          },
          "sensitive_attributes": [],
          "dependencies": [
            "aws_api_gateway_rest_api.ac--4t79rwsi0m"
          ]
        }
      ]
    },
    {
      "mode": "managed",
      "type": "aws_api_gateway_resource",
      "name": "ac--bd4jvt",
      "provider": "provider[\"registry.terraform.io/hashicorp/aws\"]",
      "instances": [
        {
          "schema_version": 0,
          "attributes": {
            "id": "bd4jvt",
            "parent_id": "yelwm1",
            "path": "/adminauth/scf-notification/{proxy+}",
            "path_part": "{proxy+}",
            "rest_api_id": "4t79rwsi0m"
          },
          "sensitive_attributes": [],
          "dependencies": [
            "aws_api_gateway_rest_api.ac--4t79rwsi0m"
          ]
        }
      ]
    },
    {
      "mode": "managed",
      "type": "aws_api_gateway_resource",
      "name": "ac--bk8mo0",
      "provider": "provider[\"registry.terraform.io/hashicorp/aws\"]",
      "instances": [
        {
          "schema_version": 0,
          "attributes": {
            "id": "bk8mo0",
            "parent_id": "eeuwzn220m",
            "path": "/email",
            "path_part": "email",
            "rest_api_id": "4t79rwsi0m"
          },
          "sensitive_attributes": [],
          "dependencies": [
            "aws_api_gateway_rest_api.ac--4t79rwsi0m"
          ]
        }
      ]
    },
    {
      "mode": "managed",
      "type": "aws_api_gateway_resource",
      "name": "ac--cspoo0",
      "provider": "provider[\"registry.terraform.io/hashicorp/aws\"]",
      "instances": [
        {
          "schema_version": 0,
          "attributes": {
            "id": "cspoo0",
            "parent_id": "n5u8vd",
            "path": "/wauth/cognito-auth/v3",
            "path_part": "v3",
            "rest_api_id": "4t79rwsi0m"
          },
          "sensitive_attributes": [],
          "dependencies": [
            "aws_api_gateway_rest_api.ac--4t79rwsi0m"
          ]
        }
      ]
    },
    {
      "mode": "managed",
      "type": "aws_api_gateway_resource",
      "name": "ac--cuosvy",
      "provider": "provider[\"registry.terraform.io/hashicorp/aws\"]",
      "instances": [
        {
          "schema_version": 0,
          "attributes": {
            "id": "cuosvy",
            "parent_id": "xmackg",
            "path": "/adminauth/scf-onboard/{proxy+}",
            "path_part": "{proxy+}",
            "rest_api_id": "4t79rwsi0m"
          },
          "sensitive_attributes": [],
          "dependencies": [
            "aws_api_gateway_rest_api.ac--4t79rwsi0m"
          ]
        }
      ]
    },
    {
      "mode": "managed",
      "type": "aws_api_gateway_resource",
      "name": "ac--cwdxmq",
      "provider": "provider[\"registry.terraform.io/hashicorp/aws\"]",
      "instances": [
        {
          "schema_version": 0,
          "attributes": {
            "id": "cwdxmq",
            "parent_id": "we9w02",
            "path": "/monitoring/{proxy+}",
            "path_part": "{proxy+}",
            "rest_api_id": "4t79rwsi0m"
          },
          "sensitive_attributes": [],
          "dependencies": [
            "aws_api_gateway_rest_api.ac--4t79rwsi0m"
          ]
        }
      ]
    },
    {
      "mode": "managed",
      "type": "aws_api_gateway_resource",
      "name": "ac--cyaptg",
      "provider": "provider[\"registry.terraform.io/hashicorp/aws\"]",
      "instances": [
        {
          "schema_version": 0,
          "attributes": {
            "id": "cyaptg",
            "parent_id": "1bgfut",
            "path": "/pauth/scf-fileupload/{proxy+}",
            "path_part": "{proxy+}",
            "rest_api_id": "4t79rwsi0m"
          },
          "sensitive_attributes": [],
          "dependencies": [
            "aws_api_gateway_rest_api.ac--4t79rwsi0m"
          ]
        }
      ]
    },
    {
      "mode": "managed",
      "type": "aws_api_gateway_resource",
      "name": "ac--czthkc",
      "provider": "provider[\"registry.terraform.io/hashicorp/aws\"]",
      "instances": [
        {
          "schema_version": 0,
          "attributes": {
            "id": "czthkc",
            "parent_id": "2um55p",
            "path": "/pauth/scf-notification-service",
            "path_part": "scf-notification-service",
            "rest_api_id": "4t79rwsi0m"
          },
          "sensitive_attributes": [],
          "dependencies": [
            "aws_api_gateway_rest_api.ac--4t79rwsi0m"
          ]
        }
      ]
    },
    {
      "mode": "managed",
      "type": "aws_api_gateway_resource",
      "name": "ac--dgea9c",
      "provider": "provider[\"registry.terraform.io/hashicorp/aws\"]",
      "instances": [
        {
          "schema_version": 0,
          "attributes": {
            "id": "dgea9c",
            "parent_id": "2um55p",
            "path": "/pauth/scf-payment",
            "path_part": "scf-payment",
            "rest_api_id": "4t79rwsi0m"
          },
          "sensitive_attributes": [],
          "dependencies": [
            "aws_api_gateway_rest_api.ac--4t79rwsi0m"
          ]
        }
      ]
    },
    {
      "mode": "managed",
      "type": "aws_api_gateway_resource",
      "name": "ac--dhx6jq",
      "provider": "provider[\"registry.terraform.io/hashicorp/aws\"]",
      "instances": [
        {
          "schema_version": 0,
          "attributes": {
            "id": "dhx6jq",
            "parent_id": "2um55p",
            "path": "/pauth/scf-notification",
            "path_part": "scf-notification",
            "rest_api_id": "4t79rwsi0m"
          },
          "sensitive_attributes": [],
          "dependencies": [
            "aws_api_gateway_rest_api.ac--4t79rwsi0m"
          ]
        }
      ]
    },
    {
      "mode": "managed",
      "type": "aws_api_gateway_resource",
      "name": "ac--dm6yr9",
      "provider": "provider[\"registry.terraform.io/hashicorp/aws\"]",
      "instances": [
        {
          "schema_version": 0,
          "attributes": {
            "id": "dm6yr9",
            "parent_id": "gwdezo",
            "path": "/adminauth/scf-finance",
            "path_part": "scf-finance",
            "rest_api_id": "4t79rwsi0m"
          },
          "sensitive_attributes": [],
          "dependencies": [
            "aws_api_gateway_rest_api.ac--4t79rwsi0m"
          ]
        }
      ]
    },
    {
      "mode": "managed",
      "type": "aws_api_gateway_resource",
      "name": "ac--e8wr7f",
      "provider": "provider[\"registry.terraform.io/hashicorp/aws\"]",
      "instances": [
        {
          "schema_version": 0,
          "attributes": {
            "id": "e8wr7f",
            "parent_id": "5jxpvm",
            "path": "/pauth/scf-onboard/{proxy+}",
            "path_part": "{proxy+}",
            "rest_api_id": "4t79rwsi0m"
          },
          "sensitive_attributes": [],
          "dependencies": [
            "aws_api_gateway_rest_api.ac--4t79rwsi0m"
          ]
        }
      ]
    },
    {
      "mode": "managed",
      "type": "aws_api_gateway_resource",
      "name": "ac--eeuwzn220m",
      "provider": "provider[\"registry.terraform.io/hashicorp/aws\"]",
      "instances": [
        {
          "schema_version": 0,
          "attributes": {
            "id": "eeuwzn220m",
            "parent_id": "",
            "path": "/",
            "path_part": "",
            "rest_api_id": "4t79rwsi0m"
          },
          "sensitive_attributes": [],
          "dependencies": [
            "aws_api_gateway_rest_api.ac--4t79rwsi0m"
          ]
        }
      ]
    },
    {
      "mode": "managed",
      "type": "aws_api_gateway_resource",
      "name": "ac--f85vci",
      "provider": "provider[\"registry.terraform.io/hashicorp/aws\"]",
      "instances": [
        {
          "schema_version": 0,
          "attributes": {
            "id": "f85vci",
            "parent_id": "2um55p",
            "path": "/pauth/scf-invoicebod",
            "path_part": "scf-invoicebod",
            "rest_api_id": "4t79rwsi0m"
          },
          "sensitive_attributes": [],
          "dependencies": [
            "aws_api_gateway_rest_api.ac--4t79rwsi0m"
          ]
        }
      ]
    },
    {
      "mode": "managed",
      "type": "aws_api_gateway_resource",
      "name": "ac--fe3mnn",
      "provider": "provider[\"registry.terraform.io/hashicorp/aws\"]",
      "instances": [
        {
          "schema_version": 0,
          "attributes": {
            "id": "fe3mnn",
            "parent_id": "6zty1p",
            "path": "/wauth/kyc-service",
            "path_part": "kyc-service",
            "rest_api_id": "4t79rwsi0m"
          },
          "sensitive_attributes": [],
          "dependencies": [
            "aws_api_gateway_rest_api.ac--4t79rwsi0m"
          ]
        }
      ]
    },
    {
      "mode": "managed",
      "type": "aws_api_gateway_resource",
      "name": "ac--fr42tv",
      "provider": "provider[\"registry.terraform.io/hashicorp/aws\"]",
      "instances": [
        {
          "schema_version": 0,
          "attributes": {
            "id": "fr42tv",
            "parent_id": "5snnya",
            "path": "/wauth/bankstatement/result",
            "path_part": "result",
            "rest_api_id": "4t79rwsi0m"
          },
          "sensitive_attributes": [],
          "dependencies": [
            "aws_api_gateway_rest_api.ac--4t79rwsi0m"
          ]
        }
      ]
    },
    {
      "mode": "managed",
      "type": "aws_api_gateway_resource",
      "name": "ac--gtkaod",
      "provider": "provider[\"registry.terraform.io/hashicorp/aws\"]",
      "instances": [
        {
          "schema_version": 0,
          "attributes": {
            "id": "gtkaod",
            "parent_id": "6zty1p",
            "path": "/wauth/scf-accesscontrol",
            "path_part": "scf-accesscontrol",
            "rest_api_id": "4t79rwsi0m"
          },
          "sensitive_attributes": [],
          "dependencies": [
            "aws_api_gateway_rest_api.ac--4t79rwsi0m"
          ]
        }
      ]
    },
    {
      "mode": "managed",
      "type": "aws_api_gateway_resource",
      "name": "ac--gwdezo",
      "provider": "provider[\"registry.terraform.io/hashicorp/aws\"]",
      "instances": [
        {
          "schema_version": 0,
          "attributes": {
            "id": "gwdezo",
            "parent_id": "eeuwzn220m",
            "path": "/adminauth",
            "path_part": "adminauth",
            "rest_api_id": "4t79rwsi0m"
          },
          "sensitive_attributes": [],
          "dependencies": [
            "aws_api_gateway_rest_api.ac--4t79rwsi0m"
          ]
        }
      ]
    },
    {
      "mode": "managed",
      "type": "aws_api_gateway_resource",
      "name": "ac--h49yeq",
      "provider": "provider[\"registry.terraform.io/hashicorp/aws\"]",
      "instances": [
        {
          "schema_version": 0,
          "attributes": {
            "id": "h49yeq",
            "parent_id": "zfrjay",
            "path": "/adminauth/scf-invoice/{proxy+}",
            "path_part": "{proxy+}",
            "rest_api_id": "4t79rwsi0m"
          },
          "sensitive_attributes": [],
          "dependencies": [
            "aws_api_gateway_rest_api.ac--4t79rwsi0m"
          ]
        }
      ]
    },
    {
      "mode": "managed",
      "type": "aws_api_gateway_resource",
      "name": "ac--h90hdk",
      "provider": "provider[\"registry.terraform.io/hashicorp/aws\"]",
      "instances": [
        {
          "schema_version": 0,
          "attributes": {
            "id": "h90hdk",
            "parent_id": "czthkc",
            "path": "/pauth/scf-notification-service/{proxy+}",
            "path_part": "{proxy+}",
            "rest_api_id": "4t79rwsi0m"
          },
          "sensitive_attributes": [],
          "dependencies": [
            "aws_api_gateway_rest_api.ac--4t79rwsi0m"
          ]
        }
      ]
    },
    {
      "mode": "managed",
      "type": "aws_api_gateway_resource",
      "name": "ac--hep2ke",
      "provider": "provider[\"registry.terraform.io/hashicorp/aws\"]",
      "instances": [
        {
          "schema_version": 0,
          "attributes": {
            "id": "hep2ke",
            "parent_id": "2um55p",
            "path": "/pauth/scf-api-routing",
            "path_part": "scf-api-routing",
            "rest_api_id": "4t79rwsi0m"
          },
          "sensitive_attributes": [],
          "dependencies": [
            "aws_api_gateway_rest_api.ac--4t79rwsi0m"
          ]
        }
      ]
    },
    {
      "mode": "managed",
      "type": "aws_api_gateway_resource",
      "name": "ac--hlb4ag",
      "provider": "provider[\"registry.terraform.io/hashicorp/aws\"]",
      "instances": [
        {
          "schema_version": 0,
          "attributes": {
            "id": "hlb4ag",
            "parent_id": "rf37wc",
            "path": "/adminauth/scf-enhancement/{proxy+}",
            "path_part": "{proxy+}",
            "rest_api_id": "4t79rwsi0m"
          },
          "sensitive_attributes": [],
          "dependencies": [
            "aws_api_gateway_rest_api.ac--4t79rwsi0m"
          ]
        }
      ]
    },
    {
      "mode": "managed",
      "type": "aws_api_gateway_resource",
      "name": "ac--hs1mf9",
      "provider": "provider[\"registry.terraform.io/hashicorp/aws\"]",
      "instances": [
        {
          "schema_version": 0,
          "attributes": {
            "id": "hs1mf9",
            "parent_id": "eeuwzn220m",
            "path": "/SocialScoreLambdaFunction",
            "path_part": "SocialScoreLambdaFunction",
            "rest_api_id": "4t79rwsi0m"
          },
          "sensitive_attributes": [],
          "dependencies": [
            "aws_api_gateway_rest_api.ac--4t79rwsi0m"
          ]
        }
      ]
    },
    {
      "mode": "managed",
      "type": "aws_api_gateway_resource",
      "name": "ac--isawlt",
      "provider": "provider[\"registry.terraform.io/hashicorp/aws\"]",
      "instances": [
        {
          "schema_version": 0,
          "attributes": {
            "id": "isawlt",
            "parent_id": "qzalqe",
            "path": "/adminauth/scf-fileupload/{proxy+}",
            "path_part": "{proxy+}",
            "rest_api_id": "4t79rwsi0m"
          },
          "sensitive_attributes": [],
          "dependencies": [
            "aws_api_gateway_rest_api.ac--4t79rwsi0m"
          ]
        }
      ]
    },
    {
      "mode": "managed",
      "type": "aws_api_gateway_resource",
      "name": "ac--ispu1z",
      "provider": "provider[\"registry.terraform.io/hashicorp/aws\"]",
      "instances": [
        {
          "schema_version": 0,
          "attributes": {
            "id": "ispu1z",
            "parent_id": "fr42tv",
            "path": "/wauth/bankstatement/result/{proxy+}",
            "path_part": "{proxy+}",
            "rest_api_id": "4t79rwsi0m"
          },
          "sensitive_attributes": [],
          "dependencies": [
            "aws_api_gateway_rest_api.ac--4t79rwsi0m"
          ]
        }
      ]
    },
    {
      "mode": "managed",
      "type": "aws_api_gateway_resource",
      "name": "ac--jbkzyj",
      "provider": "provider[\"registry.terraform.io/hashicorp/aws\"]",
      "instances": [
        {
          "schema_version": 0,
          "attributes": {
            "id": "jbkzyj",
            "parent_id": "z3spnp",
            "path": "/pauth/scf-creditlimit/{proxy+}",
            "path_part": "{proxy+}",
            "rest_api_id": "4t79rwsi0m"
          },
          "sensitive_attributes": [],
          "dependencies": [
            "aws_api_gateway_rest_api.ac--4t79rwsi0m"
          ]
        }
      ]
    },
    {
      "mode": "managed",
      "type": "aws_api_gateway_resource",
      "name": "ac--jots3b",
      "provider": "provider[\"registry.terraform.io/hashicorp/aws\"]",
      "instances": [
        {
          "schema_version": 0,
          "attributes": {
            "id": "jots3b",
            "parent_id": "dhx6jq",
            "path": "/pauth/scf-notification/{proxy+}",
            "path_part": "{proxy+}",
            "rest_api_id": "4t79rwsi0m"
          },
          "sensitive_attributes": [],
          "dependencies": [
            "aws_api_gateway_rest_api.ac--4t79rwsi0m"
          ]
        }
      ]
    },
    {
      "mode": "managed",
      "type": "aws_api_gateway_resource",
      "name": "ac--jslm6y",
      "provider": "provider[\"registry.terraform.io/hashicorp/aws\"]",
      "instances": [
        {
          "schema_version": 0,
          "attributes": {
            "id": "jslm6y",
            "parent_id": "vlzt5n",
            "path": "/pauth/scf-finance/{proxy+}",
            "path_part": "{proxy+}",
            "rest_api_id": "4t79rwsi0m"
          },
          "sensitive_attributes": [],
          "dependencies": [
            "aws_api_gateway_rest_api.ac--4t79rwsi0m"
          ]
        }
      ]
    },
    {
      "mode": "managed",
      "type": "aws_api_gateway_resource",
      "name": "ac--l0kfqa",
      "provider": "provider[\"registry.terraform.io/hashicorp/aws\"]",
      "instances": [
        {
          "schema_version": 0,
          "attributes": {
            "id": "l0kfqa",
            "parent_id": "dgea9c",
            "path": "/pauth/scf-payment/{proxy+}",
            "path_part": "{proxy+}",
            "rest_api_id": "4t79rwsi0m"
          },
          "sensitive_attributes": [],
          "dependencies": [
            "aws_api_gateway_rest_api.ac--4t79rwsi0m"
          ]
        }
      ]
    },
    {
      "mode": "managed",
      "type": "aws_api_gateway_resource",
      "name": "ac--l9x542",
      "provider": "provider[\"registry.terraform.io/hashicorp/aws\"]",
      "instances": [
        {
          "schema_version": 0,
          "attributes": {
            "id": "l9x542",
            "parent_id": "2um55p",
            "path": "/pauth/scf-fiinvoicereconciliation",
            "path_part": "scf-fiinvoicereconciliation",
            "rest_api_id": "4t79rwsi0m"
          },
          "sensitive_attributes": [],
          "dependencies": [
            "aws_api_gateway_rest_api.ac--4t79rwsi0m"
          ]
        }
      ]
    },
    {
      "mode": "managed",
      "type": "aws_api_gateway_resource",
      "name": "ac--lleo89",
      "provider": "provider[\"registry.terraform.io/hashicorp/aws\"]",
      "instances": [
        {
          "schema_version": 0,
          "attributes": {
            "id": "lleo89",
            "parent_id": "gwdezo",
            "path": "/adminauth/scf-invoicebod",
            "path_part": "scf-invoicebod",
            "rest_api_id": "4t79rwsi0m"
          },
          "sensitive_attributes": [],
          "dependencies": [
            "aws_api_gateway_rest_api.ac--4t79rwsi0m"
          ]
        }
      ]
    },
    {
      "mode": "managed",
      "type": "aws_api_gateway_resource",
      "name": "ac--lrsy6z",
      "provider": "provider[\"registry.terraform.io/hashicorp/aws\"]",
      "instances": [
        {
          "schema_version": 0,
          "attributes": {
            "id": "lrsy6z",
            "parent_id": "t4dlo5",
            "path": "/pauth/scf-profile/{proxy+}",
            "path_part": "{proxy+}",
            "rest_api_id": "4t79rwsi0m"
          },
          "sensitive_attributes": [],
          "dependencies": [
            "aws_api_gateway_rest_api.ac--4t79rwsi0m"
          ]
        }
      ]
    },
    {
      "mode": "managed",
      "type": "aws_api_gateway_resource",
      "name": "ac--lvllua",
      "provider": "provider[\"registry.terraform.io/hashicorp/aws\"]",
      "instances": [
        {
          "schema_version": 0,
          "attributes": {
            "id": "lvllua",
            "parent_id": "xopmv9",
            "path": "/pauth/scf-fs-listener/{proxy+}",
            "path_part": "{proxy+}",
            "rest_api_id": "4t79rwsi0m"
          },
          "sensitive_attributes": [],
          "dependencies": [
            "aws_api_gateway_rest_api.ac--4t79rwsi0m"
          ]
        }
      ]
    },
    {
      "mode": "managed",
      "type": "aws_api_gateway_resource",
      "name": "ac--m2uo6y",
      "provider": "provider[\"registry.terraform.io/hashicorp/aws\"]",
      "instances": [
        {
          "schema_version": 0,
          "attributes": {
            "id": "m2uo6y",
            "parent_id": "gwdezo",
            "path": "/adminauth/scf-fiinvoicereconciliation",
            "path_part": "scf-fiinvoicereconciliation",
            "rest_api_id": "4t79rwsi0m"
          },
          "sensitive_attributes": [],
          "dependencies": [
            "aws_api_gateway_rest_api.ac--4t79rwsi0m"
          ]
        }
      ]
    },
    {
      "mode": "managed",
      "type": "aws_api_gateway_resource",
      "name": "ac--m5r0rq",
      "provider": "provider[\"registry.terraform.io/hashicorp/aws\"]",
      "instances": [
        {
          "schema_version": 0,
          "attributes": {
            "id": "m5r0rq",
            "parent_id": "dm6yr9",
            "path": "/adminauth/scf-finance/{proxy+}",
            "path_part": "{proxy+}",
            "rest_api_id": "4t79rwsi0m"
          },
          "sensitive_attributes": [],
          "dependencies": [
            "aws_api_gateway_rest_api.ac--4t79rwsi0m"
          ]
        }
      ]
    },
    {
      "mode": "managed",
      "type": "aws_api_gateway_resource",
      "name": "ac--m8ayp3",
      "provider": "provider[\"registry.terraform.io/hashicorp/aws\"]",
      "instances": [
        {
          "schema_version": 0,
          "attributes": {
            "id": "m8ayp3",
            "parent_id": "fe3mnn",
            "path": "/wauth/kyc-service/api",
            "path_part": "api",
            "rest_api_id": "4t79rwsi0m"
          },
          "sensitive_attributes": [],
          "dependencies": [
            "aws_api_gateway_rest_api.ac--4t79rwsi0m"
          ]
        }
      ]
    },
    {
      "mode": "managed",
      "type": "aws_api_gateway_resource",
      "name": "ac--n5u8vd",
      "provider": "provider[\"registry.terraform.io/hashicorp/aws\"]",
      "instances": [
        {
          "schema_version": 0,
          "attributes": {
            "id": "n5u8vd",
            "parent_id": "6zty1p",
            "path": "/wauth/cognito-auth",
            "path_part": "cognito-auth",
            "rest_api_id": "4t79rwsi0m"
          },
          "sensitive_attributes": [],
          "dependencies": [
            "aws_api_gateway_rest_api.ac--4t79rwsi0m"
          ]
        }
      ]
    },
    {
      "mode": "managed",
      "type": "aws_api_gateway_resource",
      "name": "ac--nefmr8",
      "provider": "provider[\"registry.terraform.io/hashicorp/aws\"]",
      "instances": [
        {
          "schema_version": 0,
          "attributes": {
            "id": "nefmr8",
            "parent_id": "a59mpr",
            "path": "/wauth/sftp-fi-service/{proxy+}",
            "path_part": "{proxy+}",
            "rest_api_id": "4t79rwsi0m"
          },
          "sensitive_attributes": [],
          "dependencies": [
            "aws_api_gateway_rest_api.ac--4t79rwsi0m"
          ]
        }
      ]
    },
    {
      "mode": "managed",
      "type": "aws_api_gateway_resource",
      "name": "ac--nhglk8",
      "provider": "provider[\"registry.terraform.io/hashicorp/aws\"]",
      "instances": [
        {
          "schema_version": 0,
          "attributes": {
            "id": "nhglk8",
            "parent_id": "rhfcev",
            "path": "/pauth/scf-limitbod/{proxy+}",
            "path_part": "{proxy+}",
            "rest_api_id": "4t79rwsi0m"
          },
          "sensitive_attributes": [],
          "dependencies": [
            "aws_api_gateway_rest_api.ac--4t79rwsi0m"
          ]
        }
      ]
    },
    {
      "mode": "managed",
      "type": "aws_api_gateway_resource",
      "name": "ac--nklc7j",
      "provider": "provider[\"registry.terraform.io/hashicorp/aws\"]",
      "instances": [
        {
          "schema_version": 0,
          "attributes": {
            "id": "nklc7j",
            "parent_id": "gwdezo",
            "path": "/adminauth/scf-fs-listener",
            "path_part": "scf-fs-listener",
            "rest_api_id": "4t79rwsi0m"
          },
          "sensitive_attributes": [],
          "dependencies": [
            "aws_api_gateway_rest_api.ac--4t79rwsi0m"
          ]
        }
      ]
    },
    {
      "mode": "managed",
      "type": "aws_api_gateway_resource",
      "name": "ac--np7od3",
      "provider": "provider[\"registry.terraform.io/hashicorp/aws\"]",
      "instances": [
        {
          "schema_version": 0,
          "attributes": {
            "id": "np7od3",
            "parent_id": "otyx5o",
            "path": "/wauth/customer-profile/api/v1/user/validate-email",
            "path_part": "validate-email",
            "rest_api_id": "4t79rwsi0m"
          },
          "sensitive_attributes": [],
          "dependencies": [
            "aws_api_gateway_rest_api.ac--4t79rwsi0m"
          ]
        }
      ]
    },
    {
      "mode": "managed",
      "type": "aws_api_gateway_resource",
      "name": "ac--o18232",
      "provider": "provider[\"registry.terraform.io/hashicorp/aws\"]",
      "instances": [
        {
          "schema_version": 0,
          "attributes": {
            "id": "o18232",
            "parent_id": "n5u8vd",
            "path": "/wauth/cognito-auth/v2",
            "path_part": "v2",
            "rest_api_id": "4t79rwsi0m"
          },
          "sensitive_attributes": [],
          "dependencies": [
            "aws_api_gateway_rest_api.ac--4t79rwsi0m"
          ]
        }
      ]
    },
    {
      "mode": "managed",
      "type": "aws_api_gateway_resource",
      "name": "ac--obbnv9",
      "provider": "provider[\"registry.terraform.io/hashicorp/aws\"]",
      "instances": [
        {
          "schema_version": 0,
          "attributes": {
            "id": "obbnv9",
            "parent_id": "8u4xa6",
            "path": "/adminauth/scf-notification-service/{proxy+}",
            "path_part": "{proxy+}",
            "rest_api_id": "4t79rwsi0m"
          },
          "sensitive_attributes": [],
          "dependencies": [
            "aws_api_gateway_rest_api.ac--4t79rwsi0m"
          ]
        }
      ]
    },
    {
      "mode": "managed",
      "type": "aws_api_gateway_resource",
      "name": "ac--otyx5o",
      "provider": "provider[\"registry.terraform.io/hashicorp/aws\"]",
      "instances": [
        {
          "schema_version": 0,
          "attributes": {
            "id": "otyx5o",
            "parent_id": "9vkuf1",
            "path": "/wauth/customer-profile/api/v1/user",
            "path_part": "user",
            "rest_api_id": "4t79rwsi0m"
          },
          "sensitive_attributes": [],
          "dependencies": [
            "aws_api_gateway_rest_api.ac--4t79rwsi0m"
          ]
        }
      ]
    },
    {
      "mode": "managed",
      "type": "aws_api_gateway_resource",
      "name": "ac--oymz6c",
      "provider": "provider[\"registry.terraform.io/hashicorp/aws\"]",
      "instances": [
        {
          "schema_version": 0,
          "attributes": {
            "id": "oymz6c",
            "parent_id": "qb0wv9",
            "path": "/adminauth/scf-profile/{proxy+}",
            "path_part": "{proxy+}",
            "rest_api_id": "4t79rwsi0m"
          },
          "sensitive_attributes": [],
          "dependencies": [
            "aws_api_gateway_rest_api.ac--4t79rwsi0m"
          ]
        }
      ]
    },
    {
      "mode": "managed",
      "type": "aws_api_gateway_resource",
      "name": "ac--ozc7eh",
      "provider": "provider[\"registry.terraform.io/hashicorp/aws\"]",
      "instances": [
        {
          "schema_version": 0,
          "attributes": {
            "id": "ozc7eh",
            "parent_id": "6zty1p",
            "path": "/wauth/onboarding",
            "path_part": "onboarding",
            "rest_api_id": "4t79rwsi0m"
          },
          "sensitive_attributes": [],
          "dependencies": [
            "aws_api_gateway_rest_api.ac--4t79rwsi0m"
          ]
        }
      ]
    },
    {
      "mode": "managed",
      "type": "aws_api_gateway_resource",
      "name": "ac--p4l3jc",
      "provider": "provider[\"registry.terraform.io/hashicorp/aws\"]",
      "instances": [
        {
          "schema_version": 0,
          "attributes": {
            "id": "p4l3jc",
            "parent_id": "2um55p",
            "path": "/pauth/scf-report",
            "path_part": "scf-report",
            "rest_api_id": "4t79rwsi0m"
          },
          "sensitive_attributes": [],
          "dependencies": [
            "aws_api_gateway_rest_api.ac--4t79rwsi0m"
          ]
        }
      ]
    },
    {
      "mode": "managed",
      "type": "aws_api_gateway_resource",
      "name": "ac--pnu28d",
      "provider": "provider[\"registry.terraform.io/hashicorp/aws\"]",
      "instances": [
        {
          "schema_version": 0,
          "attributes": {
            "id": "pnu28d",
            "parent_id": "2um55p",
            "path": "/pauth/scf-invoiceparse",
            "path_part": "scf-invoiceparse",
            "rest_api_id": "4t79rwsi0m"
          },
          "sensitive_attributes": [],
          "dependencies": [
            "aws_api_gateway_rest_api.ac--4t79rwsi0m"
          ]
        }
      ]
    },
    {
      "mode": "managed",
      "type": "aws_api_gateway_resource",
      "name": "ac--poe1o5",
      "provider": "provider[\"registry.terraform.io/hashicorp/aws\"]",
      "instances": [
        {
          "schema_version": 0,
          "attributes": {
            "id": "poe1o5",
            "parent_id": "p4l3jc",
            "path": "/pauth/scf-report/{proxy+}",
            "path_part": "{proxy+}",
            "rest_api_id": "4t79rwsi0m"
          },
          "sensitive_attributes": [],
          "dependencies": [
            "aws_api_gateway_rest_api.ac--4t79rwsi0m"
          ]
        }
      ]
    },
    {
      "mode": "managed",
      "type": "aws_api_gateway_resource",
      "name": "ac--q10b5m",
      "provider": "provider[\"registry.terraform.io/hashicorp/aws\"]",
      "instances": [
        {
          "schema_version": 0,
          "attributes": {
            "id": "q10b5m",
            "parent_id": "502wqc",
            "path": "/wauth/gst/webhook/returndata",
            "path_part": "returndata",
            "rest_api_id": "4t79rwsi0m"
          },
          "sensitive_attributes": [],
          "dependencies": [
            "aws_api_gateway_rest_api.ac--4t79rwsi0m"
          ]
        }
      ]
    },
    {
      "mode": "managed",
      "type": "aws_api_gateway_resource",
      "name": "ac--qb0wv9",
      "provider": "provider[\"registry.terraform.io/hashicorp/aws\"]",
      "instances": [
        {
          "schema_version": 0,
          "attributes": {
            "id": "qb0wv9",
            "parent_id": "gwdezo",
            "path": "/adminauth/scf-profile",
            "path_part": "scf-profile",
            "rest_api_id": "4t79rwsi0m"
          },
          "sensitive_attributes": [],
          "dependencies": [
            "aws_api_gateway_rest_api.ac--4t79rwsi0m"
          ]
        }
      ]
    },
    {
      "mode": "managed",
      "type": "aws_api_gateway_resource",
      "name": "ac--qtu4da",
      "provider": "provider[\"registry.terraform.io/hashicorp/aws\"]",
      "instances": [
        {
          "schema_version": 0,
          "attributes": {
            "id": "qtu4da",
            "parent_id": "f85vci",
            "path": "/pauth/scf-invoicebod/{proxy+}",
            "path_part": "{proxy+}",
            "rest_api_id": "4t79rwsi0m"
          },
          "sensitive_attributes": [],
          "dependencies": [
            "aws_api_gateway_rest_api.ac--4t79rwsi0m"
          ]
        }
      ]
    },
    {
      "mode": "managed",
      "type": "aws_api_gateway_resource",
      "name": "ac--qzalqe",
      "provider": "provider[\"registry.terraform.io/hashicorp/aws\"]",
      "instances": [
        {
          "schema_version": 0,
          "attributes": {
            "id": "qzalqe",
            "parent_id": "gwdezo",
            "path": "/adminauth/scf-fileupload",
            "path_part": "scf-fileupload",
            "rest_api_id": "4t79rwsi0m"
          },
          "sensitive_attributes": [],
          "dependencies": [
            "aws_api_gateway_rest_api.ac--4t79rwsi0m"
          ]
        }
      ]
    },
    {
      "mode": "managed",
      "type": "aws_api_gateway_resource",
      "name": "ac--rf37wc",
      "provider": "provider[\"registry.terraform.io/hashicorp/aws\"]",
      "instances": [
        {
          "schema_version": 0,
          "attributes": {
            "id": "rf37wc",
            "parent_id": "gwdezo",
            "path": "/adminauth/scf-enhancement",
            "path_part": "scf-enhancement",
            "rest_api_id": "4t79rwsi0m"
          },
          "sensitive_attributes": [],
          "dependencies": [
            "aws_api_gateway_rest_api.ac--4t79rwsi0m"
          ]
        }
      ]
    },
    {
      "mode": "managed",
      "type": "aws_api_gateway_resource",
      "name": "ac--rhfcev",
      "provider": "provider[\"registry.terraform.io/hashicorp/aws\"]",
      "instances": [
        {
          "schema_version": 0,
          "attributes": {
            "id": "rhfcev",
            "parent_id": "2um55p",
            "path": "/pauth/scf-limitbod",
            "path_part": "scf-limitbod",
            "rest_api_id": "4t79rwsi0m"
          },
          "sensitive_attributes": [],
          "dependencies": [
            "aws_api_gateway_rest_api.ac--4t79rwsi0m"
          ]
        }
      ]
    },
    {
      "mode": "managed",
      "type": "aws_api_gateway_resource",
      "name": "ac--rqx672",
      "provider": "provider[\"registry.terraform.io/hashicorp/aws\"]",
      "instances": [
        {
          "schema_version": 0,
          "attributes": {
            "id": "rqx672",
            "parent_id": "4sdsay",
            "path": "/adminauth/scf-limitbod/{proxy+}",
            "path_part": "{proxy+}",
            "rest_api_id": "4t79rwsi0m"
          },
          "sensitive_attributes": [],
          "dependencies": [
            "aws_api_gateway_rest_api.ac--4t79rwsi0m"
          ]
        }
      ]
    },
    {
      "mode": "managed",
      "type": "aws_api_gateway_resource",
      "name": "ac--seuqvf",
      "provider": "provider[\"registry.terraform.io/hashicorp/aws\"]",
      "instances": [
        {
          "schema_version": 0,
          "attributes": {
            "id": "seuqvf",
            "parent_id": "hep2ke",
            "path": "/pauth/scf-api-routing/{proxy+}",
            "path_part": "{proxy+}",
            "rest_api_id": "4t79rwsi0m"
          },
          "sensitive_attributes": [],
          "dependencies": [
            "aws_api_gateway_rest_api.ac--4t79rwsi0m"
          ]
        }
      ]
    },
    {
      "mode": "managed",
      "type": "aws_api_gateway_resource",
      "name": "ac--t4dlo5",
      "provider": "provider[\"registry.terraform.io/hashicorp/aws\"]",
      "instances": [
        {
          "schema_version": 0,
          "attributes": {
            "id": "t4dlo5",
            "parent_id": "2um55p",
            "path": "/pauth/scf-profile",
            "path_part": "scf-profile",
            "rest_api_id": "4t79rwsi0m"
          },
          "sensitive_attributes": [],
          "dependencies": [
            "aws_api_gateway_rest_api.ac--4t79rwsi0m"
          ]
        }
      ]
    },
    {
      "mode": "managed",
      "type": "aws_api_gateway_resource",
      "name": "ac--t5dw4p",
      "provider": "provider[\"registry.terraform.io/hashicorp/aws\"]",
      "instances": [
        {
          "schema_version": 0,
          "attributes": {
            "id": "t5dw4p",
            "parent_id": "gwdezo",
            "path": "/adminauth/scf-invoiceparse",
            "path_part": "scf-invoiceparse",
            "rest_api_id": "4t79rwsi0m"
          },
          "sensitive_attributes": [],
          "dependencies": [
            "aws_api_gateway_rest_api.ac--4t79rwsi0m"
          ]
        }
      ]
    },
    {
      "mode": "managed",
      "type": "aws_api_gateway_resource",
      "name": "ac--t5iluh",
      "provider": "provider[\"registry.terraform.io/hashicorp/aws\"]",
      "instances": [
        {
          "schema_version": 0,
          "attributes": {
            "id": "t5iluh",
            "parent_id": "n5u8vd",
            "path": "/wauth/cognito-auth/admin",
            "path_part": "admin",
            "rest_api_id": "4t79rwsi0m"
          },
          "sensitive_attributes": [],
          "dependencies": [
            "aws_api_gateway_rest_api.ac--4t79rwsi0m"
          ]
        }
      ]
    },
    {
      "mode": "managed",
      "type": "aws_api_gateway_resource",
      "name": "ac--th5ptt",
      "provider": "provider[\"registry.terraform.io/hashicorp/aws\"]",
      "instances": [
        {
          "schema_version": 0,
          "attributes": {
            "id": "th5ptt",
            "parent_id": "xhuhiz",
            "path": "/wauth/communication/sendEmail",
            "path_part": "sendEmail",
            "rest_api_id": "4t79rwsi0m"
          },
          "sensitive_attributes": [],
          "dependencies": [
            "aws_api_gateway_rest_api.ac--4t79rwsi0m"
          ]
        }
      ]
    },
    {
      "mode": "managed",
      "type": "aws_api_gateway_resource",
      "name": "ac--u1c3u6",
      "provider": "provider[\"registry.terraform.io/hashicorp/aws\"]",
      "instances": [
        {
          "schema_version": 0,
          "attributes": {
            "id": "u1c3u6",
            "parent_id": "xm8nvu",
            "path": "/wauth/communication/api/v1/{proxy+}",
            "path_part": "{proxy+}",
            "rest_api_id": "4t79rwsi0m"
          },
          "sensitive_attributes": [],
          "dependencies": [
            "aws_api_gateway_rest_api.ac--4t79rwsi0m"
          ]
        }
      ]
    },
    {
      "mode": "managed",
      "type": "aws_api_gateway_resource",
      "name": "ac--u1iad2",
      "provider": "provider[\"registry.terraform.io/hashicorp/aws\"]",
      "instances": [
        {
          "schema_version": 0,
          "attributes": {
            "id": "u1iad2",
            "parent_id": "ozc7eh",
            "path": "/wauth/onboarding/user",
            "path_part": "user",
            "rest_api_id": "4t79rwsi0m"
          },
          "sensitive_attributes": [],
          "dependencies": [
            "aws_api_gateway_rest_api.ac--4t79rwsi0m"
          ]
        }
      ]
    },
    {
      "mode": "managed",
      "type": "aws_api_gateway_resource",
      "name": "ac--uktwl1",
      "provider": "provider[\"registry.terraform.io/hashicorp/aws\"]",
      "instances": [
        {
          "schema_version": 0,
          "attributes": {
            "id": "uktwl1",
            "parent_id": "m2uo6y",
            "path": "/adminauth/scf-fiinvoicereconciliation/{proxy+}",
            "path_part": "{proxy+}",
            "rest_api_id": "4t79rwsi0m"
          },
          "sensitive_attributes": [],
          "dependencies": [
            "aws_api_gateway_rest_api.ac--4t79rwsi0m"
          ]
        }
      ]
    },
    {
      "mode": "managed",
      "type": "aws_api_gateway_resource",
      "name": "ac--vlzt5n",
      "provider": "provider[\"registry.terraform.io/hashicorp/aws\"]",
      "instances": [
        {
          "schema_version": 0,
          "attributes": {
            "id": "vlzt5n",
            "parent_id": "2um55p",
            "path": "/pauth/scf-finance",
            "path_part": "scf-finance",
            "rest_api_id": "4t79rwsi0m"
          },
          "sensitive_attributes": [],
          "dependencies": [
            "aws_api_gateway_rest_api.ac--4t79rwsi0m"
          ]
        }
      ]
    },
    {
      "mode": "managed",
      "type": "aws_api_gateway_resource",
      "name": "ac--w2ndic",
      "provider": "provider[\"registry.terraform.io/hashicorp/aws\"]",
      "instances": [
        {
          "schema_version": 0,
          "attributes": {
            "id": "w2ndic",
            "parent_id": "gwdezo",
            "path": "/adminauth/scf-creditlimit",
            "path_part": "scf-creditlimit",
            "rest_api_id": "4t79rwsi0m"
          },
          "sensitive_attributes": [],
          "dependencies": [
            "aws_api_gateway_rest_api.ac--4t79rwsi0m"
          ]
        }
      ]
    },
    {
      "mode": "managed",
      "type": "aws_api_gateway_resource",
      "name": "ac--we9w02",
      "provider": "provider[\"registry.terraform.io/hashicorp/aws\"]",
      "instances": [
        {
          "schema_version": 0,
          "attributes": {
            "id": "we9w02",
            "parent_id": "eeuwzn220m",
            "path": "/monitoring",
            "path_part": "monitoring",
            "rest_api_id": "4t79rwsi0m"
          },
          "sensitive_attributes": [],
          "dependencies": [
            "aws_api_gateway_rest_api.ac--4t79rwsi0m"
          ]
        }
      ]
    },
    {
      "mode": "managed",
      "type": "aws_api_gateway_resource",
      "name": "ac--wxlh3l",
      "provider": "provider[\"registry.terraform.io/hashicorp/aws\"]",
      "instances": [
        {
          "schema_version": 0,
          "attributes": {
            "id": "wxlh3l",
            "parent_id": "m8ayp3",
            "path": "/wauth/kyc-service/api/v1",
            "path_part": "v1",
            "rest_api_id": "4t79rwsi0m"
          },
          "sensitive_attributes": [],
          "dependencies": [
            "aws_api_gateway_rest_api.ac--4t79rwsi0m"
          ]
        }
      ]
    },
    {
      "mode": "managed",
      "type": "aws_api_gateway_resource",
      "name": "ac--xhuhiz",
      "provider": "provider[\"registry.terraform.io/hashicorp/aws\"]",
      "instances": [
        {
          "schema_version": 0,
          "attributes": {
            "id": "xhuhiz",
            "parent_id": "6zty1p",
            "path": "/wauth/communication",
            "path_part": "communication",
            "rest_api_id": "4t79rwsi0m"
          },
          "sensitive_attributes": [],
          "dependencies": [
            "aws_api_gateway_rest_api.ac--4t79rwsi0m"
          ]
        }
      ]
    },
    {
      "mode": "managed",
      "type": "aws_api_gateway_resource",
      "name": "ac--xm8nvu",
      "provider": "provider[\"registry.terraform.io/hashicorp/aws\"]",
      "instances": [
        {
          "schema_version": 0,
          "attributes": {
            "id": "xm8nvu",
            "parent_id": "1b0xno",
            "path": "/wauth/communication/api/v1",
            "path_part": "v1",
            "rest_api_id": "4t79rwsi0m"
          },
          "sensitive_attributes": [],
          "dependencies": [
            "aws_api_gateway_rest_api.ac--4t79rwsi0m"
          ]
        }
      ]
    },
    {
      "mode": "managed",
      "type": "aws_api_gateway_resource",
      "name": "ac--xmackg",
      "provider": "provider[\"registry.terraform.io/hashicorp/aws\"]",
      "instances": [
        {
          "schema_version": 0,
          "attributes": {
            "id": "xmackg",
            "parent_id": "gwdezo",
            "path": "/adminauth/scf-onboard",
            "path_part": "scf-onboard",
            "rest_api_id": "4t79rwsi0m"
          },
          "sensitive_attributes": [],
          "dependencies": [
            "aws_api_gateway_rest_api.ac--4t79rwsi0m"
          ]
        }
      ]
    },
    {
      "mode": "managed",
      "type": "aws_api_gateway_resource",
      "name": "ac--xopmv9",
      "provider": "provider[\"registry.terraform.io/hashicorp/aws\"]",
      "instances": [
        {
          "schema_version": 0,
          "attributes": {
            "id": "xopmv9",
            "parent_id": "2um55p",
            "path": "/pauth/scf-fs-listener",
            "path_part": "scf-fs-listener",
            "rest_api_id": "4t79rwsi0m"
          },
          "sensitive_attributes": [],
          "dependencies": [
            "aws_api_gateway_rest_api.ac--4t79rwsi0m"
          ]
        }
      ]
    },
    {
      "mode": "managed",
      "type": "aws_api_gateway_resource",
      "name": "ac--xpenxh",
      "provider": "provider[\"registry.terraform.io/hashicorp/aws\"]",
      "instances": [
        {
          "schema_version": 0,
          "attributes": {
            "id": "xpenxh",
            "parent_id": "2um55p",
            "path": "/pauth/{proxy+}",
            "path_part": "{proxy+}",
            "rest_api_id": "4t79rwsi0m"
          },
          "sensitive_attributes": [],
          "dependencies": [
            "aws_api_gateway_rest_api.ac--4t79rwsi0m"
          ]
        }
      ]
    },
    {
      "mode": "managed",
      "type": "aws_api_gateway_resource",
      "name": "ac--ydsz2a",
      "provider": "provider[\"registry.terraform.io/hashicorp/aws\"]",
      "instances": [
        {
          "schema_version": 0,
          "attributes": {
            "id": "ydsz2a",
            "parent_id": "gwdezo",
            "path": "/adminauth/scf-api-routing",
            "path_part": "scf-api-routing",
            "rest_api_id": "4t79rwsi0m"
          },
          "sensitive_attributes": [],
          "dependencies": [
            "aws_api_gateway_rest_api.ac--4t79rwsi0m"
          ]
        }
      ]
    },
    {
      "mode": "managed",
      "type": "aws_api_gateway_resource",
      "name": "ac--yelwm1",
      "provider": "provider[\"registry.terraform.io/hashicorp/aws\"]",
      "instances": [
        {
          "schema_version": 0,
          "attributes": {
            "id": "yelwm1",
            "parent_id": "gwdezo",
            "path": "/adminauth/scf-notification",
            "path_part": "scf-notification",
            "rest_api_id": "4t79rwsi0m"
          },
          "sensitive_attributes": [],
          "dependencies": [
            "aws_api_gateway_rest_api.ac--4t79rwsi0m"
          ]
        }
      ]
    },
    {
      "mode": "managed",
      "type": "aws_api_gateway_resource",
      "name": "ac--yzoq0s",
      "provider": "provider[\"registry.terraform.io/hashicorp/aws\"]",
      "instances": [
        {
          "schema_version": 0,
          "attributes": {
            "id": "yzoq0s",
            "parent_id": "6zty1p",
            "path": "/wauth/-score-social",
            "path_part": "-score-social",
            "rest_api_id": "4t79rwsi0m"
          },
          "sensitive_attributes": [],
          "dependencies": [
            "aws_api_gateway_rest_api.ac--4t79rwsi0m"
          ]
        }
      ]
    },
    {
      "mode": "managed",
      "type": "aws_api_gateway_resource",
      "name": "ac--z3spnp",
      "provider": "provider[\"registry.terraform.io/hashicorp/aws\"]",
      "instances": [
        {
          "schema_version": 0,
          "attributes": {
            "id": "z3spnp",
            "parent_id": "2um55p",
            "path": "/pauth/scf-creditlimit",
            "path_part": "scf-creditlimit",
            "rest_api_id": "4t79rwsi0m"
          },
          "sensitive_attributes": [],
          "dependencies": [
            "aws_api_gateway_rest_api.ac--4t79rwsi0m"
          ]
        }
      ]
    },
    {
      "mode": "managed",
      "type": "aws_api_gateway_resource",
      "name": "ac--z5dnnc",
      "provider": "provider[\"registry.terraform.io/hashicorp/aws\"]",
      "instances": [
        {
          "schema_version": 0,
          "attributes": {
            "id": "z5dnnc",
            "parent_id": "nklc7j",
            "path": "/adminauth/scf-fs-listener/{proxy+}",
            "path_part": "{proxy+}",
            "rest_api_id": "4t79rwsi0m"
          },
          "sensitive_attributes": [],
          "dependencies": [
            "aws_api_gateway_rest_api.ac--4t79rwsi0m"
          ]
        }
      ]
    },
    {
      "mode": "managed",
      "type": "aws_api_gateway_resource",
      "name": "ac--z6o35o",
      "provider": "provider[\"registry.terraform.io/hashicorp/aws\"]",
      "instances": [
        {
          "schema_version": 0,
          "attributes": {
            "id": "z6o35o",
            "parent_id": "n5u8vd",
            "path": "/wauth/cognito-auth/v1",
            "path_part": "v1",
            "rest_api_id": "4t79rwsi0m"
          },
          "sensitive_attributes": [],
          "dependencies": [
            "aws_api_gateway_rest_api.ac--4t79rwsi0m"
          ]
        }
      ]
    },
    {
      "mode": "managed",
      "type": "aws_api_gateway_resource",
      "name": "ac--zfrjay",
      "provider": "provider[\"registry.terraform.io/hashicorp/aws\"]",
      "instances": [
        {
          "schema_version": 0,
          "attributes": {
            "id": "zfrjay",
            "parent_id": "gwdezo",
            "path": "/adminauth/scf-invoice",
            "path_part": "scf-invoice",
            "rest_api_id": "4t79rwsi0m"
          },
          "sensitive_attributes": [],
          "dependencies": [
            "aws_api_gateway_rest_api.ac--4t79rwsi0m"
          ]
        }
      ]
    },
    {
      "mode": "managed",
      "type": "aws_api_gateway_resource",
      "name": "ac--zg6wv3",
      "provider": "provider[\"registry.terraform.io/hashicorp/aws\"]",
      "instances": [
        {
          "schema_version": 0,
          "attributes": {
            "id": "zg6wv3",
            "parent_id": "2um55p",
            "path": "/pauth/scf-enhancement",
            "path_part": "scf-enhancement",
            "rest_api_id": "4t79rwsi0m"
          },
          "sensitive_attributes": [],
          "dependencies": [
            "aws_api_gateway_rest_api.ac--4t79rwsi0m"
          ]
        }
      ]
    },
    {
      "mode": "managed",
      "type": "aws_api_gateway_resource",
      "name": "ac--zl1rvj",
      "provider": "provider[\"registry.terraform.io/hashicorp/aws\"]",
      "instances": [
        {
          "schema_version": 0,
          "attributes": {
            "id": "zl1rvj",
            "parent_id": "w2ndic",
            "path": "/adminauth/scf-creditlimit/{proxy+}",
            "path_part": "{proxy+}",
            "rest_api_id": "4t79rwsi0m"
          },
          "sensitive_attributes": [],
          "dependencies": [
            "aws_api_gateway_rest_api.ac--4t79rwsi0m"
          ]
        }
      ]
    },
    {
      "mode": "managed",
      "type": "aws_api_gateway_resource",
      "name": "ac--zxrwyo",
      "provider": "provider[\"registry.terraform.io/hashicorp/aws\"]",
      "instances": [
        {
          "schema_version": 0,
          "attributes": {
            "id": "zxrwyo",
            "parent_id": "l9x542",
            "path": "/pauth/scf-fiinvoicereconciliation/{proxy+}",
            "path_part": "{proxy+}",
            "rest_api_id": "4t79rwsi0m"
          },
          "sensitive_attributes": [],
          "dependencies": [
            "aws_api_gateway_rest_api.ac--4t79rwsi0m"
          ]
        }
      ]
    },
    {
      "mode": "managed",
      "type": "aws_api_gateway_rest_api",
      "name": "ac--4t79rwsi0m",
      "provider": "provider[\"registry.terraform.io/hashicorp/aws\"]",
      "instances": [
        {
          "schema_version": 0,
          "attributes": {
            "api_key_source": "HEADER",
            "arn": "arn:aws:apigateway:eu-west-2::/restapis/4t79rwsi0m",
            "binary_media_types": [
              "application/pdf",
              "image/jpeg",
              "image/png",
              "multipart/form-data",
              "application/x-www-form-urlencoded"
            ],
            "body": null,
            "created_date": "2022-11-03T01:04:14Z",
            "description": "",
            "disable_execute_api_endpoint": false,
            "endpoint_configuration": [
              {
                "types": [
                  "REGIONAL"
                ],
                "vpc_endpoint_ids": []
              }
            ],
            "execution_arn": "arn:aws:execute-api:eu-west-2:766176144542:4t79rwsi0m",
            "fail_on_warnings": null,
            "id": "4t79rwsi0m",
            "minimum_compression_size": -1,
            "name": "prod-kenya-auth",
            "parameters": null,
            "policy": "",
            "put_rest_api_mode": null,
            "root_resource_id": "eeuwzn220m",
            "tags": {},
            "tags_all": {}
          },
          "sensitive_attributes": []
        }
      ]
    },
    {
      "mode": "managed",
      "type": "aws_api_gateway_stage",
      "name": "ac--arn-003A-aws-003A-apigateway-003A-eu-west-2-003A--003A--002F-restapis-002F-4t79rwsi0m-002F-stages-002F-v1",
      "provider": "provider[\"registry.terraform.io/hashicorp/aws\"]",
      "instances": [
        {
          "schema_version": 0,
          "attributes": {
            "access_log_settings": [],
            "arn": "arn:aws:apigateway:eu-west-2::/restapis/4t79rwsi0m/stages/v1",
            "cache_cluster_enabled": false,
            "cache_cluster_size": "",
            "canary_settings": [],
            "client_certificate_id": "",
            "deployment_id": "q2u6jk",
            "description": "",
            "documentation_version": "",
            "execution_arn": "arn:aws:execute-api:eu-west-2:766176144542:4t79rwsi0m/v1",
            "id": "arn:aws:apigateway:eu-west-2::/restapis/4t79rwsi0m/stages/v1",
            "invoke_url": "https://4t79rwsi0m.execute-api.eu-west-2.amazonaws.com/v1",
            "rest_api_id": "4t79rwsi0m",
            "stage_name": "v1",
            "tags": {},
            "tags_all": {},
            "variables": {
              "vpcLinkId": "8mhr9i"
            },
            "web_acl_arn": "arn:aws:wafv2:eu-west-2:766176144542:regional/webacl/Prod-AWSWAFSecurityAutomations/3671d355-45cb-409c-885c-59039a9e24b8",
            "xray_tracing_enabled": false
          },
          "sensitive_attributes": [],
          "dependencies": [
            "aws_api_gateway_rest_api.ac--4t79rwsi0m"
          ]
        }
      ]
    },
    {
      "mode": "managed",
      "type": "aws_api_gateway_vpc_link",
      "name": "ac--8mhr9i",
      "provider": "provider[\"registry.terraform.io/hashicorp/aws\"]",
      "instances": [
        {
          "schema_version": 0,
          "attributes": {
            "arn": "arn:aws:apigateway:eu-west-2::/vpclinks/8mhr9i",
            "description": "",
            "id": "8mhr9i",
            "name": "auth-api-gateway-vpc-link",
            "tags": {},
            "tags_all": {},
            "target_arns": [
              "arn:aws:elasticloadbalancing:eu-west-2:766176144542:loadbalancer/net/a953ad6f802b345fe85f29d793a4e104/020ba1187374b56a"
            ]
          },
          "sensitive_attributes": []
        }
      ]
    },
    {
      "mode": "managed",
      "type": "aws_apigatewayv2_api_mapping",
      "name": "ac--6umcit",
      "provider": "provider[\"registry.terraform.io/hashicorp/aws\"]",
      "instances": [
        {
          "schema_version": 0,
          "attributes": {
            "api_id": "4t79rwsi0m",
            "api_mapping_key": "",
            "domain_name": "prod-api.prod.solv.co.ke",
            "id": "6umcit",
            "stage": "v1"
          },
          "sensitive_attributes": [],
          "dependencies": [
            "aws_apigatewayv2_domain_name.ac--prod-api-002E-prod-002E-solv-002E-co-002E-ke"
          ]
        }
      ]
    },
    {
      "mode": "managed",
      "type": "aws_apigatewayv2_domain_name",
      "name": "ac---002A--002E-prod-002E-solv-002E-co-002E-ke",
      "provider": "provider[\"registry.terraform.io/hashicorp/aws\"]",
      "instances": [
        {
          "schema_version": 0,
          "attributes": {
            "api_mapping_selection_expression": "$request.basepath",
            "arn": "arn:aws:apigateway:eu-west-2::/domainnames/*.prod.solv.co.ke",
            "domain_name": "*.prod.solv.co.ke",
            "domain_name_configuration": [
              {
                "certificate_arn": "arn:aws:acm:eu-west-2:766176144542:certificate/61cc4da6-9c33-4eb5-8f91-cbfc389b4b50",
                "endpoint_type": "REGIONAL",
                "hosted_zone_id": "ZJ5UAJN8Y3Z2Q",
                "ownership_verification_certificate_arn": "",
                "security_policy": "TLS_1_2",
                "target_domain_name": "d-uvgq9fy9i3.execute-api.eu-west-2.amazonaws.com"
              }
            ],
            "id": "*.prod.solv.co.ke",
            "mutual_tls_authentication": [],
            "tags": {},
            "tags_all": {},
            "timeouts": null
          },
          "sensitive_attributes": []
        }
      ]
    },
    {
      "mode": "managed",
      "type": "aws_apigatewayv2_domain_name",
      "name": "ac--prod-api-002E-prod-002E-solv-002E-co-002E-ke",
      "provider": "provider[\"registry.terraform.io/hashicorp/aws\"]",
      "instances": [
        {
          "schema_version": 0,
          "attributes": {
            "api_mapping_selection_expression": "$request.basepath",
            "arn": "arn:aws:apigateway:eu-west-2::/domainnames/prod-api.prod.solv.co.ke",
            "domain_name": "prod-api.prod.solv.co.ke",
            "domain_name_configuration": [
              {
                "certificate_arn": "arn:aws:acm:eu-west-2:766176144542:certificate/61cc4da6-9c33-4eb5-8f91-cbfc389b4b50",
                "endpoint_type": "REGIONAL",
                "hosted_zone_id": "ZJ5UAJN8Y3Z2Q",
                "ownership_verification_certificate_arn": "",
                "security_policy": "TLS_1_2",
                "target_domain_name": "d-984cpsoeda.execute-api.eu-west-2.amazonaws.com"
              }
            ],
            "id": "prod-api.prod.solv.co.ke",
            "mutual_tls_authentication": [],
            "tags": {},
            "tags_all": {},
            "timeouts": null
          },
          "sensitive_attributes": []
        }
      ]
    },
    {
      "mode": "managed",
      "type": "aws_vpn_gateway",
      "name": "ac--vgw-027a98b9c7af0df2a",
      "provider": "provider[\"registry.terraform.io/hashicorp/aws\"]",
      "instances": [
        {
          "schema_version": 0,
          "attributes": {
            "amazon_side_asn": "64512",
            "arn": "arn:aws:ec2:eu-west-2:766176144542:vpn-gateway/vgw-027a98b9c7af0df2a",
            "availability_zone": null,
            "id": "vgw-027a98b9c7af0df2a",
            "tags": {
              "Name": "Aujas-Qradar-VPG"
            },
            "tags_all": {
              "Name": "Aujas-Qradar-VPG"
            },
            "vpc_id": ""
          },
          "sensitive_attributes": []
        }
      ]
    }
  ]
}