{
  "version": 4,
  "terraform_version": "1.39.0",
  "serial": 1,
  "lineage": "",
  "outputs": {},
  "resources": [
    {
      "mode": "managed",
      "type": "aws_ecr_lifecycle_policy",
      "name": "ac--aws-s3-file-upload-1",
      "provider": "provider[\"registry.terraform.io/hashicorp/aws\"]",
      "instances": [
        {
          "schema_version": 0,
          "attributes": {
            "id": "aws-s3-file-upload",
            "policy": "{\"rules\":[{\"action\":{\"type\":\"expire\"},\"description\":\"Cleanup repo\",\"rulePriority\":1,\"selection\":{\"countNumber\":8,\"countType\":\"imageCountMoreThan\",\"tagStatus\":\"any\"}}]}",
            "registry_id": "766176144542",
            "repository": "aws-s3-file-upload"
          },
          "sensitive_attributes": []
        }
      ]
    },
    {
      "mode": "managed",
      "type": "aws_ecr_lifecycle_policy",
      "name": "ac--aws-ses-email-1",
      "provider": "provider[\"registry.terraform.io/hashicorp/aws\"]",
      "instances": [
        {
          "schema_version": 0,
          "attributes": {
            "id": "aws-ses-email",
            "policy": "{\"rules\":[{\"action\":{\"type\":\"expire\"},\"description\":\"Cleanup repo\",\"rulePriority\":1,\"selection\":{\"countNumber\":8,\"countType\":\"imageCountMoreThan\",\"tagStatus\":\"any\"}}]}",
            "registry_id": "766176144542",
            "repository": "aws-ses-email"
          },
          "sensitive_attributes": []
        }
      ]
    },
    {
      "mode": "managed",
      "type": "aws_ecr_repository",
      "name": "ac--aws-s3-file-upload",
      "provider": "provider[\"registry.terraform.io/hashicorp/aws\"]",
      "instances": [
        {
          "schema_version": 0,
          "attributes": {
            "arn": "arn:aws:ecr:eu-west-2:766176144542:repository/aws-s3-file-upload",
            "encryption_configuration": [
              {
                "encryption_type": "AES256",
                "kms_key": ""
              }
            ],
            "force_delete": null,
            "id": "aws-s3-file-upload",
            "image_scanning_configuration": [
              {
                "scan_on_push": true
              }
            ],
            "image_tag_mutability": "IMMUTABLE",
            "name": "aws-s3-file-upload",
            "registry_id": "766176144542",
            "repository_url": "766176144542.dkr.ecr.eu-west-2.amazonaws.com/aws-s3-file-upload",
            "tags": {},
            "tags_all": {},
            "timeouts": null
          },
          "sensitive_attributes": []
        }
      ]
    },
    {
      "mode": "managed",
      "type": "aws_ecr_repository",
      "name": "ac--aws-ses-email",
      "provider": "provider[\"registry.terraform.io/hashicorp/aws\"]",
      "instances": [
        {
          "schema_version": 0,
          "attributes": {
            "arn": "arn:aws:ecr:eu-west-2:766176144542:repository/aws-ses-email",
            "encryption_configuration": [
              {
                "encryption_type": "AES256",
                "kms_key": ""
              }
            ],
            "force_delete": null,
            "id": "aws-ses-email",
            "image_scanning_configuration": [
              {
                "scan_on_push": true
              }
            ],
            "image_tag_mutability": "IMMUTABLE",
            "name": "aws-ses-email",
            "registry_id": "766176144542",
            "repository_url": "766176144542.dkr.ecr.eu-west-2.amazonaws.com/aws-ses-email",
            "tags": {},
            "tags_all": {},
            "timeouts": null
          },
          "sensitive_attributes": []
        }
      ]
    },
    {
      "mode": "managed",
      "type": "aws_ecr_repository",
      "name": "ac--batch-job",
      "provider": "provider[\"registry.terraform.io/hashicorp/aws\"]",
      "instances": [
        {
          "schema_version": 0,
          "attributes": {
            "arn": "arn:aws:ecr:eu-west-2:766176144542:repository/batch-job",
            "encryption_configuration": [
              {
                "encryption_type": "AES256",
                "kms_key": ""
              }
            ],
            "force_delete": null,
            "id": "batch-job",
            "image_scanning_configuration": [
              {
                "scan_on_push": false
              }
            ],
            "image_tag_mutability": "MUTABLE",
            "name": "batch-job",
            "registry_id": "766176144542",
            "repository_url": "766176144542.dkr.ecr.eu-west-2.amazonaws.com/batch-job",
            "tags": {},
            "tags_all": {},
            "timeouts": null
          },
          "sensitive_attributes": []
        }
      ]
    },
    {
      "mode": "managed",
      "type": "aws_ecr_repository",
      "name": "ac--cognito-auth",
      "provider": "provider[\"registry.terraform.io/hashicorp/aws\"]",
      "instances": [
        {
          "schema_version": 0,
          "attributes": {
            "arn": "arn:aws:ecr:eu-west-2:766176144542:repository/cognito-auth",
            "encryption_configuration": [
              {
                "encryption_type": "AES256",
                "kms_key": ""
              }
            ],
            "force_delete": null,
            "id": "cognito-auth",
            "image_scanning_configuration": [
              {
                "scan_on_push": false
              }
            ],
            "image_tag_mutability": "MUTABLE",
            "name": "cognito-auth",
            "registry_id": "766176144542",
            "repository_url": "766176144542.dkr.ecr.eu-west-2.amazonaws.com/cognito-auth",
            "tags": {},
            "tags_all": {},
            "timeouts": null
          },
          "sensitive_attributes": []
        }
      ]
    },
    {
      "mode": "managed",
      "type": "aws_ecr_repository",
      "name": "ac--common-auth",
      "provider": "provider[\"registry.terraform.io/hashicorp/aws\"]",
      "instances": [
        {
          "schema_version": 0,
          "attributes": {
            "arn": "arn:aws:ecr:eu-west-2:766176144542:repository/common-auth",
            "encryption_configuration": [
              {
                "encryption_type": "AES256",
                "kms_key": ""
              }
            ],
            "force_delete": null,
            "id": "common-auth",
            "image_scanning_configuration": [
              {
                "scan_on_push": false
              }
            ],
            "image_tag_mutability": "MUTABLE",
            "name": "common-auth",
            "registry_id": "766176144542",
            "repository_url": "766176144542.dkr.ecr.eu-west-2.amazonaws.com/common-auth",
            "tags": {},
            "tags_all": {},
            "timeouts": null
          },
          "sensitive_attributes": []
        }
      ]
    },
    {
      "mode": "managed",
      "type": "aws_ecr_repository",
      "name": "ac--craftsilicon-financial",
      "provider": "provider[\"registry.terraform.io/hashicorp/aws\"]",
      "instances": [
        {
          "schema_version": 0,
          "attributes": {
            "arn": "arn:aws:ecr:eu-west-2:766176144542:repository/craftsilicon-financial",
            "encryption_configuration": [
              {
                "encryption_type": "AES256",
                "kms_key": ""
              }
            ],
            "force_delete": null,
            "id": "craftsilicon-financial",
            "image_scanning_configuration": [
              {
                "scan_on_push": false
              }
            ],
            "image_tag_mutability": "MUTABLE",
            "name": "craftsilicon-financial",
            "registry_id": "766176144542",
            "repository_url": "766176144542.dkr.ecr.eu-west-2.amazonaws.com/craftsilicon-financial",
            "tags": {},
            "tags_all": {},
            "timeouts": null
          },
          "sensitive_attributes": []
        }
      ]
    },
    {
      "mode": "managed",
      "type": "aws_ecr_repository",
      "name": "ac--creditinfo-credit-report",
      "provider": "provider[\"registry.terraform.io/hashicorp/aws\"]",
      "instances": [
        {
          "schema_version": 0,
          "attributes": {
            "arn": "arn:aws:ecr:eu-west-2:766176144542:repository/creditinfo-credit-report",
            "encryption_configuration": [
              {
                "encryption_type": "AES256",
                "kms_key": ""
              }
            ],
            "force_delete": null,
            "id": "creditinfo-credit-report",
            "image_scanning_configuration": [
              {
                "scan_on_push": false
              }
            ],
            "image_tag_mutability": "MUTABLE",
            "name": "creditinfo-credit-report",
            "registry_id": "766176144542",
            "repository_url": "766176144542.dkr.ecr.eu-west-2.amazonaws.com/creditinfo-credit-report",
            "tags": {},
            "tags_all": {},
            "timeouts": null
          },
          "sensitive_attributes": []
        }
      ]
    },
    {
      "mode": "managed",
      "type": "aws_ecr_repository",
      "name": "ac--dealer-profile",
      "provider": "provider[\"registry.terraform.io/hashicorp/aws\"]",
      "instances": [
        {
          "schema_version": 0,
          "attributes": {
            "arn": "arn:aws:ecr:eu-west-2:766176144542:repository/dealer-profile",
            "encryption_configuration": [
              {
                "encryption_type": "AES256",
                "kms_key": ""
              }
            ],
            "force_delete": null,
            "id": "dealer-profile",
            "image_scanning_configuration": [
              {
                "scan_on_push": false
              }
            ],
            "image_tag_mutability": "MUTABLE",
            "name": "dealer-profile",
            "registry_id": "766176144542",
            "repository_url": "766176144542.dkr.ecr.eu-west-2.amazonaws.com/dealer-profile",
            "tags": {},
            "tags_all": {},
            "timeouts": null
          },
          "sensitive_attributes": []
        }
      ]
    },
    {
      "mode": "managed",
      "type": "aws_ecr_repository",
      "name": "ac--document-framework",
      "provider": "provider[\"registry.terraform.io/hashicorp/aws\"]",
      "instances": [
        {
          "schema_version": 0,
          "attributes": {
            "arn": "arn:aws:ecr:eu-west-2:766176144542:repository/document-framework",
            "encryption_configuration": [
              {
                "encryption_type": "AES256",
                "kms_key": ""
              }
            ],
            "force_delete": null,
            "id": "document-framework",
            "image_scanning_configuration": [
              {
                "scan_on_push": false
              }
            ],
            "image_tag_mutability": "MUTABLE",
            "name": "document-framework",
            "registry_id": "766176144542",
            "repository_url": "766176144542.dkr.ecr.eu-west-2.amazonaws.com/document-framework",
            "tags": {},
            "tags_all": {},
            "timeouts": null
          },
          "sensitive_attributes": []
        }
      ]
    },
    {
      "mode": "managed",
      "type": "aws_ecr_repository",
      "name": "ac--document-management",
      "provider": "provider[\"registry.terraform.io/hashicorp/aws\"]",
      "instances": [
        {
          "schema_version": 0,
          "attributes": {
            "arn": "arn:aws:ecr:eu-west-2:766176144542:repository/document-management",
            "encryption_configuration": [
              {
                "encryption_type": "AES256",
                "kms_key": ""
              }
            ],
            "force_delete": null,
            "id": "document-management",
            "image_scanning_configuration": [
              {
                "scan_on_push": false
              }
            ],
            "image_tag_mutability": "MUTABLE",
            "name": "document-management",
            "registry_id": "766176144542",
            "repository_url": "766176144542.dkr.ecr.eu-west-2.amazonaws.com/document-management",
            "tags": {},
            "tags_all": {},
            "timeouts": null
          },
          "sensitive_attributes": []
        }
      ]
    },
    {
      "mode": "managed",
      "type": "aws_ecr_repository",
      "name": "ac--finstatement-ocr",
      "provider": "provider[\"registry.terraform.io/hashicorp/aws\"]",
      "instances": [
        {
          "schema_version": 0,
          "attributes": {
            "arn": "arn:aws:ecr:eu-west-2:766176144542:repository/finstatement-ocr",
            "encryption_configuration": [
              {
                "encryption_type": "AES256",
                "kms_key": ""
              }
            ],
            "force_delete": null,
            "id": "finstatement-ocr",
            "image_scanning_configuration": [
              {
                "scan_on_push": false
              }
            ],
            "image_tag_mutability": "MUTABLE",
            "name": "finstatement-ocr",
            "registry_id": "766176144542",
            "repository_url": "766176144542.dkr.ecr.eu-west-2.amazonaws.com/finstatement-ocr",
            "tags": {},
            "tags_all": {},
            "timeouts": null
          },
          "sensitive_attributes": []
        }
      ]
    },
    {
      "mode": "managed",
      "type": "aws_ecr_repository",
      "name": "ac--firebase-api",
      "provider": "provider[\"registry.terraform.io/hashicorp/aws\"]",
      "instances": [
        {
          "schema_version": 0,
          "attributes": {
            "arn": "arn:aws:ecr:eu-west-2:766176144542:repository/firebase-api",
            "encryption_configuration": [
              {
                "encryption_type": "AES256",
                "kms_key": ""
              }
            ],
            "force_delete": null,
            "id": "firebase-api",
            "image_scanning_configuration": [
              {
                "scan_on_push": false
              }
            ],
            "image_tag_mutability": "MUTABLE",
            "name": "firebase-api",
            "registry_id": "766176144542",
            "repository_url": "766176144542.dkr.ecr.eu-west-2.amazonaws.com/firebase-api",
            "tags": {},
            "tags_all": {},
            "timeouts": null
          },
          "sensitive_attributes": []
        }
      ]
    },
    {
      "mode": "managed",
      "type": "aws_ecr_repository",
      "name": "ac--focusmobile-sms",
      "provider": "provider[\"registry.terraform.io/hashicorp/aws\"]",
      "instances": [
        {
          "schema_version": 0,
          "attributes": {
            "arn": "arn:aws:ecr:eu-west-2:766176144542:repository/focusmobile-sms",
            "encryption_configuration": [
              {
                "encryption_type": "AES256",
                "kms_key": ""
              }
            ],
            "force_delete": null,
            "id": "focusmobile-sms",
            "image_scanning_configuration": [
              {
                "scan_on_push": false
              }
            ],
            "image_tag_mutability": "MUTABLE",
            "name": "focusmobile-sms",
            "registry_id": "766176144542",
            "repository_url": "766176144542.dkr.ecr.eu-west-2.amazonaws.com/focusmobile-sms",
            "tags": {},
            "tags_all": {},
            "timeouts": null
          },
          "sensitive_attributes": []
        }
      ]
    },
    {
      "mode": "managed",
      "type": "aws_ecr_repository",
      "name": "ac--general-ledger",
      "provider": "provider[\"registry.terraform.io/hashicorp/aws\"]",
      "instances": [
        {
          "schema_version": 0,
          "attributes": {
            "arn": "arn:aws:ecr:eu-west-2:766176144542:repository/general-ledger",
            "encryption_configuration": [
              {
                "encryption_type": "AES256",
                "kms_key": ""
              }
            ],
            "force_delete": null,
            "id": "general-ledger",
            "image_scanning_configuration": [
              {
                "scan_on_push": false
              }
            ],
            "image_tag_mutability": "MUTABLE",
            "name": "general-ledger",
            "registry_id": "766176144542",
            "repository_url": "766176144542.dkr.ecr.eu-west-2.amazonaws.com/general-ledger",
            "tags": {},
            "tags_all": {},
            "timeouts": null
          },
          "sensitive_attributes": []
        }
      ]
    },
    {
      "mode": "managed",
      "type": "aws_ecr_repository",
      "name": "ac--integration-framework",
      "provider": "provider[\"registry.terraform.io/hashicorp/aws\"]",
      "instances": [
        {
          "schema_version": 0,
          "attributes": {
            "arn": "arn:aws:ecr:eu-west-2:766176144542:repository/integration-framework",
            "encryption_configuration": [
              {
                "encryption_type": "AES256",
                "kms_key": ""
              }
            ],
            "force_delete": null,
            "id": "integration-framework",
            "image_scanning_configuration": [
              {
                "scan_on_push": false
              }
            ],
            "image_tag_mutability": "MUTABLE",
            "name": "integration-framework",
            "registry_id": "766176144542",
            "repository_url": "766176144542.dkr.ecr.eu-west-2.amazonaws.com/integration-framework",
            "tags": {},
            "tags_all": {},
            "timeouts": null
          },
          "sensitive_attributes": []
        }
      ]
    },
    {
      "mode": "managed",
      "type": "aws_ecr_repository",
      "name": "ac--mongodb-adapter",
      "provider": "provider[\"registry.terraform.io/hashicorp/aws\"]",
      "instances": [
        {
          "schema_version": 0,
          "attributes": {
            "arn": "arn:aws:ecr:eu-west-2:766176144542:repository/mongodb-adapter",
            "encryption_configuration": [
              {
                "encryption_type": "AES256",
                "kms_key": ""
              }
            ],
            "force_delete": null,
            "id": "mongodb-adapter",
            "image_scanning_configuration": [
              {
                "scan_on_push": false
              }
            ],
            "image_tag_mutability": "MUTABLE",
            "name": "mongodb-adapter",
            "registry_id": "766176144542",
            "repository_url": "766176144542.dkr.ecr.eu-west-2.amazonaws.com/mongodb-adapter",
            "tags": {},
            "tags_all": {},
            "timeouts": null
          },
          "sensitive_attributes": []
        }
      ]
    },
    {
      "mode": "managed",
      "type": "aws_ecr_repository",
      "name": "ac--mpf-buisness-verification",
      "provider": "provider[\"registry.terraform.io/hashicorp/aws\"]",
      "instances": [
        {
          "schema_version": 0,
          "attributes": {
            "arn": "arn:aws:ecr:eu-west-2:766176144542:repository/mpf-buisness-verification",
            "encryption_configuration": [
              {
                "encryption_type": "AES256",
                "kms_key": ""
              }
            ],
            "force_delete": null,
            "id": "mpf-buisness-verification",
            "image_scanning_configuration": [
              {
                "scan_on_push": false
              }
            ],
            "image_tag_mutability": "MUTABLE",
            "name": "mpf-buisness-verification",
            "registry_id": "766176144542",
            "repository_url": "766176144542.dkr.ecr.eu-west-2.amazonaws.com/mpf-buisness-verification",
            "tags": {},
            "tags_all": {},
            "timeouts": null
          },
          "sensitive_attributes": []
        }
      ]
    },
    {
      "mode": "managed",
      "type": "aws_ecr_repository",
      "name": "ac--mpf-business-certificate-retrieval",
      "provider": "provider[\"registry.terraform.io/hashicorp/aws\"]",
      "instances": [
        {
          "schema_version": 0,
          "attributes": {
            "arn": "arn:aws:ecr:eu-west-2:766176144542:repository/mpf-business-certificate-retrieval",
            "encryption_configuration": [
              {
                "encryption_type": "AES256",
                "kms_key": ""
              }
            ],
            "force_delete": null,
            "id": "mpf-business-certificate-retrieval",
            "image_scanning_configuration": [
              {
                "scan_on_push": false
              }
            ],
            "image_tag_mutability": "MUTABLE",
            "name": "mpf-business-certificate-retrieval",
            "registry_id": "766176144542",
            "repository_url": "766176144542.dkr.ecr.eu-west-2.amazonaws.com/mpf-business-certificate-retrieval",
            "tags": {},
            "tags_all": {},
            "timeouts": null
          },
          "sensitive_attributes": []
        }
      ]
    },
    {
      "mode": "managed",
      "type": "aws_ecr_repository",
      "name": "ac--mpf-business-verification",
      "provider": "provider[\"registry.terraform.io/hashicorp/aws\"]",
      "instances": [
        {
          "schema_version": 0,
          "attributes": {
            "arn": "arn:aws:ecr:eu-west-2:766176144542:repository/mpf-business-verification",
            "encryption_configuration": [
              {
                "encryption_type": "AES256",
                "kms_key": ""
              }
            ],
            "force_delete": null,
            "id": "mpf-business-verification",
            "image_scanning_configuration": [
              {
                "scan_on_push": false
              }
            ],
            "image_tag_mutability": "MUTABLE",
            "name": "mpf-business-verification",
            "registry_id": "766176144542",
            "repository_url": "766176144542.dkr.ecr.eu-west-2.amazonaws.com/mpf-business-verification",
            "tags": {},
            "tags_all": {},
            "timeouts": null
          },
          "sensitive_attributes": []
        }
      ]
    },
    {
      "mode": "managed",
      "type": "aws_ecr_repository",
      "name": "ac--mpf-individual-verification",
      "provider": "provider[\"registry.terraform.io/hashicorp/aws\"]",
      "instances": [
        {
          "schema_version": 0,
          "attributes": {
            "arn": "arn:aws:ecr:eu-west-2:766176144542:repository/mpf-individual-verification",
            "encryption_configuration": [
              {
                "encryption_type": "AES256",
                "kms_key": ""
              }
            ],
            "force_delete": null,
            "id": "mpf-individual-verification",
            "image_scanning_configuration": [
              {
                "scan_on_push": false
              }
            ],
            "image_tag_mutability": "MUTABLE",
            "name": "mpf-individual-verification",
            "registry_id": "766176144542",
            "repository_url": "766176144542.dkr.ecr.eu-west-2.amazonaws.com/mpf-individual-verification",
            "tags": {},
            "tags_all": {},
            "timeouts": null
          },
          "sensitive_attributes": []
        }
      ]
    },
    {
      "mode": "managed",
      "type": "aws_ecr_repository",
      "name": "ac--notification-framework",
      "provider": "provider[\"registry.terraform.io/hashicorp/aws\"]",
      "instances": [
        {
          "schema_version": 0,
          "attributes": {
            "arn": "arn:aws:ecr:eu-west-2:766176144542:repository/notification-framework",
            "encryption_configuration": [
              {
                "encryption_type": "AES256",
                "kms_key": ""
              }
            ],
            "force_delete": null,
            "id": "notification-framework",
            "image_scanning_configuration": [
              {
                "scan_on_push": false
              }
            ],
            "image_tag_mutability": "MUTABLE",
            "name": "notification-framework",
            "registry_id": "766176144542",
            "repository_url": "766176144542.dkr.ecr.eu-west-2.amazonaws.com/notification-framework",
            "tags": {},
            "tags_all": {},
            "timeouts": null
          },
          "sensitive_attributes": []
        }
      ]
    },
    {
      "mode": "managed",
      "type": "aws_ecr_repository",
      "name": "ac--ocr",
      "provider": "provider[\"registry.terraform.io/hashicorp/aws\"]",
      "instances": [
        {
          "schema_version": 0,
          "attributes": {
            "arn": "arn:aws:ecr:eu-west-2:766176144542:repository/ocr",
            "encryption_configuration": [
              {
                "encryption_type": "AES256",
                "kms_key": ""
              }
            ],
            "force_delete": null,
            "id": "ocr",
            "image_scanning_configuration": [
              {
                "scan_on_push": false
              }
            ],
            "image_tag_mutability": "MUTABLE",
            "name": "ocr",
            "registry_id": "766176144542",
            "repository_url": "766176144542.dkr.ecr.eu-west-2.amazonaws.com/ocr",
            "tags": {},
            "tags_all": {},
            "timeouts": null
          },
          "sensitive_attributes": []
        }
      ]
    },
    {
      "mode": "managed",
      "type": "aws_ecr_repository",
      "name": "ac--otp",
      "provider": "provider[\"registry.terraform.io/hashicorp/aws\"]",
      "instances": [
        {
          "schema_version": 0,
          "attributes": {
            "arn": "arn:aws:ecr:eu-west-2:766176144542:repository/otp",
            "encryption_configuration": [
              {
                "encryption_type": "AES256",
                "kms_key": ""
              }
            ],
            "force_delete": null,
            "id": "otp",
            "image_scanning_configuration": [
              {
                "scan_on_push": false
              }
            ],
            "image_tag_mutability": "MUTABLE",
            "name": "otp",
            "registry_id": "766176144542",
            "repository_url": "766176144542.dkr.ecr.eu-west-2.amazonaws.com/otp",
            "tags": {},
            "tags_all": {},
            "timeouts": null
          },
          "sensitive_attributes": []
        }
      ]
    },
    {
      "mode": "managed",
      "type": "aws_ecr_repository",
      "name": "ac--payment-status",
      "provider": "provider[\"registry.terraform.io/hashicorp/aws\"]",
      "instances": [
        {
          "schema_version": 0,
          "attributes": {
            "arn": "arn:aws:ecr:eu-west-2:766176144542:repository/payment-status",
            "encryption_configuration": [
              {
                "encryption_type": "AES256",
                "kms_key": ""
              }
            ],
            "force_delete": null,
            "id": "payment-status",
            "image_scanning_configuration": [
              {
                "scan_on_push": false
              }
            ],
            "image_tag_mutability": "MUTABLE",
            "name": "payment-status",
            "registry_id": "766176144542",
            "repository_url": "766176144542.dkr.ecr.eu-west-2.amazonaws.com/payment-status",
            "tags": {},
            "tags_all": {},
            "timeouts": null
          },
          "sensitive_attributes": []
        }
      ]
    },
    {
      "mode": "managed",
      "type": "aws_ecr_repository",
      "name": "ac--pdf-adapter",
      "provider": "provider[\"registry.terraform.io/hashicorp/aws\"]",
      "instances": [
        {
          "schema_version": 0,
          "attributes": {
            "arn": "arn:aws:ecr:eu-west-2:766176144542:repository/pdf-adapter",
            "encryption_configuration": [
              {
                "encryption_type": "AES256",
                "kms_key": ""
              }
            ],
            "force_delete": null,
            "id": "pdf-adapter",
            "image_scanning_configuration": [
              {
                "scan_on_push": false
              }
            ],
            "image_tag_mutability": "MUTABLE",
            "name": "pdf-adapter",
            "registry_id": "766176144542",
            "repository_url": "766176144542.dkr.ecr.eu-west-2.amazonaws.com/pdf-adapter",
            "tags": {},
            "tags_all": {},
            "timeouts": null
          },
          "sensitive_attributes": []
        }
      ]
    },
    {
      "mode": "managed",
      "type": "aws_ecr_repository",
      "name": "ac--pdf-document",
      "provider": "provider[\"registry.terraform.io/hashicorp/aws\"]",
      "instances": [
        {
          "schema_version": 0,
          "attributes": {
            "arn": "arn:aws:ecr:eu-west-2:766176144542:repository/pdf-document",
            "encryption_configuration": [
              {
                "encryption_type": "AES256",
                "kms_key": ""
              }
            ],
            "force_delete": null,
            "id": "pdf-document",
            "image_scanning_configuration": [
              {
                "scan_on_push": false
              }
            ],
            "image_tag_mutability": "MUTABLE",
            "name": "pdf-document",
            "registry_id": "766176144542",
            "repository_url": "766176144542.dkr.ecr.eu-west-2.amazonaws.com/pdf-document",
            "tags": {},
            "tags_all": {},
            "timeouts": null
          },
          "sensitive_attributes": []
        }
      ]
    },
    {
      "mode": "managed",
      "type": "aws_ecr_repository",
      "name": "ac--pdf-service",
      "provider": "provider[\"registry.terraform.io/hashicorp/aws\"]",
      "instances": [
        {
          "schema_version": 0,
          "attributes": {
            "arn": "arn:aws:ecr:eu-west-2:766176144542:repository/pdf-service",
            "encryption_configuration": [
              {
                "encryption_type": "AES256",
                "kms_key": ""
              }
            ],
            "force_delete": null,
            "id": "pdf-service",
            "image_scanning_configuration": [
              {
                "scan_on_push": false
              }
            ],
            "image_tag_mutability": "MUTABLE",
            "name": "pdf-service",
            "registry_id": "766176144542",
            "repository_url": "766176144542.dkr.ecr.eu-west-2.amazonaws.com/pdf-service",
            "tags": {},
            "tags_all": {},
            "timeouts": null
          },
          "sensitive_attributes": []
        }
      ]
    },
    {
      "mode": "managed",
      "type": "aws_ecr_repository",
      "name": "ac--refinitiv-screening",
      "provider": "provider[\"registry.terraform.io/hashicorp/aws\"]",
      "instances": [
        {
          "schema_version": 0,
          "attributes": {
            "arn": "arn:aws:ecr:eu-west-2:766176144542:repository/refinitiv-screening",
            "encryption_configuration": [
              {
                "encryption_type": "AES256",
                "kms_key": ""
              }
            ],
            "force_delete": null,
            "id": "refinitiv-screening",
            "image_scanning_configuration": [
              {
                "scan_on_push": false
              }
            ],
            "image_tag_mutability": "MUTABLE",
            "name": "refinitiv-screening",
            "registry_id": "766176144542",
            "repository_url": "766176144542.dkr.ecr.eu-west-2.amazonaws.com/refinitiv-screening",
            "tags": {},
            "tags_all": {},
            "timeouts": null
          },
          "sensitive_attributes": []
        }
      ]
    },
    {
      "mode": "managed",
      "type": "aws_ecr_repository",
      "name": "ac--scf-accesscontrol",
      "provider": "provider[\"registry.terraform.io/hashicorp/aws\"]",
      "instances": [
        {
          "schema_version": 0,
          "attributes": {
            "arn": "arn:aws:ecr:eu-west-2:766176144542:repository/scf-accesscontrol",
            "encryption_configuration": [
              {
                "encryption_type": "AES256",
                "kms_key": ""
              }
            ],
            "force_delete": null,
            "id": "scf-accesscontrol",
            "image_scanning_configuration": [
              {
                "scan_on_push": false
              }
            ],
            "image_tag_mutability": "MUTABLE",
            "name": "scf-accesscontrol",
            "registry_id": "766176144542",
            "repository_url": "766176144542.dkr.ecr.eu-west-2.amazonaws.com/scf-accesscontrol",
            "tags": {},
            "tags_all": {},
            "timeouts": null
          },
          "sensitive_attributes": []
        }
      ]
    },
    {
      "mode": "managed",
      "type": "aws_ecr_repository",
      "name": "ac--scf-api-routing",
      "provider": "provider[\"registry.terraform.io/hashicorp/aws\"]",
      "instances": [
        {
          "schema_version": 0,
          "attributes": {
            "arn": "arn:aws:ecr:eu-west-2:766176144542:repository/scf-api-routing",
            "encryption_configuration": [
              {
                "encryption_type": "AES256",
                "kms_key": ""
              }
            ],
            "force_delete": null,
            "id": "scf-api-routing",
            "image_scanning_configuration": [
              {
                "scan_on_push": false
              }
            ],
            "image_tag_mutability": "MUTABLE",
            "name": "scf-api-routing",
            "registry_id": "766176144542",
            "repository_url": "766176144542.dkr.ecr.eu-west-2.amazonaws.com/scf-api-routing",
            "tags": {},
            "tags_all": {},
            "timeouts": null
          },
          "sensitive_attributes": []
        }
      ]
    },
    {
      "mode": "managed",
      "type": "aws_ecr_repository",
      "name": "ac--scf-bank-statement",
      "provider": "provider[\"registry.terraform.io/hashicorp/aws\"]",
      "instances": [
        {
          "schema_version": 0,
          "attributes": {
            "arn": "arn:aws:ecr:eu-west-2:766176144542:repository/scf-bank-statement",
            "encryption_configuration": [
              {
                "encryption_type": "AES256",
                "kms_key": ""
              }
            ],
            "force_delete": null,
            "id": "scf-bank-statement",
            "image_scanning_configuration": [
              {
                "scan_on_push": false
              }
            ],
            "image_tag_mutability": "MUTABLE",
            "name": "scf-bank-statement",
            "registry_id": "766176144542",
            "repository_url": "766176144542.dkr.ecr.eu-west-2.amazonaws.com/scf-bank-statement",
            "tags": {},
            "tags_all": {},
            "timeouts": null
          },
          "sensitive_attributes": []
        }
      ]
    },
    {
      "mode": "managed",
      "type": "aws_ecr_repository",
      "name": "ac--scf-core-user-management",
      "provider": "provider[\"registry.terraform.io/hashicorp/aws\"]",
      "instances": [
        {
          "schema_version": 0,
          "attributes": {
            "arn": "arn:aws:ecr:eu-west-2:766176144542:repository/scf-core-user-management",
            "encryption_configuration": [
              {
                "encryption_type": "AES256",
                "kms_key": ""
              }
            ],
            "force_delete": null,
            "id": "scf-core-user-management",
            "image_scanning_configuration": [
              {
                "scan_on_push": false
              }
            ],
            "image_tag_mutability": "MUTABLE",
            "name": "scf-core-user-management",
            "registry_id": "766176144542",
            "repository_url": "766176144542.dkr.ecr.eu-west-2.amazonaws.com/scf-core-user-management",
            "tags": {},
            "tags_all": {},
            "timeouts": null
          },
          "sensitive_attributes": []
        }
      ]
    },
    {
      "mode": "managed",
      "type": "aws_ecr_repository",
      "name": "ac--scf-credit-limit",
      "provider": "provider[\"registry.terraform.io/hashicorp/aws\"]",
      "instances": [
        {
          "schema_version": 0,
          "attributes": {
            "arn": "arn:aws:ecr:eu-west-2:766176144542:repository/scf-credit-limit",
            "encryption_configuration": [
              {
                "encryption_type": "AES256",
                "kms_key": ""
              }
            ],
            "force_delete": null,
            "id": "scf-credit-limit",
            "image_scanning_configuration": [
              {
                "scan_on_push": false
              }
            ],
            "image_tag_mutability": "MUTABLE",
            "name": "scf-credit-limit",
            "registry_id": "766176144542",
            "repository_url": "766176144542.dkr.ecr.eu-west-2.amazonaws.com/scf-credit-limit",
            "tags": {},
            "tags_all": {},
            "timeouts": null
          },
          "sensitive_attributes": []
        }
      ]
    },
    {
      "mode": "managed",
      "type": "aws_ecr_repository",
      "name": "ac--scf-customer",
      "provider": "provider[\"registry.terraform.io/hashicorp/aws\"]",
      "instances": [
        {
          "schema_version": 0,
          "attributes": {
            "arn": "arn:aws:ecr:eu-west-2:766176144542:repository/scf-customer",
            "encryption_configuration": [
              {
                "encryption_type": "AES256",
                "kms_key": ""
              }
            ],
            "force_delete": null,
            "id": "scf-customer",
            "image_scanning_configuration": [
              {
                "scan_on_push": false
              }
            ],
            "image_tag_mutability": "MUTABLE",
            "name": "scf-customer",
            "registry_id": "766176144542",
            "repository_url": "766176144542.dkr.ecr.eu-west-2.amazonaws.com/scf-customer",
            "tags": {},
            "tags_all": {},
            "timeouts": null
          },
          "sensitive_attributes": []
        }
      ]
    },
    {
      "mode": "managed",
      "type": "aws_ecr_repository",
      "name": "ac--scf-enhancement",
      "provider": "provider[\"registry.terraform.io/hashicorp/aws\"]",
      "instances": [
        {
          "schema_version": 0,
          "attributes": {
            "arn": "arn:aws:ecr:eu-west-2:766176144542:repository/scf-enhancement",
            "encryption_configuration": [
              {
                "encryption_type": "AES256",
                "kms_key": ""
              }
            ],
            "force_delete": null,
            "id": "scf-enhancement",
            "image_scanning_configuration": [
              {
                "scan_on_push": false
              }
            ],
            "image_tag_mutability": "MUTABLE",
            "name": "scf-enhancement",
            "registry_id": "766176144542",
            "repository_url": "766176144542.dkr.ecr.eu-west-2.amazonaws.com/scf-enhancement",
            "tags": {},
            "tags_all": {},
            "timeouts": null
          },
          "sensitive_attributes": []
        }
      ]
    },
    {
      "mode": "managed",
      "type": "aws_ecr_repository",
      "name": "ac--scf-fi",
      "provider": "provider[\"registry.terraform.io/hashicorp/aws\"]",
      "instances": [
        {
          "schema_version": 0,
          "attributes": {
            "arn": "arn:aws:ecr:eu-west-2:766176144542:repository/scf-fi",
            "encryption_configuration": [
              {
                "encryption_type": "AES256",
                "kms_key": ""
              }
            ],
            "force_delete": null,
            "id": "scf-fi",
            "image_scanning_configuration": [
              {
                "scan_on_push": false
              }
            ],
            "image_tag_mutability": "MUTABLE",
            "name": "scf-fi",
            "registry_id": "766176144542",
            "repository_url": "766176144542.dkr.ecr.eu-west-2.amazonaws.com/scf-fi",
            "tags": {},
            "tags_all": {},
            "timeouts": null
          },
          "sensitive_attributes": []
        }
      ]
    },
    {
      "mode": "managed",
      "type": "aws_ecr_repository",
      "name": "ac--scf-finance",
      "provider": "provider[\"registry.terraform.io/hashicorp/aws\"]",
      "instances": [
        {
          "schema_version": 0,
          "attributes": {
            "arn": "arn:aws:ecr:eu-west-2:766176144542:repository/scf-finance",
            "encryption_configuration": [
              {
                "encryption_type": "AES256",
                "kms_key": ""
              }
            ],
            "force_delete": null,
            "id": "scf-finance",
            "image_scanning_configuration": [
              {
                "scan_on_push": false
              }
            ],
            "image_tag_mutability": "MUTABLE",
            "name": "scf-finance",
            "registry_id": "766176144542",
            "repository_url": "766176144542.dkr.ecr.eu-west-2.amazonaws.com/scf-finance",
            "tags": {},
            "tags_all": {},
            "timeouts": null
          },
          "sensitive_attributes": []
        }
      ]
    },
    {
      "mode": "managed",
      "type": "aws_ecr_repository",
      "name": "ac--scf-invoice",
      "provider": "provider[\"registry.terraform.io/hashicorp/aws\"]",
      "instances": [
        {
          "schema_version": 0,
          "attributes": {
            "arn": "arn:aws:ecr:eu-west-2:766176144542:repository/scf-invoice",
            "encryption_configuration": [
              {
                "encryption_type": "AES256",
                "kms_key": ""
              }
            ],
            "force_delete": null,
            "id": "scf-invoice",
            "image_scanning_configuration": [
              {
                "scan_on_push": false
              }
            ],
            "image_tag_mutability": "MUTABLE",
            "name": "scf-invoice",
            "registry_id": "766176144542",
            "repository_url": "766176144542.dkr.ecr.eu-west-2.amazonaws.com/scf-invoice",
            "tags": {},
            "tags_all": {},
            "timeouts": null
          },
          "sensitive_attributes": []
        }
      ]
    },
    {
      "mode": "managed",
      "type": "aws_ecr_repository",
      "name": "ac--scf-notification",
      "provider": "provider[\"registry.terraform.io/hashicorp/aws\"]",
      "instances": [
        {
          "schema_version": 0,
          "attributes": {
            "arn": "arn:aws:ecr:eu-west-2:766176144542:repository/scf-notification",
            "encryption_configuration": [
              {
                "encryption_type": "AES256",
                "kms_key": ""
              }
            ],
            "force_delete": null,
            "id": "scf-notification",
            "image_scanning_configuration": [
              {
                "scan_on_push": false
              }
            ],
            "image_tag_mutability": "MUTABLE",
            "name": "scf-notification",
            "registry_id": "766176144542",
            "repository_url": "766176144542.dkr.ecr.eu-west-2.amazonaws.com/scf-notification",
            "tags": {},
            "tags_all": {},
            "timeouts": null
          },
          "sensitive_attributes": []
        }
      ]
    },
    {
      "mode": "managed",
      "type": "aws_ecr_repository",
      "name": "ac--scf-onboarding",
      "provider": "provider[\"registry.terraform.io/hashicorp/aws\"]",
      "instances": [
        {
          "schema_version": 0,
          "attributes": {
            "arn": "arn:aws:ecr:eu-west-2:766176144542:repository/scf-onboarding",
            "encryption_configuration": [
              {
                "encryption_type": "AES256",
                "kms_key": ""
              }
            ],
            "force_delete": null,
            "id": "scf-onboarding",
            "image_scanning_configuration": [
              {
                "scan_on_push": false
              }
            ],
            "image_tag_mutability": "MUTABLE",
            "name": "scf-onboarding",
            "registry_id": "766176144542",
            "repository_url": "766176144542.dkr.ecr.eu-west-2.amazonaws.com/scf-onboarding",
            "tags": {},
            "tags_all": {},
            "timeouts": null
          },
          "sensitive_attributes": []
        }
      ]
    },
    {
      "mode": "managed",
      "type": "aws_ecr_repository",
      "name": "ac--scf-payment",
      "provider": "provider[\"registry.terraform.io/hashicorp/aws\"]",
      "instances": [
        {
          "schema_version": 0,
          "attributes": {
            "arn": "arn:aws:ecr:eu-west-2:766176144542:repository/scf-payment",
            "encryption_configuration": [
              {
                "encryption_type": "AES256",
                "kms_key": ""
              }
            ],
            "force_delete": null,
            "id": "scf-payment",
            "image_scanning_configuration": [
              {
                "scan_on_push": false
              }
            ],
            "image_tag_mutability": "MUTABLE",
            "name": "scf-payment",
            "registry_id": "766176144542",
            "repository_url": "766176144542.dkr.ecr.eu-west-2.amazonaws.com/scf-payment",
            "tags": {},
            "tags_all": {},
            "timeouts": null
          },
          "sensitive_attributes": []
        }
      ]
    },
    {
      "mode": "managed",
      "type": "aws_ecr_repository",
      "name": "ac--scf-profile",
      "provider": "provider[\"registry.terraform.io/hashicorp/aws\"]",
      "instances": [
        {
          "schema_version": 0,
          "attributes": {
            "arn": "arn:aws:ecr:eu-west-2:766176144542:repository/scf-profile",
            "encryption_configuration": [
              {
                "encryption_type": "AES256",
                "kms_key": ""
              }
            ],
            "force_delete": null,
            "id": "scf-profile",
            "image_scanning_configuration": [
              {
                "scan_on_push": false
              }
            ],
            "image_tag_mutability": "MUTABLE",
            "name": "scf-profile",
            "registry_id": "766176144542",
            "repository_url": "766176144542.dkr.ecr.eu-west-2.amazonaws.com/scf-profile",
            "tags": {},
            "tags_all": {},
            "timeouts": null
          },
          "sensitive_attributes": []
        }
      ]
    },
    {
      "mode": "managed",
      "type": "aws_ecr_repository",
      "name": "ac--scf-reports",
      "provider": "provider[\"registry.terraform.io/hashicorp/aws\"]",
      "instances": [
        {
          "schema_version": 0,
          "attributes": {
            "arn": "arn:aws:ecr:eu-west-2:766176144542:repository/scf-reports",
            "encryption_configuration": [
              {
                "encryption_type": "AES256",
                "kms_key": ""
              }
            ],
            "force_delete": null,
            "id": "scf-reports",
            "image_scanning_configuration": [
              {
                "scan_on_push": false
              }
            ],
            "image_tag_mutability": "MUTABLE",
            "name": "scf-reports",
            "registry_id": "766176144542",
            "repository_url": "766176144542.dkr.ecr.eu-west-2.amazonaws.com/scf-reports",
            "tags": {},
            "tags_all": {},
            "timeouts": null
          },
          "sensitive_attributes": []
        }
      ]
    },
    {
      "mode": "managed",
      "type": "aws_ecr_repository",
      "name": "ac--scf-solv-customer",
      "provider": "provider[\"registry.terraform.io/hashicorp/aws\"]",
      "instances": [
        {
          "schema_version": 0,
          "attributes": {
            "arn": "arn:aws:ecr:eu-west-2:766176144542:repository/scf-solv-customer",
            "encryption_configuration": [
              {
                "encryption_type": "AES256",
                "kms_key": ""
              }
            ],
            "force_delete": null,
            "id": "scf-solv-customer",
            "image_scanning_configuration": [
              {
                "scan_on_push": false
              }
            ],
            "image_tag_mutability": "MUTABLE",
            "name": "scf-solv-customer",
            "registry_id": "766176144542",
            "repository_url": "766176144542.dkr.ecr.eu-west-2.amazonaws.com/scf-solv-customer",
            "tags": {},
            "tags_all": {},
            "timeouts": null
          },
          "sensitive_attributes": []
        }
      ]
    },
    {
      "mode": "managed",
      "type": "aws_ecr_repository",
      "name": "ac--scf-template",
      "provider": "provider[\"registry.terraform.io/hashicorp/aws\"]",
      "instances": [
        {
          "schema_version": 0,
          "attributes": {
            "arn": "arn:aws:ecr:eu-west-2:766176144542:repository/scf-template",
            "encryption_configuration": [
              {
                "encryption_type": "AES256",
                "kms_key": ""
              }
            ],
            "force_delete": null,
            "id": "scf-template",
            "image_scanning_configuration": [
              {
                "scan_on_push": false
              }
            ],
            "image_tag_mutability": "MUTABLE",
            "name": "scf-template",
            "registry_id": "766176144542",
            "repository_url": "766176144542.dkr.ecr.eu-west-2.amazonaws.com/scf-template",
            "tags": {},
            "tags_all": {},
            "timeouts": null
          },
          "sensitive_attributes": []
        }
      ]
    },
    {
      "mode": "managed",
      "type": "aws_ecr_repository",
      "name": "ac--sftp-connector",
      "provider": "provider[\"registry.terraform.io/hashicorp/aws\"]",
      "instances": [
        {
          "schema_version": 0,
          "attributes": {
            "arn": "arn:aws:ecr:eu-west-2:766176144542:repository/sftp-connector",
            "encryption_configuration": [
              {
                "encryption_type": "AES256",
                "kms_key": ""
              }
            ],
            "force_delete": null,
            "id": "sftp-connector",
            "image_scanning_configuration": [
              {
                "scan_on_push": false
              }
            ],
            "image_tag_mutability": "MUTABLE",
            "name": "sftp-connector",
            "registry_id": "766176144542",
            "repository_url": "766176144542.dkr.ecr.eu-west-2.amazonaws.com/sftp-connector",
            "tags": {},
            "tags_all": {},
            "timeouts": null
          },
          "sensitive_attributes": []
        }
      ]
    },
    {
      "mode": "managed",
      "type": "aws_ecr_repository",
      "name": "ac--sftp-fi",
      "provider": "provider[\"registry.terraform.io/hashicorp/aws\"]",
      "instances": [
        {
          "schema_version": 0,
          "attributes": {
            "arn": "arn:aws:ecr:eu-west-2:766176144542:repository/sftp-fi",
            "encryption_configuration": [
              {
                "encryption_type": "AES256",
                "kms_key": ""
              }
            ],
            "force_delete": null,
            "id": "sftp-fi",
            "image_scanning_configuration": [
              {
                "scan_on_push": false
              }
            ],
            "image_tag_mutability": "MUTABLE",
            "name": "sftp-fi",
            "registry_id": "766176144542",
            "repository_url": "766176144542.dkr.ecr.eu-west-2.amazonaws.com/sftp-fi",
            "tags": {},
            "tags_all": {},
            "timeouts": null
          },
          "sensitive_attributes": []
        }
      ]
    },
    {
      "mode": "managed",
      "type": "aws_ecr_repository",
      "name": "ac--solv-score-dealer-profile",
      "provider": "provider[\"registry.terraform.io/hashicorp/aws\"]",
      "instances": [
        {
          "schema_version": 0,
          "attributes": {
            "arn": "arn:aws:ecr:eu-west-2:766176144542:repository/solv-score-dealer-profile",
            "encryption_configuration": [
              {
                "encryption_type": "AES256",
                "kms_key": ""
              }
            ],
            "force_delete": null,
            "id": "solv-score-dealer-profile",
            "image_scanning_configuration": [
              {
                "scan_on_push": false
              }
            ],
            "image_tag_mutability": "MUTABLE",
            "name": "solv-score-dealer-profile",
            "registry_id": "766176144542",
            "repository_url": "766176144542.dkr.ecr.eu-west-2.amazonaws.com/solv-score-dealer-profile",
            "tags": {},
            "tags_all": {},
            "timeouts": null
          },
          "sensitive_attributes": []
        }
      ]
    },
    {
      "mode": "managed",
      "type": "aws_ecr_repository",
      "name": "ac--solv-score-dealer-profile-publisher",
      "provider": "provider[\"registry.terraform.io/hashicorp/aws\"]",
      "instances": [
        {
          "schema_version": 0,
          "attributes": {
            "arn": "arn:aws:ecr:eu-west-2:766176144542:repository/solv-score-dealer-profile-publisher",
            "encryption_configuration": [
              {
                "encryption_type": "AES256",
                "kms_key": ""
              }
            ],
            "force_delete": null,
            "id": "solv-score-dealer-profile-publisher",
            "image_scanning_configuration": [
              {
                "scan_on_push": false
              }
            ],
            "image_tag_mutability": "MUTABLE",
            "name": "solv-score-dealer-profile-publisher",
            "registry_id": "766176144542",
            "repository_url": "766176144542.dkr.ecr.eu-west-2.amazonaws.com/solv-score-dealer-profile-publisher",
            "tags": {},
            "tags_all": {},
            "timeouts": null
          },
          "sensitive_attributes": []
        }
      ]
    },
    {
      "mode": "managed",
      "type": "aws_ecr_repository",
      "name": "ac--template-engine",
      "provider": "provider[\"registry.terraform.io/hashicorp/aws\"]",
      "instances": [
        {
          "schema_version": 0,
          "attributes": {
            "arn": "arn:aws:ecr:eu-west-2:766176144542:repository/template-engine",
            "encryption_configuration": [
              {
                "encryption_type": "AES256",
                "kms_key": ""
              }
            ],
            "force_delete": null,
            "id": "template-engine",
            "image_scanning_configuration": [
              {
                "scan_on_push": false
              }
            ],
            "image_tag_mutability": "MUTABLE",
            "name": "template-engine",
            "registry_id": "766176144542",
            "repository_url": "766176144542.dkr.ecr.eu-west-2.amazonaws.com/template-engine",
            "tags": {},
            "tags_all": {},
            "timeouts": null
          },
          "sensitive_attributes": []
        }
      ]
    },
    {
      "mode": "managed",
      "type": "aws_ecr_repository_policy",
      "name": "ac--aws-s3-file-upload-2",
      "provider": "provider[\"registry.terraform.io/hashicorp/aws\"]",
      "instances": [
        {
          "schema_version": 0,
          "attributes": {
            "id": "aws-s3-file-upload",
            "policy": "{\"Statement\":[{\"Action\":[\"ecr:BatchCheckLayerAvailability\",\"ecr:BatchDeleteImage\",\"ecr:BatchGetImage\",\"ecr:CompleteLayerUpload\",\"ecr:DeleteLifecyclePolicy\",\"ecr:DeleteRepository\",\"ecr:DeleteRepositoryPolicy\",\"ecr:DescribeImages\",\"ecr:DescribeRepositories\",\"ecr:GetDownloadUrlForLayer\",\"ecr:GetLifecyclePolicy\",\"ecr:GetLifecyclePolicyPreview\",\"ecr:GetRepositoryPolicy\",\"ecr:InitiateLayerUpload\",\"ecr:ListImages\",\"ecr:PutImage\",\"ecr:PutLifecyclePolicy\",\"ecr:SetRepositoryPolicy\",\"ecr:StartLifecyclePolicyPreview\",\"ecr:UploadLayerPart\"],\"Effect\":\"Allow\",\"Principal\":\"*\",\"Sid\":\"allowaccesstoecrss\"}],\"Version\":\"2008-10-17\"}",
            "registry_id": "766176144542",
            "repository": "aws-s3-file-upload"
          },
          "sensitive_attributes": [],
          "dependencies": [
            "aws_ecr_repository.ac--aws-s3-file-upload"
          ]
        }
      ]
    },
    {
      "mode": "managed",
      "type": "aws_ecr_repository_policy",
      "name": "ac--aws-ses-email-2",
      "provider": "provider[\"registry.terraform.io/hashicorp/aws\"]",
      "instances": [
        {
          "schema_version": 0,
          "attributes": {
            "id": "aws-ses-email",
            "policy": "{\"Statement\":[{\"Action\":[\"ecr:BatchCheckLayerAvailability\",\"ecr:BatchDeleteImage\",\"ecr:BatchGetImage\",\"ecr:CompleteLayerUpload\",\"ecr:DeleteLifecyclePolicy\",\"ecr:DeleteRepository\",\"ecr:DeleteRepositoryPolicy\",\"ecr:DescribeImages\",\"ecr:DescribeRepositories\",\"ecr:GetDownloadUrlForLayer\",\"ecr:GetLifecyclePolicy\",\"ecr:GetLifecyclePolicyPreview\",\"ecr:GetRepositoryPolicy\",\"ecr:InitiateLayerUpload\",\"ecr:ListImages\",\"ecr:PutImage\",\"ecr:PutLifecyclePolicy\",\"ecr:SetRepositoryPolicy\",\"ecr:StartLifecyclePolicyPreview\",\"ecr:UploadLayerPart\"],\"Effect\":\"Allow\",\"Principal\":\"*\",\"Sid\":\"allowaccesstoecrss\"}],\"Version\":\"2008-10-17\"}",
            "registry_id": "766176144542",
            "repository": "aws-ses-email"
          },
          "sensitive_attributes": [],
          "dependencies": [
            "aws_ecr_repository.ac--aws-ses-email"
          ]
        }
      ]
    },
    {
      "mode": "managed",
      "type": "aws_ecr_repository_policy",
      "name": "ac--batch-job-1",
      "provider": "provider[\"registry.terraform.io/hashicorp/aws\"]",
      "instances": [
        {
          "schema_version": 0,
          "attributes": {
            "id": "batch-job",
            "policy": "{\"Statement\":[{\"Action\":[\"ecr:BatchCheckLayerAvailability\",\"ecr:BatchDeleteImage\",\"ecr:BatchGetImage\",\"ecr:CompleteLayerUpload\",\"ecr:DeleteLifecyclePolicy\",\"ecr:DeleteRepository\",\"ecr:DeleteRepositoryPolicy\",\"ecr:DescribeImages\",\"ecr:DescribeRepositories\",\"ecr:GetDownloadUrlForLayer\",\"ecr:GetLifecyclePolicy\",\"ecr:GetLifecyclePolicyPreview\",\"ecr:GetRepositoryPolicy\",\"ecr:InitiateLayerUpload\",\"ecr:ListImages\",\"ecr:PutImage\",\"ecr:PutLifecyclePolicy\",\"ecr:SetRepositoryPolicy\",\"ecr:StartLifecyclePolicyPreview\",\"ecr:UploadLayerPart\"],\"Effect\":\"Allow\",\"Principal\":\"*\",\"Sid\":\"allowaccesstoecrss\"}],\"Version\":\"2008-10-17\"}",
            "registry_id": "766176144542",
            "repository": "batch-job"
          },
          "sensitive_attributes": [],
          "dependencies": [
            "aws_ecr_repository.ac--batch-job"
          ]
        }
      ]
    },
    {
      "mode": "managed",
      "type": "aws_ecr_repository_policy",
      "name": "ac--cognito-auth-1",
      "provider": "provider[\"registry.terraform.io/hashicorp/aws\"]",
      "instances": [
        {
          "schema_version": 0,
          "attributes": {
            "id": "cognito-auth",
            "policy": "{\"Statement\":[{\"Action\":[\"ecr:BatchCheckLayerAvailability\",\"ecr:BatchDeleteImage\",\"ecr:BatchGetImage\",\"ecr:CompleteLayerUpload\",\"ecr:DeleteLifecyclePolicy\",\"ecr:DeleteRepository\",\"ecr:DeleteRepositoryPolicy\",\"ecr:DescribeImages\",\"ecr:DescribeRepositories\",\"ecr:GetDownloadUrlForLayer\",\"ecr:GetLifecyclePolicy\",\"ecr:GetLifecyclePolicyPreview\",\"ecr:GetRepositoryPolicy\",\"ecr:InitiateLayerUpload\",\"ecr:ListImages\",\"ecr:PutImage\",\"ecr:PutLifecyclePolicy\",\"ecr:SetRepositoryPolicy\",\"ecr:StartLifecyclePolicyPreview\",\"ecr:UploadLayerPart\"],\"Effect\":\"Allow\",\"Principal\":\"*\",\"Sid\":\"allowaccesstoecrss\"}],\"Version\":\"2008-10-17\"}",
            "registry_id": "766176144542",
            "repository": "cognito-auth"
          },
          "sensitive_attributes": [],
          "dependencies": [
            "aws_ecr_repository.ac--cognito-auth"
          ]
        }
      ]
    },
    {
      "mode": "managed",
      "type": "aws_ecr_repository_policy",
      "name": "ac--common-auth-1",
      "provider": "provider[\"registry.terraform.io/hashicorp/aws\"]",
      "instances": [
        {
          "schema_version": 0,
          "attributes": {
            "id": "common-auth",
            "policy": "{\"Statement\":[{\"Action\":[\"ecr:BatchCheckLayerAvailability\",\"ecr:BatchDeleteImage\",\"ecr:BatchGetImage\",\"ecr:CompleteLayerUpload\",\"ecr:DeleteLifecyclePolicy\",\"ecr:DeleteRepository\",\"ecr:DeleteRepositoryPolicy\",\"ecr:DescribeImages\",\"ecr:DescribeRepositories\",\"ecr:GetDownloadUrlForLayer\",\"ecr:GetLifecyclePolicy\",\"ecr:GetLifecyclePolicyPreview\",\"ecr:GetRepositoryPolicy\",\"ecr:InitiateLayerUpload\",\"ecr:ListImages\",\"ecr:PutImage\",\"ecr:PutLifecyclePolicy\",\"ecr:SetRepositoryPolicy\",\"ecr:StartLifecyclePolicyPreview\",\"ecr:UploadLayerPart\"],\"Effect\":\"Allow\",\"Principal\":\"*\",\"Sid\":\"allowaccesstoecrss\"}],\"Version\":\"2008-10-17\"}",
            "registry_id": "766176144542",
            "repository": "common-auth"
          },
          "sensitive_attributes": [],
          "dependencies": [
            "aws_ecr_repository.ac--common-auth"
          ]
        }
      ]
    },
    {
      "mode": "managed",
      "type": "aws_ecr_repository_policy",
      "name": "ac--craftsilicon-financial-1",
      "provider": "provider[\"registry.terraform.io/hashicorp/aws\"]",
      "instances": [
        {
          "schema_version": 0,
          "attributes": {
            "id": "craftsilicon-financial",
            "policy": "{\"Statement\":[{\"Action\":[\"ecr:BatchCheckLayerAvailability\",\"ecr:BatchDeleteImage\",\"ecr:BatchGetImage\",\"ecr:CompleteLayerUpload\",\"ecr:DeleteLifecyclePolicy\",\"ecr:DeleteRepository\",\"ecr:DeleteRepositoryPolicy\",\"ecr:DescribeImages\",\"ecr:DescribeRepositories\",\"ecr:GetDownloadUrlForLayer\",\"ecr:GetLifecyclePolicy\",\"ecr:GetLifecyclePolicyPreview\",\"ecr:GetRepositoryPolicy\",\"ecr:InitiateLayerUpload\",\"ecr:ListImages\",\"ecr:PutImage\",\"ecr:PutLifecyclePolicy\",\"ecr:SetRepositoryPolicy\",\"ecr:StartLifecyclePolicyPreview\",\"ecr:UploadLayerPart\"],\"Effect\":\"Allow\",\"Principal\":\"*\",\"Sid\":\"allowaccesstoecrss\"}],\"Version\":\"2008-10-17\"}",
            "registry_id": "766176144542",
            "repository": "craftsilicon-financial"
          },
          "sensitive_attributes": [],
          "dependencies": [
            "aws_ecr_repository.ac--craftsilicon-financial"
          ]
        }
      ]
    },
    {
      "mode": "managed",
      "type": "aws_ecr_repository_policy",
      "name": "ac--creditinfo-credit-report-1",
      "provider": "provider[\"registry.terraform.io/hashicorp/aws\"]",
      "instances": [
        {
          "schema_version": 0,
          "attributes": {
            "id": "creditinfo-credit-report",
            "policy": "{\"Statement\":[{\"Action\":[\"ecr:BatchCheckLayerAvailability\",\"ecr:BatchDeleteImage\",\"ecr:BatchGetImage\",\"ecr:CompleteLayerUpload\",\"ecr:DeleteLifecyclePolicy\",\"ecr:DeleteRepository\",\"ecr:DeleteRepositoryPolicy\",\"ecr:DescribeImages\",\"ecr:DescribeRepositories\",\"ecr:GetDownloadUrlForLayer\",\"ecr:GetLifecyclePolicy\",\"ecr:GetLifecyclePolicyPreview\",\"ecr:GetRepositoryPolicy\",\"ecr:InitiateLayerUpload\",\"ecr:ListImages\",\"ecr:PutImage\",\"ecr:PutLifecyclePolicy\",\"ecr:SetRepositoryPolicy\",\"ecr:StartLifecyclePolicyPreview\",\"ecr:UploadLayerPart\"],\"Effect\":\"Allow\",\"Principal\":\"*\",\"Sid\":\"allowaccesstoecrss\"}],\"Version\":\"2008-10-17\"}",
            "registry_id": "766176144542",
            "repository": "creditinfo-credit-report"
          },
          "sensitive_attributes": [],
          "dependencies": [
            "aws_ecr_repository.ac--creditinfo-credit-report"
          ]
        }
      ]
    },
    {
      "mode": "managed",
      "type": "aws_ecr_repository_policy",
      "name": "ac--dealer-profile-1",
      "provider": "provider[\"registry.terraform.io/hashicorp/aws\"]",
      "instances": [
        {
          "schema_version": 0,
          "attributes": {
            "id": "dealer-profile",
            "policy": "{\"Statement\":[{\"Action\":[\"ecr:BatchCheckLayerAvailability\",\"ecr:BatchDeleteImage\",\"ecr:BatchGetImage\",\"ecr:CompleteLayerUpload\",\"ecr:DeleteLifecyclePolicy\",\"ecr:DeleteRepository\",\"ecr:DeleteRepositoryPolicy\",\"ecr:DescribeImages\",\"ecr:DescribeRepositories\",\"ecr:GetDownloadUrlForLayer\",\"ecr:GetLifecyclePolicy\",\"ecr:GetLifecyclePolicyPreview\",\"ecr:GetRepositoryPolicy\",\"ecr:InitiateLayerUpload\",\"ecr:ListImages\",\"ecr:PutImage\",\"ecr:PutLifecyclePolicy\",\"ecr:SetRepositoryPolicy\",\"ecr:StartLifecyclePolicyPreview\",\"ecr:UploadLayerPart\"],\"Effect\":\"Allow\",\"Principal\":\"*\",\"Sid\":\"allowaccesstoecrss\"}],\"Version\":\"2008-10-17\"}",
            "registry_id": "766176144542",
            "repository": "dealer-profile"
          },
          "sensitive_attributes": [],
          "dependencies": [
            "aws_ecr_repository.ac--dealer-profile"
          ]
        }
      ]
    },
    {
      "mode": "managed",
      "type": "aws_ecr_repository_policy",
      "name": "ac--document-framework-1",
      "provider": "provider[\"registry.terraform.io/hashicorp/aws\"]",
      "instances": [
        {
          "schema_version": 0,
          "attributes": {
            "id": "document-framework",
            "policy": "{\"Statement\":[{\"Action\":[\"ecr:BatchCheckLayerAvailability\",\"ecr:BatchDeleteImage\",\"ecr:BatchGetImage\",\"ecr:CompleteLayerUpload\",\"ecr:DeleteLifecyclePolicy\",\"ecr:DeleteRepository\",\"ecr:DeleteRepositoryPolicy\",\"ecr:DescribeImages\",\"ecr:DescribeRepositories\",\"ecr:GetDownloadUrlForLayer\",\"ecr:GetLifecyclePolicy\",\"ecr:GetLifecyclePolicyPreview\",\"ecr:GetRepositoryPolicy\",\"ecr:InitiateLayerUpload\",\"ecr:ListImages\",\"ecr:PutImage\",\"ecr:PutLifecyclePolicy\",\"ecr:SetRepositoryPolicy\",\"ecr:StartLifecyclePolicyPreview\",\"ecr:UploadLayerPart\"],\"Effect\":\"Allow\",\"Principal\":\"*\",\"Sid\":\"allowaccesstoecrss\"}],\"Version\":\"2008-10-17\"}",
            "registry_id": "766176144542",
            "repository": "document-framework"
          },
          "sensitive_attributes": [],
          "dependencies": [
            "aws_ecr_repository.ac--document-framework"
          ]
        }
      ]
    },
    {
      "mode": "managed",
      "type": "aws_ecr_repository_policy",
      "name": "ac--document-management-1",
      "provider": "provider[\"registry.terraform.io/hashicorp/aws\"]",
      "instances": [
        {
          "schema_version": 0,
          "attributes": {
            "id": "document-management",
            "policy": "{\"Statement\":[{\"Action\":[\"ecr:BatchCheckLayerAvailability\",\"ecr:BatchDeleteImage\",\"ecr:BatchGetImage\",\"ecr:CompleteLayerUpload\",\"ecr:DeleteLifecyclePolicy\",\"ecr:DeleteRepository\",\"ecr:DeleteRepositoryPolicy\",\"ecr:DescribeImages\",\"ecr:DescribeRepositories\",\"ecr:GetDownloadUrlForLayer\",\"ecr:GetLifecyclePolicy\",\"ecr:GetLifecyclePolicyPreview\",\"ecr:GetRepositoryPolicy\",\"ecr:InitiateLayerUpload\",\"ecr:ListImages\",\"ecr:PutImage\",\"ecr:PutLifecyclePolicy\",\"ecr:SetRepositoryPolicy\",\"ecr:StartLifecyclePolicyPreview\",\"ecr:UploadLayerPart\"],\"Effect\":\"Allow\",\"Principal\":\"*\",\"Sid\":\"allowaccesstoecrss\"}],\"Version\":\"2008-10-17\"}",
            "registry_id": "766176144542",
            "repository": "document-management"
          },
          "sensitive_attributes": [],
          "dependencies": [
            "aws_ecr_repository.ac--document-management"
          ]
        }
      ]
    },
    {
      "mode": "managed",
      "type": "aws_ecr_repository_policy",
      "name": "ac--finstatement-ocr-1",
      "provider": "provider[\"registry.terraform.io/hashicorp/aws\"]",
      "instances": [
        {
          "schema_version": 0,
          "attributes": {
            "id": "finstatement-ocr",
            "policy": "{\"Statement\":[{\"Action\":[\"ecr:BatchCheckLayerAvailability\",\"ecr:BatchDeleteImage\",\"ecr:BatchGetImage\",\"ecr:CompleteLayerUpload\",\"ecr:DeleteLifecyclePolicy\",\"ecr:DeleteRepository\",\"ecr:DeleteRepositoryPolicy\",\"ecr:DescribeImages\",\"ecr:DescribeRepositories\",\"ecr:GetDownloadUrlForLayer\",\"ecr:GetLifecyclePolicy\",\"ecr:GetLifecyclePolicyPreview\",\"ecr:GetRepositoryPolicy\",\"ecr:InitiateLayerUpload\",\"ecr:ListImages\",\"ecr:PutImage\",\"ecr:PutLifecyclePolicy\",\"ecr:SetRepositoryPolicy\",\"ecr:StartLifecyclePolicyPreview\",\"ecr:UploadLayerPart\"],\"Effect\":\"Allow\",\"Principal\":\"*\",\"Sid\":\"allowaccesstoecrss\"}],\"Version\":\"2008-10-17\"}",
            "registry_id": "766176144542",
            "repository": "finstatement-ocr"
          },
          "sensitive_attributes": [],
          "dependencies": [
            "aws_ecr_repository.ac--finstatement-ocr"
          ]
        }
      ]
    },
    {
      "mode": "managed",
      "type": "aws_ecr_repository_policy",
      "name": "ac--firebase-api-1",
      "provider": "provider[\"registry.terraform.io/hashicorp/aws\"]",
      "instances": [
        {
          "schema_version": 0,
          "attributes": {
            "id": "firebase-api",
            "policy": "{\"Statement\":[{\"Action\":[\"ecr:BatchCheckLayerAvailability\",\"ecr:BatchDeleteImage\",\"ecr:BatchGetImage\",\"ecr:CompleteLayerUpload\",\"ecr:DeleteLifecyclePolicy\",\"ecr:DeleteRepository\",\"ecr:DeleteRepositoryPolicy\",\"ecr:DescribeImages\",\"ecr:DescribeRepositories\",\"ecr:GetDownloadUrlForLayer\",\"ecr:GetLifecyclePolicy\",\"ecr:GetLifecyclePolicyPreview\",\"ecr:GetRepositoryPolicy\",\"ecr:InitiateLayerUpload\",\"ecr:ListImages\",\"ecr:PutImage\",\"ecr:PutLifecyclePolicy\",\"ecr:SetRepositoryPolicy\",\"ecr:StartLifecyclePolicyPreview\",\"ecr:UploadLayerPart\"],\"Effect\":\"Allow\",\"Principal\":\"*\",\"Sid\":\"allowaccesstoecrss\"}],\"Version\":\"2008-10-17\"}",
            "registry_id": "766176144542",
            "repository": "firebase-api"
          },
          "sensitive_attributes": [],
          "dependencies": [
            "aws_ecr_repository.ac--firebase-api"
          ]
        }
      ]
    },
    {
      "mode": "managed",
      "type": "aws_ecr_repository_policy",
      "name": "ac--focusmobile-sms-1",
      "provider": "provider[\"registry.terraform.io/hashicorp/aws\"]",
      "instances": [
        {
          "schema_version": 0,
          "attributes": {
            "id": "focusmobile-sms",
            "policy": "{\"Statement\":[{\"Action\":[\"ecr:BatchCheckLayerAvailability\",\"ecr:BatchDeleteImage\",\"ecr:BatchGetImage\",\"ecr:CompleteLayerUpload\",\"ecr:DeleteLifecyclePolicy\",\"ecr:DeleteRepository\",\"ecr:DeleteRepositoryPolicy\",\"ecr:DescribeImages\",\"ecr:DescribeRepositories\",\"ecr:GetDownloadUrlForLayer\",\"ecr:GetLifecyclePolicy\",\"ecr:GetLifecyclePolicyPreview\",\"ecr:GetRepositoryPolicy\",\"ecr:InitiateLayerUpload\",\"ecr:ListImages\",\"ecr:PutImage\",\"ecr:PutLifecyclePolicy\",\"ecr:SetRepositoryPolicy\",\"ecr:StartLifecyclePolicyPreview\",\"ecr:UploadLayerPart\"],\"Effect\":\"Allow\",\"Principal\":\"*\",\"Sid\":\"allowaccesstoecrss\"}],\"Version\":\"2008-10-17\"}",
            "registry_id": "766176144542",
            "repository": "focusmobile-sms"
          },
          "sensitive_attributes": [],
          "dependencies": [
            "aws_ecr_repository.ac--focusmobile-sms"
          ]
        }
      ]
    },
    {
      "mode": "managed",
      "type": "aws_ecr_repository_policy",
      "name": "ac--general-ledger-1",
      "provider": "provider[\"registry.terraform.io/hashicorp/aws\"]",
      "instances": [
        {
          "schema_version": 0,
          "attributes": {
            "id": "general-ledger",
            "policy": "{\"Statement\":[{\"Action\":[\"ecr:BatchCheckLayerAvailability\",\"ecr:BatchDeleteImage\",\"ecr:BatchGetImage\",\"ecr:CompleteLayerUpload\",\"ecr:DeleteLifecyclePolicy\",\"ecr:DeleteRepository\",\"ecr:DeleteRepositoryPolicy\",\"ecr:DescribeImages\",\"ecr:DescribeRepositories\",\"ecr:GetDownloadUrlForLayer\",\"ecr:GetLifecyclePolicy\",\"ecr:GetLifecyclePolicyPreview\",\"ecr:GetRepositoryPolicy\",\"ecr:InitiateLayerUpload\",\"ecr:ListImages\",\"ecr:PutImage\",\"ecr:PutLifecyclePolicy\",\"ecr:SetRepositoryPolicy\",\"ecr:StartLifecyclePolicyPreview\",\"ecr:UploadLayerPart\"],\"Effect\":\"Allow\",\"Principal\":\"*\",\"Sid\":\"allowaccesstoecrss\"}],\"Version\":\"2008-10-17\"}",
            "registry_id": "766176144542",
            "repository": "general-ledger"
          },
          "sensitive_attributes": [],
          "dependencies": [
            "aws_ecr_repository.ac--general-ledger"
          ]
        }
      ]
    },
    {
      "mode": "managed",
      "type": "aws_ecr_repository_policy",
      "name": "ac--integration-framework-1",
      "provider": "provider[\"registry.terraform.io/hashicorp/aws\"]",
      "instances": [
        {
          "schema_version": 0,
          "attributes": {
            "id": "integration-framework",
            "policy": "{\"Statement\":[{\"Action\":[\"ecr:BatchCheckLayerAvailability\",\"ecr:BatchDeleteImage\",\"ecr:BatchGetImage\",\"ecr:CompleteLayerUpload\",\"ecr:DeleteLifecyclePolicy\",\"ecr:DeleteRepository\",\"ecr:DeleteRepositoryPolicy\",\"ecr:DescribeImages\",\"ecr:DescribeRepositories\",\"ecr:GetDownloadUrlForLayer\",\"ecr:GetLifecyclePolicy\",\"ecr:GetLifecyclePolicyPreview\",\"ecr:GetRepositoryPolicy\",\"ecr:InitiateLayerUpload\",\"ecr:ListImages\",\"ecr:PutImage\",\"ecr:PutLifecyclePolicy\",\"ecr:SetRepositoryPolicy\",\"ecr:StartLifecyclePolicyPreview\",\"ecr:UploadLayerPart\"],\"Effect\":\"Allow\",\"Principal\":\"*\",\"Sid\":\"allowaccesstoecrss\"}],\"Version\":\"2008-10-17\"}",
            "registry_id": "766176144542",
            "repository": "integration-framework"
          },
          "sensitive_attributes": [],
          "dependencies": [
            "aws_ecr_repository.ac--integration-framework"
          ]
        }
      ]
    },
    {
      "mode": "managed",
      "type": "aws_ecr_repository_policy",
      "name": "ac--mongodb-adapter-1",
      "provider": "provider[\"registry.terraform.io/hashicorp/aws\"]",
      "instances": [
        {
          "schema_version": 0,
          "attributes": {
            "id": "mongodb-adapter",
            "policy": "{\"Statement\":[{\"Action\":[\"ecr:BatchCheckLayerAvailability\",\"ecr:BatchDeleteImage\",\"ecr:BatchGetImage\",\"ecr:CompleteLayerUpload\",\"ecr:DeleteLifecyclePolicy\",\"ecr:DeleteRepository\",\"ecr:DeleteRepositoryPolicy\",\"ecr:DescribeImages\",\"ecr:DescribeRepositories\",\"ecr:GetDownloadUrlForLayer\",\"ecr:GetLifecyclePolicy\",\"ecr:GetLifecyclePolicyPreview\",\"ecr:GetRepositoryPolicy\",\"ecr:InitiateLayerUpload\",\"ecr:ListImages\",\"ecr:PutImage\",\"ecr:PutLifecyclePolicy\",\"ecr:SetRepositoryPolicy\",\"ecr:StartLifecyclePolicyPreview\",\"ecr:UploadLayerPart\"],\"Effect\":\"Allow\",\"Principal\":\"*\",\"Sid\":\"allowaccesstoecrss\"}],\"Version\":\"2008-10-17\"}",
            "registry_id": "766176144542",
            "repository": "mongodb-adapter"
          },
          "sensitive_attributes": [],
          "dependencies": [
            "aws_ecr_repository.ac--mongodb-adapter"
          ]
        }
      ]
    },
    {
      "mode": "managed",
      "type": "aws_ecr_repository_policy",
      "name": "ac--mpf-buisness-verification-1",
      "provider": "provider[\"registry.terraform.io/hashicorp/aws\"]",
      "instances": [
        {
          "schema_version": 0,
          "attributes": {
            "id": "mpf-buisness-verification",
            "policy": "{\"Statement\":[{\"Action\":[\"ecr:BatchCheckLayerAvailability\",\"ecr:BatchDeleteImage\",\"ecr:BatchGetImage\",\"ecr:CompleteLayerUpload\",\"ecr:DeleteLifecyclePolicy\",\"ecr:DeleteRepository\",\"ecr:DeleteRepositoryPolicy\",\"ecr:DescribeImages\",\"ecr:DescribeRepositories\",\"ecr:GetDownloadUrlForLayer\",\"ecr:GetLifecyclePolicy\",\"ecr:GetLifecyclePolicyPreview\",\"ecr:GetRepositoryPolicy\",\"ecr:InitiateLayerUpload\",\"ecr:ListImages\",\"ecr:PutImage\",\"ecr:PutLifecyclePolicy\",\"ecr:SetRepositoryPolicy\",\"ecr:StartLifecyclePolicyPreview\",\"ecr:UploadLayerPart\"],\"Effect\":\"Allow\",\"Principal\":\"*\",\"Sid\":\"allowaccesstoecrss\"}],\"Version\":\"2008-10-17\"}",
            "registry_id": "766176144542",
            "repository": "mpf-buisness-verification"
          },
          "sensitive_attributes": [],
          "dependencies": [
            "aws_ecr_repository.ac--mpf-buisness-verification"
          ]
        }
      ]
    },
    {
      "mode": "managed",
      "type": "aws_ecr_repository_policy",
      "name": "ac--mpf-business-certificate-retrieval-1",
      "provider": "provider[\"registry.terraform.io/hashicorp/aws\"]",
      "instances": [
        {
          "schema_version": 0,
          "attributes": {
            "id": "mpf-business-certificate-retrieval",
            "policy": "{\"Statement\":[{\"Action\":[\"ecr:BatchCheckLayerAvailability\",\"ecr:BatchDeleteImage\",\"ecr:BatchGetImage\",\"ecr:CompleteLayerUpload\",\"ecr:DeleteLifecyclePolicy\",\"ecr:DeleteRepository\",\"ecr:DeleteRepositoryPolicy\",\"ecr:DescribeImages\",\"ecr:DescribeRepositories\",\"ecr:GetDownloadUrlForLayer\",\"ecr:GetLifecyclePolicy\",\"ecr:GetLifecyclePolicyPreview\",\"ecr:GetRepositoryPolicy\",\"ecr:InitiateLayerUpload\",\"ecr:ListImages\",\"ecr:PutImage\",\"ecr:PutLifecyclePolicy\",\"ecr:SetRepositoryPolicy\",\"ecr:StartLifecyclePolicyPreview\",\"ecr:UploadLayerPart\"],\"Effect\":\"Allow\",\"Principal\":\"*\",\"Sid\":\"allowaccesstoecrss\"}],\"Version\":\"2008-10-17\"}",
            "registry_id": "766176144542",
            "repository": "mpf-business-certificate-retrieval"
          },
          "sensitive_attributes": [],
          "dependencies": [
            "aws_ecr_repository.ac--mpf-business-certificate-retrieval"
          ]
        }
      ]
    },
    {
      "mode": "managed",
      "type": "aws_ecr_repository_policy",
      "name": "ac--mpf-business-verification-1",
      "provider": "provider[\"registry.terraform.io/hashicorp/aws\"]",
      "instances": [
        {
          "schema_version": 0,
          "attributes": {
            "id": "mpf-business-verification",
            "policy": "{\"Statement\":[{\"Action\":[\"ecr:BatchCheckLayerAvailability\",\"ecr:BatchDeleteImage\",\"ecr:BatchGetImage\",\"ecr:CompleteLayerUpload\",\"ecr:DeleteLifecyclePolicy\",\"ecr:DeleteRepository\",\"ecr:DeleteRepositoryPolicy\",\"ecr:DescribeImages\",\"ecr:DescribeRepositories\",\"ecr:GetDownloadUrlForLayer\",\"ecr:GetLifecyclePolicy\",\"ecr:GetLifecyclePolicyPreview\",\"ecr:GetRepositoryPolicy\",\"ecr:InitiateLayerUpload\",\"ecr:ListImages\",\"ecr:PutImage\",\"ecr:PutLifecyclePolicy\",\"ecr:SetRepositoryPolicy\",\"ecr:StartLifecyclePolicyPreview\",\"ecr:UploadLayerPart\"],\"Effect\":\"Allow\",\"Principal\":\"*\",\"Sid\":\"allowaccesstoecrss\"}],\"Version\":\"2008-10-17\"}",
            "registry_id": "766176144542",
            "repository": "mpf-business-verification"
          },
          "sensitive_attributes": [],
          "dependencies": [
            "aws_ecr_repository.ac--mpf-business-verification"
          ]
        }
      ]
    },
    {
      "mode": "managed",
      "type": "aws_ecr_repository_policy",
      "name": "ac--mpf-individual-verification-1",
      "provider": "provider[\"registry.terraform.io/hashicorp/aws\"]",
      "instances": [
        {
          "schema_version": 0,
          "attributes": {
            "id": "mpf-individual-verification",
            "policy": "{\"Statement\":[{\"Action\":[\"ecr:BatchCheckLayerAvailability\",\"ecr:BatchDeleteImage\",\"ecr:BatchGetImage\",\"ecr:CompleteLayerUpload\",\"ecr:DeleteLifecyclePolicy\",\"ecr:DeleteRepository\",\"ecr:DeleteRepositoryPolicy\",\"ecr:DescribeImages\",\"ecr:DescribeRepositories\",\"ecr:GetDownloadUrlForLayer\",\"ecr:GetLifecyclePolicy\",\"ecr:GetLifecyclePolicyPreview\",\"ecr:GetRepositoryPolicy\",\"ecr:InitiateLayerUpload\",\"ecr:ListImages\",\"ecr:PutImage\",\"ecr:PutLifecyclePolicy\",\"ecr:SetRepositoryPolicy\",\"ecr:StartLifecyclePolicyPreview\",\"ecr:UploadLayerPart\"],\"Effect\":\"Allow\",\"Principal\":\"*\",\"Sid\":\"allowaccesstoecrss\"}],\"Version\":\"2008-10-17\"}",
            "registry_id": "766176144542",
            "repository": "mpf-individual-verification"
          },
          "sensitive_attributes": [],
          "dependencies": [
            "aws_ecr_repository.ac--mpf-individual-verification"
          ]
        }
      ]
    },
    {
      "mode": "managed",
      "type": "aws_ecr_repository_policy",
      "name": "ac--notification-framework-1",
      "provider": "provider[\"registry.terraform.io/hashicorp/aws\"]",
      "instances": [
        {
          "schema_version": 0,
          "attributes": {
            "id": "notification-framework",
            "policy": "{\"Statement\":[{\"Action\":[\"ecr:BatchCheckLayerAvailability\",\"ecr:BatchDeleteImage\",\"ecr:BatchGetImage\",\"ecr:CompleteLayerUpload\",\"ecr:DeleteLifecyclePolicy\",\"ecr:DeleteRepository\",\"ecr:DeleteRepositoryPolicy\",\"ecr:DescribeImages\",\"ecr:DescribeRepositories\",\"ecr:GetDownloadUrlForLayer\",\"ecr:GetLifecyclePolicy\",\"ecr:GetLifecyclePolicyPreview\",\"ecr:GetRepositoryPolicy\",\"ecr:InitiateLayerUpload\",\"ecr:ListImages\",\"ecr:PutImage\",\"ecr:PutLifecyclePolicy\",\"ecr:SetRepositoryPolicy\",\"ecr:StartLifecyclePolicyPreview\",\"ecr:UploadLayerPart\"],\"Effect\":\"Allow\",\"Principal\":\"*\",\"Sid\":\"allowaccesstoecrss\"}],\"Version\":\"2008-10-17\"}",
            "registry_id": "766176144542",
            "repository": "notification-framework"
          },
          "sensitive_attributes": [],
          "dependencies": [
            "aws_ecr_repository.ac--notification-framework"
          ]
        }
      ]
    },
    {
      "mode": "managed",
      "type": "aws_ecr_repository_policy",
      "name": "ac--ocr-1",
      "provider": "provider[\"registry.terraform.io/hashicorp/aws\"]",
      "instances": [
        {
          "schema_version": 0,
          "attributes": {
            "id": "ocr",
            "policy": "{\"Statement\":[{\"Action\":[\"ecr:BatchCheckLayerAvailability\",\"ecr:BatchDeleteImage\",\"ecr:BatchGetImage\",\"ecr:CompleteLayerUpload\",\"ecr:DeleteLifecyclePolicy\",\"ecr:DeleteRepository\",\"ecr:DeleteRepositoryPolicy\",\"ecr:DescribeImages\",\"ecr:DescribeRepositories\",\"ecr:GetDownloadUrlForLayer\",\"ecr:GetLifecyclePolicy\",\"ecr:GetLifecyclePolicyPreview\",\"ecr:GetRepositoryPolicy\",\"ecr:InitiateLayerUpload\",\"ecr:ListImages\",\"ecr:PutImage\",\"ecr:PutLifecyclePolicy\",\"ecr:SetRepositoryPolicy\",\"ecr:StartLifecyclePolicyPreview\",\"ecr:UploadLayerPart\"],\"Effect\":\"Allow\",\"Principal\":\"*\",\"Sid\":\"allowaccesstoecrss\"}],\"Version\":\"2008-10-17\"}",
            "registry_id": "766176144542",
            "repository": "ocr"
          },
          "sensitive_attributes": [],
          "dependencies": [
            "aws_ecr_repository.ac--ocr"
          ]
        }
      ]
    },
    {
      "mode": "managed",
      "type": "aws_ecr_repository_policy",
      "name": "ac--otp-1",
      "provider": "provider[\"registry.terraform.io/hashicorp/aws\"]",
      "instances": [
        {
          "schema_version": 0,
          "attributes": {
            "id": "otp",
            "policy": "{\"Statement\":[{\"Action\":[\"ecr:BatchCheckLayerAvailability\",\"ecr:BatchDeleteImage\",\"ecr:BatchGetImage\",\"ecr:CompleteLayerUpload\",\"ecr:DeleteLifecyclePolicy\",\"ecr:DeleteRepository\",\"ecr:DeleteRepositoryPolicy\",\"ecr:DescribeImages\",\"ecr:DescribeRepositories\",\"ecr:GetDownloadUrlForLayer\",\"ecr:GetLifecyclePolicy\",\"ecr:GetLifecyclePolicyPreview\",\"ecr:GetRepositoryPolicy\",\"ecr:InitiateLayerUpload\",\"ecr:ListImages\",\"ecr:PutImage\",\"ecr:PutLifecyclePolicy\",\"ecr:SetRepositoryPolicy\",\"ecr:StartLifecyclePolicyPreview\",\"ecr:UploadLayerPart\"],\"Effect\":\"Allow\",\"Principal\":\"*\",\"Sid\":\"allowaccesstoecrss\"}],\"Version\":\"2008-10-17\"}",
            "registry_id": "766176144542",
            "repository": "otp"
          },
          "sensitive_attributes": [],
          "dependencies": [
            "aws_ecr_repository.ac--otp"
          ]
        }
      ]
    },
    {
      "mode": "managed",
      "type": "aws_ecr_repository_policy",
      "name": "ac--payment-status-1",
      "provider": "provider[\"registry.terraform.io/hashicorp/aws\"]",
      "instances": [
        {
          "schema_version": 0,
          "attributes": {
            "id": "payment-status",
            "policy": "{\"Statement\":[{\"Action\":[\"ecr:BatchCheckLayerAvailability\",\"ecr:BatchDeleteImage\",\"ecr:BatchGetImage\",\"ecr:CompleteLayerUpload\",\"ecr:DeleteLifecyclePolicy\",\"ecr:DeleteRepository\",\"ecr:DeleteRepositoryPolicy\",\"ecr:DescribeImages\",\"ecr:DescribeRepositories\",\"ecr:GetDownloadUrlForLayer\",\"ecr:GetLifecyclePolicy\",\"ecr:GetLifecyclePolicyPreview\",\"ecr:GetRepositoryPolicy\",\"ecr:InitiateLayerUpload\",\"ecr:ListImages\",\"ecr:PutImage\",\"ecr:PutLifecyclePolicy\",\"ecr:SetRepositoryPolicy\",\"ecr:StartLifecyclePolicyPreview\",\"ecr:UploadLayerPart\"],\"Effect\":\"Allow\",\"Principal\":\"*\",\"Sid\":\"allowaccesstoecrss\"}],\"Version\":\"2008-10-17\"}",
            "registry_id": "766176144542",
            "repository": "payment-status"
          },
          "sensitive_attributes": [],
          "dependencies": [
            "aws_ecr_repository.ac--payment-status"
          ]
        }
      ]
    },
    {
      "mode": "managed",
      "type": "aws_ecr_repository_policy",
      "name": "ac--pdf-adapter-1",
      "provider": "provider[\"registry.terraform.io/hashicorp/aws\"]",
      "instances": [
        {
          "schema_version": 0,
          "attributes": {
            "id": "pdf-adapter",
            "policy": "{\"Statement\":[{\"Action\":[\"ecr:BatchCheckLayerAvailability\",\"ecr:BatchDeleteImage\",\"ecr:BatchGetImage\",\"ecr:CompleteLayerUpload\",\"ecr:DeleteLifecyclePolicy\",\"ecr:DeleteRepository\",\"ecr:DeleteRepositoryPolicy\",\"ecr:DescribeImages\",\"ecr:DescribeRepositories\",\"ecr:GetDownloadUrlForLayer\",\"ecr:GetLifecyclePolicy\",\"ecr:GetLifecyclePolicyPreview\",\"ecr:GetRepositoryPolicy\",\"ecr:InitiateLayerUpload\",\"ecr:ListImages\",\"ecr:PutImage\",\"ecr:PutLifecyclePolicy\",\"ecr:SetRepositoryPolicy\",\"ecr:StartLifecyclePolicyPreview\",\"ecr:UploadLayerPart\"],\"Effect\":\"Allow\",\"Principal\":\"*\",\"Sid\":\"allowaccesstoecrss\"}],\"Version\":\"2008-10-17\"}",
            "registry_id": "766176144542",
            "repository": "pdf-adapter"
          },
          "sensitive_attributes": [],
          "dependencies": [
            "aws_ecr_repository.ac--pdf-adapter"
          ]
        }
      ]
    },
    {
      "mode": "managed",
      "type": "aws_ecr_repository_policy",
      "name": "ac--pdf-document-1",
      "provider": "provider[\"registry.terraform.io/hashicorp/aws\"]",
      "instances": [
        {
          "schema_version": 0,
          "attributes": {
            "id": "pdf-document",
            "policy": "{\"Statement\":[{\"Action\":[\"ecr:BatchCheckLayerAvailability\",\"ecr:BatchDeleteImage\",\"ecr:BatchGetImage\",\"ecr:CompleteLayerUpload\",\"ecr:DeleteLifecyclePolicy\",\"ecr:DeleteRepository\",\"ecr:DeleteRepositoryPolicy\",\"ecr:DescribeImages\",\"ecr:DescribeRepositories\",\"ecr:GetDownloadUrlForLayer\",\"ecr:GetLifecyclePolicy\",\"ecr:GetLifecyclePolicyPreview\",\"ecr:GetRepositoryPolicy\",\"ecr:InitiateLayerUpload\",\"ecr:ListImages\",\"ecr:PutImage\",\"ecr:PutLifecyclePolicy\",\"ecr:SetRepositoryPolicy\",\"ecr:StartLifecyclePolicyPreview\",\"ecr:UploadLayerPart\"],\"Effect\":\"Allow\",\"Principal\":\"*\",\"Sid\":\"allowaccesstoecrss\"}],\"Version\":\"2008-10-17\"}",
            "registry_id": "766176144542",
            "repository": "pdf-document"
          },
          "sensitive_attributes": [],
          "dependencies": [
            "aws_ecr_repository.ac--pdf-document"
          ]
        }
      ]
    },
    {
      "mode": "managed",
      "type": "aws_ecr_repository_policy",
      "name": "ac--pdf-service-1",
      "provider": "provider[\"registry.terraform.io/hashicorp/aws\"]",
      "instances": [
        {
          "schema_version": 0,
          "attributes": {
            "id": "pdf-service",
            "policy": "{\"Statement\":[{\"Action\":[\"ecr:BatchCheckLayerAvailability\",\"ecr:BatchDeleteImage\",\"ecr:BatchGetImage\",\"ecr:CompleteLayerUpload\",\"ecr:DeleteLifecyclePolicy\",\"ecr:DeleteRepository\",\"ecr:DeleteRepositoryPolicy\",\"ecr:DescribeImages\",\"ecr:DescribeRepositories\",\"ecr:GetDownloadUrlForLayer\",\"ecr:GetLifecyclePolicy\",\"ecr:GetLifecyclePolicyPreview\",\"ecr:GetRepositoryPolicy\",\"ecr:InitiateLayerUpload\",\"ecr:ListImages\",\"ecr:PutImage\",\"ecr:PutLifecyclePolicy\",\"ecr:SetRepositoryPolicy\",\"ecr:StartLifecyclePolicyPreview\",\"ecr:UploadLayerPart\"],\"Effect\":\"Allow\",\"Principal\":\"*\",\"Sid\":\"allowaccesstoecrss\"}],\"Version\":\"2008-10-17\"}",
            "registry_id": "766176144542",
            "repository": "pdf-service"
          },
          "sensitive_attributes": [],
          "dependencies": [
            "aws_ecr_repository.ac--pdf-service"
          ]
        }
      ]
    },
    {
      "mode": "managed",
      "type": "aws_ecr_repository_policy",
      "name": "ac--refinitiv-screening-1",
      "provider": "provider[\"registry.terraform.io/hashicorp/aws\"]",
      "instances": [
        {
          "schema_version": 0,
          "attributes": {
            "id": "refinitiv-screening",
            "policy": "{\"Statement\":[{\"Action\":[\"ecr:BatchCheckLayerAvailability\",\"ecr:BatchDeleteImage\",\"ecr:BatchGetImage\",\"ecr:CompleteLayerUpload\",\"ecr:DeleteLifecyclePolicy\",\"ecr:DeleteRepository\",\"ecr:DeleteRepositoryPolicy\",\"ecr:DescribeImages\",\"ecr:DescribeRepositories\",\"ecr:GetDownloadUrlForLayer\",\"ecr:GetLifecyclePolicy\",\"ecr:GetLifecyclePolicyPreview\",\"ecr:GetRepositoryPolicy\",\"ecr:InitiateLayerUpload\",\"ecr:ListImages\",\"ecr:PutImage\",\"ecr:PutLifecyclePolicy\",\"ecr:SetRepositoryPolicy\",\"ecr:StartLifecyclePolicyPreview\",\"ecr:UploadLayerPart\"],\"Effect\":\"Allow\",\"Principal\":\"*\",\"Sid\":\"allowaccesstoecrss\"}],\"Version\":\"2008-10-17\"}",
            "registry_id": "766176144542",
            "repository": "refinitiv-screening"
          },
          "sensitive_attributes": [],
          "dependencies": [
            "aws_ecr_repository.ac--refinitiv-screening"
          ]
        }
      ]
    },
    {
      "mode": "managed",
      "type": "aws_ecr_repository_policy",
      "name": "ac--scf-accesscontrol-1",
      "provider": "provider[\"registry.terraform.io/hashicorp/aws\"]",
      "instances": [
        {
          "schema_version": 0,
          "attributes": {
            "id": "scf-accesscontrol",
            "policy": "{\"Statement\":[{\"Action\":[\"ecr:BatchCheckLayerAvailability\",\"ecr:BatchDeleteImage\",\"ecr:BatchGetImage\",\"ecr:CompleteLayerUpload\",\"ecr:DeleteLifecyclePolicy\",\"ecr:DeleteRepository\",\"ecr:DeleteRepositoryPolicy\",\"ecr:DescribeImages\",\"ecr:DescribeRepositories\",\"ecr:GetDownloadUrlForLayer\",\"ecr:GetLifecyclePolicy\",\"ecr:GetLifecyclePolicyPreview\",\"ecr:GetRepositoryPolicy\",\"ecr:InitiateLayerUpload\",\"ecr:ListImages\",\"ecr:PutImage\",\"ecr:PutLifecyclePolicy\",\"ecr:SetRepositoryPolicy\",\"ecr:StartLifecyclePolicyPreview\",\"ecr:UploadLayerPart\"],\"Effect\":\"Allow\",\"Principal\":\"*\",\"Sid\":\"allowaccesstoecrss\"}],\"Version\":\"2008-10-17\"}",
            "registry_id": "766176144542",
            "repository": "scf-accesscontrol"
          },
          "sensitive_attributes": [],
          "dependencies": [
            "aws_ecr_repository.ac--scf-accesscontrol"
          ]
        }
      ]
    },
    {
      "mode": "managed",
      "type": "aws_ecr_repository_policy",
      "name": "ac--scf-api-routing-1",
      "provider": "provider[\"registry.terraform.io/hashicorp/aws\"]",
      "instances": [
        {
          "schema_version": 0,
          "attributes": {
            "id": "scf-api-routing",
            "policy": "{\"Statement\":[{\"Action\":[\"ecr:BatchCheckLayerAvailability\",\"ecr:BatchDeleteImage\",\"ecr:BatchGetImage\",\"ecr:CompleteLayerUpload\",\"ecr:DeleteLifecyclePolicy\",\"ecr:DeleteRepository\",\"ecr:DeleteRepositoryPolicy\",\"ecr:DescribeImages\",\"ecr:DescribeRepositories\",\"ecr:GetDownloadUrlForLayer\",\"ecr:GetLifecyclePolicy\",\"ecr:GetLifecyclePolicyPreview\",\"ecr:GetRepositoryPolicy\",\"ecr:InitiateLayerUpload\",\"ecr:ListImages\",\"ecr:PutImage\",\"ecr:PutLifecyclePolicy\",\"ecr:SetRepositoryPolicy\",\"ecr:StartLifecyclePolicyPreview\",\"ecr:UploadLayerPart\"],\"Effect\":\"Allow\",\"Principal\":\"*\",\"Sid\":\"allowaccesstoecrss\"}],\"Version\":\"2008-10-17\"}",
            "registry_id": "766176144542",
            "repository": "scf-api-routing"
          },
          "sensitive_attributes": [],
          "dependencies": [
            "aws_ecr_repository.ac--scf-api-routing"
          ]
        }
      ]
    },
    {
      "mode": "managed",
      "type": "aws_ecr_repository_policy",
      "name": "ac--scf-bank-statement-1",
      "provider": "provider[\"registry.terraform.io/hashicorp/aws\"]",
      "instances": [
        {
          "schema_version": 0,
          "attributes": {
            "id": "scf-bank-statement",
            "policy": "{\"Statement\":[{\"Action\":[\"ecr:BatchCheckLayerAvailability\",\"ecr:BatchDeleteImage\",\"ecr:BatchGetImage\",\"ecr:CompleteLayerUpload\",\"ecr:DeleteLifecyclePolicy\",\"ecr:DeleteRepository\",\"ecr:DeleteRepositoryPolicy\",\"ecr:DescribeImages\",\"ecr:DescribeRepositories\",\"ecr:GetDownloadUrlForLayer\",\"ecr:GetLifecyclePolicy\",\"ecr:GetLifecyclePolicyPreview\",\"ecr:GetRepositoryPolicy\",\"ecr:InitiateLayerUpload\",\"ecr:ListImages\",\"ecr:PutImage\",\"ecr:PutLifecyclePolicy\",\"ecr:SetRepositoryPolicy\",\"ecr:StartLifecyclePolicyPreview\",\"ecr:UploadLayerPart\"],\"Effect\":\"Allow\",\"Principal\":\"*\",\"Sid\":\"allowaccesstoecrss\"}],\"Version\":\"2008-10-17\"}",
            "registry_id": "766176144542",
            "repository": "scf-bank-statement"
          },
          "sensitive_attributes": [],
          "dependencies": [
            "aws_ecr_repository.ac--scf-bank-statement"
          ]
        }
      ]
    },
    {
      "mode": "managed",
      "type": "aws_ecr_repository_policy",
      "name": "ac--scf-core-user-management-1",
      "provider": "provider[\"registry.terraform.io/hashicorp/aws\"]",
      "instances": [
        {
          "schema_version": 0,
          "attributes": {
            "id": "scf-core-user-management",
            "policy": "{\"Statement\":[{\"Action\":[\"ecr:BatchCheckLayerAvailability\",\"ecr:BatchDeleteImage\",\"ecr:BatchGetImage\",\"ecr:CompleteLayerUpload\",\"ecr:DeleteLifecyclePolicy\",\"ecr:DeleteRepository\",\"ecr:DeleteRepositoryPolicy\",\"ecr:DescribeImages\",\"ecr:DescribeRepositories\",\"ecr:GetDownloadUrlForLayer\",\"ecr:GetLifecyclePolicy\",\"ecr:GetLifecyclePolicyPreview\",\"ecr:GetRepositoryPolicy\",\"ecr:InitiateLayerUpload\",\"ecr:ListImages\",\"ecr:PutImage\",\"ecr:PutLifecyclePolicy\",\"ecr:SetRepositoryPolicy\",\"ecr:StartLifecyclePolicyPreview\",\"ecr:UploadLayerPart\"],\"Effect\":\"Allow\",\"Principal\":\"*\",\"Sid\":\"allowaccesstoecrss\"}],\"Version\":\"2008-10-17\"}",
            "registry_id": "766176144542",
            "repository": "scf-core-user-management"
          },
          "sensitive_attributes": [],
          "dependencies": [
            "aws_ecr_repository.ac--scf-core-user-management"
          ]
        }
      ]
    },
    {
      "mode": "managed",
      "type": "aws_ecr_repository_policy",
      "name": "ac--scf-credit-limit-1",
      "provider": "provider[\"registry.terraform.io/hashicorp/aws\"]",
      "instances": [
        {
          "schema_version": 0,
          "attributes": {
            "id": "scf-credit-limit",
            "policy": "{\"Statement\":[{\"Action\":[\"ecr:BatchCheckLayerAvailability\",\"ecr:BatchDeleteImage\",\"ecr:BatchGetImage\",\"ecr:CompleteLayerUpload\",\"ecr:DeleteLifecyclePolicy\",\"ecr:DeleteRepository\",\"ecr:DeleteRepositoryPolicy\",\"ecr:DescribeImages\",\"ecr:DescribeRepositories\",\"ecr:GetDownloadUrlForLayer\",\"ecr:GetLifecyclePolicy\",\"ecr:GetLifecyclePolicyPreview\",\"ecr:GetRepositoryPolicy\",\"ecr:InitiateLayerUpload\",\"ecr:ListImages\",\"ecr:PutImage\",\"ecr:PutLifecyclePolicy\",\"ecr:SetRepositoryPolicy\",\"ecr:StartLifecyclePolicyPreview\",\"ecr:UploadLayerPart\"],\"Effect\":\"Allow\",\"Principal\":\"*\",\"Sid\":\"allowaccesstoecrss\"}],\"Version\":\"2008-10-17\"}",
            "registry_id": "766176144542",
            "repository": "scf-credit-limit"
          },
          "sensitive_attributes": [],
          "dependencies": [
            "aws_ecr_repository.ac--scf-credit-limit"
          ]
        }
      ]
    },
    {
      "mode": "managed",
      "type": "aws_ecr_repository_policy",
      "name": "ac--scf-customer-1",
      "provider": "provider[\"registry.terraform.io/hashicorp/aws\"]",
      "instances": [
        {
          "schema_version": 0,
          "attributes": {
            "id": "scf-customer",
            "policy": "{\"Statement\":[{\"Action\":[\"ecr:BatchCheckLayerAvailability\",\"ecr:BatchDeleteImage\",\"ecr:BatchGetImage\",\"ecr:CompleteLayerUpload\",\"ecr:DeleteLifecyclePolicy\",\"ecr:DeleteRepository\",\"ecr:DeleteRepositoryPolicy\",\"ecr:DescribeImages\",\"ecr:DescribeRepositories\",\"ecr:GetDownloadUrlForLayer\",\"ecr:GetLifecyclePolicy\",\"ecr:GetLifecyclePolicyPreview\",\"ecr:GetRepositoryPolicy\",\"ecr:InitiateLayerUpload\",\"ecr:ListImages\",\"ecr:PutImage\",\"ecr:PutLifecyclePolicy\",\"ecr:SetRepositoryPolicy\",\"ecr:StartLifecyclePolicyPreview\",\"ecr:UploadLayerPart\"],\"Effect\":\"Allow\",\"Principal\":\"*\",\"Sid\":\"allowaccesstoecrss\"}],\"Version\":\"2008-10-17\"}",
            "registry_id": "766176144542",
            "repository": "scf-customer"
          },
          "sensitive_attributes": [],
          "dependencies": [
            "aws_ecr_repository.ac--scf-customer"
          ]
        }
      ]
    },
    {
      "mode": "managed",
      "type": "aws_ecr_repository_policy",
      "name": "ac--scf-enhancement-1",
      "provider": "provider[\"registry.terraform.io/hashicorp/aws\"]",
      "instances": [
        {
          "schema_version": 0,
          "attributes": {
            "id": "scf-enhancement",
            "policy": "{\"Statement\":[{\"Action\":[\"ecr:BatchCheckLayerAvailability\",\"ecr:BatchDeleteImage\",\"ecr:BatchGetImage\",\"ecr:CompleteLayerUpload\",\"ecr:DeleteLifecyclePolicy\",\"ecr:DeleteRepository\",\"ecr:DeleteRepositoryPolicy\",\"ecr:DescribeImages\",\"ecr:DescribeRepositories\",\"ecr:GetDownloadUrlForLayer\",\"ecr:GetLifecyclePolicy\",\"ecr:GetLifecyclePolicyPreview\",\"ecr:GetRepositoryPolicy\",\"ecr:InitiateLayerUpload\",\"ecr:ListImages\",\"ecr:PutImage\",\"ecr:PutLifecyclePolicy\",\"ecr:SetRepositoryPolicy\",\"ecr:StartLifecyclePolicyPreview\",\"ecr:UploadLayerPart\"],\"Effect\":\"Allow\",\"Principal\":\"*\",\"Sid\":\"allowaccesstoecrss\"}],\"Version\":\"2008-10-17\"}",
            "registry_id": "766176144542",
            "repository": "scf-enhancement"
          },
          "sensitive_attributes": [],
          "dependencies": [
            "aws_ecr_repository.ac--scf-enhancement"
          ]
        }
      ]
    },
    {
      "mode": "managed",
      "type": "aws_ecr_repository_policy",
      "name": "ac--scf-fi-1",
      "provider": "provider[\"registry.terraform.io/hashicorp/aws\"]",
      "instances": [
        {
          "schema_version": 0,
          "attributes": {
            "id": "scf-fi",
            "policy": "{\"Statement\":[{\"Action\":[\"ecr:BatchCheckLayerAvailability\",\"ecr:BatchDeleteImage\",\"ecr:BatchGetImage\",\"ecr:CompleteLayerUpload\",\"ecr:DeleteLifecyclePolicy\",\"ecr:DeleteRepository\",\"ecr:DeleteRepositoryPolicy\",\"ecr:DescribeImages\",\"ecr:DescribeRepositories\",\"ecr:GetDownloadUrlForLayer\",\"ecr:GetLifecyclePolicy\",\"ecr:GetLifecyclePolicyPreview\",\"ecr:GetRepositoryPolicy\",\"ecr:InitiateLayerUpload\",\"ecr:ListImages\",\"ecr:PutImage\",\"ecr:PutLifecyclePolicy\",\"ecr:SetRepositoryPolicy\",\"ecr:StartLifecyclePolicyPreview\",\"ecr:UploadLayerPart\"],\"Effect\":\"Allow\",\"Principal\":\"*\",\"Sid\":\"allowaccesstoecrss\"}],\"Version\":\"2008-10-17\"}",
            "registry_id": "766176144542",
            "repository": "scf-fi"
          },
          "sensitive_attributes": [],
          "dependencies": [
            "aws_ecr_repository.ac--scf-fi"
          ]
        }
      ]
    },
    {
      "mode": "managed",
      "type": "aws_ecr_repository_policy",
      "name": "ac--scf-finance-1",
      "provider": "provider[\"registry.terraform.io/hashicorp/aws\"]",
      "instances": [
        {
          "schema_version": 0,
          "attributes": {
            "id": "scf-finance",
            "policy": "{\"Statement\":[{\"Action\":[\"ecr:BatchCheckLayerAvailability\",\"ecr:BatchDeleteImage\",\"ecr:BatchGetImage\",\"ecr:CompleteLayerUpload\",\"ecr:DeleteLifecyclePolicy\",\"ecr:DeleteRepository\",\"ecr:DeleteRepositoryPolicy\",\"ecr:DescribeImages\",\"ecr:DescribeRepositories\",\"ecr:GetDownloadUrlForLayer\",\"ecr:GetLifecyclePolicy\",\"ecr:GetLifecyclePolicyPreview\",\"ecr:GetRepositoryPolicy\",\"ecr:InitiateLayerUpload\",\"ecr:ListImages\",\"ecr:PutImage\",\"ecr:PutLifecyclePolicy\",\"ecr:SetRepositoryPolicy\",\"ecr:StartLifecyclePolicyPreview\",\"ecr:UploadLayerPart\"],\"Effect\":\"Allow\",\"Principal\":\"*\",\"Sid\":\"allowaccesstoecrss\"}],\"Version\":\"2008-10-17\"}",
            "registry_id": "766176144542",
            "repository": "scf-finance"
          },
          "sensitive_attributes": [],
          "dependencies": [
            "aws_ecr_repository.ac--scf-finance"
          ]
        }
      ]
    },
    {
      "mode": "managed",
      "type": "aws_ecr_repository_policy",
      "name": "ac--scf-invoice-1",
      "provider": "provider[\"registry.terraform.io/hashicorp/aws\"]",
      "instances": [
        {
          "schema_version": 0,
          "attributes": {
            "id": "scf-invoice",
            "policy": "{\"Statement\":[{\"Action\":[\"ecr:BatchCheckLayerAvailability\",\"ecr:BatchDeleteImage\",\"ecr:BatchGetImage\",\"ecr:CompleteLayerUpload\",\"ecr:DeleteLifecyclePolicy\",\"ecr:DeleteRepository\",\"ecr:DeleteRepositoryPolicy\",\"ecr:DescribeImages\",\"ecr:DescribeRepositories\",\"ecr:GetDownloadUrlForLayer\",\"ecr:GetLifecyclePolicy\",\"ecr:GetLifecyclePolicyPreview\",\"ecr:GetRepositoryPolicy\",\"ecr:InitiateLayerUpload\",\"ecr:ListImages\",\"ecr:PutImage\",\"ecr:PutLifecyclePolicy\",\"ecr:SetRepositoryPolicy\",\"ecr:StartLifecyclePolicyPreview\",\"ecr:UploadLayerPart\"],\"Effect\":\"Allow\",\"Principal\":\"*\",\"Sid\":\"allowaccesstoecrss\"}],\"Version\":\"2008-10-17\"}",
            "registry_id": "766176144542",
            "repository": "scf-invoice"
          },
          "sensitive_attributes": [],
          "dependencies": [
            "aws_ecr_repository.ac--scf-invoice"
          ]
        }
      ]
    },
    {
      "mode": "managed",
      "type": "aws_ecr_repository_policy",
      "name": "ac--scf-notification-1",
      "provider": "provider[\"registry.terraform.io/hashicorp/aws\"]",
      "instances": [
        {
          "schema_version": 0,
          "attributes": {
            "id": "scf-notification",
            "policy": "{\"Statement\":[{\"Action\":[\"ecr:BatchCheckLayerAvailability\",\"ecr:BatchDeleteImage\",\"ecr:BatchGetImage\",\"ecr:CompleteLayerUpload\",\"ecr:DeleteLifecyclePolicy\",\"ecr:DeleteRepository\",\"ecr:DeleteRepositoryPolicy\",\"ecr:DescribeImages\",\"ecr:DescribeRepositories\",\"ecr:GetDownloadUrlForLayer\",\"ecr:GetLifecyclePolicy\",\"ecr:GetLifecyclePolicyPreview\",\"ecr:GetRepositoryPolicy\",\"ecr:InitiateLayerUpload\",\"ecr:ListImages\",\"ecr:PutImage\",\"ecr:PutLifecyclePolicy\",\"ecr:SetRepositoryPolicy\",\"ecr:StartLifecyclePolicyPreview\",\"ecr:UploadLayerPart\"],\"Effect\":\"Allow\",\"Principal\":\"*\",\"Sid\":\"allowaccesstoecrss\"}],\"Version\":\"2008-10-17\"}",
            "registry_id": "766176144542",
            "repository": "scf-notification"
          },
          "sensitive_attributes": [],
          "dependencies": [
            "aws_ecr_repository.ac--scf-notification"
          ]
        }
      ]
    },
    {
      "mode": "managed",
      "type": "aws_ecr_repository_policy",
      "name": "ac--scf-onboarding-1",
      "provider": "provider[\"registry.terraform.io/hashicorp/aws\"]",
      "instances": [
        {
          "schema_version": 0,
          "attributes": {
            "id": "scf-onboarding",
            "policy": "{\"Statement\":[{\"Action\":[\"ecr:BatchCheckLayerAvailability\",\"ecr:BatchDeleteImage\",\"ecr:BatchGetImage\",\"ecr:CompleteLayerUpload\",\"ecr:DeleteLifecyclePolicy\",\"ecr:DeleteRepository\",\"ecr:DeleteRepositoryPolicy\",\"ecr:DescribeImages\",\"ecr:DescribeRepositories\",\"ecr:GetDownloadUrlForLayer\",\"ecr:GetLifecyclePolicy\",\"ecr:GetLifecyclePolicyPreview\",\"ecr:GetRepositoryPolicy\",\"ecr:InitiateLayerUpload\",\"ecr:ListImages\",\"ecr:PutImage\",\"ecr:PutLifecyclePolicy\",\"ecr:SetRepositoryPolicy\",\"ecr:StartLifecyclePolicyPreview\",\"ecr:UploadLayerPart\"],\"Effect\":\"Allow\",\"Principal\":\"*\",\"Sid\":\"allowaccesstoecrss\"}],\"Version\":\"2008-10-17\"}",
            "registry_id": "766176144542",
            "repository": "scf-onboarding"
          },
          "sensitive_attributes": [],
          "dependencies": [
            "aws_ecr_repository.ac--scf-onboarding"
          ]
        }
      ]
    },
    {
      "mode": "managed",
      "type": "aws_ecr_repository_policy",
      "name": "ac--scf-payment-1",
      "provider": "provider[\"registry.terraform.io/hashicorp/aws\"]",
      "instances": [
        {
          "schema_version": 0,
          "attributes": {
            "id": "scf-payment",
            "policy": "{\"Statement\":[{\"Action\":[\"ecr:BatchCheckLayerAvailability\",\"ecr:BatchDeleteImage\",\"ecr:BatchGetImage\",\"ecr:CompleteLayerUpload\",\"ecr:DeleteLifecyclePolicy\",\"ecr:DeleteRepository\",\"ecr:DeleteRepositoryPolicy\",\"ecr:DescribeImages\",\"ecr:DescribeRepositories\",\"ecr:GetDownloadUrlForLayer\",\"ecr:GetLifecyclePolicy\",\"ecr:GetLifecyclePolicyPreview\",\"ecr:GetRepositoryPolicy\",\"ecr:InitiateLayerUpload\",\"ecr:ListImages\",\"ecr:PutImage\",\"ecr:PutLifecyclePolicy\",\"ecr:SetRepositoryPolicy\",\"ecr:StartLifecyclePolicyPreview\",\"ecr:UploadLayerPart\"],\"Effect\":\"Allow\",\"Principal\":\"*\",\"Sid\":\"allowaccesstoecrss\"}],\"Version\":\"2008-10-17\"}",
            "registry_id": "766176144542",
            "repository": "scf-payment"
          },
          "sensitive_attributes": [],
          "dependencies": [
            "aws_ecr_repository.ac--scf-payment"
          ]
        }
      ]
    },
    {
      "mode": "managed",
      "type": "aws_ecr_repository_policy",
      "name": "ac--scf-profile-1",
      "provider": "provider[\"registry.terraform.io/hashicorp/aws\"]",
      "instances": [
        {
          "schema_version": 0,
          "attributes": {
            "id": "scf-profile",
            "policy": "{\"Statement\":[{\"Action\":[\"ecr:BatchCheckLayerAvailability\",\"ecr:BatchDeleteImage\",\"ecr:BatchGetImage\",\"ecr:CompleteLayerUpload\",\"ecr:DeleteLifecyclePolicy\",\"ecr:DeleteRepository\",\"ecr:DeleteRepositoryPolicy\",\"ecr:DescribeImages\",\"ecr:DescribeRepositories\",\"ecr:GetDownloadUrlForLayer\",\"ecr:GetLifecyclePolicy\",\"ecr:GetLifecyclePolicyPreview\",\"ecr:GetRepositoryPolicy\",\"ecr:InitiateLayerUpload\",\"ecr:ListImages\",\"ecr:PutImage\",\"ecr:PutLifecyclePolicy\",\"ecr:SetRepositoryPolicy\",\"ecr:StartLifecyclePolicyPreview\",\"ecr:UploadLayerPart\"],\"Effect\":\"Allow\",\"Principal\":\"*\",\"Sid\":\"allowaccesstoecrss\"}],\"Version\":\"2008-10-17\"}",
            "registry_id": "766176144542",
            "repository": "scf-profile"
          },
          "sensitive_attributes": [],
          "dependencies": [
            "aws_ecr_repository.ac--scf-profile"
          ]
        }
      ]
    },
    {
      "mode": "managed",
      "type": "aws_ecr_repository_policy",
      "name": "ac--scf-reports-1",
      "provider": "provider[\"registry.terraform.io/hashicorp/aws\"]",
      "instances": [
        {
          "schema_version": 0,
          "attributes": {
            "id": "scf-reports",
            "policy": "{\"Statement\":[{\"Action\":[\"ecr:BatchCheckLayerAvailability\",\"ecr:BatchDeleteImage\",\"ecr:BatchGetImage\",\"ecr:CompleteLayerUpload\",\"ecr:DeleteLifecyclePolicy\",\"ecr:DeleteRepository\",\"ecr:DeleteRepositoryPolicy\",\"ecr:DescribeImages\",\"ecr:DescribeRepositories\",\"ecr:GetDownloadUrlForLayer\",\"ecr:GetLifecyclePolicy\",\"ecr:GetLifecyclePolicyPreview\",\"ecr:GetRepositoryPolicy\",\"ecr:InitiateLayerUpload\",\"ecr:ListImages\",\"ecr:PutImage\",\"ecr:PutLifecyclePolicy\",\"ecr:SetRepositoryPolicy\",\"ecr:StartLifecyclePolicyPreview\",\"ecr:UploadLayerPart\"],\"Effect\":\"Allow\",\"Principal\":\"*\",\"Sid\":\"allowaccesstoecrss\"}],\"Version\":\"2008-10-17\"}",
            "registry_id": "766176144542",
            "repository": "scf-reports"
          },
          "sensitive_attributes": [],
          "dependencies": [
            "aws_ecr_repository.ac--scf-reports"
          ]
        }
      ]
    },
    {
      "mode": "managed",
      "type": "aws_ecr_repository_policy",
      "name": "ac--scf-solv-customer-1",
      "provider": "provider[\"registry.terraform.io/hashicorp/aws\"]",
      "instances": [
        {
          "schema_version": 0,
          "attributes": {
            "id": "scf-solv-customer",
            "policy": "{\"Statement\":[{\"Action\":[\"ecr:BatchCheckLayerAvailability\",\"ecr:BatchDeleteImage\",\"ecr:BatchGetImage\",\"ecr:CompleteLayerUpload\",\"ecr:DeleteLifecyclePolicy\",\"ecr:DeleteRepository\",\"ecr:DeleteRepositoryPolicy\",\"ecr:DescribeImages\",\"ecr:DescribeRepositories\",\"ecr:GetDownloadUrlForLayer\",\"ecr:GetLifecyclePolicy\",\"ecr:GetLifecyclePolicyPreview\",\"ecr:GetRepositoryPolicy\",\"ecr:InitiateLayerUpload\",\"ecr:ListImages\",\"ecr:PutImage\",\"ecr:PutLifecyclePolicy\",\"ecr:SetRepositoryPolicy\",\"ecr:StartLifecyclePolicyPreview\",\"ecr:UploadLayerPart\"],\"Effect\":\"Allow\",\"Principal\":\"*\",\"Sid\":\"allowaccesstoecrss\"}],\"Version\":\"2008-10-17\"}",
            "registry_id": "766176144542",
            "repository": "scf-solv-customer"
          },
          "sensitive_attributes": [],
          "dependencies": [
            "aws_ecr_repository.ac--scf-solv-customer"
          ]
        }
      ]
    },
    {
      "mode": "managed",
      "type": "aws_ecr_repository_policy",
      "name": "ac--scf-template-1",
      "provider": "provider[\"registry.terraform.io/hashicorp/aws\"]",
      "instances": [
        {
          "schema_version": 0,
          "attributes": {
            "id": "scf-template",
            "policy": "{\"Statement\":[{\"Action\":[\"ecr:BatchCheckLayerAvailability\",\"ecr:BatchDeleteImage\",\"ecr:BatchGetImage\",\"ecr:CompleteLayerUpload\",\"ecr:DeleteLifecyclePolicy\",\"ecr:DeleteRepository\",\"ecr:DeleteRepositoryPolicy\",\"ecr:DescribeImages\",\"ecr:DescribeRepositories\",\"ecr:GetDownloadUrlForLayer\",\"ecr:GetLifecyclePolicy\",\"ecr:GetLifecyclePolicyPreview\",\"ecr:GetRepositoryPolicy\",\"ecr:InitiateLayerUpload\",\"ecr:ListImages\",\"ecr:PutImage\",\"ecr:PutLifecyclePolicy\",\"ecr:SetRepositoryPolicy\",\"ecr:StartLifecyclePolicyPreview\",\"ecr:UploadLayerPart\"],\"Effect\":\"Allow\",\"Principal\":\"*\",\"Sid\":\"allowaccesstoecrss\"}],\"Version\":\"2008-10-17\"}",
            "registry_id": "766176144542",
            "repository": "scf-template"
          },
          "sensitive_attributes": [],
          "dependencies": [
            "aws_ecr_repository.ac--scf-template"
          ]
        }
      ]
    },
    {
      "mode": "managed",
      "type": "aws_ecr_repository_policy",
      "name": "ac--sftp-connector-1",
      "provider": "provider[\"registry.terraform.io/hashicorp/aws\"]",
      "instances": [
        {
          "schema_version": 0,
          "attributes": {
            "id": "sftp-connector",
            "policy": "{\"Statement\":[{\"Action\":[\"ecr:BatchCheckLayerAvailability\",\"ecr:BatchDeleteImage\",\"ecr:BatchGetImage\",\"ecr:CompleteLayerUpload\",\"ecr:DeleteLifecyclePolicy\",\"ecr:DeleteRepository\",\"ecr:DeleteRepositoryPolicy\",\"ecr:DescribeImages\",\"ecr:DescribeRepositories\",\"ecr:GetDownloadUrlForLayer\",\"ecr:GetLifecyclePolicy\",\"ecr:GetLifecyclePolicyPreview\",\"ecr:GetRepositoryPolicy\",\"ecr:InitiateLayerUpload\",\"ecr:ListImages\",\"ecr:PutImage\",\"ecr:PutLifecyclePolicy\",\"ecr:SetRepositoryPolicy\",\"ecr:StartLifecyclePolicyPreview\",\"ecr:UploadLayerPart\"],\"Effect\":\"Allow\",\"Principal\":\"*\",\"Sid\":\"allowaccesstoecrss\"}],\"Version\":\"2008-10-17\"}",
            "registry_id": "766176144542",
            "repository": "sftp-connector"
          },
          "sensitive_attributes": [],
          "dependencies": [
            "aws_ecr_repository.ac--sftp-connector"
          ]
        }
      ]
    },
    {
      "mode": "managed",
      "type": "aws_ecr_repository_policy",
      "name": "ac--sftp-fi-1",
      "provider": "provider[\"registry.terraform.io/hashicorp/aws\"]",
      "instances": [
        {
          "schema_version": 0,
          "attributes": {
            "id": "sftp-fi",
            "policy": "{\"Statement\":[{\"Action\":[\"ecr:BatchCheckLayerAvailability\",\"ecr:BatchDeleteImage\",\"ecr:BatchGetImage\",\"ecr:CompleteLayerUpload\",\"ecr:DeleteLifecyclePolicy\",\"ecr:DeleteRepository\",\"ecr:DeleteRepositoryPolicy\",\"ecr:DescribeImages\",\"ecr:DescribeRepositories\",\"ecr:GetDownloadUrlForLayer\",\"ecr:GetLifecyclePolicy\",\"ecr:GetLifecyclePolicyPreview\",\"ecr:GetRepositoryPolicy\",\"ecr:InitiateLayerUpload\",\"ecr:ListImages\",\"ecr:PutImage\",\"ecr:PutLifecyclePolicy\",\"ecr:SetRepositoryPolicy\",\"ecr:StartLifecyclePolicyPreview\",\"ecr:UploadLayerPart\"],\"Effect\":\"Allow\",\"Principal\":\"*\",\"Sid\":\"allowaccesstoecrss\"}],\"Version\":\"2008-10-17\"}",
            "registry_id": "766176144542",
            "repository": "sftp-fi"
          },
          "sensitive_attributes": [],
          "dependencies": [
            "aws_ecr_repository.ac--sftp-fi"
          ]
        }
      ]
    },
    {
      "mode": "managed",
      "type": "aws_ecr_repository_policy",
      "name": "ac--solv-score-dealer-profile-1",
      "provider": "provider[\"registry.terraform.io/hashicorp/aws\"]",
      "instances": [
        {
          "schema_version": 0,
          "attributes": {
            "id": "solv-score-dealer-profile",
            "policy": "{\"Statement\":[{\"Action\":[\"ecr:BatchCheckLayerAvailability\",\"ecr:BatchDeleteImage\",\"ecr:BatchGetImage\",\"ecr:CompleteLayerUpload\",\"ecr:DeleteLifecyclePolicy\",\"ecr:DeleteRepository\",\"ecr:DeleteRepositoryPolicy\",\"ecr:DescribeImages\",\"ecr:DescribeRepositories\",\"ecr:GetDownloadUrlForLayer\",\"ecr:GetLifecyclePolicy\",\"ecr:GetLifecyclePolicyPreview\",\"ecr:GetRepositoryPolicy\",\"ecr:InitiateLayerUpload\",\"ecr:ListImages\",\"ecr:PutImage\",\"ecr:PutLifecyclePolicy\",\"ecr:SetRepositoryPolicy\",\"ecr:StartLifecyclePolicyPreview\",\"ecr:UploadLayerPart\"],\"Effect\":\"Allow\",\"Principal\":\"*\",\"Sid\":\"allowaccesstoecrss\"}],\"Version\":\"2008-10-17\"}",
            "registry_id": "766176144542",
            "repository": "solv-score-dealer-profile"
          },
          "sensitive_attributes": [],
          "dependencies": [
            "aws_ecr_repository.ac--solv-score-dealer-profile"
          ]
        }
      ]
    },
    {
      "mode": "managed",
      "type": "aws_eks_cluster",
      "name": "ac--eks-cluster",
      "provider": "provider[\"registry.terraform.io/hashicorp/aws\"]",
      "instances": [
        {
          "schema_version": 0,
          "attributes": {
            "arn": "arn:aws:eks:eu-west-2:766176144542:cluster/eks-cluster",
            "certificate_authority": [
              {
                "data": "LS0tLS1CRUdJTiBDRVJUSUZJQ0FURS0tLS0tCk1JSUMvakNDQWVhZ0F3SUJBZ0lCQURBTkJna3Foa2lHOXcwQkFRc0ZBREFWTVJNd0VRWURWUVFERXdwcmRXSmwKY201bGRHVnpNQjRYRFRJek1EY3lOREEzTXpnd09Wb1hEVE16TURjeU1UQTNNemd3T1Zvd0ZURVRNQkVHQTFVRQpBeE1LYTNWaVpYSnVaWFJsY3pDQ0FTSXdEUVlKS29aSWh2Y05BUUVCQlFBRGdnRVBBRENDQVFvQ2dnRUJBS3JDCjdOeUsxcEtXTzM5ZnhsNDZCTVZlM24wMzN1RzFiTUJTWlU4ZkZVZDc3WFdPdms2bGRHVlNZdEs4L2FUV2I3Q2EKbi8zTEVJViszaUZydG9kNXRKakN1clJCeXpBZ2dleXJSVTZ5aklnckRGT2ZSZkgrT09BZm9SNk14TS82TWJNago5bXNIVlpPYjhjUlZnQloyUlhReGRLSkJBYVJqRnA2c2dUeDUrQTZrblI0K3YwU0R6eFpVRGpoOGVFQmRTdnFhClpuQ1VpVzUrT1dsb3hleWRncklUa0E4ajJjelE3VG9kWVEwanFNWFpkcmlEUWpDbXJvVEdXbjU0em5HK0VUVncKWUV5amp0WmNJckE5WlZVTVpSZGpkV3JzaHV0ZllpQUxZemo1Z1RYbmRlSVB1aU93NUJZeGZNVE5KWUFjR3FkeAo1eW5oRXF5MjV0SCtWcjZzYmUwQ0F3RUFBYU5aTUZjd0RnWURWUjBQQVFIL0JBUURBZ0trTUE4R0ExVWRFd0VCCi93UUZNQU1CQWY4d0hRWURWUjBPQkJZRUZCMEdsZmM1eXQxbFE4RU41VjYzUXMrTWs3ZWtNQlVHQTFVZEVRUU8KTUF5Q0NtdDFZbVZ5Ym1WMFpYTXdEUVlKS29aSWh2Y05BUUVMQlFBRGdnRUJBQ21WcmxMaElHNHE3TzdpU3A0ZQpHTVNkRVJ4RmtLOTVBcnBOeWRneTAzWFlOUUFjOXo0R04rRDBZQkoyRXY5WnZCN0NiTVlBN0J0Qms5SEw5eWgvCkgveE8wTXlNU2xLY2FRWHQ4UHM4OVJCVzJhd1lwdnR0V1l5N0FYbmlSeGFEK2lXbkVJWFdGOWdMZE9aZHBFcjgKNkVldjRJQkNacWNxdEQzY1JGODdIdVNlV0o4blR5bFdsT0xHekV1VTl6VUZ4MXEvUzVMb0lybmZPZGJ3aWdORQpNY0FCWWU1M2VsTFBiZVdhRlRpQ2JkVVJoSTkveEdNRWNESU9zTWp6djFGbjdxYTV6ZVdBekI4dUhHYTVtZHB6CkVDbHdFNnR3UWhlNThHMlBUMy9GS0lkYUJGNG1KQXJTd2VtWml4a2Y0Wmxia3Bma2FmQklJdCtUUmxiYld2QTMKN0VNPQotLS0tLUVORCBDRVJUSUZJQ0FURS0tLS0tCg=="
              }
            ],
            "cluster_id": null,
            "created_at": "2023-07-24 07:33:11.67 +0000 UTC",
            "enabled_cluster_log_types": [],
            "encryption_config": [],
            "endpoint": "https://F1A39DDDA35B93EF8E2F340DF0FF4ED1.gr7.eu-west-2.eks.amazonaws.com",
            "id": "eks-cluster",
            "identity": [
              {
                "oidc": [
                  {
                    "issuer": "https://oidc.eks.eu-west-2.amazonaws.com/id/F1A39DDDA35B93EF8E2F340DF0FF4ED1"
                  }
                ]
              }
            ],
            "kubernetes_network_config": [
              {
                "ip_family": "ipv4",
                "service_ipv4_cidr": "172.20.0.0/16",
                "service_ipv6_cidr": ""
              }
            ],
            "name": "eks-cluster",
            "outpost_config": [],
            "platform_version": "eks.3",
            "role_arn": "arn:aws:iam::766176144542:role/scf-ke-prod-network-stack-vpc-EKSclusterRole-Z4KJKQRYRONT",
            "status": "ACTIVE",
            "tags": {},
            "tags_all": {},
            "timeouts": null,
            "version": "1.28",
            "vpc_config": [
              {
                "cluster_security_group_id": "sg-0dcadb90255b530c2",
                "endpoint_private_access": true,
                "endpoint_public_access": false,
                "public_access_cidrs": [],
                "security_group_ids": [],
                "subnet_ids": [
                  "subnet-002ad57466d0cfd46",
                  "subnet-09aa7e3eabd5bae59"
                ],
                "vpc_id": "vpc-0a776fe934cdc9011"
              }
            ]
          },
          "sensitive_attributes": []
        }
      ]
    }
  ]
}