{
  "version": 4,
  "terraform_version": "1.39.0",
  "serial": 1,
  "lineage": "",
  "outputs": {},
  "resources": [
    {
      "mode": "managed",
      "type": "aws_network_interface",
      "name": "ac--eni-0027101acd69604b1",
      "provider": "provider[\"registry.terraform.io/hashicorp/aws\"]",
      "instances": [
        {
          "schema_version": 0,
          "attributes": {
            "arn": "arn:aws:ec2:eu-west-2:766176144542:network-interface/eni-0027101acd69604b1",
            "attachment": [
              {
                "attachment_id": "ela-attach-01590618fb43396a4",
                "device_index": 1,
                "instance": ""
              }
            ],
            "description": "Network Interface for Transit Gateway Attachment tgw-attach-08697ea35792e3e3b",
            "id": "eni-0027101acd69604b1",
            "interface_type": "transit_gateway",
            "ipv4_prefix_count": 0,
            "ipv4_prefixes": [],
            "ipv6_address_count": 0,
            "ipv6_address_list": [],
            "ipv6_address_list_enabled": null,
            "ipv6_addresses": [],
            "ipv6_prefix_count": 0,
            "ipv6_prefixes": [],
            "mac_address": "06:b9:13:23:b0:52",
            "outpost_arn": "",
            "owner_id": "766176144542",
            "private_dns_name": "ip-10-50-0-132.eu-west-2.compute.internal",
            "private_ip": "10.50.0.132",
            "private_ip_list": [
              "10.50.0.132"
            ],
            "private_ip_list_enabled": null,
            "private_ips": [
              "10.50.0.132"
            ],
            "private_ips_count": 0,
            "security_groups": [],
            "source_dest_check": false,
            "subnet_id": "subnet-0a7061207da3fd3a1",
            "tags": {},
            "tags_all": {}
          },
          "sensitive_attributes": []
        }
      ]
    },
    {
      "mode": "managed",
      "type": "aws_network_interface",
      "name": "ac--eni-00de71ea69892dfeb",
      "provider": "provider[\"registry.terraform.io/hashicorp/aws\"]",
      "instances": [
        {
          "schema_version": 0,
          "attributes": {
            "arn": "arn:aws:ec2:eu-west-2:766176144542:network-interface/eni-00de71ea69892dfeb",
            "attachment": [
              {
                "attachment_id": "eni-attach-0aded2a0b670ed8b0",
                "device_index": 1,
                "instance": ""
              }
            ],
            "description": "DO NOT DELETE - Amazon MSK network interface for cluster arn:aws:kafka:eu-west-2:766176144542:cluster/kafka-cluster/6411a16c-75d7-48b0-afdb-8ed466fe2072-2.",
            "id": "eni-00de71ea69892dfeb",
            "interface_type": "interface",
            "ipv4_prefix_count": 0,
            "ipv4_prefixes": [],
            "ipv6_address_count": 0,
            "ipv6_address_list": [],
            "ipv6_address_list_enabled": null,
            "ipv6_addresses": [],
            "ipv6_prefix_count": 0,
            "ipv6_prefixes": [],
            "mac_address": "0a:98:84:e4:2c:28",
            "outpost_arn": "",
            "owner_id": "766176144542",
            "private_dns_name": "ip-10-40-177-134.eu-west-2.compute.internal",
            "private_ip": "10.40.177.134",
            "private_ip_list": [
              "10.40.177.134"
            ],
            "private_ip_list_enabled": null,
            "private_ips": [
              "10.40.177.134"
            ],
            "private_ips_count": 0,
            "security_groups": [
              "sg-0833d70477fbb7784"
            ],
            "source_dest_check": true,
            "subnet_id": "subnet-0f597fdaea877e775",
            "tags": {},
            "tags_all": {}
          },
          "sensitive_attributes": []
        }
      ]
    },
    {
      "mode": "managed",
      "type": "aws_network_interface",
      "name": "ac--eni-01682e59add626c0a",
      "provider": "provider[\"registry.terraform.io/hashicorp/aws\"]",
      "instances": [
        {
          "schema_version": 0,
          "attributes": {
            "arn": "arn:aws:ec2:eu-west-2:766176144542:network-interface/eni-01682e59add626c0a",
            "attachment": [
              {
                "attachment_id": "eni-attach-0b787ea6440dae91a",
                "device_index": 0,
                "instance": "i-0c49d385e8131bdf3"
              }
            ],
            "description": "",
            "id": "eni-01682e59add626c0a",
            "interface_type": "interface",
            "ipv4_prefix_count": 0,
            "ipv4_prefixes": [],
            "ipv6_address_count": 0,
            "ipv6_address_list": [],
            "ipv6_address_list_enabled": null,
            "ipv6_addresses": [],
            "ipv6_prefix_count": 0,
            "ipv6_prefixes": [],
            "mac_address": "06:f4:95:9c:5d:f2",
            "outpost_arn": "",
            "owner_id": "766176144542",
            "private_dns_name": "ip-10-40-130-84.eu-west-2.compute.internal",
            "private_ip": "10.40.130.84",
            "private_ip_list": [
              "10.40.130.84"
            ],
            "private_ip_list_enabled": null,
            "private_ips": [
              "10.40.130.84"
            ],
            "private_ips_count": 0,
            "security_groups": [
              "sg-01b1d43d825df35b2",
              "sg-0f018fbcd4e3fd7cd"
            ],
            "source_dest_check": true,
            "subnet_id": "subnet-002ad57466d0cfd46",
            "tags": {},
            "tags_all": {}
          },
          "sensitive_attributes": []
        }
      ]
    },
    {
      "mode": "managed",
      "type": "aws_network_interface",
      "name": "ac--eni-01d2ca1eda2e22509",
      "provider": "provider[\"registry.terraform.io/hashicorp/aws\"]",
      "instances": [
        {
          "schema_version": 0,
          "attributes": {
            "arn": "arn:aws:ec2:eu-west-2:766176144542:network-interface/eni-01d2ca1eda2e22509",
            "attachment": [
              {
                "attachment_id": "eni-attach-01e092799614ca65b",
                "device_index": 0,
                "instance": "i-06ff6e10c20a9cca6"
              }
            ],
            "description": "",
            "id": "eni-01d2ca1eda2e22509",
            "interface_type": "interface",
            "ipv4_prefix_count": 0,
            "ipv4_prefixes": [],
            "ipv6_address_count": 0,
            "ipv6_address_list": [],
            "ipv6_address_list_enabled": null,
            "ipv6_addresses": [],
            "ipv6_prefix_count": 0,
            "ipv6_prefixes": [],
            "mac_address": "06:a7:9c:c3:22:20",
            "outpost_arn": "",
            "owner_id": "766176144542",
            "private_dns_name": "ip-10-40-136-144.eu-west-2.compute.internal",
            "private_ip": "10.40.136.144",
            "private_ip_list": [
              "10.40.136.144",
              "10.40.135.201",
              "10.40.130.139",
              "10.40.132.172",
              "10.40.134.125",
              "10.40.140.177",
              "10.40.135.180",
              "10.40.128.100",
              "10.40.137.85",
              "10.40.128.165",
              "10.40.136.166",
              "10.40.132.182"
            ],
            "private_ip_list_enabled": null,
            "private_ips": [
              "10.40.128.100",
              "10.40.128.165",
              "10.40.130.139",
              "10.40.132.172",
              "10.40.132.182",
              "10.40.134.125",
              "10.40.135.180",
              "10.40.135.201",
              "10.40.136.144",
              "10.40.136.166",
              "10.40.137.85",
              "10.40.140.177"
            ],
            "private_ips_count": 11,
            "security_groups": [
              "sg-0dcadb90255b530c2"
            ],
            "source_dest_check": true,
            "subnet_id": "subnet-002ad57466d0cfd46",
            "tags": {
              "cluster.k8s.amazonaws.com/name": "eks-cluster",
              "node.k8s.amazonaws.com/instance_id": "i-06ff6e10c20a9cca6"
            },
            "tags_all": {
              "cluster.k8s.amazonaws.com/name": "eks-cluster",
              "node.k8s.amazonaws.com/instance_id": "i-06ff6e10c20a9cca6"
            }
          },
          "sensitive_attributes": []
        }
      ]
    },
    {
      "mode": "managed",
      "type": "aws_network_interface",
      "name": "ac--eni-01d8a33b348ff17b7",
      "provider": "provider[\"registry.terraform.io/hashicorp/aws\"]",
      "instances": [
        {
          "schema_version": 0,
          "attributes": {
            "arn": "arn:aws:ec2:eu-west-2:766176144542:network-interface/eni-01d8a33b348ff17b7",
            "attachment": [
              {
                "attachment_id": "eni-attach-0ae224bc41b95fd5d",
                "device_index": 1,
                "instance": "i-0e5f6eaf5507b2388"
              }
            ],
            "description": "aws-K8S-i-0e5f6eaf5507b2388",
            "id": "eni-01d8a33b348ff17b7",
            "interface_type": "interface",
            "ipv4_prefix_count": 0,
            "ipv4_prefixes": [],
            "ipv6_address_count": 0,
            "ipv6_address_list": [],
            "ipv6_address_list_enabled": null,
            "ipv6_addresses": [],
            "ipv6_prefix_count": 0,
            "ipv6_prefixes": [],
            "mac_address": "0a:ef:06:fb:14:d0",
            "outpost_arn": "",
            "owner_id": "766176144542",
            "private_dns_name": "ip-10-40-158-134.eu-west-2.compute.internal",
            "private_ip": "10.40.158.134",
            "private_ip_list": [
              "10.40.158.134",
              "10.40.149.56",
              "10.40.149.169",
              "10.40.145.169",
              "10.40.144.42",
              "10.40.145.171",
              "10.40.149.235",
              "10.40.157.220",
              "10.40.156.239",
              "10.40.154.179",
              "10.40.154.197",
              "10.40.155.22"
            ],
            "private_ip_list_enabled": null,
            "private_ips": [
              "10.40.144.42",
              "10.40.145.169",
              "10.40.145.171",
              "10.40.149.169",
              "10.40.149.235",
              "10.40.149.56",
              "10.40.154.179",
              "10.40.154.197",
              "10.40.155.22",
              "10.40.156.239",
              "10.40.157.220",
              "10.40.158.134"
            ],
            "private_ips_count": 11,
            "security_groups": [
              "sg-0dcadb90255b530c2"
            ],
            "source_dest_check": true,
            "subnet_id": "subnet-09aa7e3eabd5bae59",
            "tags": {
              "cluster.k8s.amazonaws.com/name": "eks-cluster",
              "node.k8s.amazonaws.com/createdAt": "2023-11-09T19:26:28Z",
              "node.k8s.amazonaws.com/instance_id": "i-0e5f6eaf5507b2388"
            },
            "tags_all": {
              "cluster.k8s.amazonaws.com/name": "eks-cluster",
              "node.k8s.amazonaws.com/createdAt": "2023-11-09T19:26:28Z",
              "node.k8s.amazonaws.com/instance_id": "i-0e5f6eaf5507b2388"
            }
          },
          "sensitive_attributes": []
        }
      ]
    },
    {
      "mode": "managed",
      "type": "aws_network_interface",
      "name": "ac--eni-020211a0f10c1769a",
      "provider": "provider[\"registry.terraform.io/hashicorp/aws\"]",
      "instances": [
        {
          "schema_version": 0,
          "attributes": {
            "arn": "arn:aws:ec2:eu-west-2:766176144542:network-interface/eni-020211a0f10c1769a",
            "attachment": [
              {
                "attachment_id": "eni-attach-0d2136583ca226bc7",
                "device_index": 0,
                "instance": "i-008d7e6614222b602"
              }
            ],
            "description": "",
            "id": "eni-020211a0f10c1769a",
            "interface_type": "interface",
            "ipv4_prefix_count": 0,
            "ipv4_prefixes": [],
            "ipv6_address_count": 0,
            "ipv6_address_list": [],
            "ipv6_address_list_enabled": null,
            "ipv6_addresses": [],
            "ipv6_prefix_count": 0,
            "ipv6_prefixes": [],
            "mac_address": "0a:0f:a2:10:e4:7e",
            "outpost_arn": "",
            "owner_id": "766176144542",
            "private_dns_name": "ip-10-40-153-75.eu-west-2.compute.internal",
            "private_ip": "10.40.153.75",
            "private_ip_list": [
              "10.40.153.75",
              "10.40.157.120",
              "10.40.156.249",
              "10.40.144.221",
              "10.40.149.0",
              "10.40.154.177",
              "10.40.150.18",
              "10.40.153.242",
              "10.40.147.19",
              "10.40.144.149",
              "10.40.146.245",
              "10.40.159.23"
            ],
            "private_ip_list_enabled": null,
            "private_ips": [
              "10.40.144.149",
              "10.40.144.221",
              "10.40.146.245",
              "10.40.147.19",
              "10.40.149.0",
              "10.40.150.18",
              "10.40.153.242",
              "10.40.153.75",
              "10.40.154.177",
              "10.40.156.249",
              "10.40.157.120",
              "10.40.159.23"
            ],
            "private_ips_count": 11,
            "security_groups": [
              "sg-0dcadb90255b530c2"
            ],
            "source_dest_check": true,
            "subnet_id": "subnet-09aa7e3eabd5bae59",
            "tags": {
              "cluster.k8s.amazonaws.com/name": "eks-cluster",
              "node.k8s.amazonaws.com/instance_id": "i-008d7e6614222b602"
            },
            "tags_all": {
              "cluster.k8s.amazonaws.com/name": "eks-cluster",
              "node.k8s.amazonaws.com/instance_id": "i-008d7e6614222b602"
            }
          },
          "sensitive_attributes": []
        }
      ]
    },
    {
      "mode": "managed",
      "type": "aws_network_interface",
      "name": "ac--eni-027868e05aa934710",
      "provider": "provider[\"registry.terraform.io/hashicorp/aws\"]",
      "instances": [
        {
          "schema_version": 0,
          "attributes": {
            "arn": "arn:aws:ec2:eu-west-2:766176144542:network-interface/eni-027868e05aa934710",
            "attachment": [
              {
                "attachment_id": "eni-attach-05a967f43a50e1f7c",
                "device_index": 1,
                "instance": ""
              }
            ],
            "description": "Amazon EKS eks-cluster",
            "id": "eni-027868e05aa934710",
            "interface_type": "interface",
            "ipv4_prefix_count": 0,
            "ipv4_prefixes": [],
            "ipv6_address_count": 0,
            "ipv6_address_list": [],
            "ipv6_address_list_enabled": null,
            "ipv6_addresses": [],
            "ipv6_prefix_count": 0,
            "ipv6_prefixes": [],
            "mac_address": "06:be:84:e6:1a:a8",
            "outpost_arn": "",
            "owner_id": "766176144542",
            "private_dns_name": "ip-10-40-137-111.eu-west-2.compute.internal",
            "private_ip": "10.40.137.111",
            "private_ip_list": [
              "10.40.137.111"
            ],
            "private_ip_list_enabled": null,
            "private_ips": [
              "10.40.137.111"
            ],
            "private_ips_count": 0,
            "security_groups": [
              "sg-0dcadb90255b530c2"
            ],
            "source_dest_check": true,
            "subnet_id": "subnet-002ad57466d0cfd46",
            "tags": {},
            "tags_all": {}
          },
          "sensitive_attributes": []
        }
      ]
    },
    {
      "mode": "managed",
      "type": "aws_network_interface",
      "name": "ac--eni-02a9fbe17a5cc8436",
      "provider": "provider[\"registry.terraform.io/hashicorp/aws\"]",
      "instances": [
        {
          "schema_version": 0,
          "attributes": {
            "arn": "arn:aws:ec2:eu-west-2:766176144542:network-interface/eni-02a9fbe17a5cc8436",
            "attachment": [
              {
                "attachment_id": "eni-attach-0ecc65504c1aee6cd",
                "device_index": 0,
                "instance": "i-01c7ef7ba646e6a54"
              }
            ],
            "description": "",
            "id": "eni-02a9fbe17a5cc8436",
            "interface_type": "interface",
            "ipv4_prefix_count": 0,
            "ipv4_prefixes": [],
            "ipv6_address_count": 0,
            "ipv6_address_list": [],
            "ipv6_address_list_enabled": null,
            "ipv6_addresses": [],
            "ipv6_prefix_count": 0,
            "ipv6_prefixes": [],
            "mac_address": "0a:9f:c1:b9:50:c2",
            "outpost_arn": "",
            "owner_id": "766176144542",
            "private_dns_name": "ip-10-40-155-14.eu-west-2.compute.internal",
            "private_ip": "10.40.155.14",
            "private_ip_list": [
              "10.40.155.14"
            ],
            "private_ip_list_enabled": null,
            "private_ips": [
              "10.40.155.14"
            ],
            "private_ips_count": 0,
            "security_groups": [
              "sg-01b1d43d825df35b2",
              "sg-0bcbcba14d5ab6bd5"
            ],
            "source_dest_check": true,
            "subnet_id": "subnet-09aa7e3eabd5bae59",
            "tags": {},
            "tags_all": {}
          },
          "sensitive_attributes": []
        }
      ]
    },
    {
      "mode": "managed",
      "type": "aws_network_interface",
      "name": "ac--eni-02b694cbdbff83df1",
      "provider": "provider[\"registry.terraform.io/hashicorp/aws\"]",
      "instances": [
        {
          "schema_version": 0,
          "attributes": {
            "arn": "arn:aws:ec2:eu-west-2:766176144542:network-interface/eni-02b694cbdbff83df1",
            "attachment": [
              {
                "attachment_id": "eni-attach-00c2200207cc0769f",
                "device_index": 0,
                "instance": "i-00f2670c88b40328e"
              }
            ],
            "description": "",
            "id": "eni-02b694cbdbff83df1",
            "interface_type": "interface",
            "ipv4_prefix_count": 0,
            "ipv4_prefixes": [],
            "ipv6_address_count": 0,
            "ipv6_address_list": [],
            "ipv6_address_list_enabled": null,
            "ipv6_addresses": [],
            "ipv6_prefix_count": 0,
            "ipv6_prefixes": [],
            "mac_address": "06:de:d7:30:7b:1a",
            "outpost_arn": "",
            "owner_id": "766176144542",
            "private_dns_name": "ip-10-40-132-140.eu-west-2.compute.internal",
            "private_ip": "10.40.132.140",
            "private_ip_list": [
              "10.40.132.140",
              "10.40.136.25",
              "10.40.129.106",
              "10.40.136.170",
              "10.40.142.74",
              "10.40.137.155",
              "10.40.142.189",
              "10.40.134.94",
              "10.40.136.212",
              "10.40.136.180",
              "10.40.143.117",
              "10.40.136.135"
            ],
            "private_ip_list_enabled": null,
            "private_ips": [
              "10.40.129.106",
              "10.40.132.140",
              "10.40.134.94",
              "10.40.136.135",
              "10.40.136.170",
              "10.40.136.180",
              "10.40.136.212",
              "10.40.136.25",
              "10.40.137.155",
              "10.40.142.189",
              "10.40.142.74",
              "10.40.143.117"
            ],
            "private_ips_count": 11,
            "security_groups": [
              "sg-0dcadb90255b530c2"
            ],
            "source_dest_check": true,
            "subnet_id": "subnet-002ad57466d0cfd46",
            "tags": {
              "cluster.k8s.amazonaws.com/name": "eks-cluster",
              "node.k8s.amazonaws.com/instance_id": "i-00f2670c88b40328e"
            },
            "tags_all": {
              "cluster.k8s.amazonaws.com/name": "eks-cluster",
              "node.k8s.amazonaws.com/instance_id": "i-00f2670c88b40328e"
            }
          },
          "sensitive_attributes": []
        }
      ]
    },
    {
      "mode": "managed",
      "type": "aws_network_interface",
      "name": "ac--eni-030cd191dfbaad8bf",
      "provider": "provider[\"registry.terraform.io/hashicorp/aws\"]",
      "instances": [
        {
          "schema_version": 0,
          "attributes": {
            "arn": "arn:aws:ec2:eu-west-2:766176144542:network-interface/eni-030cd191dfbaad8bf",
            "attachment": [
              {
                "attachment_id": "eni-attach-00e6ba449d3ea7c08",
                "device_index": 1,
                "instance": ""
              }
            ],
            "description": "ElastiCache redis-001",
            "id": "eni-030cd191dfbaad8bf",
            "interface_type": "interface",
            "ipv4_prefix_count": 0,
            "ipv4_prefixes": [],
            "ipv6_address_count": 0,
            "ipv6_address_list": [],
            "ipv6_address_list_enabled": null,
            "ipv6_addresses": [],
            "ipv6_prefix_count": 0,
            "ipv6_prefixes": [],
            "mac_address": "06:e0:94:90:9d:06",
            "outpost_arn": "",
            "owner_id": "766176144542",
            "private_dns_name": "ip-10-40-175-7.eu-west-2.compute.internal",
            "private_ip": "10.40.175.7",
            "private_ip_list": [
              "10.40.175.7"
            ],
            "private_ip_list_enabled": null,
            "private_ips": [
              "10.40.175.7"
            ],
            "private_ips_count": 0,
            "security_groups": [
              "sg-0eb93ca9d68a52789"
            ],
            "source_dest_check": true,
            "subnet_id": "subnet-0fc2fa7eea70faa76",
            "tags": {},
            "tags_all": {}
          },
          "sensitive_attributes": []
        }
      ]
    },
    {
      "mode": "managed",
      "type": "aws_network_interface",
      "name": "ac--eni-0372e8f4822818364",
      "provider": "provider[\"registry.terraform.io/hashicorp/aws\"]",
      "instances": [
        {
          "schema_version": 0,
          "attributes": {
            "arn": "arn:aws:ec2:eu-west-2:766176144542:network-interface/eni-0372e8f4822818364",
            "attachment": [
              {
                "attachment_id": "eni-attach-08146332ae0c3cf36",
                "device_index": 1,
                "instance": ""
              }
            ],
            "description": "DO NOT DELETE - Amazon MSK network interface for cluster arn:aws:kafka:eu-west-2:766176144542:cluster/kafka-cluster/6411a16c-75d7-48b0-afdb-8ed466fe2072-2.",
            "id": "eni-0372e8f4822818364",
            "interface_type": "interface",
            "ipv4_prefix_count": 0,
            "ipv4_prefixes": [],
            "ipv6_address_count": 0,
            "ipv6_address_list": [],
            "ipv6_address_list_enabled": null,
            "ipv6_addresses": [],
            "ipv6_prefix_count": 0,
            "ipv6_prefixes": [],
            "mac_address": "06:6a:8c:cf:e4:e4",
            "outpost_arn": "",
            "owner_id": "766176144542",
            "private_dns_name": "ip-10-40-170-143.eu-west-2.compute.internal",
            "private_ip": "10.40.170.143",
            "private_ip_list": [
              "10.40.170.143"
            ],
            "private_ip_list_enabled": null,
            "private_ips": [
              "10.40.170.143"
            ],
            "private_ips_count": 0,
            "security_groups": [
              "sg-0833d70477fbb7784"
            ],
            "source_dest_check": true,
            "subnet_id": "subnet-0fc2fa7eea70faa76",
            "tags": {},
            "tags_all": {}
          },
          "sensitive_attributes": []
        }
      ]
    },
    {
      "mode": "managed",
      "type": "aws_network_interface",
      "name": "ac--eni-0374c6773dbcd2dbc",
      "provider": "provider[\"registry.terraform.io/hashicorp/aws\"]",
      "instances": [
        {
          "schema_version": 0,
          "attributes": {
            "arn": "arn:aws:ec2:eu-west-2:766176144542:network-interface/eni-0374c6773dbcd2dbc",
            "attachment": [
              {
                "attachment_id": "ela-attach-0dc86cb31e2007a17",
                "device_index": 1,
                "instance": ""
              }
            ],
            "description": "ELB net/a953ad6f802b345fe85f29d793a4e104/020ba1187374b56a",
            "id": "eni-0374c6773dbcd2dbc",
            "interface_type": "network_load_balancer",
            "ipv4_prefix_count": 0,
            "ipv4_prefixes": [],
            "ipv6_address_count": 0,
            "ipv6_address_list": [],
            "ipv6_address_list_enabled": null,
            "ipv6_addresses": [],
            "ipv6_prefix_count": 0,
            "ipv6_prefixes": [],
            "mac_address": "0a:c9:cf:1f:e1:b4",
            "outpost_arn": "",
            "owner_id": "766176144542",
            "private_dns_name": "ip-10-40-148-87.eu-west-2.compute.internal",
            "private_ip": "10.40.148.87",
            "private_ip_list": [
              "10.40.148.87"
            ],
            "private_ip_list_enabled": null,
            "private_ips": [
              "10.40.148.87"
            ],
            "private_ips_count": 0,
            "security_groups": [],
            "source_dest_check": false,
            "subnet_id": "subnet-09aa7e3eabd5bae59",
            "tags": {},
            "tags_all": {}
          },
          "sensitive_attributes": []
        }
      ]
    },
    {
      "mode": "managed",
      "type": "aws_network_interface",
      "name": "ac--eni-03970ced4f6b9e1f7",
      "provider": "provider[\"registry.terraform.io/hashicorp/aws\"]",
      "instances": [
        {
          "schema_version": 0,
          "attributes": {
            "arn": "arn:aws:ec2:eu-west-2:766176144542:network-interface/eni-03970ced4f6b9e1f7",
            "attachment": [
              {
                "attachment_id": "ela-attach-05dd4059595477955",
                "device_index": 1,
                "instance": ""
              }
            ],
            "description": "Network Interface for Transit Gateway Attachment tgw-attach-042f1363f096fd428",
            "id": "eni-03970ced4f6b9e1f7",
            "interface_type": "transit_gateway",
            "ipv4_prefix_count": 0,
            "ipv4_prefixes": [],
            "ipv6_address_count": 0,
            "ipv6_address_list": [],
            "ipv6_address_list_enabled": null,
            "ipv6_addresses": [],
            "ipv6_prefix_count": 0,
            "ipv6_prefixes": [],
            "mac_address": "06:1c:1a:30:f4:e8",
            "outpost_arn": "",
            "owner_id": "766176144542",
            "private_dns_name": "ip-10-40-141-54.eu-west-2.compute.internal",
            "private_ip": "10.40.141.54",
            "private_ip_list": [
              "10.40.141.54"
            ],
            "private_ip_list_enabled": null,
            "private_ips": [
              "10.40.141.54"
            ],
            "private_ips_count": 0,
            "security_groups": [],
            "source_dest_check": false,
            "subnet_id": "subnet-002ad57466d0cfd46",
            "tags": {},
            "tags_all": {}
          },
          "sensitive_attributes": []
        }
      ]
    },
    {
      "mode": "managed",
      "type": "aws_network_interface",
      "name": "ac--eni-041353c746cc9dddf",
      "provider": "provider[\"registry.terraform.io/hashicorp/aws\"]",
      "instances": [
        {
          "schema_version": 0,
          "attributes": {
            "arn": "arn:aws:ec2:eu-west-2:766176144542:network-interface/eni-041353c746cc9dddf",
            "attachment": [
              {
                "attachment_id": "eni-attach-01c7553b64559e0ee",
                "device_index": 1,
                "instance": ""
              }
            ],
            "description": "ELB app/main-internet-facing-lb/230b2a557ad6f675",
            "id": "eni-041353c746cc9dddf",
            "interface_type": "interface",
            "ipv4_prefix_count": 0,
            "ipv4_prefixes": [],
            "ipv6_address_count": 0,
            "ipv6_address_list": [],
            "ipv6_address_list_enabled": null,
            "ipv6_addresses": [],
            "ipv6_prefix_count": 0,
            "ipv6_prefixes": [],
            "mac_address": "06:b0:a1:68:9a:4a",
            "outpost_arn": "",
            "owner_id": "766176144542",
            "private_dns_name": "ip-10-40-9-195.eu-west-2.compute.internal",
            "private_ip": "10.40.9.195",
            "private_ip_list": [
              "10.40.9.195"
            ],
            "private_ip_list_enabled": null,
            "private_ips": [
              "10.40.9.195"
            ],
            "private_ips_count": 0,
            "security_groups": [
              "sg-09f2aa943abf46aa2"
            ],
            "source_dest_check": true,
            "subnet_id": "subnet-0d715c5c159eae0fb",
            "tags": {},
            "tags_all": {}
          },
          "sensitive_attributes": []
        }
      ]
    },
    {
      "mode": "managed",
      "type": "aws_network_interface",
      "name": "ac--eni-0415f4a60e5797788",
      "provider": "provider[\"registry.terraform.io/hashicorp/aws\"]",
      "instances": [
        {
          "schema_version": 0,
          "attributes": {
            "arn": "arn:aws:ec2:eu-west-2:766176144542:network-interface/eni-0415f4a60e5797788",
            "attachment": [
              {
                "attachment_id": "eni-attach-02b511f1937098ffd",
                "device_index": 1,
                "instance": ""
              }
            ],
            "description": "ELB app/ec2-internal/5db290448251c166",
            "id": "eni-0415f4a60e5797788",
            "interface_type": "interface",
            "ipv4_prefix_count": 0,
            "ipv4_prefixes": [],
            "ipv6_address_count": 0,
            "ipv6_address_list": [],
            "ipv6_address_list_enabled": null,
            "ipv6_addresses": [],
            "ipv6_prefix_count": 0,
            "ipv6_prefixes": [],
            "mac_address": "0a:e8:41:da:fa:84",
            "outpost_arn": "",
            "owner_id": "766176144542",
            "private_dns_name": "ip-10-40-152-250.eu-west-2.compute.internal",
            "private_ip": "10.40.152.250",
            "private_ip_list": [
              "10.40.152.250"
            ],
            "private_ip_list_enabled": null,
            "private_ips": [
              "10.40.152.250"
            ],
            "private_ips_count": 0,
            "security_groups": [
              "sg-03790994b68291a2b"
            ],
            "source_dest_check": true,
            "subnet_id": "subnet-09aa7e3eabd5bae59",
            "tags": {},
            "tags_all": {}
          },
          "sensitive_attributes": []
        }
      ]
    },
    {
      "mode": "managed",
      "type": "aws_network_interface",
      "name": "ac--eni-047d27e7ce637402c",
      "provider": "provider[\"registry.terraform.io/hashicorp/aws\"]",
      "instances": [
        {
          "schema_version": 0,
          "attributes": {
            "arn": "arn:aws:ec2:eu-west-2:766176144542:network-interface/eni-047d27e7ce637402c",
            "attachment": [
              {
                "attachment_id": "eni-attach-0067c6fe0f121715b",
                "device_index": 0,
                "instance": "i-0e5f6eaf5507b2388"
              }
            ],
            "description": "",
            "id": "eni-047d27e7ce637402c",
            "interface_type": "interface",
            "ipv4_prefix_count": 0,
            "ipv4_prefixes": [],
            "ipv6_address_count": 0,
            "ipv6_address_list": [],
            "ipv6_address_list_enabled": null,
            "ipv6_addresses": [],
            "ipv6_prefix_count": 0,
            "ipv6_prefixes": [],
            "mac_address": "0a:13:12:d8:e9:12",
            "outpost_arn": "",
            "owner_id": "766176144542",
            "private_dns_name": "ip-10-40-159-213.eu-west-2.compute.internal",
            "private_ip": "10.40.159.213",
            "private_ip_list": [
              "10.40.159.213",
              "10.40.157.41",
              "10.40.153.107",
              "10.40.149.60",
              "10.40.156.140",
              "10.40.153.46",
              "10.40.155.128",
              "10.40.150.225",
              "10.40.156.18",
              "10.40.145.194",
              "10.40.147.116",
              "10.40.155.6"
            ],
            "private_ip_list_enabled": null,
            "private_ips": [
              "10.40.145.194",
              "10.40.147.116",
              "10.40.149.60",
              "10.40.150.225",
              "10.40.153.107",
              "10.40.153.46",
              "10.40.155.128",
              "10.40.155.6",
              "10.40.156.140",
              "10.40.156.18",
              "10.40.157.41",
              "10.40.159.213"
            ],
            "private_ips_count": 11,
            "security_groups": [
              "sg-0dcadb90255b530c2"
            ],
            "source_dest_check": true,
            "subnet_id": "subnet-09aa7e3eabd5bae59",
            "tags": {
              "cluster.k8s.amazonaws.com/name": "eks-cluster",
              "node.k8s.amazonaws.com/instance_id": "i-0e5f6eaf5507b2388"
            },
            "tags_all": {
              "cluster.k8s.amazonaws.com/name": "eks-cluster",
              "node.k8s.amazonaws.com/instance_id": "i-0e5f6eaf5507b2388"
            }
          },
          "sensitive_attributes": []
        }
      ]
    },
    {
      "mode": "managed",
      "type": "aws_network_interface",
      "name": "ac--eni-04870c1a4764641c9",
      "provider": "provider[\"registry.terraform.io/hashicorp/aws\"]",
      "instances": [
        {
          "schema_version": 0,
          "attributes": {
            "arn": "arn:aws:ec2:eu-west-2:766176144542:network-interface/eni-04870c1a4764641c9",
            "attachment": [
              {
                "attachment_id": "eni-attach-03c4b3c616b1b5b22",
                "device_index": 0,
                "instance": "i-0130d3a39f9b2737d"
              }
            ],
            "description": "",
            "id": "eni-04870c1a4764641c9",
            "interface_type": "interface",
            "ipv4_prefix_count": 0,
            "ipv4_prefixes": [],
            "ipv6_address_count": 0,
            "ipv6_address_list": [],
            "ipv6_address_list_enabled": null,
            "ipv6_addresses": [],
            "ipv6_prefix_count": 0,
            "ipv6_prefixes": [],
            "mac_address": "06:be:87:a9:81:34",
            "outpost_arn": "",
            "owner_id": "766176144542",
            "private_dns_name": "ip-10-40-141-170.eu-west-2.compute.internal",
            "private_ip": "10.40.141.170",
            "private_ip_list": [
              "10.40.141.170",
              "10.40.132.168",
              "10.40.136.139",
              "10.40.142.28",
              "10.40.139.45",
              "10.40.128.254",
              "10.40.137.113",
              "10.40.134.97",
              "10.40.136.227",
              "10.40.129.163",
              "10.40.138.182",
              "10.40.143.230"
            ],
            "private_ip_list_enabled": null,
            "private_ips": [
              "10.40.128.254",
              "10.40.129.163",
              "10.40.132.168",
              "10.40.134.97",
              "10.40.136.139",
              "10.40.136.227",
              "10.40.137.113",
              "10.40.138.182",
              "10.40.139.45",
              "10.40.141.170",
              "10.40.142.28",
              "10.40.143.230"
            ],
            "private_ips_count": 11,
            "security_groups": [
              "sg-0dcadb90255b530c2"
            ],
            "source_dest_check": true,
            "subnet_id": "subnet-002ad57466d0cfd46",
            "tags": {
              "cluster.k8s.amazonaws.com/name": "eks-cluster",
              "node.k8s.amazonaws.com/instance_id": "i-0130d3a39f9b2737d"
            },
            "tags_all": {
              "cluster.k8s.amazonaws.com/name": "eks-cluster",
              "node.k8s.amazonaws.com/instance_id": "i-0130d3a39f9b2737d"
            }
          },
          "sensitive_attributes": []
        }
      ]
    },
    {
      "mode": "managed",
      "type": "aws_network_interface",
      "name": "ac--eni-04c2a5e6a3baf7c5b",
      "provider": "provider[\"registry.terraform.io/hashicorp/aws\"]",
      "instances": [
        {
          "schema_version": 0,
          "attributes": {
            "arn": "arn:aws:ec2:eu-west-2:766176144542:network-interface/eni-04c2a5e6a3baf7c5b",
            "attachment": [
              {
                "attachment_id": "eni-attach-007759217cd5760c5",
                "device_index": 1,
                "instance": ""
              }
            ],
            "description": "DO NOT DELETE - Amazon MSK network interface for cluster arn:aws:kafka:eu-west-2:766176144542:cluster/kafka-cluster/6411a16c-75d7-48b0-afdb-8ed466fe2072-2.",
            "id": "eni-04c2a5e6a3baf7c5b",
            "interface_type": "interface",
            "ipv4_prefix_count": 0,
            "ipv4_prefixes": [],
            "ipv6_address_count": 0,
            "ipv6_address_list": [],
            "ipv6_address_list_enabled": null,
            "ipv6_addresses": [],
            "ipv6_prefix_count": 0,
            "ipv6_prefixes": [],
            "mac_address": "06:df:38:28:a1:36",
            "outpost_arn": "",
            "owner_id": "766176144542",
            "private_dns_name": "ip-10-40-162-215.eu-west-2.compute.internal",
            "private_ip": "10.40.162.215",
            "private_ip_list": [
              "10.40.162.215"
            ],
            "private_ip_list_enabled": null,
            "private_ips": [
              "10.40.162.215"
            ],
            "private_ips_count": 0,
            "security_groups": [
              "sg-0833d70477fbb7784"
            ],
            "source_dest_check": true,
            "subnet_id": "subnet-0fc2fa7eea70faa76",
            "tags": {},
            "tags_all": {}
          },
          "sensitive_attributes": []
        }
      ]
    },
    {
      "mode": "managed",
      "type": "aws_network_interface",
      "name": "ac--eni-04cb40e9c60506386",
      "provider": "provider[\"registry.terraform.io/hashicorp/aws\"]",
      "instances": [
        {
          "schema_version": 0,
          "attributes": {
            "arn": "arn:aws:ec2:eu-west-2:766176144542:network-interface/eni-04cb40e9c60506386",
            "attachment": [
              {
                "attachment_id": "eni-attach-0bc282d5068c4f3ca",
                "device_index": 1,
                "instance": "i-0faff146006ccaaaa"
              }
            ],
            "description": "aws-K8S-i-0faff146006ccaaaa",
            "id": "eni-04cb40e9c60506386",
            "interface_type": "interface",
            "ipv4_prefix_count": 0,
            "ipv4_prefixes": [],
            "ipv6_address_count": 0,
            "ipv6_address_list": [],
            "ipv6_address_list_enabled": null,
            "ipv6_addresses": [],
            "ipv6_prefix_count": 0,
            "ipv6_prefixes": [],
            "mac_address": "06:7c:d7:81:5e:ee",
            "outpost_arn": "",
            "owner_id": "766176144542",
            "private_dns_name": "ip-10-40-134-48.eu-west-2.compute.internal",
            "private_ip": "10.40.134.48",
            "private_ip_list": [
              "10.40.134.48",
              "10.40.142.216",
              "10.40.137.41",
              "10.40.135.138",
              "10.40.139.77",
              "10.40.140.111",
              "10.40.141.255",
              "10.40.130.48",
              "10.40.136.49",
              "10.40.135.146",
              "10.40.138.4",
              "10.40.131.39"
            ],
            "private_ip_list_enabled": null,
            "private_ips": [
              "10.40.130.48",
              "10.40.131.39",
              "10.40.134.48",
              "10.40.135.138",
              "10.40.135.146",
              "10.40.136.49",
              "10.40.137.41",
              "10.40.138.4",
              "10.40.139.77",
              "10.40.140.111",
              "10.40.141.255",
              "10.40.142.216"
            ],
            "private_ips_count": 11,
            "security_groups": [
              "sg-0dcadb90255b530c2"
            ],
            "source_dest_check": true,
            "subnet_id": "subnet-002ad57466d0cfd46",
            "tags": {
              "cluster.k8s.amazonaws.com/name": "eks-cluster",
              "node.k8s.amazonaws.com/createdAt": "2023-11-09T19:26:30Z",
              "node.k8s.amazonaws.com/instance_id": "i-0faff146006ccaaaa"
            },
            "tags_all": {
              "cluster.k8s.amazonaws.com/name": "eks-cluster",
              "node.k8s.amazonaws.com/createdAt": "2023-11-09T19:26:30Z",
              "node.k8s.amazonaws.com/instance_id": "i-0faff146006ccaaaa"
            }
          },
          "sensitive_attributes": []
        }
      ]
    },
    {
      "mode": "managed",
      "type": "aws_network_interface",
      "name": "ac--eni-0573d3b86efb8fa47",
      "provider": "provider[\"registry.terraform.io/hashicorp/aws\"]",
      "instances": [
        {
          "schema_version": 0,
          "attributes": {
            "arn": "arn:aws:ec2:eu-west-2:766176144542:network-interface/eni-0573d3b86efb8fa47",
            "attachment": [
              {
                "attachment_id": "eni-attach-03bb9b1d1724649a2",
                "device_index": 0,
                "instance": "i-09b50ae9297aec290"
              }
            ],
            "description": "",
            "id": "eni-0573d3b86efb8fa47",
            "interface_type": "interface",
            "ipv4_prefix_count": 0,
            "ipv4_prefixes": [],
            "ipv6_address_count": 0,
            "ipv6_address_list": [],
            "ipv6_address_list_enabled": null,
            "ipv6_addresses": [],
            "ipv6_prefix_count": 0,
            "ipv6_prefixes": [],
            "mac_address": "0a:d6:76:c7:6c:26",
            "outpost_arn": "",
            "owner_id": "766176144542",
            "private_dns_name": "ip-10-40-149-97.eu-west-2.compute.internal",
            "private_ip": "10.40.149.97",
            "private_ip_list": [
              "10.40.149.97",
              "10.40.157.216",
              "10.40.145.57",
              "10.40.157.10",
              "10.40.149.42",
              "10.40.146.254",
              "10.40.144.192",
              "10.40.146.194",
              "10.40.148.3",
              "10.40.148.229",
              "10.40.153.183",
              "10.40.147.39"
            ],
            "private_ip_list_enabled": null,
            "private_ips": [
              "10.40.144.192",
              "10.40.145.57",
              "10.40.146.194",
              "10.40.146.254",
              "10.40.147.39",
              "10.40.148.229",
              "10.40.148.3",
              "10.40.149.42",
              "10.40.149.97",
              "10.40.153.183",
              "10.40.157.10",
              "10.40.157.216"
            ],
            "private_ips_count": 11,
            "security_groups": [
              "sg-0dcadb90255b530c2"
            ],
            "source_dest_check": true,
            "subnet_id": "subnet-09aa7e3eabd5bae59",
            "tags": {
              "cluster.k8s.amazonaws.com/name": "eks-cluster",
              "node.k8s.amazonaws.com/instance_id": "i-09b50ae9297aec290"
            },
            "tags_all": {
              "cluster.k8s.amazonaws.com/name": "eks-cluster",
              "node.k8s.amazonaws.com/instance_id": "i-09b50ae9297aec290"
            }
          },
          "sensitive_attributes": []
        }
      ]
    },
    {
      "mode": "managed",
      "type": "aws_network_interface",
      "name": "ac--eni-057420db335a08796",
      "provider": "provider[\"registry.terraform.io/hashicorp/aws\"]",
      "instances": [
        {
          "schema_version": 0,
          "attributes": {
            "arn": "arn:aws:ec2:eu-west-2:766176144542:network-interface/eni-057420db335a08796",
            "attachment": [
              {
                "attachment_id": "eni-attach-0dc963552e1b0603c",
                "device_index": 1,
                "instance": ""
              }
            ],
            "description": "RDSNetworkInterface",
            "id": "eni-057420db335a08796",
            "interface_type": "interface",
            "ipv4_prefix_count": 0,
            "ipv4_prefixes": [],
            "ipv6_address_count": 0,
            "ipv6_address_list": [],
            "ipv6_address_list_enabled": null,
            "ipv6_addresses": [],
            "ipv6_prefix_count": 0,
            "ipv6_prefixes": [],
            "mac_address": "06:6a:8d:71:e6:2a",
            "outpost_arn": "",
            "owner_id": "766176144542",
            "private_dns_name": "ip-10-40-165-27.eu-west-2.compute.internal",
            "private_ip": "10.40.165.27",
            "private_ip_list": [
              "10.40.165.27"
            ],
            "private_ip_list_enabled": null,
            "private_ips": [
              "10.40.165.27"
            ],
            "private_ips_count": 0,
            "security_groups": [
              "sg-0b894407029c80409"
            ],
            "source_dest_check": true,
            "subnet_id": "subnet-0fc2fa7eea70faa76",
            "tags": {},
            "tags_all": {}
          },
          "sensitive_attributes": []
        }
      ]
    },
    {
      "mode": "managed",
      "type": "aws_network_interface",
      "name": "ac--eni-057f6c7baf42cfbce",
      "provider": "provider[\"registry.terraform.io/hashicorp/aws\"]",
      "instances": [
        {
          "schema_version": 0,
          "attributes": {
            "arn": "arn:aws:ec2:eu-west-2:766176144542:network-interface/eni-057f6c7baf42cfbce",
            "attachment": [
              {
                "attachment_id": "eni-attach-092194feb539e4492",
                "device_index": 0,
                "instance": "i-07a923548d681a04f"
              }
            ],
            "description": "",
            "id": "eni-057f6c7baf42cfbce",
            "interface_type": "interface",
            "ipv4_prefix_count": 0,
            "ipv4_prefixes": [],
            "ipv6_address_count": 0,
            "ipv6_address_list": [],
            "ipv6_address_list_enabled": null,
            "ipv6_addresses": [],
            "ipv6_prefix_count": 0,
            "ipv6_prefixes": [],
            "mac_address": "0a:d3:64:04:50:06",
            "outpost_arn": "",
            "owner_id": "766176144542",
            "private_dns_name": "ip-10-40-147-225.eu-west-2.compute.internal",
            "private_ip": "10.40.147.225",
            "private_ip_list": [
              "10.40.147.225"
            ],
            "private_ip_list_enabled": null,
            "private_ips": [
              "10.40.147.225"
            ],
            "private_ips_count": 0,
            "security_groups": [
              "sg-01b1d43d825df35b2",
              "sg-02e85199df1ef741c"
            ],
            "source_dest_check": true,
            "subnet_id": "subnet-09aa7e3eabd5bae59",
            "tags": {},
            "tags_all": {}
          },
          "sensitive_attributes": []
        }
      ]
    },
    {
      "mode": "managed",
      "type": "aws_network_interface",
      "name": "ac--eni-05b2e4f2a47aa1870",
      "provider": "provider[\"registry.terraform.io/hashicorp/aws\"]",
      "instances": [
        {
          "schema_version": 0,
          "attributes": {
            "arn": "arn:aws:ec2:eu-west-2:766176144542:network-interface/eni-05b2e4f2a47aa1870",
            "attachment": [
              {
                "attachment_id": "eni-attach-067f80d129dbd3b7b",
                "device_index": 1,
                "instance": ""
              }
            ],
            "description": "ELB app/main-internet-facing-lb/230b2a557ad6f675",
            "id": "eni-05b2e4f2a47aa1870",
            "interface_type": "interface",
            "ipv4_prefix_count": 0,
            "ipv4_prefixes": [],
            "ipv6_address_count": 0,
            "ipv6_address_list": [],
            "ipv6_address_list_enabled": null,
            "ipv6_addresses": [],
            "ipv6_prefix_count": 0,
            "ipv6_prefixes": [],
            "mac_address": "0a:a7:e1:1a:64:3c",
            "outpost_arn": "",
            "owner_id": "766176144542",
            "private_dns_name": "ip-10-40-30-121.eu-west-2.compute.internal",
            "private_ip": "10.40.30.121",
            "private_ip_list": [
              "10.40.30.121"
            ],
            "private_ip_list_enabled": null,
            "private_ips": [
              "10.40.30.121"
            ],
            "private_ips_count": 0,
            "security_groups": [
              "sg-09f2aa943abf46aa2"
            ],
            "source_dest_check": true,
            "subnet_id": "subnet-0124b4e97562ebbd7",
            "tags": {},
            "tags_all": {}
          },
          "sensitive_attributes": []
        }
      ]
    },
    {
      "mode": "managed",
      "type": "aws_network_interface",
      "name": "ac--eni-064194896ba8759a8",
      "provider": "provider[\"registry.terraform.io/hashicorp/aws\"]",
      "instances": [
        {
          "schema_version": 0,
          "attributes": {
            "arn": "arn:aws:ec2:eu-west-2:766176144542:network-interface/eni-064194896ba8759a8",
            "attachment": [
              {
                "attachment_id": "eni-attach-0f77b9ab3b4c5cf80",
                "device_index": 1,
                "instance": "i-0b7275149b005dfd2"
              }
            ],
            "description": "aws-K8S-i-0b7275149b005dfd2",
            "id": "eni-064194896ba8759a8",
            "interface_type": "interface",
            "ipv4_prefix_count": 0,
            "ipv4_prefixes": [],
            "ipv6_address_count": 0,
            "ipv6_address_list": [],
            "ipv6_address_list_enabled": null,
            "ipv6_addresses": [],
            "ipv6_prefix_count": 0,
            "ipv6_prefixes": [],
            "mac_address": "0a:e2:10:7e:cb:a6",
            "outpost_arn": "",
            "owner_id": "766176144542",
            "private_dns_name": "ip-10-40-156-202.eu-west-2.compute.internal",
            "private_ip": "10.40.156.202",
            "private_ip_list": [
              "10.40.156.202",
              "10.40.159.56",
              "10.40.151.120",
              "10.40.157.57",
              "10.40.145.74",
              "10.40.149.140",
              "10.40.159.252",
              "10.40.145.16",
              "10.40.156.176",
              "10.40.155.208",
              "10.40.158.162",
              "10.40.155.18"
            ],
            "private_ip_list_enabled": null,
            "private_ips": [
              "10.40.145.16",
              "10.40.145.74",
              "10.40.149.140",
              "10.40.151.120",
              "10.40.155.18",
              "10.40.155.208",
              "10.40.156.176",
              "10.40.156.202",
              "10.40.157.57",
              "10.40.158.162",
              "10.40.159.252",
              "10.40.159.56"
            ],
            "private_ips_count": 11,
            "security_groups": [
              "sg-0dcadb90255b530c2"
            ],
            "source_dest_check": true,
            "subnet_id": "subnet-09aa7e3eabd5bae59",
            "tags": {
              "cluster.k8s.amazonaws.com/name": "eks-cluster",
              "node.k8s.amazonaws.com/createdAt": "2023-11-09T19:26:37Z",
              "node.k8s.amazonaws.com/instance_id": "i-0b7275149b005dfd2"
            },
            "tags_all": {
              "cluster.k8s.amazonaws.com/name": "eks-cluster",
              "node.k8s.amazonaws.com/createdAt": "2023-11-09T19:26:37Z",
              "node.k8s.amazonaws.com/instance_id": "i-0b7275149b005dfd2"
            }
          },
          "sensitive_attributes": []
        }
      ]
    },
    {
      "mode": "managed",
      "type": "aws_network_interface",
      "name": "ac--eni-0670f63ab4364c34e",
      "provider": "provider[\"registry.terraform.io/hashicorp/aws\"]",
      "instances": [
        {
          "schema_version": 0,
          "attributes": {
            "arn": "arn:aws:ec2:eu-west-2:766176144542:network-interface/eni-0670f63ab4364c34e",
            "attachment": [
              {
                "attachment_id": "eni-attach-07c85bc3024daf834",
                "device_index": 1,
                "instance": "i-0fe0cfe073be148d3"
              }
            ],
            "description": "aws-K8S-i-0fe0cfe073be148d3",
            "id": "eni-0670f63ab4364c34e",
            "interface_type": "interface",
            "ipv4_prefix_count": 0,
            "ipv4_prefixes": [],
            "ipv6_address_count": 0,
            "ipv6_address_list": [],
            "ipv6_address_list_enabled": null,
            "ipv6_addresses": [],
            "ipv6_prefix_count": 0,
            "ipv6_prefixes": [],
            "mac_address": "06:bb:31:e8:99:b4",
            "outpost_arn": "",
            "owner_id": "766176144542",
            "private_dns_name": "ip-10-40-136-16.eu-west-2.compute.internal",
            "private_ip": "10.40.136.16",
            "private_ip_list": [
              "10.40.136.16",
              "10.40.128.24",
              "10.40.131.172",
              "10.40.140.28",
              "10.40.138.125",
              "10.40.130.93",
              "10.40.130.206",
              "10.40.140.225",
              "10.40.137.145",
              "10.40.133.81",
              "10.40.142.194",
              "10.40.129.213"
            ],
            "private_ip_list_enabled": null,
            "private_ips": [
              "10.40.128.24",
              "10.40.129.213",
              "10.40.130.206",
              "10.40.130.93",
              "10.40.131.172",
              "10.40.133.81",
              "10.40.136.16",
              "10.40.137.145",
              "10.40.138.125",
              "10.40.140.225",
              "10.40.140.28",
              "10.40.142.194"
            ],
            "private_ips_count": 11,
            "security_groups": [
              "sg-0dcadb90255b530c2"
            ],
            "source_dest_check": true,
            "subnet_id": "subnet-002ad57466d0cfd46",
            "tags": {
              "cluster.k8s.amazonaws.com/name": "eks-cluster",
              "node.k8s.amazonaws.com/createdAt": "2023-11-09T19:26:37Z",
              "node.k8s.amazonaws.com/instance_id": "i-0fe0cfe073be148d3"
            },
            "tags_all": {
              "cluster.k8s.amazonaws.com/name": "eks-cluster",
              "node.k8s.amazonaws.com/createdAt": "2023-11-09T19:26:37Z",
              "node.k8s.amazonaws.com/instance_id": "i-0fe0cfe073be148d3"
            }
          },
          "sensitive_attributes": []
        }
      ]
    },
    {
      "mode": "managed",
      "type": "aws_network_interface",
      "name": "ac--eni-068f0160207b9a748",
      "provider": "provider[\"registry.terraform.io/hashicorp/aws\"]",
      "instances": [
        {
          "schema_version": 0,
          "attributes": {
            "arn": "arn:aws:ec2:eu-west-2:766176144542:network-interface/eni-068f0160207b9a748",
            "attachment": [
              {
                "attachment_id": "ela-attach-03d581a7099bdcc93",
                "device_index": 1,
                "instance": ""
              }
            ],
            "description": "ELB net/a953ad6f802b345fe85f29d793a4e104/020ba1187374b56a",
            "id": "eni-068f0160207b9a748",
            "interface_type": "network_load_balancer",
            "ipv4_prefix_count": 0,
            "ipv4_prefixes": [],
            "ipv6_address_count": 0,
            "ipv6_address_list": [],
            "ipv6_address_list_enabled": null,
            "ipv6_addresses": [],
            "ipv6_prefix_count": 0,
            "ipv6_prefixes": [],
            "mac_address": "06:f8:36:3a:ff:26",
            "outpost_arn": "",
            "owner_id": "766176144542",
            "private_dns_name": "ip-10-40-135-121.eu-west-2.compute.internal",
            "private_ip": "10.40.135.121",
            "private_ip_list": [
              "10.40.135.121"
            ],
            "private_ip_list_enabled": null,
            "private_ips": [
              "10.40.135.121"
            ],
            "private_ips_count": 0,
            "security_groups": [],
            "source_dest_check": false,
            "subnet_id": "subnet-002ad57466d0cfd46",
            "tags": {},
            "tags_all": {}
          },
          "sensitive_attributes": []
        }
      ]
    },
    {
      "mode": "managed",
      "type": "aws_network_interface",
      "name": "ac--eni-070f0397c0f08a404",
      "provider": "provider[\"registry.terraform.io/hashicorp/aws\"]",
      "instances": [
        {
          "schema_version": 0,
          "attributes": {
            "arn": "arn:aws:ec2:eu-west-2:766176144542:network-interface/eni-070f0397c0f08a404",
            "attachment": [
              {
                "attachment_id": "eni-attach-0ac1369c60abb0491",
                "device_index": 1,
                "instance": "i-008d7e6614222b602"
              }
            ],
            "description": "aws-K8S-i-008d7e6614222b602",
            "id": "eni-070f0397c0f08a404",
            "interface_type": "interface",
            "ipv4_prefix_count": 0,
            "ipv4_prefixes": [],
            "ipv6_address_count": 0,
            "ipv6_address_list": [],
            "ipv6_address_list_enabled": null,
            "ipv6_addresses": [],
            "ipv6_prefix_count": 0,
            "ipv6_prefixes": [],
            "mac_address": "0a:cb:67:e9:44:a2",
            "outpost_arn": "",
            "owner_id": "766176144542",
            "private_dns_name": "ip-10-40-152-114.eu-west-2.compute.internal",
            "private_ip": "10.40.152.114",
            "private_ip_list": [
              "10.40.152.114",
              "10.40.150.232",
              "10.40.149.89",
              "10.40.156.217",
              "10.40.144.74",
              "10.40.145.58",
              "10.40.155.91",
              "10.40.152.237",
              "10.40.146.15",
              "10.40.158.193",
              "10.40.149.66",
              "10.40.144.87"
            ],
            "private_ip_list_enabled": null,
            "private_ips": [
              "10.40.144.74",
              "10.40.144.87",
              "10.40.145.58",
              "10.40.146.15",
              "10.40.149.66",
              "10.40.149.89",
              "10.40.150.232",
              "10.40.152.114",
              "10.40.152.237",
              "10.40.155.91",
              "10.40.156.217",
              "10.40.158.193"
            ],
            "private_ips_count": 11,
            "security_groups": [
              "sg-0dcadb90255b530c2"
            ],
            "source_dest_check": true,
            "subnet_id": "subnet-09aa7e3eabd5bae59",
            "tags": {
              "cluster.k8s.amazonaws.com/name": "eks-cluster",
              "node.k8s.amazonaws.com/createdAt": "2023-11-09T19:26:32Z",
              "node.k8s.amazonaws.com/instance_id": "i-008d7e6614222b602"
            },
            "tags_all": {
              "cluster.k8s.amazonaws.com/name": "eks-cluster",
              "node.k8s.amazonaws.com/createdAt": "2023-11-09T19:26:32Z",
              "node.k8s.amazonaws.com/instance_id": "i-008d7e6614222b602"
            }
          },
          "sensitive_attributes": []
        }
      ]
    },
    {
      "mode": "managed",
      "type": "aws_network_interface",
      "name": "ac--eni-0812b6963d55dab60",
      "provider": "provider[\"registry.terraform.io/hashicorp/aws\"]",
      "instances": [
        {
          "schema_version": 0,
          "attributes": {
            "arn": "arn:aws:ec2:eu-west-2:766176144542:network-interface/eni-0812b6963d55dab60",
            "attachment": [
              {
                "attachment_id": "ela-attach-05eed29a644bfc436",
                "device_index": 1,
                "instance": ""
              }
            ],
            "description": "Network Interface for Transit Gateway Attachment tgw-attach-08697ea35792e3e3b",
            "id": "eni-0812b6963d55dab60",
            "interface_type": "transit_gateway",
            "ipv4_prefix_count": 0,
            "ipv4_prefixes": [],
            "ipv6_address_count": 0,
            "ipv6_address_list": [],
            "ipv6_address_list_enabled": null,
            "ipv6_addresses": [],
            "ipv6_prefix_count": 0,
            "ipv6_prefixes": [],
            "mac_address": "0a:e3:77:74:42:16",
            "outpost_arn": "",
            "owner_id": "766176144542",
            "private_dns_name": "ip-10-50-0-158.eu-west-2.compute.internal",
            "private_ip": "10.50.0.158",
            "private_ip_list": [
              "10.50.0.158"
            ],
            "private_ip_list_enabled": null,
            "private_ips": [
              "10.50.0.158"
            ],
            "private_ips_count": 0,
            "security_groups": [],
            "source_dest_check": false,
            "subnet_id": "subnet-05a7709f7ea1ab238",
            "tags": {},
            "tags_all": {}
          },
          "sensitive_attributes": []
        }
      ]
    },
    {
      "mode": "managed",
      "type": "aws_network_interface",
      "name": "ac--eni-0865e902bd1a76e68",
      "provider": "provider[\"registry.terraform.io/hashicorp/aws\"]",
      "instances": [
        {
          "schema_version": 0,
          "attributes": {
            "arn": "arn:aws:ec2:eu-west-2:766176144542:network-interface/eni-0865e902bd1a76e68",
            "attachment": [
              {
                "attachment_id": "eni-attach-0ae20e78be7fd0514",
                "device_index": 1,
                "instance": ""
              }
            ],
            "description": "ELB app/ec2-internal/5db290448251c166",
            "id": "eni-0865e902bd1a76e68",
            "interface_type": "interface",
            "ipv4_prefix_count": 0,
            "ipv4_prefixes": [],
            "ipv6_address_count": 0,
            "ipv6_address_list": [],
            "ipv6_address_list_enabled": null,
            "ipv6_addresses": [],
            "ipv6_prefix_count": 0,
            "ipv6_prefixes": [],
            "mac_address": "06:d5:5a:3a:7d:f6",
            "outpost_arn": "",
            "owner_id": "766176144542",
            "private_dns_name": "ip-10-40-130-157.eu-west-2.compute.internal",
            "private_ip": "10.40.130.157",
            "private_ip_list": [
              "10.40.130.157"
            ],
            "private_ip_list_enabled": null,
            "private_ips": [
              "10.40.130.157"
            ],
            "private_ips_count": 0,
            "security_groups": [
              "sg-03790994b68291a2b"
            ],
            "source_dest_check": true,
            "subnet_id": "subnet-002ad57466d0cfd46",
            "tags": {},
            "tags_all": {}
          },
          "sensitive_attributes": []
        }
      ]
    },
    {
      "mode": "managed",
      "type": "aws_network_interface",
      "name": "ac--eni-08fc59e187a20d3c7",
      "provider": "provider[\"registry.terraform.io/hashicorp/aws\"]",
      "instances": [
        {
          "schema_version": 0,
          "attributes": {
            "arn": "arn:aws:ec2:eu-west-2:766176144542:network-interface/eni-08fc59e187a20d3c7",
            "attachment": [
              {
                "attachment_id": "eni-attach-0d0c4a686260ffa4c",
                "device_index": 1,
                "instance": "i-09b50ae9297aec290"
              }
            ],
            "description": "aws-K8S-i-09b50ae9297aec290",
            "id": "eni-08fc59e187a20d3c7",
            "interface_type": "interface",
            "ipv4_prefix_count": 0,
            "ipv4_prefixes": [],
            "ipv6_address_count": 0,
            "ipv6_address_list": [],
            "ipv6_address_list_enabled": null,
            "ipv6_addresses": [],
            "ipv6_prefix_count": 0,
            "ipv6_prefixes": [],
            "mac_address": "0a:87:65:89:56:1a",
            "outpost_arn": "",
            "owner_id": "766176144542",
            "private_dns_name": "ip-10-40-156-90.eu-west-2.compute.internal",
            "private_ip": "10.40.156.90",
            "private_ip_list": [
              "10.40.156.90",
              "10.40.149.185",
              "10.40.157.59",
              "10.40.152.221",
              "10.40.146.189",
              "10.40.155.222",
              "10.40.154.192",
              "10.40.158.65",
              "10.40.159.164",
              "10.40.157.53",
              "10.40.159.181",
              "10.40.144.118"
            ],
            "private_ip_list_enabled": null,
            "private_ips": [
              "10.40.144.118",
              "10.40.146.189",
              "10.40.149.185",
              "10.40.152.221",
              "10.40.154.192",
              "10.40.155.222",
              "10.40.156.90",
              "10.40.157.53",
              "10.40.157.59",
              "10.40.158.65",
              "10.40.159.164",
              "10.40.159.181"
            ],
            "private_ips_count": 11,
            "security_groups": [
              "sg-0dcadb90255b530c2"
            ],
            "source_dest_check": true,
            "subnet_id": "subnet-09aa7e3eabd5bae59",
            "tags": {
              "cluster.k8s.amazonaws.com/name": "eks-cluster",
              "node.k8s.amazonaws.com/createdAt": "2023-11-09T19:26:30Z",
              "node.k8s.amazonaws.com/instance_id": "i-09b50ae9297aec290"
            },
            "tags_all": {
              "cluster.k8s.amazonaws.com/name": "eks-cluster",
              "node.k8s.amazonaws.com/createdAt": "2023-11-09T19:26:30Z",
              "node.k8s.amazonaws.com/instance_id": "i-09b50ae9297aec290"
            }
          },
          "sensitive_attributes": []
        }
      ]
    },
    {
      "mode": "managed",
      "type": "aws_network_interface",
      "name": "ac--eni-09179d75a8dd29edb",
      "provider": "provider[\"registry.terraform.io/hashicorp/aws\"]",
      "instances": [
        {
          "schema_version": 0,
          "attributes": {
            "arn": "arn:aws:ec2:eu-west-2:766176144542:network-interface/eni-09179d75a8dd29edb",
            "attachment": [
              {
                "attachment_id": "eni-attach-07a8178a587f2e3fc",
                "device_index": 1,
                "instance": ""
              }
            ],
            "description": "Amazon EKS eks-cluster",
            "id": "eni-09179d75a8dd29edb",
            "interface_type": "interface",
            "ipv4_prefix_count": 0,
            "ipv4_prefixes": [],
            "ipv6_address_count": 0,
            "ipv6_address_list": [],
            "ipv6_address_list_enabled": null,
            "ipv6_addresses": [],
            "ipv6_prefix_count": 0,
            "ipv6_prefixes": [],
            "mac_address": "0a:44:ef:2d:dd:58",
            "outpost_arn": "",
            "owner_id": "766176144542",
            "private_dns_name": "ip-10-40-152-211.eu-west-2.compute.internal",
            "private_ip": "10.40.152.211",
            "private_ip_list": [
              "10.40.152.211"
            ],
            "private_ip_list_enabled": null,
            "private_ips": [
              "10.40.152.211"
            ],
            "private_ips_count": 0,
            "security_groups": [
              "sg-0dcadb90255b530c2"
            ],
            "source_dest_check": true,
            "subnet_id": "subnet-09aa7e3eabd5bae59",
            "tags": {},
            "tags_all": {}
          },
          "sensitive_attributes": []
        }
      ]
    },
    {
      "mode": "managed",
      "type": "aws_network_interface",
      "name": "ac--eni-092b2730dfc20b238",
      "provider": "provider[\"registry.terraform.io/hashicorp/aws\"]",
      "instances": [
        {
          "schema_version": 0,
          "attributes": {
            "arn": "arn:aws:ec2:eu-west-2:766176144542:network-interface/eni-092b2730dfc20b238",
            "attachment": [
              {
                "attachment_id": "eni-attach-013d007ac1a2a8ecc",
                "device_index": 0,
                "instance": "i-0b7275149b005dfd2"
              }
            ],
            "description": "",
            "id": "eni-092b2730dfc20b238",
            "interface_type": "interface",
            "ipv4_prefix_count": 0,
            "ipv4_prefixes": [],
            "ipv6_address_count": 0,
            "ipv6_address_list": [],
            "ipv6_address_list_enabled": null,
            "ipv6_addresses": [],
            "ipv6_prefix_count": 0,
            "ipv6_prefixes": [],
            "mac_address": "0a:fd:93:ee:0e:34",
            "outpost_arn": "",
            "owner_id": "766176144542",
            "private_dns_name": "ip-10-40-157-3.eu-west-2.compute.internal",
            "private_ip": "10.40.157.3",
            "private_ip_list": [
              "10.40.157.3",
              "10.40.156.42",
              "10.40.148.138",
              "10.40.156.156",
              "10.40.152.156",
              "10.40.153.156",
              "10.40.156.141",
              "10.40.148.141",
              "10.40.150.62",
              "10.40.144.114",
              "10.40.155.52",
              "10.40.155.100"
            ],
            "private_ip_list_enabled": null,
            "private_ips": [
              "10.40.144.114",
              "10.40.148.138",
              "10.40.148.141",
              "10.40.150.62",
              "10.40.152.156",
              "10.40.153.156",
              "10.40.155.100",
              "10.40.155.52",
              "10.40.156.141",
              "10.40.156.156",
              "10.40.156.42",
              "10.40.157.3"
            ],
            "private_ips_count": 11,
            "security_groups": [
              "sg-0dcadb90255b530c2"
            ],
            "source_dest_check": true,
            "subnet_id": "subnet-09aa7e3eabd5bae59",
            "tags": {
              "cluster.k8s.amazonaws.com/name": "eks-cluster",
              "node.k8s.amazonaws.com/instance_id": "i-0b7275149b005dfd2"
            },
            "tags_all": {
              "cluster.k8s.amazonaws.com/name": "eks-cluster",
              "node.k8s.amazonaws.com/instance_id": "i-0b7275149b005dfd2"
            }
          },
          "sensitive_attributes": []
        }
      ]
    },
    {
      "mode": "managed",
      "type": "aws_network_interface",
      "name": "ac--eni-09694017972ef970e",
      "provider": "provider[\"registry.terraform.io/hashicorp/aws\"]",
      "instances": [
        {
          "schema_version": 0,
          "attributes": {
            "arn": "arn:aws:ec2:eu-west-2:766176144542:network-interface/eni-09694017972ef970e",
            "attachment": [
              {
                "attachment_id": "eni-attach-0fbfe612cf4f22b2c",
                "device_index": 0,
                "instance": "i-08570bb3f058ae969"
              }
            ],
            "description": "",
            "id": "eni-09694017972ef970e",
            "interface_type": "interface",
            "ipv4_prefix_count": 0,
            "ipv4_prefixes": [],
            "ipv6_address_count": 0,
            "ipv6_address_list": [],
            "ipv6_address_list_enabled": null,
            "ipv6_addresses": [],
            "ipv6_prefix_count": 0,
            "ipv6_prefixes": [],
            "mac_address": "06:4c:a9:b7:2f:d8",
            "outpost_arn": "",
            "owner_id": "766176144542",
            "private_dns_name": "ip-10-50-0-138.eu-west-2.compute.internal",
            "private_ip": "10.50.0.138",
            "private_ip_list": [
              "10.50.0.138"
            ],
            "private_ip_list_enabled": null,
            "private_ips": [
              "10.50.0.138"
            ],
            "private_ips_count": 0,
            "security_groups": [
              "sg-0038a707a311fb60e"
            ],
            "source_dest_check": true,
            "subnet_id": "subnet-0a7061207da3fd3a1",
            "tags": {},
            "tags_all": {}
          },
          "sensitive_attributes": []
        }
      ]
    },
    {
      "mode": "managed",
      "type": "aws_network_interface",
      "name": "ac--eni-09baee9deef558fbe",
      "provider": "provider[\"registry.terraform.io/hashicorp/aws\"]",
      "instances": [
        {
          "schema_version": 0,
          "attributes": {
            "arn": "arn:aws:ec2:eu-west-2:766176144542:network-interface/eni-09baee9deef558fbe",
            "attachment": [
              {
                "attachment_id": "eni-attach-08d50992012d86f40",
                "device_index": 1,
                "instance": "i-0130d3a39f9b2737d"
              }
            ],
            "description": "aws-K8S-i-0130d3a39f9b2737d",
            "id": "eni-09baee9deef558fbe",
            "interface_type": "interface",
            "ipv4_prefix_count": 0,
            "ipv4_prefixes": [],
            "ipv6_address_count": 0,
            "ipv6_address_list": [],
            "ipv6_address_list_enabled": null,
            "ipv6_addresses": [],
            "ipv6_prefix_count": 0,
            "ipv6_prefixes": [],
            "mac_address": "06:2a:3e:4a:5c:f6",
            "outpost_arn": "",
            "owner_id": "766176144542",
            "private_dns_name": "ip-10-40-137-159.eu-west-2.compute.internal",
            "private_ip": "10.40.137.159",
            "private_ip_list": [
              "10.40.137.159",
              "10.40.136.42",
              "10.40.143.251",
              "10.40.133.30",
              "10.40.134.127",
              "10.40.131.159",
              "10.40.128.112",
              "10.40.142.97",
              "10.40.133.178",
              "10.40.134.82",
              "10.40.128.116",
              "10.40.129.199"
            ],
            "private_ip_list_enabled": null,
            "private_ips": [
              "10.40.128.112",
              "10.40.128.116",
              "10.40.129.199",
              "10.40.131.159",
              "10.40.133.178",
              "10.40.133.30",
              "10.40.134.127",
              "10.40.134.82",
              "10.40.136.42",
              "10.40.137.159",
              "10.40.142.97",
              "10.40.143.251"
            ],
            "private_ips_count": 11,
            "security_groups": [
              "sg-0dcadb90255b530c2"
            ],
            "source_dest_check": true,
            "subnet_id": "subnet-002ad57466d0cfd46",
            "tags": {
              "cluster.k8s.amazonaws.com/name": "eks-cluster",
              "node.k8s.amazonaws.com/createdAt": "2023-11-09T19:26:29Z",
              "node.k8s.amazonaws.com/instance_id": "i-0130d3a39f9b2737d"
            },
            "tags_all": {
              "cluster.k8s.amazonaws.com/name": "eks-cluster",
              "node.k8s.amazonaws.com/createdAt": "2023-11-09T19:26:29Z",
              "node.k8s.amazonaws.com/instance_id": "i-0130d3a39f9b2737d"
            }
          },
          "sensitive_attributes": []
        }
      ]
    },
    {
      "mode": "managed",
      "type": "aws_network_interface",
      "name": "ac--eni-09c6135c2e641f3cf",
      "provider": "provider[\"registry.terraform.io/hashicorp/aws\"]",
      "instances": [
        {
          "schema_version": 0,
          "attributes": {
            "arn": "arn:aws:ec2:eu-west-2:766176144542:network-interface/eni-09c6135c2e641f3cf",
            "attachment": [
              {
                "attachment_id": "ela-attach-0f00bcc8430bdfa8c",
                "device_index": 1,
                "instance": ""
              }
            ],
            "description": "Instance Connect Endpoint (id: eice-008a0da699f4e3416)",
            "id": "eni-09c6135c2e641f3cf",
            "interface_type": "ec2_instance_connect_endpoint",
            "ipv4_prefix_count": 0,
            "ipv4_prefixes": [],
            "ipv6_address_count": 0,
            "ipv6_address_list": [],
            "ipv6_address_list_enabled": null,
            "ipv6_addresses": [],
            "ipv6_prefix_count": 0,
            "ipv6_prefixes": [],
            "mac_address": "06:7e:fe:1a:86:b0",
            "outpost_arn": "",
            "owner_id": "766176144542",
            "private_dns_name": "ip-10-40-138-64.eu-west-2.compute.internal",
            "private_ip": "10.40.138.64",
            "private_ip_list": [
              "10.40.138.64"
            ],
            "private_ip_list_enabled": null,
            "private_ips": [
              "10.40.138.64"
            ],
            "private_ips_count": 0,
            "security_groups": [
              "sg-0a729c4d996e71603"
            ],
            "source_dest_check": false,
            "subnet_id": "subnet-002ad57466d0cfd46",
            "tags": {
              "InstanceConnectEndpointId": "eice-008a0da699f4e3416"
            },
            "tags_all": {
              "InstanceConnectEndpointId": "eice-008a0da699f4e3416"
            }
          },
          "sensitive_attributes": []
        }
      ]
    },
    {
      "mode": "managed",
      "type": "aws_network_interface",
      "name": "ac--eni-0a10ae56e78a8e568",
      "provider": "provider[\"registry.terraform.io/hashicorp/aws\"]",
      "instances": [
        {
          "schema_version": 0,
          "attributes": {
            "arn": "arn:aws:ec2:eu-west-2:766176144542:network-interface/eni-0a10ae56e78a8e568",
            "attachment": [
              {
                "attachment_id": "eni-attach-0fa2e8f3499f7d10d",
                "device_index": 1,
                "instance": "i-06ff6e10c20a9cca6"
              }
            ],
            "description": "aws-K8S-i-06ff6e10c20a9cca6",
            "id": "eni-0a10ae56e78a8e568",
            "interface_type": "interface",
            "ipv4_prefix_count": 0,
            "ipv4_prefixes": [],
            "ipv6_address_count": 0,
            "ipv6_address_list": [],
            "ipv6_address_list_enabled": null,
            "ipv6_addresses": [],
            "ipv6_prefix_count": 0,
            "ipv6_prefixes": [],
            "mac_address": "06:04:4a:ae:b1:fa",
            "outpost_arn": "",
            "owner_id": "766176144542",
            "private_dns_name": "ip-10-40-130-23.eu-west-2.compute.internal",
            "private_ip": "10.40.130.23",
            "private_ip_list": [
              "10.40.130.23",
              "10.40.128.187",
              "10.40.139.157",
              "10.40.135.126",
              "10.40.142.159",
              "10.40.137.48",
              "10.40.136.192",
              "10.40.132.65",
              "10.40.129.129",
              "10.40.138.194",
              "10.40.135.182",
              "10.40.131.151"
            ],
            "private_ip_list_enabled": null,
            "private_ips": [
              "10.40.128.187",
              "10.40.129.129",
              "10.40.130.23",
              "10.40.131.151",
              "10.40.132.65",
              "10.40.135.126",
              "10.40.135.182",
              "10.40.136.192",
              "10.40.137.48",
              "10.40.138.194",
              "10.40.139.157",
              "10.40.142.159"
            ],
            "private_ips_count": 11,
            "security_groups": [
              "sg-0dcadb90255b530c2"
            ],
            "source_dest_check": true,
            "subnet_id": "subnet-002ad57466d0cfd46",
            "tags": {
              "cluster.k8s.amazonaws.com/name": "eks-cluster",
              "node.k8s.amazonaws.com/createdAt": "2023-11-09T19:26:30Z",
              "node.k8s.amazonaws.com/instance_id": "i-06ff6e10c20a9cca6"
            },
            "tags_all": {
              "cluster.k8s.amazonaws.com/name": "eks-cluster",
              "node.k8s.amazonaws.com/createdAt": "2023-11-09T19:26:30Z",
              "node.k8s.amazonaws.com/instance_id": "i-06ff6e10c20a9cca6"
            }
          },
          "sensitive_attributes": []
        }
      ]
    },
    {
      "mode": "managed",
      "type": "aws_network_interface",
      "name": "ac--eni-0a643cd1e448b49d2",
      "provider": "provider[\"registry.terraform.io/hashicorp/aws\"]",
      "instances": [
        {
          "schema_version": 0,
          "attributes": {
            "arn": "arn:aws:ec2:eu-west-2:766176144542:network-interface/eni-0a643cd1e448b49d2",
            "attachment": [
              {
                "attachment_id": "eni-attach-085ed755cc9058a10",
                "device_index": 1,
                "instance": ""
              }
            ],
            "description": "RDSNetworkInterface",
            "id": "eni-0a643cd1e448b49d2",
            "interface_type": "interface",
            "ipv4_prefix_count": 0,
            "ipv4_prefixes": [],
            "ipv6_address_count": 0,
            "ipv6_address_list": [],
            "ipv6_address_list_enabled": null,
            "ipv6_addresses": [],
            "ipv6_prefix_count": 0,
            "ipv6_prefixes": [],
            "mac_address": "0a:a0:17:2a:0b:02",
            "outpost_arn": "",
            "owner_id": "766176144542",
            "private_dns_name": "ip-10-40-183-223.eu-west-2.compute.internal",
            "private_ip": "10.40.183.223",
            "private_ip_list": [
              "10.40.183.223"
            ],
            "private_ip_list_enabled": null,
            "private_ips": [
              "10.40.183.223"
            ],
            "private_ips_count": 0,
            "security_groups": [
              "sg-00d2ad44295562744"
            ],
            "source_dest_check": true,
            "subnet_id": "subnet-0f597fdaea877e775",
            "tags": {},
            "tags_all": {}
          },
          "sensitive_attributes": []
        }
      ]
    },
    {
      "mode": "managed",
      "type": "aws_network_interface",
      "name": "ac--eni-0b186caa94d4113dd",
      "provider": "provider[\"registry.terraform.io/hashicorp/aws\"]",
      "instances": [
        {
          "schema_version": 0,
          "attributes": {
            "arn": "arn:aws:ec2:eu-west-2:766176144542:network-interface/eni-0b186caa94d4113dd",
            "attachment": [
              {
                "attachment_id": "eni-attach-08be8a0c1e8a9accf",
                "device_index": 1,
                "instance": ""
              }
            ],
            "description": "DO NOT DELETE - Amazon MSK network interface for cluster arn:aws:kafka:eu-west-2:766176144542:cluster/kafka-cluster/6411a16c-75d7-48b0-afdb-8ed466fe2072-2.",
            "id": "eni-0b186caa94d4113dd",
            "interface_type": "interface",
            "ipv4_prefix_count": 0,
            "ipv4_prefixes": [],
            "ipv6_address_count": 0,
            "ipv6_address_list": [],
            "ipv6_address_list_enabled": null,
            "ipv6_addresses": [],
            "ipv6_prefix_count": 0,
            "ipv6_prefixes": [],
            "mac_address": "0a:ec:a6:e5:12:aa",
            "outpost_arn": "",
            "owner_id": "766176144542",
            "private_dns_name": "ip-10-40-182-207.eu-west-2.compute.internal",
            "private_ip": "10.40.182.207",
            "private_ip_list": [
              "10.40.182.207"
            ],
            "private_ip_list_enabled": null,
            "private_ips": [
              "10.40.182.207"
            ],
            "private_ips_count": 0,
            "security_groups": [
              "sg-0833d70477fbb7784"
            ],
            "source_dest_check": true,
            "subnet_id": "subnet-0f597fdaea877e775",
            "tags": {},
            "tags_all": {}
          },
          "sensitive_attributes": []
        }
      ]
    },
    {
      "mode": "managed",
      "type": "aws_network_interface",
      "name": "ac--eni-0b36b26f9b2e4b8b5",
      "provider": "provider[\"registry.terraform.io/hashicorp/aws\"]",
      "instances": [
        {
          "schema_version": 0,
          "attributes": {
            "arn": "arn:aws:ec2:eu-west-2:766176144542:network-interface/eni-0b36b26f9b2e4b8b5",
            "attachment": [
              {
                "attachment_id": "ela-attach-00e2cced02bb1853b",
                "device_index": 1,
                "instance": ""
              }
            ],
            "description": "Network Interface for Transit Gateway Attachment tgw-attach-042f1363f096fd428",
            "id": "eni-0b36b26f9b2e4b8b5",
            "interface_type": "transit_gateway",
            "ipv4_prefix_count": 0,
            "ipv4_prefixes": [],
            "ipv6_address_count": 0,
            "ipv6_address_list": [],
            "ipv6_address_list_enabled": null,
            "ipv6_addresses": [],
            "ipv6_prefix_count": 0,
            "ipv6_prefixes": [],
            "mac_address": "0a:3f:14:c8:2e:e4",
            "outpost_arn": "",
            "owner_id": "766176144542",
            "private_dns_name": "ip-10-40-159-170.eu-west-2.compute.internal",
            "private_ip": "10.40.159.170",
            "private_ip_list": [
              "10.40.159.170"
            ],
            "private_ip_list_enabled": null,
            "private_ips": [
              "10.40.159.170"
            ],
            "private_ips_count": 0,
            "security_groups": [],
            "source_dest_check": false,
            "subnet_id": "subnet-09aa7e3eabd5bae59",
            "tags": {},
            "tags_all": {}
          },
          "sensitive_attributes": []
        }
      ]
    },
    {
      "mode": "managed",
      "type": "aws_network_interface",
      "name": "ac--eni-0b9ddd75a0f8ba6d7",
      "provider": "provider[\"registry.terraform.io/hashicorp/aws\"]",
      "instances": [
        {
          "schema_version": 0,
          "attributes": {
            "arn": "arn:aws:ec2:eu-west-2:766176144542:network-interface/eni-0b9ddd75a0f8ba6d7",
            "attachment": [
              {
                "attachment_id": "eni-attach-05fc6b873e6d8e75b",
                "device_index": 0,
                "instance": "i-0faff146006ccaaaa"
              }
            ],
            "description": "",
            "id": "eni-0b9ddd75a0f8ba6d7",
            "interface_type": "interface",
            "ipv4_prefix_count": 0,
            "ipv4_prefixes": [],
            "ipv6_address_count": 0,
            "ipv6_address_list": [],
            "ipv6_address_list_enabled": null,
            "ipv6_addresses": [],
            "ipv6_prefix_count": 0,
            "ipv6_prefixes": [],
            "mac_address": "06:bb:e5:43:c4:aa",
            "outpost_arn": "",
            "owner_id": "766176144542",
            "private_dns_name": "ip-10-40-130-249.eu-west-2.compute.internal",
            "private_ip": "10.40.130.249",
            "private_ip_list": [
              "10.40.130.249",
              "10.40.129.10",
              "10.40.130.90",
              "10.40.132.76",
              "10.40.133.29",
              "10.40.129.176",
              "10.40.136.194",
              "10.40.140.82",
              "10.40.138.99",
              "10.40.140.99",
              "10.40.142.20",
              "10.40.130.150"
            ],
            "private_ip_list_enabled": null,
            "private_ips": [
              "10.40.129.10",
              "10.40.129.176",
              "10.40.130.150",
              "10.40.130.249",
              "10.40.130.90",
              "10.40.132.76",
              "10.40.133.29",
              "10.40.136.194",
              "10.40.138.99",
              "10.40.140.82",
              "10.40.140.99",
              "10.40.142.20"
            ],
            "private_ips_count": 11,
            "security_groups": [
              "sg-0dcadb90255b530c2"
            ],
            "source_dest_check": true,
            "subnet_id": "subnet-002ad57466d0cfd46",
            "tags": {
              "cluster.k8s.amazonaws.com/name": "eks-cluster",
              "node.k8s.amazonaws.com/instance_id": "i-0faff146006ccaaaa"
            },
            "tags_all": {
              "cluster.k8s.amazonaws.com/name": "eks-cluster",
              "node.k8s.amazonaws.com/instance_id": "i-0faff146006ccaaaa"
            }
          },
          "sensitive_attributes": []
        }
      ]
    },
    {
      "mode": "managed",
      "type": "aws_network_interface",
      "name": "ac--eni-0beb2d999fc48b3a0",
      "provider": "provider[\"registry.terraform.io/hashicorp/aws\"]",
      "instances": [
        {
          "schema_version": 0,
          "attributes": {
            "arn": "arn:aws:ec2:eu-west-2:766176144542:network-interface/eni-0beb2d999fc48b3a0",
            "attachment": [
              {
                "attachment_id": "eni-attach-06f3376c49d699bbc",
                "device_index": 1,
                "instance": ""
              }
            ],
            "description": "RDSNetworkInterface",
            "id": "eni-0beb2d999fc48b3a0",
            "interface_type": "interface",
            "ipv4_prefix_count": 0,
            "ipv4_prefixes": [],
            "ipv6_address_count": 0,
            "ipv6_address_list": [],
            "ipv6_address_list_enabled": null,
            "ipv6_addresses": [],
            "ipv6_prefix_count": 0,
            "ipv6_prefixes": [],
            "mac_address": "06:48:02:de:4b:a4",
            "outpost_arn": "",
            "owner_id": "766176144542",
            "private_dns_name": "ip-10-40-160-113.eu-west-2.compute.internal",
            "private_ip": "10.40.160.113",
            "private_ip_list": [
              "10.40.160.113"
            ],
            "private_ip_list_enabled": null,
            "private_ips": [
              "10.40.160.113"
            ],
            "private_ips_count": 0,
            "security_groups": [
              "sg-0f5a4f623d1148cb8"
            ],
            "source_dest_check": true,
            "subnet_id": "subnet-0fc2fa7eea70faa76",
            "tags": {},
            "tags_all": {}
          },
          "sensitive_attributes": []
        }
      ]
    },
    {
      "mode": "managed",
      "type": "aws_network_interface",
      "name": "ac--eni-0c2391cb6f1415cca",
      "provider": "provider[\"registry.terraform.io/hashicorp/aws\"]",
      "instances": [
        {
          "schema_version": 0,
          "attributes": {
            "arn": "arn:aws:ec2:eu-west-2:766176144542:network-interface/eni-0c2391cb6f1415cca",
            "attachment": [
              {
                "attachment_id": "eni-attach-015c8420d8e3c30c7",
                "device_index": 0,
                "instance": "i-0fe0cfe073be148d3"
              }
            ],
            "description": "",
            "id": "eni-0c2391cb6f1415cca",
            "interface_type": "interface",
            "ipv4_prefix_count": 0,
            "ipv4_prefixes": [],
            "ipv6_address_count": 0,
            "ipv6_address_list": [],
            "ipv6_address_list_enabled": null,
            "ipv6_addresses": [],
            "ipv6_prefix_count": 0,
            "ipv6_prefixes": [],
            "mac_address": "06:10:c8:e8:e8:8c",
            "outpost_arn": "",
            "owner_id": "766176144542",
            "private_dns_name": "ip-10-40-142-92.eu-west-2.compute.internal",
            "private_ip": "10.40.142.92",
            "private_ip_list": [
              "10.40.142.92",
              "10.40.133.249",
              "10.40.140.61",
              "10.40.134.29",
              "10.40.129.175",
              "10.40.143.112",
              "10.40.136.65",
              "10.40.143.65",
              "10.40.137.161",
              "10.40.139.50",
              "10.40.137.146",
              "10.40.138.213"
            ],
            "private_ip_list_enabled": null,
            "private_ips": [
              "10.40.129.175",
              "10.40.133.249",
              "10.40.134.29",
              "10.40.136.65",
              "10.40.137.146",
              "10.40.137.161",
              "10.40.138.213",
              "10.40.139.50",
              "10.40.140.61",
              "10.40.142.92",
              "10.40.143.112",
              "10.40.143.65"
            ],
            "private_ips_count": 11,
            "security_groups": [
              "sg-0dcadb90255b530c2"
            ],
            "source_dest_check": true,
            "subnet_id": "subnet-002ad57466d0cfd46",
            "tags": {
              "cluster.k8s.amazonaws.com/name": "eks-cluster",
              "node.k8s.amazonaws.com/instance_id": "i-0fe0cfe073be148d3"
            },
            "tags_all": {
              "cluster.k8s.amazonaws.com/name": "eks-cluster",
              "node.k8s.amazonaws.com/instance_id": "i-0fe0cfe073be148d3"
            }
          },
          "sensitive_attributes": []
        }
      ]
    },
    {
      "mode": "managed",
      "type": "aws_network_interface",
      "name": "ac--eni-0c96473f5346d3261",
      "provider": "provider[\"registry.terraform.io/hashicorp/aws\"]",
      "instances": [
        {
          "schema_version": 0,
          "attributes": {
            "arn": "arn:aws:ec2:eu-west-2:766176144542:network-interface/eni-0c96473f5346d3261",
            "attachment": [
              {
                "attachment_id": "eni-attach-082ead8ae74fb6c0f",
                "device_index": 0,
                "instance": "i-01c6720a66005f8bb"
              }
            ],
            "description": "",
            "id": "eni-0c96473f5346d3261",
            "interface_type": "interface",
            "ipv4_prefix_count": 0,
            "ipv4_prefixes": [],
            "ipv6_address_count": 0,
            "ipv6_address_list": [],
            "ipv6_address_list_enabled": null,
            "ipv6_addresses": [],
            "ipv6_prefix_count": 0,
            "ipv6_prefixes": [],
            "mac_address": "06:5e:43:a1:d0:e6",
            "outpost_arn": "",
            "owner_id": "766176144542",
            "private_dns_name": "ip-10-40-131-34.eu-west-2.compute.internal",
            "private_ip": "10.40.131.34",
            "private_ip_list": [
              "10.40.131.34"
            ],
            "private_ip_list_enabled": null,
            "private_ips": [
              "10.40.131.34"
            ],
            "private_ips_count": 0,
            "security_groups": [
              "sg-01b1d43d825df35b2",
              "sg-06f3998032b7fe04f"
            ],
            "source_dest_check": true,
            "subnet_id": "subnet-002ad57466d0cfd46",
            "tags": {},
            "tags_all": {}
          },
          "sensitive_attributes": []
        }
      ]
    },
    {
      "mode": "managed",
      "type": "aws_network_interface",
      "name": "ac--eni-0d0ac92770b7d322f",
      "provider": "provider[\"registry.terraform.io/hashicorp/aws\"]",
      "instances": [
        {
          "schema_version": 0,
          "attributes": {
            "arn": "arn:aws:ec2:eu-west-2:766176144542:network-interface/eni-0d0ac92770b7d322f",
            "attachment": [
              {
                "attachment_id": "eni-attach-0430651bfe8068274",
                "device_index": 0,
                "instance": "i-02199476884f35278"
              }
            ],
            "description": "",
            "id": "eni-0d0ac92770b7d322f",
            "interface_type": "interface",
            "ipv4_prefix_count": 0,
            "ipv4_prefixes": [],
            "ipv6_address_count": 0,
            "ipv6_address_list": [],
            "ipv6_address_list_enabled": null,
            "ipv6_addresses": [],
            "ipv6_prefix_count": 0,
            "ipv6_prefixes": [],
            "mac_address": "06:2d:d3:a8:e0:e6",
            "outpost_arn": "",
            "owner_id": "766176144542",
            "private_dns_name": "ip-10-255-255-202.eu-west-2.compute.internal",
            "private_ip": "10.255.255.202",
            "private_ip_list": [
              "10.255.255.202"
            ],
            "private_ip_list_enabled": null,
            "private_ips": [
              "10.255.255.202"
            ],
            "private_ips_count": 0,
            "security_groups": [
              "sg-01b1d43d825df35b2",
              "sg-057d948e0f36cae53"
            ],
            "source_dest_check": true,
            "subnet_id": "subnet-0428e0711a4ca2507",
            "tags": {},
            "tags_all": {}
          },
          "sensitive_attributes": []
        }
      ]
    },
    {
      "mode": "managed",
      "type": "aws_network_interface",
      "name": "ac--eni-0d7e2a750c70bd347",
      "provider": "provider[\"registry.terraform.io/hashicorp/aws\"]",
      "instances": [
        {
          "schema_version": 0,
          "attributes": {
            "arn": "arn:aws:ec2:eu-west-2:766176144542:network-interface/eni-0d7e2a750c70bd347",
            "attachment": [
              {
                "attachment_id": "eni-attach-00040e585fd7869b1",
                "device_index": 1,
                "instance": "i-00f2670c88b40328e"
              }
            ],
            "description": "aws-K8S-i-00f2670c88b40328e",
            "id": "eni-0d7e2a750c70bd347",
            "interface_type": "interface",
            "ipv4_prefix_count": 0,
            "ipv4_prefixes": [],
            "ipv6_address_count": 0,
            "ipv6_address_list": [],
            "ipv6_address_list_enabled": null,
            "ipv6_addresses": [],
            "ipv6_prefix_count": 0,
            "ipv6_prefixes": [],
            "mac_address": "06:0c:65:0b:05:94",
            "outpost_arn": "",
            "owner_id": "766176144542",
            "private_dns_name": "ip-10-40-129-222.eu-west-2.compute.internal",
            "private_ip": "10.40.129.222",
            "private_ip_list": [
              "10.40.129.222",
              "10.40.130.24",
              "10.40.133.25",
              "10.40.129.187",
              "10.40.130.124",
              "10.40.143.157",
              "10.40.136.238",
              "10.40.135.159",
              "10.40.129.128",
              "10.40.130.193",
              "10.40.130.3",
              "10.40.135.148"
            ],
            "private_ip_list_enabled": null,
            "private_ips": [
              "10.40.129.128",
              "10.40.129.187",
              "10.40.129.222",
              "10.40.130.124",
              "10.40.130.193",
              "10.40.130.24",
              "10.40.130.3",
              "10.40.133.25",
              "10.40.135.148",
              "10.40.135.159",
              "10.40.136.238",
              "10.40.143.157"
            ],
            "private_ips_count": 11,
            "security_groups": [
              "sg-0dcadb90255b530c2"
            ],
            "source_dest_check": true,
            "subnet_id": "subnet-002ad57466d0cfd46",
            "tags": {
              "cluster.k8s.amazonaws.com/name": "eks-cluster",
              "node.k8s.amazonaws.com/createdAt": "2023-11-09T19:26:31Z",
              "node.k8s.amazonaws.com/instance_id": "i-00f2670c88b40328e"
            },
            "tags_all": {
              "cluster.k8s.amazonaws.com/name": "eks-cluster",
              "node.k8s.amazonaws.com/createdAt": "2023-11-09T19:26:31Z",
              "node.k8s.amazonaws.com/instance_id": "i-00f2670c88b40328e"
            }
          },
          "sensitive_attributes": []
        }
      ]
    },
    {
      "mode": "managed",
      "type": "aws_network_interface",
      "name": "ac--eni-0e7d63893eba89817",
      "provider": "provider[\"registry.terraform.io/hashicorp/aws\"]",
      "instances": [
        {
          "schema_version": 0,
          "attributes": {
            "arn": "arn:aws:ec2:eu-west-2:766176144542:network-interface/eni-0e7d63893eba89817",
            "attachment": [
              {
                "attachment_id": "eni-attach-01ffa0e3183b84bd7",
                "device_index": 1,
                "instance": ""
              }
            ],
            "description": "DO NOT DELETE - Amazon MSK network interface for cluster arn:aws:kafka:eu-west-2:766176144542:cluster/kafka-cluster/6411a16c-75d7-48b0-afdb-8ed466fe2072-2.",
            "id": "eni-0e7d63893eba89817",
            "interface_type": "interface",
            "ipv4_prefix_count": 0,
            "ipv4_prefixes": [],
            "ipv6_address_count": 0,
            "ipv6_address_list": [],
            "ipv6_address_list_enabled": null,
            "ipv6_addresses": [],
            "ipv6_prefix_count": 0,
            "ipv6_prefixes": [],
            "mac_address": "06:8e:16:14:93:92",
            "outpost_arn": "",
            "owner_id": "766176144542",
            "private_dns_name": "ip-10-40-170-218.eu-west-2.compute.internal",
            "private_ip": "10.40.170.218",
            "private_ip_list": [
              "10.40.170.218"
            ],
            "private_ip_list_enabled": null,
            "private_ips": [
              "10.40.170.218"
            ],
            "private_ips_count": 0,
            "security_groups": [
              "sg-0833d70477fbb7784"
            ],
            "source_dest_check": true,
            "subnet_id": "subnet-0fc2fa7eea70faa76",
            "tags": {},
            "tags_all": {}
          },
          "sensitive_attributes": []
        }
      ]
    },
    {
      "mode": "managed",
      "type": "aws_network_interface",
      "name": "ac--eni-0eaf80e04bf5257bb",
      "provider": "provider[\"registry.terraform.io/hashicorp/aws\"]",
      "instances": [
        {
          "schema_version": 0,
          "attributes": {
            "arn": "arn:aws:ec2:eu-west-2:766176144542:network-interface/eni-0eaf80e04bf5257bb",
            "attachment": [
              {
                "attachment_id": "eni-attach-09e586eda2eb41b1f",
                "device_index": 0,
                "instance": "i-03b6d854461e98f19"
              }
            ],
            "description": "",
            "id": "eni-0eaf80e04bf5257bb",
            "interface_type": "interface",
            "ipv4_prefix_count": 0,
            "ipv4_prefixes": [],
            "ipv6_address_count": 0,
            "ipv6_address_list": [],
            "ipv6_address_list_enabled": null,
            "ipv6_addresses": [],
            "ipv6_prefix_count": 0,
            "ipv6_prefixes": [],
            "mac_address": "06:a6:db:ef:51:7a",
            "outpost_arn": "",
            "owner_id": "766176144542",
            "private_dns_name": "ip-10-40-136-31.eu-west-2.compute.internal",
            "private_ip": "10.40.136.31",
            "private_ip_list": [
              "10.40.136.31"
            ],
            "private_ip_list_enabled": null,
            "private_ips": [
              "10.40.136.31"
            ],
            "private_ips_count": 0,
            "security_groups": [
              "sg-0a729c4d996e71603"
            ],
            "source_dest_check": true,
            "subnet_id": "subnet-002ad57466d0cfd46",
            "tags": {},
            "tags_all": {}
          },
          "sensitive_attributes": []
        }
      ]
    },
    {
      "mode": "managed",
      "type": "aws_network_interface",
      "name": "ac--eni-0f4e897bfc0d09dc0",
      "provider": "provider[\"registry.terraform.io/hashicorp/aws\"]",
      "instances": [
        {
          "schema_version": 0,
          "attributes": {
            "arn": "arn:aws:ec2:eu-west-2:766176144542:network-interface/eni-0f4e897bfc0d09dc0",
            "attachment": [
              {
                "attachment_id": "eni-attach-040f857e52ccc02ec",
                "device_index": 0,
                "instance": "i-08e2757a091b44f53"
              }
            ],
            "description": "",
            "id": "eni-0f4e897bfc0d09dc0",
            "interface_type": "interface",
            "ipv4_prefix_count": 0,
            "ipv4_prefixes": [],
            "ipv6_address_count": 0,
            "ipv6_address_list": [],
            "ipv6_address_list_enabled": null,
            "ipv6_addresses": [],
            "ipv6_prefix_count": 0,
            "ipv6_prefixes": [],
            "mac_address": "0a:45:cc:39:86:ce",
            "outpost_arn": "",
            "owner_id": "766176144542",
            "private_dns_name": "ip-10-40-26-137.eu-west-2.compute.internal",
            "private_ip": "10.40.26.137",
            "private_ip_list": [
              "10.40.26.137"
            ],
            "private_ip_list_enabled": null,
            "private_ips": [
              "10.40.26.137"
            ],
            "private_ips_count": 0,
            "security_groups": [
              "sg-0e1cf3b2b6001a62e"
            ],
            "source_dest_check": true,
            "subnet_id": "subnet-0124b4e97562ebbd7",
            "tags": {},
            "tags_all": {}
          },
          "sensitive_attributes": []
        }
      ]
    }
  ]
}