{
  "version": 4,
  "terraform_version": "1.39.0",
  "serial": 1,
  "lineage": "",
  "outputs": {},
  "resources": [
    {
      "mode": "managed",
      "type": "aws_eks_cluster",
      "name": "ac--eks-cluster",
      "provider": "provider[\"registry.terraform.io/hashicorp/aws\"]",
      "instances": [
        {
          "schema_version": 0,
          "attributes": {
            "arn": "arn:aws:eks:eu-west-2:766176144542:cluster/eks-cluster",
            "certificate_authority": [
              {
                "data": "LS0tLS1CRUdJTiBDRVJUSUZJQ0FURS0tLS0tCk1JSUMvakNDQWVhZ0F3SUJBZ0lCQURBTkJna3Foa2lHOXcwQkFRc0ZBREFWTVJNd0VRWURWUVFERXdwcmRXSmwKY201bGRHVnpNQjRYRFRJek1EY3lOREEzTXpnd09Wb1hEVE16TURjeU1UQTNNemd3T1Zvd0ZURVRNQkVHQTFVRQpBeE1LYTNWaVpYSnVaWFJsY3pDQ0FTSXdEUVlKS29aSWh2Y05BUUVCQlFBRGdnRVBBRENDQVFvQ2dnRUJBS3JDCjdOeUsxcEtXTzM5ZnhsNDZCTVZlM24wMzN1RzFiTUJTWlU4ZkZVZDc3WFdPdms2bGRHVlNZdEs4L2FUV2I3Q2EKbi8zTEVJViszaUZydG9kNXRKakN1clJCeXpBZ2dleXJSVTZ5aklnckRGT2ZSZkgrT09BZm9SNk14TS82TWJNago5bXNIVlpPYjhjUlZnQloyUlhReGRLSkJBYVJqRnA2c2dUeDUrQTZrblI0K3YwU0R6eFpVRGpoOGVFQmRTdnFhClpuQ1VpVzUrT1dsb3hleWRncklUa0E4ajJjelE3VG9kWVEwanFNWFpkcmlEUWpDbXJvVEdXbjU0em5HK0VUVncKWUV5amp0WmNJckE5WlZVTVpSZGpkV3JzaHV0ZllpQUxZemo1Z1RYbmRlSVB1aU93NUJZeGZNVE5KWUFjR3FkeAo1eW5oRXF5MjV0SCtWcjZzYmUwQ0F3RUFBYU5aTUZjd0RnWURWUjBQQVFIL0JBUURBZ0trTUE4R0ExVWRFd0VCCi93UUZNQU1CQWY4d0hRWURWUjBPQkJZRUZCMEdsZmM1eXQxbFE4RU41VjYzUXMrTWs3ZWtNQlVHQTFVZEVRUU8KTUF5Q0NtdDFZbVZ5Ym1WMFpYTXdEUVlKS29aSWh2Y05BUUVMQlFBRGdnRUJBQ21WcmxMaElHNHE3TzdpU3A0ZQpHTVNkRVJ4RmtLOTVBcnBOeWRneTAzWFlOUUFjOXo0R04rRDBZQkoyRXY5WnZCN0NiTVlBN0J0Qms5SEw5eWgvCkgveE8wTXlNU2xLY2FRWHQ4UHM4OVJCVzJhd1lwdnR0V1l5N0FYbmlSeGFEK2lXbkVJWFdGOWdMZE9aZHBFcjgKNkVldjRJQkNacWNxdEQzY1JGODdIdVNlV0o4blR5bFdsT0xHekV1VTl6VUZ4MXEvUzVMb0lybmZPZGJ3aWdORQpNY0FCWWU1M2VsTFBiZVdhRlRpQ2JkVVJoSTkveEdNRWNESU9zTWp6djFGbjdxYTV6ZVdBekI4dUhHYTVtZHB6CkVDbHdFNnR3UWhlNThHMlBUMy9GS0lkYUJGNG1KQXJTd2VtWml4a2Y0Wmxia3Bma2FmQklJdCtUUmxiYld2QTMKN0VNPQotLS0tLUVORCBDRVJUSUZJQ0FURS0tLS0tCg=="
              }
            ],
            "cluster_id": null,
            "created_at": "2023-07-24 07:33:11.67 +0000 UTC",
            "enabled_cluster_log_types": [],
            "encryption_config": [],
            "endpoint": "https://F1A39DDDA35B93EF8E2F340DF0FF4ED1.gr7.eu-west-2.eks.amazonaws.com",
            "id": "eks-cluster",
            "identity": [
              {
                "oidc": [
                  {
                    "issuer": "https://oidc.eks.eu-west-2.amazonaws.com/id/F1A39DDDA35B93EF8E2F340DF0FF4ED1"
                  }
                ]
              }
            ],
            "kubernetes_network_config": [
              {
                "ip_family": "ipv4",
                "service_ipv4_cidr": "172.20.0.0/16",
                "service_ipv6_cidr": ""
              }
            ],
            "name": "eks-cluster",
            "outpost_config": [],
            "platform_version": "eks.3",
            "role_arn": "arn:aws:iam::766176144542:role/scf-ke-prod-network-stack-vpc-EKSclusterRole-Z4KJKQRYRONT",
            "status": "ACTIVE",
            "tags": {},
            "tags_all": {},
            "timeouts": null,
            "version": "1.28",
            "vpc_config": [
              {
                "cluster_security_group_id": "sg-0dcadb90255b530c2",
                "endpoint_private_access": true,
                "endpoint_public_access": false,
                "public_access_cidrs": [],
                "security_group_ids": [],
                "subnet_ids": [
                  "subnet-002ad57466d0cfd46",
                  "subnet-09aa7e3eabd5bae59"
                ],
                "vpc_id": "vpc-0a776fe934cdc9011"
              }
            ]
          },
          "sensitive_attributes": []
        }
      ]
    }
  ]
}