{
  "version": 4,
  "terraform_version": "1.39.0",
  "serial": 1,
  "lineage": "",
  "outputs": {},
  "resources": [
    {
      "mode": "managed",
      "type": "aws_instance",
      "name": "ac--i-008d7e6614222b602-1",
      "provider": "provider[\"registry.terraform.io/hashicorp/aws\"]",
      "instances": [
        {
          "schema_version": 1,
          "attributes": {
            "ami": "ami-0365e7b3e860a3b82",
            "arn": "arn:aws:ec2:eu-west-2:766176144542:instance/i-008d7e6614222b602",
            "associate_public_ip_address": false,
            "availability_zone": "eu-west-2b",
            "capacity_reservation_specification": [
              {
                "capacity_reservation_preference": "open",
                "capacity_reservation_target": []
              }
            ],
            "cpu_core_count": 1,
            "cpu_options": [
              {
                "amd_sev_snp": "",
                "core_count": 1,
                "threads_per_core": 2
              }
            ],
            "cpu_threads_per_core": 2,
            "credit_specification": [
              {
                "cpu_credits": "unlimited"
              }
            ],
            "disable_api_stop": false,
            "disable_api_termination": false,
            "ebs_block_device": [],
            "ebs_optimized": false,
            "enclave_options": [
              {
                "enabled": false
              }
            ],
            "ephemeral_block_device": [],
            "get_password_data": false,
            "hibernation": false,
            "host_id": "",
            "host_resource_group_arn": null,
            "iam_instance_profile": "eks-04c5dac5-ba71-450c-c4e3-f8bbd79e9c5a",
            "id": "i-008d7e6614222b602",
            "instance_initiated_shutdown_behavior": "stop",
            "instance_state": "running",
            "instance_type": "t3.large",
            "ipv6_address_count": 0,
            "ipv6_addresses": [],
            "key_name": "",
            "launch_template": [
              {
                "id": "lt-09eacd9beeed407b3",
                "name": "eks-04c5dac5-ba71-450c-c4e3-f8bbd79e9c5a",
                "version": "1"
              }
            ],
            "maintenance_options": [
              {
                "auto_recovery": "default"
              }
            ],
            "metadata_options": [
              {
                "http_endpoint": "enabled",
                "http_put_response_hop_limit": 2,
                "http_tokens": "optional",
                "instance_metadata_tags": "disabled"
              }
            ],
            "monitoring": false,
            "network_interface": [],
            "outpost_arn": "",
            "password_data": "",
            "placement_group": "",
            "placement_partition_number": 0,
            "primary_network_interface_id": "eni-020211a0f10c1769a",
            "private_dns": "ip-10-40-153-75.eu-west-2.compute.internal",
            "private_dns_name_options": [
              {
                "enable_resource_name_dns_a_record": false,
                "enable_resource_name_dns_aaaa_record": false,
                "hostname_type": "ip-name"
              }
            ],
            "private_ip": "10.40.153.75",
            "public_dns": "",
            "public_ip": "",
            "root_block_device": [
              {
                "delete_on_termination": true,
                "device_name": "/dev/xvda",
                "encrypted": true,
                "iops": 100,
                "kms_key_id": "arn:aws:kms:eu-west-2:766176144542:key/2d70f0ba-a13f-4642-883a-48f115ba9106",
                "tags": {},
                "throughput": 0,
                "volume_id": "vol-081ec99f26ecc460d",
                "volume_size": 20,
                "volume_type": "gp2"
              }
            ],
            "secondary_private_ips": [
              "10.40.144.149",
              "10.40.144.221",
              "10.40.146.245",
              "10.40.147.19",
              "10.40.149.0",
              "10.40.150.18",
              "10.40.153.242",
              "10.40.154.177",
              "10.40.156.249",
              "10.40.157.120",
              "10.40.159.23"
            ],
            "security_groups": [],
            "source_dest_check": true,
            "subnet_id": "subnet-09aa7e3eabd5bae59",
            "tags": {
              "QSConfigName-gj7vw": "patch manager",
              "eks:cluster-name": "eks-cluster",
              "eks:nodegroup-name": "on-demand_node-grp-1",
              "k8s.io/cluster-autoscaler/eks-cluster": "owned",
              "k8s.io/cluster-autoscaler/enabled": "true",
              "kubernetes.io/cluster/eks-cluster": "owned"
            },
            "tags_all": {
              "QSConfigName-gj7vw": "patch manager",
              "eks:cluster-name": "eks-cluster",
              "eks:nodegroup-name": "on-demand_node-grp-1",
              "k8s.io/cluster-autoscaler/eks-cluster": "owned",
              "k8s.io/cluster-autoscaler/enabled": "true",
              "kubernetes.io/cluster/eks-cluster": "owned"
            },
            "tenancy": "default",
            "timeouts": null,
            "user_data": "2d544fc5849c459427de48ef0f29a93decf68e56",
            "user_data_base64": null,
            "user_data_replace_on_change": null,
            "volume_tags": null,
            "vpc_security_group_ids": [
              "sg-0dcadb90255b530c2"
            ]
          },
          "sensitive_attributes": []
        }
      ]
    },
    {
      "mode": "managed",
      "type": "aws_instance",
      "name": "ac--i-00f2670c88b40328e-1",
      "provider": "provider[\"registry.terraform.io/hashicorp/aws\"]",
      "instances": [
        {
          "schema_version": 1,
          "attributes": {
            "ami": "ami-0365e7b3e860a3b82",
            "arn": "arn:aws:ec2:eu-west-2:766176144542:instance/i-00f2670c88b40328e",
            "associate_public_ip_address": false,
            "availability_zone": "eu-west-2a",
            "capacity_reservation_specification": [
              {
                "capacity_reservation_preference": "open",
                "capacity_reservation_target": []
              }
            ],
            "cpu_core_count": 1,
            "cpu_options": [
              {
                "amd_sev_snp": "",
                "core_count": 1,
                "threads_per_core": 2
              }
            ],
            "cpu_threads_per_core": 2,
            "credit_specification": [
              {
                "cpu_credits": "unlimited"
              }
            ],
            "disable_api_stop": false,
            "disable_api_termination": false,
            "ebs_block_device": [],
            "ebs_optimized": false,
            "enclave_options": [
              {
                "enabled": false
              }
            ],
            "ephemeral_block_device": [],
            "get_password_data": false,
            "hibernation": false,
            "host_id": "",
            "host_resource_group_arn": null,
            "iam_instance_profile": "eks-04c5dac5-ba71-450c-c4e3-f8bbd79e9c5a",
            "id": "i-00f2670c88b40328e",
            "instance_initiated_shutdown_behavior": "stop",
            "instance_state": "running",
            "instance_type": "t3.large",
            "ipv6_address_count": 0,
            "ipv6_addresses": [],
            "key_name": "",
            "launch_template": [
              {
                "id": "lt-09eacd9beeed407b3",
                "name": "eks-04c5dac5-ba71-450c-c4e3-f8bbd79e9c5a",
                "version": "1"
              }
            ],
            "maintenance_options": [
              {
                "auto_recovery": "default"
              }
            ],
            "metadata_options": [
              {
                "http_endpoint": "enabled",
                "http_put_response_hop_limit": 2,
                "http_tokens": "optional",
                "instance_metadata_tags": "disabled"
              }
            ],
            "monitoring": false,
            "network_interface": [],
            "outpost_arn": "",
            "password_data": "",
            "placement_group": "",
            "placement_partition_number": 0,
            "primary_network_interface_id": "eni-02b694cbdbff83df1",
            "private_dns": "ip-10-40-132-140.eu-west-2.compute.internal",
            "private_dns_name_options": [
              {
                "enable_resource_name_dns_a_record": false,
                "enable_resource_name_dns_aaaa_record": false,
                "hostname_type": "ip-name"
              }
            ],
            "private_ip": "10.40.132.140",
            "public_dns": "",
            "public_ip": "",
            "root_block_device": [
              {
                "delete_on_termination": true,
                "device_name": "/dev/xvda",
                "encrypted": true,
                "iops": 100,
                "kms_key_id": "arn:aws:kms:eu-west-2:766176144542:key/2d70f0ba-a13f-4642-883a-48f115ba9106",
                "tags": {},
                "throughput": 0,
                "volume_id": "vol-06444d0568f4665c4",
                "volume_size": 20,
                "volume_type": "gp2"
              }
            ],
            "secondary_private_ips": [
              "10.40.129.106",
              "10.40.134.94",
              "10.40.136.135",
              "10.40.136.170",
              "10.40.136.180",
              "10.40.136.212",
              "10.40.136.25",
              "10.40.137.155",
              "10.40.142.189",
              "10.40.142.74",
              "10.40.143.117"
            ],
            "security_groups": [],
            "source_dest_check": true,
            "subnet_id": "subnet-002ad57466d0cfd46",
            "tags": {
              "QSConfigName-gj7vw": "patch manager",
              "eks:cluster-name": "eks-cluster",
              "eks:nodegroup-name": "on-demand_node-grp-1",
              "k8s.io/cluster-autoscaler/eks-cluster": "owned",
              "k8s.io/cluster-autoscaler/enabled": "true",
              "kubernetes.io/cluster/eks-cluster": "owned"
            },
            "tags_all": {
              "QSConfigName-gj7vw": "patch manager",
              "eks:cluster-name": "eks-cluster",
              "eks:nodegroup-name": "on-demand_node-grp-1",
              "k8s.io/cluster-autoscaler/eks-cluster": "owned",
              "k8s.io/cluster-autoscaler/enabled": "true",
              "kubernetes.io/cluster/eks-cluster": "owned"
            },
            "tenancy": "default",
            "timeouts": null,
            "user_data": "2d544fc5849c459427de48ef0f29a93decf68e56",
            "user_data_base64": null,
            "user_data_replace_on_change": null,
            "volume_tags": null,
            "vpc_security_group_ids": [
              "sg-0dcadb90255b530c2"
            ]
          },
          "sensitive_attributes": []
        }
      ]
    },
    {
      "mode": "managed",
      "type": "aws_instance",
      "name": "ac--i-0130d3a39f9b2737d-1",
      "provider": "provider[\"registry.terraform.io/hashicorp/aws\"]",
      "instances": [
        {
          "schema_version": 1,
          "attributes": {
            "ami": "ami-0365e7b3e860a3b82",
            "arn": "arn:aws:ec2:eu-west-2:766176144542:instance/i-0130d3a39f9b2737d",
            "associate_public_ip_address": false,
            "availability_zone": "eu-west-2a",
            "capacity_reservation_specification": [
              {
                "capacity_reservation_preference": "open",
                "capacity_reservation_target": []
              }
            ],
            "cpu_core_count": 1,
            "cpu_options": [
              {
                "amd_sev_snp": "",
                "core_count": 1,
                "threads_per_core": 2
              }
            ],
            "cpu_threads_per_core": 2,
            "credit_specification": [
              {
                "cpu_credits": "unlimited"
              }
            ],
            "disable_api_stop": false,
            "disable_api_termination": false,
            "ebs_block_device": [],
            "ebs_optimized": false,
            "enclave_options": [
              {
                "enabled": false
              }
            ],
            "ephemeral_block_device": [],
            "get_password_data": false,
            "hibernation": false,
            "host_id": "",
            "host_resource_group_arn": null,
            "iam_instance_profile": "eks-04c5dac5-ba71-450c-c4e3-f8bbd79e9c5a",
            "id": "i-0130d3a39f9b2737d",
            "instance_initiated_shutdown_behavior": "stop",
            "instance_state": "running",
            "instance_type": "t3.large",
            "ipv6_address_count": 0,
            "ipv6_addresses": [],
            "key_name": "",
            "launch_template": [
              {
                "id": "lt-09eacd9beeed407b3",
                "name": "eks-04c5dac5-ba71-450c-c4e3-f8bbd79e9c5a",
                "version": "1"
              }
            ],
            "maintenance_options": [
              {
                "auto_recovery": "default"
              }
            ],
            "metadata_options": [
              {
                "http_endpoint": "enabled",
                "http_put_response_hop_limit": 2,
                "http_tokens": "optional",
                "instance_metadata_tags": "disabled"
              }
            ],
            "monitoring": false,
            "network_interface": [],
            "outpost_arn": "",
            "password_data": "",
            "placement_group": "",
            "placement_partition_number": 0,
            "primary_network_interface_id": "eni-04870c1a4764641c9",
            "private_dns": "ip-10-40-141-170.eu-west-2.compute.internal",
            "private_dns_name_options": [
              {
                "enable_resource_name_dns_a_record": false,
                "enable_resource_name_dns_aaaa_record": false,
                "hostname_type": "ip-name"
              }
            ],
            "private_ip": "10.40.141.170",
            "public_dns": "",
            "public_ip": "",
            "root_block_device": [
              {
                "delete_on_termination": true,
                "device_name": "/dev/xvda",
                "encrypted": true,
                "iops": 100,
                "kms_key_id": "arn:aws:kms:eu-west-2:766176144542:key/2d70f0ba-a13f-4642-883a-48f115ba9106",
                "tags": {},
                "throughput": 0,
                "volume_id": "vol-091f9446100d7f78a",
                "volume_size": 20,
                "volume_type": "gp2"
              }
            ],
            "secondary_private_ips": [
              "10.40.128.254",
              "10.40.129.163",
              "10.40.132.168",
              "10.40.134.97",
              "10.40.136.139",
              "10.40.136.227",
              "10.40.137.113",
              "10.40.138.182",
              "10.40.139.45",
              "10.40.142.28",
              "10.40.143.230"
            ],
            "security_groups": [],
            "source_dest_check": true,
            "subnet_id": "subnet-002ad57466d0cfd46",
            "tags": {
              "QSConfigName-gj7vw": "patch manager",
              "eks:cluster-name": "eks-cluster",
              "eks:nodegroup-name": "on-demand_node-grp-1",
              "k8s.io/cluster-autoscaler/eks-cluster": "owned",
              "k8s.io/cluster-autoscaler/enabled": "true",
              "kubernetes.io/cluster/eks-cluster": "owned"
            },
            "tags_all": {
              "QSConfigName-gj7vw": "patch manager",
              "eks:cluster-name": "eks-cluster",
              "eks:nodegroup-name": "on-demand_node-grp-1",
              "k8s.io/cluster-autoscaler/eks-cluster": "owned",
              "k8s.io/cluster-autoscaler/enabled": "true",
              "kubernetes.io/cluster/eks-cluster": "owned"
            },
            "tenancy": "default",
            "timeouts": null,
            "user_data": "2d544fc5849c459427de48ef0f29a93decf68e56",
            "user_data_base64": null,
            "user_data_replace_on_change": null,
            "volume_tags": null,
            "vpc_security_group_ids": [
              "sg-0dcadb90255b530c2"
            ]
          },
          "sensitive_attributes": []
        }
      ]
    },
    {
      "mode": "managed",
      "type": "aws_instance",
      "name": "ac--i-01c6720a66005f8bb-1",
      "provider": "provider[\"registry.terraform.io/hashicorp/aws\"]",
      "instances": [
        {
          "schema_version": 1,
          "attributes": {
            "ami": "ami-082ed5214a6e6d7a7",
            "arn": "arn:aws:ec2:eu-west-2:766176144542:instance/i-01c6720a66005f8bb",
            "associate_public_ip_address": false,
            "availability_zone": "eu-west-2a",
            "capacity_reservation_specification": [
              {
                "capacity_reservation_preference": "open",
                "capacity_reservation_target": []
              }
            ],
            "cpu_core_count": 1,
            "cpu_options": [
              {
                "amd_sev_snp": "",
                "core_count": 1,
                "threads_per_core": 2
              }
            ],
            "cpu_threads_per_core": 2,
            "credit_specification": [
              {
                "cpu_credits": "unlimited"
              }
            ],
            "disable_api_stop": false,
            "disable_api_termination": false,
            "ebs_block_device": [],
            "ebs_optimized": true,
            "enclave_options": [
              {
                "enabled": false
              }
            ],
            "ephemeral_block_device": [],
            "get_password_data": false,
            "hibernation": false,
            "host_id": "",
            "host_resource_group_arn": null,
            "iam_instance_profile": "SSMInstanceProfile",
            "id": "i-01c6720a66005f8bb",
            "instance_initiated_shutdown_behavior": "stop",
            "instance_state": "running",
            "instance_type": "t3.medium",
            "ipv6_address_count": 0,
            "ipv6_addresses": [],
            "key_name": "elk-prod-key",
            "launch_template": [],
            "maintenance_options": [
              {
                "auto_recovery": "default"
              }
            ],
            "metadata_options": [
              {
                "http_endpoint": "enabled",
                "http_put_response_hop_limit": 1,
                "http_tokens": "optional",
                "instance_metadata_tags": "disabled"
              }
            ],
            "monitoring": false,
            "network_interface": [],
            "outpost_arn": "",
            "password_data": "",
            "placement_group": "",
            "placement_partition_number": 0,
            "primary_network_interface_id": "eni-0c96473f5346d3261",
            "private_dns": "ip-10-40-131-34.eu-west-2.compute.internal",
            "private_dns_name_options": [
              {
                "enable_resource_name_dns_a_record": false,
                "enable_resource_name_dns_aaaa_record": false,
                "hostname_type": "ip-name"
              }
            ],
            "private_ip": "10.40.131.34",
            "public_dns": "",
            "public_ip": "",
            "root_block_device": [
              {
                "delete_on_termination": true,
                "device_name": "/dev/sda1",
                "encrypted": true,
                "iops": 15000,
                "kms_key_id": "arn:aws:kms:eu-west-2:766176144542:key/2d70f0ba-a13f-4642-883a-48f115ba9106",
                "tags": {},
                "throughput": 0,
                "volume_id": "vol-0124e46543c664fdc",
                "volume_size": 5000,
                "volume_type": "gp2"
              }
            ],
            "secondary_private_ips": [],
            "security_groups": [],
            "source_dest_check": true,
            "subnet_id": "subnet-002ad57466d0cfd46",
            "tags": {
              "Name": "elk server",
              "QSConfigName-gj7vw": "patch manager"
            },
            "tags_all": {
              "Name": "elk server",
              "QSConfigName-gj7vw": "patch manager"
            },
            "tenancy": "default",
            "timeouts": null,
            "user_data": null,
            "user_data_base64": null,
            "user_data_replace_on_change": null,
            "volume_tags": null,
            "vpc_security_group_ids": [
              "sg-01b1d43d825df35b2",
              "sg-06f3998032b7fe04f"
            ]
          },
          "sensitive_attributes": []
        }
      ]
    },
    {
      "mode": "managed",
      "type": "aws_instance",
      "name": "ac--i-01c7ef7ba646e6a54-1",
      "provider": "provider[\"registry.terraform.io/hashicorp/aws\"]",
      "instances": [
        {
          "schema_version": 1,
          "attributes": {
            "ami": "ami-0b594cc165f9cddaa",
            "arn": "arn:aws:ec2:eu-west-2:766176144542:instance/i-01c7ef7ba646e6a54",
            "associate_public_ip_address": false,
            "availability_zone": "eu-west-2b",
            "capacity_reservation_specification": [
              {
                "capacity_reservation_preference": "open",
                "capacity_reservation_target": []
              }
            ],
            "cpu_core_count": 1,
            "cpu_options": [
              {
                "amd_sev_snp": "",
                "core_count": 1,
                "threads_per_core": 1
              }
            ],
            "cpu_threads_per_core": 1,
            "credit_specification": [
              {
                "cpu_credits": "standard"
              }
            ],
            "disable_api_stop": false,
            "disable_api_termination": false,
            "ebs_block_device": [],
            "ebs_optimized": false,
            "enclave_options": [
              {
                "enabled": false
              }
            ],
            "ephemeral_block_device": [],
            "get_password_data": false,
            "hibernation": false,
            "host_id": "",
            "host_resource_group_arn": null,
            "iam_instance_profile": "AmazonSSMRoleForInstancesQuickSetup",
            "id": "i-01c7ef7ba646e6a54",
            "instance_initiated_shutdown_behavior": "stop",
            "instance_state": "running",
            "instance_type": "t2.small",
            "ipv6_address_count": 0,
            "ipv6_addresses": [],
            "key_name": "wordpress",
            "launch_template": [],
            "maintenance_options": [
              {
                "auto_recovery": "default"
              }
            ],
            "metadata_options": [
              {
                "http_endpoint": "enabled",
                "http_put_response_hop_limit": 2,
                "http_tokens": "required",
                "instance_metadata_tags": "disabled"
              }
            ],
            "monitoring": false,
            "network_interface": [],
            "outpost_arn": "",
            "password_data": "",
            "placement_group": "",
            "placement_partition_number": 0,
            "primary_network_interface_id": "eni-02a9fbe17a5cc8436",
            "private_dns": "ip-10-40-155-14.eu-west-2.compute.internal",
            "private_dns_name_options": [
              {
                "enable_resource_name_dns_a_record": false,
                "enable_resource_name_dns_aaaa_record": false,
                "hostname_type": "ip-name"
              }
            ],
            "private_ip": "10.40.155.14",
            "public_dns": "",
            "public_ip": "",
            "root_block_device": [
              {
                "delete_on_termination": true,
                "device_name": "/dev/xvda",
                "encrypted": true,
                "iops": 3000,
                "kms_key_id": "arn:aws:kms:eu-west-2:766176144542:key/2d70f0ba-a13f-4642-883a-48f115ba9106",
                "tags": {},
                "throughput": 125,
                "volume_id": "vol-0637642a0d20b9b74",
                "volume_size": 8,
                "volume_type": "gp3"
              }
            ],
            "secondary_private_ips": [],
            "security_groups": [],
            "source_dest_check": true,
            "subnet_id": "subnet-09aa7e3eabd5bae59",
            "tags": {
              "Name": "wordpress",
              "QSConfigName-gj7vw": "patch manager"
            },
            "tags_all": {
              "Name": "wordpress",
              "QSConfigName-gj7vw": "patch manager"
            },
            "tenancy": "default",
            "timeouts": null,
            "user_data": null,
            "user_data_base64": null,
            "user_data_replace_on_change": null,
            "volume_tags": null,
            "vpc_security_group_ids": [
              "sg-01b1d43d825df35b2",
              "sg-0bcbcba14d5ab6bd5"
            ]
          },
          "sensitive_attributes": []
        }
      ]
    },
    {
      "mode": "managed",
      "type": "aws_instance",
      "name": "ac--i-02199476884f35278-1",
      "provider": "provider[\"registry.terraform.io/hashicorp/aws\"]",
      "instances": [
        {
          "schema_version": 1,
          "attributes": {
            "ami": "ami-048fb7a1362d5fe3d",
            "arn": "arn:aws:ec2:eu-west-2:766176144542:instance/i-02199476884f35278",
            "associate_public_ip_address": false,
            "availability_zone": "eu-west-2a",
            "capacity_reservation_specification": [
              {
                "capacity_reservation_preference": "open",
                "capacity_reservation_target": []
              }
            ],
            "cpu_core_count": 1,
            "cpu_options": [
              {
                "amd_sev_snp": "",
                "core_count": 1,
                "threads_per_core": 1
              }
            ],
            "cpu_threads_per_core": 1,
            "credit_specification": [
              {
                "cpu_credits": "unlimited"
              }
            ],
            "disable_api_stop": false,
            "disable_api_termination": false,
            "ebs_block_device": [],
            "ebs_optimized": false,
            "enclave_options": [
              {
                "enabled": false
              }
            ],
            "ephemeral_block_device": [],
            "get_password_data": false,
            "hibernation": false,
            "host_id": "",
            "host_resource_group_arn": null,
            "iam_instance_profile": "SSMInstanceProfile",
            "id": "i-02199476884f35278",
            "instance_initiated_shutdown_behavior": "stop",
            "instance_state": "running",
            "instance_type": "t2.nano",
            "ipv6_address_count": 0,
            "ipv6_addresses": [],
            "key_name": "prod-proxy-server",
            "launch_template": [],
            "maintenance_options": [
              {
                "auto_recovery": "default"
              }
            ],
            "metadata_options": [
              {
                "http_endpoint": "enabled",
                "http_put_response_hop_limit": 1,
                "http_tokens": "optional",
                "instance_metadata_tags": "disabled"
              }
            ],
            "monitoring": false,
            "network_interface": [],
            "outpost_arn": "",
            "password_data": "",
            "placement_group": "",
            "placement_partition_number": 0,
            "primary_network_interface_id": "eni-0d0ac92770b7d322f",
            "private_dns": "ip-10-255-255-202.eu-west-2.compute.internal",
            "private_dns_name_options": [
              {
                "enable_resource_name_dns_a_record": false,
                "enable_resource_name_dns_aaaa_record": false,
                "hostname_type": "ip-name"
              }
            ],
            "private_ip": "10.255.255.202",
            "public_dns": "",
            "public_ip": "",
            "root_block_device": [
              {
                "delete_on_termination": true,
                "device_name": "/dev/xvda",
                "encrypted": true,
                "iops": 100,
                "kms_key_id": "arn:aws:kms:eu-west-2:766176144542:key/2d70f0ba-a13f-4642-883a-48f115ba9106",
                "tags": {},
                "throughput": 0,
                "volume_id": "vol-09159d8beb6f9ac7e",
                "volume_size": 8,
                "volume_type": "gp2"
              }
            ],
            "secondary_private_ips": [],
            "security_groups": [],
            "source_dest_check": true,
            "subnet_id": "subnet-0428e0711a4ca2507",
            "tags": {
              "Name": "proxy-server",
              "QSConfigName-gj7vw": "patch manager"
            },
            "tags_all": {
              "Name": "proxy-server",
              "QSConfigName-gj7vw": "patch manager"
            },
            "tenancy": "default",
            "timeouts": null,
            "user_data": null,
            "user_data_base64": null,
            "user_data_replace_on_change": null,
            "volume_tags": null,
            "vpc_security_group_ids": [
              "sg-01b1d43d825df35b2",
              "sg-057d948e0f36cae53"
            ]
          },
          "sensitive_attributes": []
        }
      ]
    },
    {
      "mode": "managed",
      "type": "aws_instance",
      "name": "ac--i-03b6d854461e98f19",
      "provider": "provider[\"registry.terraform.io/hashicorp/aws\"]",
      "instances": [
        {
          "schema_version": 1,
          "attributes": {
            "ami": "ami-0b594cc165f9cddaa",
            "arn": "arn:aws:ec2:eu-west-2:766176144542:instance/i-03b6d854461e98f19",
            "associate_public_ip_address": false,
            "availability_zone": "eu-west-2a",
            "capacity_reservation_specification": [
              {
                "capacity_reservation_preference": "open",
                "capacity_reservation_target": []
              }
            ],
            "cpu_core_count": 1,
            "cpu_options": [
              {
                "amd_sev_snp": "",
                "core_count": 1,
                "threads_per_core": 2
              }
            ],
            "cpu_threads_per_core": 2,
            "credit_specification": [
              {
                "cpu_credits": "unlimited"
              }
            ],
            "disable_api_stop": false,
            "disable_api_termination": false,
            "ebs_block_device": [],
            "ebs_optimized": true,
            "enclave_options": [
              {
                "enabled": false
              }
            ],
            "ephemeral_block_device": [],
            "get_password_data": false,
            "hibernation": false,
            "host_id": "",
            "host_resource_group_arn": null,
            "iam_instance_profile": "AmazonSSMRoleForInstancesQuickSetup",
            "id": "i-03b6d854461e98f19",
            "instance_initiated_shutdown_behavior": "stop",
            "instance_state": "running",
            "instance_type": "t3.medium",
            "ipv6_address_count": 0,
            "ipv6_addresses": [],
            "key_name": "prod-kenya-BastionHost-key",
            "launch_template": [],
            "maintenance_options": [
              {
                "auto_recovery": "default"
              }
            ],
            "metadata_options": [
              {
                "http_endpoint": "enabled",
                "http_put_response_hop_limit": 2,
                "http_tokens": "required",
                "instance_metadata_tags": "disabled"
              }
            ],
            "monitoring": false,
            "network_interface": [],
            "outpost_arn": "",
            "password_data": "",
            "placement_group": "",
            "placement_partition_number": 0,
            "primary_network_interface_id": "eni-0eaf80e04bf5257bb",
            "private_dns": "ip-10-40-136-31.eu-west-2.compute.internal",
            "private_dns_name_options": [
              {
                "enable_resource_name_dns_a_record": false,
                "enable_resource_name_dns_aaaa_record": false,
                "hostname_type": "ip-name"
              }
            ],
            "private_ip": "10.40.136.31",
            "public_dns": "",
            "public_ip": "",
            "root_block_device": [
              {
                "delete_on_termination": true,
                "device_name": "/dev/xvda",
                "encrypted": true,
                "iops": 3000,
                "kms_key_id": "arn:aws:kms:eu-west-2:766176144542:key/2d70f0ba-a13f-4642-883a-48f115ba9106",
                "tags": {},
                "throughput": 125,
                "volume_id": "vol-0d3fdcde3b4ae788c",
                "volume_size": 8,
                "volume_type": "gp3"
              }
            ],
            "secondary_private_ips": [],
            "security_groups": [],
            "source_dest_check": true,
            "subnet_id": "subnet-002ad57466d0cfd46",
            "tags": {
              "Name": "bastion",
              "QSConfigName-gj7vw": "patch manager",
              "autostart": "no",
              "autostop": "yes"
            },
            "tags_all": {
              "Name": "bastion",
              "QSConfigName-gj7vw": "patch manager",
              "autostart": "no",
              "autostop": "yes"
            },
            "tenancy": "default",
            "timeouts": null,
            "user_data": null,
            "user_data_base64": null,
            "user_data_replace_on_change": null,
            "volume_tags": null,
            "vpc_security_group_ids": [
              "sg-0a729c4d996e71603"
            ]
          },
          "sensitive_attributes": []
        }
      ]
    },
    {
      "mode": "managed",
      "type": "aws_instance",
      "name": "ac--i-06ff6e10c20a9cca6-1",
      "provider": "provider[\"registry.terraform.io/hashicorp/aws\"]",
      "instances": [
        {
          "schema_version": 1,
          "attributes": {
            "ami": "ami-0365e7b3e860a3b82",
            "arn": "arn:aws:ec2:eu-west-2:766176144542:instance/i-06ff6e10c20a9cca6",
            "associate_public_ip_address": false,
            "availability_zone": "eu-west-2a",
            "capacity_reservation_specification": [
              {
                "capacity_reservation_preference": "open",
                "capacity_reservation_target": []
              }
            ],
            "cpu_core_count": 1,
            "cpu_options": [
              {
                "amd_sev_snp": "",
                "core_count": 1,
                "threads_per_core": 2
              }
            ],
            "cpu_threads_per_core": 2,
            "credit_specification": [
              {
                "cpu_credits": "unlimited"
              }
            ],
            "disable_api_stop": false,
            "disable_api_termination": false,
            "ebs_block_device": [],
            "ebs_optimized": false,
            "enclave_options": [
              {
                "enabled": false
              }
            ],
            "ephemeral_block_device": [],
            "get_password_data": false,
            "hibernation": false,
            "host_id": "",
            "host_resource_group_arn": null,
            "iam_instance_profile": "eks-04c5dac5-ba71-450c-c4e3-f8bbd79e9c5a",
            "id": "i-06ff6e10c20a9cca6",
            "instance_initiated_shutdown_behavior": "stop",
            "instance_state": "running",
            "instance_type": "t3.large",
            "ipv6_address_count": 0,
            "ipv6_addresses": [],
            "key_name": "",
            "launch_template": [
              {
                "id": "lt-09eacd9beeed407b3",
                "name": "eks-04c5dac5-ba71-450c-c4e3-f8bbd79e9c5a",
                "version": "1"
              }
            ],
            "maintenance_options": [
              {
                "auto_recovery": "default"
              }
            ],
            "metadata_options": [
              {
                "http_endpoint": "enabled",
                "http_put_response_hop_limit": 2,
                "http_tokens": "optional",
                "instance_metadata_tags": "disabled"
              }
            ],
            "monitoring": false,
            "network_interface": [],
            "outpost_arn": "",
            "password_data": "",
            "placement_group": "",
            "placement_partition_number": 0,
            "primary_network_interface_id": "eni-01d2ca1eda2e22509",
            "private_dns": "ip-10-40-136-144.eu-west-2.compute.internal",
            "private_dns_name_options": [
              {
                "enable_resource_name_dns_a_record": false,
                "enable_resource_name_dns_aaaa_record": false,
                "hostname_type": "ip-name"
              }
            ],
            "private_ip": "10.40.136.144",
            "public_dns": "",
            "public_ip": "",
            "root_block_device": [
              {
                "delete_on_termination": true,
                "device_name": "/dev/xvda",
                "encrypted": true,
                "iops": 100,
                "kms_key_id": "arn:aws:kms:eu-west-2:766176144542:key/2d70f0ba-a13f-4642-883a-48f115ba9106",
                "tags": {},
                "throughput": 0,
                "volume_id": "vol-09fd6bda3a8acd186",
                "volume_size": 20,
                "volume_type": "gp2"
              }
            ],
            "secondary_private_ips": [
              "10.40.128.100",
              "10.40.128.165",
              "10.40.130.139",
              "10.40.132.172",
              "10.40.132.182",
              "10.40.134.125",
              "10.40.135.180",
              "10.40.135.201",
              "10.40.136.166",
              "10.40.137.85",
              "10.40.140.177"
            ],
            "security_groups": [],
            "source_dest_check": true,
            "subnet_id": "subnet-002ad57466d0cfd46",
            "tags": {
              "QSConfigName-gj7vw": "patch manager",
              "eks:cluster-name": "eks-cluster",
              "eks:nodegroup-name": "on-demand_node-grp-1",
              "k8s.io/cluster-autoscaler/eks-cluster": "owned",
              "k8s.io/cluster-autoscaler/enabled": "true",
              "kubernetes.io/cluster/eks-cluster": "owned"
            },
            "tags_all": {
              "QSConfigName-gj7vw": "patch manager",
              "eks:cluster-name": "eks-cluster",
              "eks:nodegroup-name": "on-demand_node-grp-1",
              "k8s.io/cluster-autoscaler/eks-cluster": "owned",
              "k8s.io/cluster-autoscaler/enabled": "true",
              "kubernetes.io/cluster/eks-cluster": "owned"
            },
            "tenancy": "default",
            "timeouts": null,
            "user_data": "2d544fc5849c459427de48ef0f29a93decf68e56",
            "user_data_base64": null,
            "user_data_replace_on_change": null,
            "volume_tags": null,
            "vpc_security_group_ids": [
              "sg-0dcadb90255b530c2"
            ]
          },
          "sensitive_attributes": []
        }
      ]
    },
    {
      "mode": "managed",
      "type": "aws_instance",
      "name": "ac--i-07a923548d681a04f-1",
      "provider": "provider[\"registry.terraform.io/hashicorp/aws\"]",
      "instances": [
        {
          "schema_version": 1,
          "attributes": {
            "ami": "ami-0b594cc165f9cddaa",
            "arn": "arn:aws:ec2:eu-west-2:766176144542:instance/i-07a923548d681a04f",
            "associate_public_ip_address": false,
            "availability_zone": "eu-west-2b",
            "capacity_reservation_specification": [
              {
                "capacity_reservation_preference": "open",
                "capacity_reservation_target": []
              }
            ],
            "cpu_core_count": 1,
            "cpu_options": [
              {
                "amd_sev_snp": "",
                "core_count": 1,
                "threads_per_core": 2
              }
            ],
            "cpu_threads_per_core": 2,
            "credit_specification": [
              {
                "cpu_credits": "unlimited"
              }
            ],
            "disable_api_stop": false,
            "disable_api_termination": false,
            "ebs_block_device": [],
            "ebs_optimized": true,
            "enclave_options": [
              {
                "enabled": false
              }
            ],
            "ephemeral_block_device": [],
            "get_password_data": false,
            "hibernation": false,
            "host_id": "",
            "host_resource_group_arn": null,
            "iam_instance_profile": "AmazonSSMRoleForInstancesQuickSetup",
            "id": "i-07a923548d681a04f",
            "instance_initiated_shutdown_behavior": "stop",
            "instance_state": "running",
            "instance_type": "t3.medium",
            "ipv6_address_count": 0,
            "ipv6_addresses": [],
            "key_name": "prod-jenkins-key",
            "launch_template": [],
            "maintenance_options": [
              {
                "auto_recovery": "default"
              }
            ],
            "metadata_options": [
              {
                "http_endpoint": "enabled",
                "http_put_response_hop_limit": 2,
                "http_tokens": "required",
                "instance_metadata_tags": "disabled"
              }
            ],
            "monitoring": false,
            "network_interface": [],
            "outpost_arn": "",
            "password_data": "",
            "placement_group": "",
            "placement_partition_number": 0,
            "primary_network_interface_id": "eni-057f6c7baf42cfbce",
            "private_dns": "ip-10-40-147-225.eu-west-2.compute.internal",
            "private_dns_name_options": [
              {
                "enable_resource_name_dns_a_record": false,
                "enable_resource_name_dns_aaaa_record": false,
                "hostname_type": "ip-name"
              }
            ],
            "private_ip": "10.40.147.225",
            "public_dns": "",
            "public_ip": "",
            "root_block_device": [
              {
                "delete_on_termination": true,
                "device_name": "/dev/xvda",
                "encrypted": true,
                "iops": 3000,
                "kms_key_id": "arn:aws:kms:eu-west-2:766176144542:key/2d70f0ba-a13f-4642-883a-48f115ba9106",
                "tags": {},
                "throughput": 125,
                "volume_id": "vol-0052f0d738420a660",
                "volume_size": 25,
                "volume_type": "gp3"
              }
            ],
            "secondary_private_ips": [],
            "security_groups": [],
            "source_dest_check": true,
            "subnet_id": "subnet-09aa7e3eabd5bae59",
            "tags": {
              "Name": "jenkins",
              "QSConfigName-gj7vw": "patch manager",
              "autostop": "yes"
            },
            "tags_all": {
              "Name": "jenkins",
              "QSConfigName-gj7vw": "patch manager",
              "autostop": "yes"
            },
            "tenancy": "default",
            "timeouts": null,
            "user_data": null,
            "user_data_base64": null,
            "user_data_replace_on_change": null,
            "volume_tags": null,
            "vpc_security_group_ids": [
              "sg-01b1d43d825df35b2",
              "sg-02e85199df1ef741c"
            ]
          },
          "sensitive_attributes": []
        }
      ]
    },
    {
      "mode": "managed",
      "type": "aws_instance",
      "name": "ac--i-08570bb3f058ae969",
      "provider": "provider[\"registry.terraform.io/hashicorp/aws\"]",
      "instances": [
        {
          "schema_version": 1,
          "attributes": {
            "ami": "ami-05d2105bdf8b3e8e6",
            "arn": "arn:aws:ec2:eu-west-2:766176144542:instance/i-08570bb3f058ae969",
            "associate_public_ip_address": false,
            "availability_zone": "eu-west-2a",
            "capacity_reservation_specification": [
              {
                "capacity_reservation_preference": "open",
                "capacity_reservation_target": []
              }
            ],
            "cpu_core_count": 2,
            "cpu_options": [
              {
                "amd_sev_snp": "",
                "core_count": 2,
                "threads_per_core": 2
              }
            ],
            "cpu_threads_per_core": 2,
            "credit_specification": null,
            "disable_api_stop": false,
            "disable_api_termination": true,
            "ebs_block_device": [
              {
                "delete_on_termination": false,
                "device_name": "/dev/sdb",
                "encrypted": true,
                "iops": 3000,
                "kms_key_id": "arn:aws:kms:eu-west-2:766176144542:key/2d70f0ba-a13f-4642-883a-48f115ba9106",
                "snapshot_id": "",
                "tags": {},
                "throughput": 125,
                "volume_id": "vol-07085eb43456654fe",
                "volume_size": 768,
                "volume_type": "gp3"
              }
            ],
            "ebs_optimized": true,
            "enclave_options": [
              {
                "enabled": false
              }
            ],
            "ephemeral_block_device": [],
            "get_password_data": false,
            "hibernation": false,
            "host_id": "",
            "host_resource_group_arn": null,
            "iam_instance_profile": "AmazonSSMRoleForInstancesQuickSetup",
            "id": "i-08570bb3f058ae969",
            "instance_initiated_shutdown_behavior": "stop",
            "instance_state": "running",
            "instance_type": "m5.xlarge",
            "ipv6_address_count": 0,
            "ipv6_addresses": [],
            "key_name": "ep-server-qradar-key",
            "launch_template": [],
            "maintenance_options": [
              {
                "auto_recovery": "default"
              }
            ],
            "metadata_options": [
              {
                "http_endpoint": "enabled",
                "http_put_response_hop_limit": 1,
                "http_tokens": "required",
                "instance_metadata_tags": "disabled"
              }
            ],
            "monitoring": false,
            "network_interface": [],
            "outpost_arn": "",
            "password_data": "",
            "placement_group": "",
            "placement_partition_number": 0,
            "primary_network_interface_id": "eni-09694017972ef970e",
            "private_dns": "ip-10-50-0-138.eu-west-2.compute.internal",
            "private_dns_name_options": [
              {
                "enable_resource_name_dns_a_record": false,
                "enable_resource_name_dns_aaaa_record": false,
                "hostname_type": "ip-name"
              }
            ],
            "private_ip": "10.50.0.138",
            "public_dns": "",
            "public_ip": "",
            "root_block_device": [
              {
                "delete_on_termination": true,
                "device_name": "/dev/sda1",
                "encrypted": true,
                "iops": 3000,
                "kms_key_id": "arn:aws:kms:eu-west-2:766176144542:key/2d70f0ba-a13f-4642-883a-48f115ba9106",
                "tags": {},
                "throughput": 125,
                "volume_id": "vol-0e0e752ac24fb1ef0",
                "volume_size": 122,
                "volume_type": "gp3"
              }
            ],
            "secondary_private_ips": [],
            "security_groups": [],
            "source_dest_check": true,
            "subnet_id": "subnet-0a7061207da3fd3a1",
            "tags": {
              "Name": "QRadar_EC2_AWS_solv-kenya_eu-west-2",
              "QSConfigName-gj7vw": "patch manager"
            },
            "tags_all": {
              "Name": "QRadar_EC2_AWS_solv-kenya_eu-west-2",
              "QSConfigName-gj7vw": "patch manager"
            },
            "tenancy": "default",
            "timeouts": null,
            "user_data": null,
            "user_data_base64": null,
            "user_data_replace_on_change": null,
            "volume_tags": null,
            "vpc_security_group_ids": [
              "sg-0038a707a311fb60e"
            ]
          },
          "sensitive_attributes": []
        }
      ]
    },
    {
      "mode": "managed",
      "type": "aws_instance",
      "name": "ac--i-08e2757a091b44f53",
      "provider": "provider[\"registry.terraform.io/hashicorp/aws\"]",
      "instances": [
        {
          "schema_version": 1,
          "attributes": {
            "ami": "ami-0cf6f2b898ac0b337",
            "arn": "arn:aws:ec2:eu-west-2:766176144542:instance/i-08e2757a091b44f53",
            "associate_public_ip_address": true,
            "availability_zone": "eu-west-2b",
            "capacity_reservation_specification": [
              {
                "capacity_reservation_preference": "open",
                "capacity_reservation_target": []
              }
            ],
            "cpu_core_count": 1,
            "cpu_options": [
              {
                "amd_sev_snp": "",
                "core_count": 1,
                "threads_per_core": 1
              }
            ],
            "cpu_threads_per_core": 1,
            "credit_specification": [
              {
                "cpu_credits": "standard"
              }
            ],
            "disable_api_stop": false,
            "disable_api_termination": false,
            "ebs_block_device": [],
            "ebs_optimized": false,
            "enclave_options": [
              {
                "enabled": false
              }
            ],
            "ephemeral_block_device": [],
            "get_password_data": false,
            "hibernation": false,
            "host_id": "",
            "host_resource_group_arn": null,
            "iam_instance_profile": "AmazonSSMRoleForInstancesQuickSetup",
            "id": "i-08e2757a091b44f53",
            "instance_initiated_shutdown_behavior": "stop",
            "instance_state": "stopped",
            "instance_type": "t2.micro",
            "ipv6_address_count": 0,
            "ipv6_addresses": [],
            "key_name": "prod-kenya-BastionHost-key",
            "launch_template": [],
            "maintenance_options": [
              {
                "auto_recovery": "default"
              }
            ],
            "metadata_options": [
              {
                "http_endpoint": "enabled",
                "http_put_response_hop_limit": 2,
                "http_tokens": "required",
                "instance_metadata_tags": "disabled"
              }
            ],
            "monitoring": false,
            "network_interface": [],
            "outpost_arn": "",
            "password_data": "",
            "placement_group": "",
            "placement_partition_number": 0,
            "primary_network_interface_id": "eni-0f4e897bfc0d09dc0",
            "private_dns": "ip-10-40-26-137.eu-west-2.compute.internal",
            "private_dns_name_options": [
              {
                "enable_resource_name_dns_a_record": false,
                "enable_resource_name_dns_aaaa_record": false,
                "hostname_type": "ip-name"
              }
            ],
            "private_ip": "10.40.26.137",
            "public_dns": "ec2-13-42-78-165.eu-west-2.compute.amazonaws.com",
            "public_ip": "13.42.78.165",
            "root_block_device": [
              {
                "delete_on_termination": true,
                "device_name": "/dev/xvda",
                "encrypted": true,
                "iops": 3000,
                "kms_key_id": "arn:aws:kms:eu-west-2:766176144542:key/2d70f0ba-a13f-4642-883a-48f115ba9106",
                "tags": {},
                "throughput": 125,
                "volume_id": "vol-0b91de68ad3ff3cb4",
                "volume_size": 8,
                "volume_type": "gp3"
              }
            ],
            "secondary_private_ips": [],
            "security_groups": [],
            "source_dest_check": true,
            "subnet_id": "subnet-0124b4e97562ebbd7",
            "tags": {
              "Name": "public-backup-bastion",
              "QSConfigName-gj7vw": "patch manager",
              "autostop": "yes"
            },
            "tags_all": {
              "Name": "public-backup-bastion",
              "QSConfigName-gj7vw": "patch manager",
              "autostop": "yes"
            },
            "tenancy": "default",
            "timeouts": null,
            "user_data": null,
            "user_data_base64": null,
            "user_data_replace_on_change": null,
            "volume_tags": null,
            "vpc_security_group_ids": [
              "sg-0e1cf3b2b6001a62e"
            ]
          },
          "sensitive_attributes": []
        }
      ]
    },
    {
      "mode": "managed",
      "type": "aws_instance",
      "name": "ac--i-09b50ae9297aec290-1",
      "provider": "provider[\"registry.terraform.io/hashicorp/aws\"]",
      "instances": [
        {
          "schema_version": 1,
          "attributes": {
            "ami": "ami-0365e7b3e860a3b82",
            "arn": "arn:aws:ec2:eu-west-2:766176144542:instance/i-09b50ae9297aec290",
            "associate_public_ip_address": false,
            "availability_zone": "eu-west-2b",
            "capacity_reservation_specification": [
              {
                "capacity_reservation_preference": "open",
                "capacity_reservation_target": []
              }
            ],
            "cpu_core_count": 1,
            "cpu_options": [
              {
                "amd_sev_snp": "",
                "core_count": 1,
                "threads_per_core": 2
              }
            ],
            "cpu_threads_per_core": 2,
            "credit_specification": [
              {
                "cpu_credits": "unlimited"
              }
            ],
            "disable_api_stop": false,
            "disable_api_termination": false,
            "ebs_block_device": [],
            "ebs_optimized": false,
            "enclave_options": [
              {
                "enabled": false
              }
            ],
            "ephemeral_block_device": [],
            "get_password_data": false,
            "hibernation": false,
            "host_id": "",
            "host_resource_group_arn": null,
            "iam_instance_profile": "eks-04c5dac5-ba71-450c-c4e3-f8bbd79e9c5a",
            "id": "i-09b50ae9297aec290",
            "instance_initiated_shutdown_behavior": "stop",
            "instance_state": "running",
            "instance_type": "t3.large",
            "ipv6_address_count": 0,
            "ipv6_addresses": [],
            "key_name": "",
            "launch_template": [
              {
                "id": "lt-09eacd9beeed407b3",
                "name": "eks-04c5dac5-ba71-450c-c4e3-f8bbd79e9c5a",
                "version": "1"
              }
            ],
            "maintenance_options": [
              {
                "auto_recovery": "default"
              }
            ],
            "metadata_options": [
              {
                "http_endpoint": "enabled",
                "http_put_response_hop_limit": 2,
                "http_tokens": "optional",
                "instance_metadata_tags": "disabled"
              }
            ],
            "monitoring": false,
            "network_interface": [],
            "outpost_arn": "",
            "password_data": "",
            "placement_group": "",
            "placement_partition_number": 0,
            "primary_network_interface_id": "eni-0573d3b86efb8fa47",
            "private_dns": "ip-10-40-149-97.eu-west-2.compute.internal",
            "private_dns_name_options": [
              {
                "enable_resource_name_dns_a_record": false,
                "enable_resource_name_dns_aaaa_record": false,
                "hostname_type": "ip-name"
              }
            ],
            "private_ip": "10.40.149.97",
            "public_dns": "",
            "public_ip": "",
            "root_block_device": [
              {
                "delete_on_termination": true,
                "device_name": "/dev/xvda",
                "encrypted": true,
                "iops": 100,
                "kms_key_id": "arn:aws:kms:eu-west-2:766176144542:key/2d70f0ba-a13f-4642-883a-48f115ba9106",
                "tags": {},
                "throughput": 0,
                "volume_id": "vol-066ff77f57085f6bc",
                "volume_size": 20,
                "volume_type": "gp2"
              }
            ],
            "secondary_private_ips": [
              "10.40.144.192",
              "10.40.145.57",
              "10.40.146.194",
              "10.40.146.254",
              "10.40.147.39",
              "10.40.148.229",
              "10.40.148.3",
              "10.40.149.42",
              "10.40.153.183",
              "10.40.157.10",
              "10.40.157.216"
            ],
            "security_groups": [],
            "source_dest_check": true,
            "subnet_id": "subnet-09aa7e3eabd5bae59",
            "tags": {
              "QSConfigName-gj7vw": "patch manager",
              "eks:cluster-name": "eks-cluster",
              "eks:nodegroup-name": "on-demand_node-grp-1",
              "k8s.io/cluster-autoscaler/eks-cluster": "owned",
              "k8s.io/cluster-autoscaler/enabled": "true",
              "kubernetes.io/cluster/eks-cluster": "owned"
            },
            "tags_all": {
              "QSConfigName-gj7vw": "patch manager",
              "eks:cluster-name": "eks-cluster",
              "eks:nodegroup-name": "on-demand_node-grp-1",
              "k8s.io/cluster-autoscaler/eks-cluster": "owned",
              "k8s.io/cluster-autoscaler/enabled": "true",
              "kubernetes.io/cluster/eks-cluster": "owned"
            },
            "tenancy": "default",
            "timeouts": null,
            "user_data": "2d544fc5849c459427de48ef0f29a93decf68e56",
            "user_data_base64": null,
            "user_data_replace_on_change": null,
            "volume_tags": null,
            "vpc_security_group_ids": [
              "sg-0dcadb90255b530c2"
            ]
          },
          "sensitive_attributes": []
        }
      ]
    },
    {
      "mode": "managed",
      "type": "aws_instance",
      "name": "ac--i-0b7275149b005dfd2-1",
      "provider": "provider[\"registry.terraform.io/hashicorp/aws\"]",
      "instances": [
        {
          "schema_version": 1,
          "attributes": {
            "ami": "ami-0365e7b3e860a3b82",
            "arn": "arn:aws:ec2:eu-west-2:766176144542:instance/i-0b7275149b005dfd2",
            "associate_public_ip_address": false,
            "availability_zone": "eu-west-2b",
            "capacity_reservation_specification": [
              {
                "capacity_reservation_preference": "open",
                "capacity_reservation_target": []
              }
            ],
            "cpu_core_count": 1,
            "cpu_options": [
              {
                "amd_sev_snp": "",
                "core_count": 1,
                "threads_per_core": 2
              }
            ],
            "cpu_threads_per_core": 2,
            "credit_specification": [
              {
                "cpu_credits": "unlimited"
              }
            ],
            "disable_api_stop": false,
            "disable_api_termination": false,
            "ebs_block_device": [],
            "ebs_optimized": false,
            "enclave_options": [
              {
                "enabled": false
              }
            ],
            "ephemeral_block_device": [],
            "get_password_data": false,
            "hibernation": false,
            "host_id": "",
            "host_resource_group_arn": null,
            "iam_instance_profile": "eks-04c5dac5-ba71-450c-c4e3-f8bbd79e9c5a",
            "id": "i-0b7275149b005dfd2",
            "instance_initiated_shutdown_behavior": "stop",
            "instance_state": "running",
            "instance_type": "t3.large",
            "ipv6_address_count": 0,
            "ipv6_addresses": [],
            "key_name": "",
            "launch_template": [
              {
                "id": "lt-09eacd9beeed407b3",
                "name": "eks-04c5dac5-ba71-450c-c4e3-f8bbd79e9c5a",
                "version": "1"
              }
            ],
            "maintenance_options": [
              {
                "auto_recovery": "default"
              }
            ],
            "metadata_options": [
              {
                "http_endpoint": "enabled",
                "http_put_response_hop_limit": 2,
                "http_tokens": "optional",
                "instance_metadata_tags": "disabled"
              }
            ],
            "monitoring": false,
            "network_interface": [],
            "outpost_arn": "",
            "password_data": "",
            "placement_group": "",
            "placement_partition_number": 0,
            "primary_network_interface_id": "eni-092b2730dfc20b238",
            "private_dns": "ip-10-40-157-3.eu-west-2.compute.internal",
            "private_dns_name_options": [
              {
                "enable_resource_name_dns_a_record": false,
                "enable_resource_name_dns_aaaa_record": false,
                "hostname_type": "ip-name"
              }
            ],
            "private_ip": "10.40.157.3",
            "public_dns": "",
            "public_ip": "",
            "root_block_device": [
              {
                "delete_on_termination": true,
                "device_name": "/dev/xvda",
                "encrypted": true,
                "iops": 100,
                "kms_key_id": "arn:aws:kms:eu-west-2:766176144542:key/2d70f0ba-a13f-4642-883a-48f115ba9106",
                "tags": {},
                "throughput": 0,
                "volume_id": "vol-02786f8fad76ae84a",
                "volume_size": 20,
                "volume_type": "gp2"
              }
            ],
            "secondary_private_ips": [
              "10.40.144.114",
              "10.40.148.138",
              "10.40.148.141",
              "10.40.150.62",
              "10.40.152.156",
              "10.40.153.156",
              "10.40.155.100",
              "10.40.155.52",
              "10.40.156.141",
              "10.40.156.156",
              "10.40.156.42"
            ],
            "security_groups": [],
            "source_dest_check": true,
            "subnet_id": "subnet-09aa7e3eabd5bae59",
            "tags": {
              "QSConfigName-gj7vw": "patch manager",
              "eks:cluster-name": "eks-cluster",
              "eks:nodegroup-name": "on-demand_node-grp-1",
              "k8s.io/cluster-autoscaler/eks-cluster": "owned",
              "k8s.io/cluster-autoscaler/enabled": "true",
              "kubernetes.io/cluster/eks-cluster": "owned"
            },
            "tags_all": {
              "QSConfigName-gj7vw": "patch manager",
              "eks:cluster-name": "eks-cluster",
              "eks:nodegroup-name": "on-demand_node-grp-1",
              "k8s.io/cluster-autoscaler/eks-cluster": "owned",
              "k8s.io/cluster-autoscaler/enabled": "true",
              "kubernetes.io/cluster/eks-cluster": "owned"
            },
            "tenancy": "default",
            "timeouts": null,
            "user_data": "2d544fc5849c459427de48ef0f29a93decf68e56",
            "user_data_base64": null,
            "user_data_replace_on_change": null,
            "volume_tags": null,
            "vpc_security_group_ids": [
              "sg-0dcadb90255b530c2"
            ]
          },
          "sensitive_attributes": []
        }
      ]
    },
    {
      "mode": "managed",
      "type": "aws_instance",
      "name": "ac--i-0c49d385e8131bdf3-1",
      "provider": "provider[\"registry.terraform.io/hashicorp/aws\"]",
      "instances": [
        {
          "schema_version": 1,
          "attributes": {
            "ami": "ami-0bb249ffedfb10ee1",
            "arn": "arn:aws:ec2:eu-west-2:766176144542:instance/i-0c49d385e8131bdf3",
            "associate_public_ip_address": false,
            "availability_zone": "eu-west-2a",
            "capacity_reservation_specification": [
              {
                "capacity_reservation_preference": "open",
                "capacity_reservation_target": []
              }
            ],
            "cpu_core_count": 1,
            "cpu_options": [
              {
                "amd_sev_snp": "",
                "core_count": 1,
                "threads_per_core": 2
              }
            ],
            "cpu_threads_per_core": 2,
            "credit_specification": [
              {
                "cpu_credits": "unlimited"
              }
            ],
            "disable_api_stop": false,
            "disable_api_termination": false,
            "ebs_block_device": [],
            "ebs_optimized": true,
            "enclave_options": [
              {
                "enabled": false
              }
            ],
            "ephemeral_block_device": [],
            "get_password_data": false,
            "hibernation": false,
            "host_id": "",
            "host_resource_group_arn": null,
            "iam_instance_profile": "AmazonSSMRoleForInstancesQuickSetup",
            "id": "i-0c49d385e8131bdf3",
            "instance_initiated_shutdown_behavior": "stop",
            "instance_state": "running",
            "instance_type": "t3.large",
            "ipv6_address_count": 0,
            "ipv6_addresses": [],
            "key_name": "prod-kenya-metabase",
            "launch_template": [],
            "maintenance_options": [
              {
                "auto_recovery": "default"
              }
            ],
            "metadata_options": [
              {
                "http_endpoint": "enabled",
                "http_put_response_hop_limit": 1,
                "http_tokens": "optional",
                "instance_metadata_tags": "disabled"
              }
            ],
            "monitoring": false,
            "network_interface": [],
            "outpost_arn": "",
            "password_data": "",
            "placement_group": "",
            "placement_partition_number": 0,
            "primary_network_interface_id": "eni-01682e59add626c0a",
            "private_dns": "ip-10-40-130-84.eu-west-2.compute.internal",
            "private_dns_name_options": [
              {
                "enable_resource_name_dns_a_record": false,
                "enable_resource_name_dns_aaaa_record": false,
                "hostname_type": "ip-name"
              }
            ],
            "private_ip": "10.40.130.84",
            "public_dns": "",
            "public_ip": "",
            "root_block_device": [
              {
                "delete_on_termination": true,
                "device_name": "/dev/xvda",
                "encrypted": true,
                "iops": 144,
                "kms_key_id": "arn:aws:kms:eu-west-2:766176144542:key/2d70f0ba-a13f-4642-883a-48f115ba9106",
                "tags": {},
                "throughput": 0,
                "volume_id": "vol-0e36f64046f4b3462",
                "volume_size": 48,
                "volume_type": "gp2"
              }
            ],
            "secondary_private_ips": [],
            "security_groups": [],
            "source_dest_check": true,
            "subnet_id": "subnet-002ad57466d0cfd46",
            "tags": {
              "MetaBaseAutoStop": "MetaBaseAutoStop",
              "Name": "metabase",
              "QSConfigName-gj7vw": "patch manager",
              "autostart": "yes",
              "autostop": "yes"
            },
            "tags_all": {
              "MetaBaseAutoStop": "MetaBaseAutoStop",
              "Name": "metabase",
              "QSConfigName-gj7vw": "patch manager",
              "autostart": "yes",
              "autostop": "yes"
            },
            "tenancy": "default",
            "timeouts": null,
            "user_data": null,
            "user_data_base64": null,
            "user_data_replace_on_change": null,
            "volume_tags": null,
            "vpc_security_group_ids": [
              "sg-01b1d43d825df35b2",
              "sg-0f018fbcd4e3fd7cd"
            ]
          },
          "sensitive_attributes": []
        }
      ]
    },
    {
      "mode": "managed",
      "type": "aws_instance",
      "name": "ac--i-0e5f6eaf5507b2388-1",
      "provider": "provider[\"registry.terraform.io/hashicorp/aws\"]",
      "instances": [
        {
          "schema_version": 1,
          "attributes": {
            "ami": "ami-0365e7b3e860a3b82",
            "arn": "arn:aws:ec2:eu-west-2:766176144542:instance/i-0e5f6eaf5507b2388",
            "associate_public_ip_address": false,
            "availability_zone": "eu-west-2b",
            "capacity_reservation_specification": [
              {
                "capacity_reservation_preference": "open",
                "capacity_reservation_target": []
              }
            ],
            "cpu_core_count": 1,
            "cpu_options": [
              {
                "amd_sev_snp": "",
                "core_count": 1,
                "threads_per_core": 2
              }
            ],
            "cpu_threads_per_core": 2,
            "credit_specification": [
              {
                "cpu_credits": "unlimited"
              }
            ],
            "disable_api_stop": false,
            "disable_api_termination": false,
            "ebs_block_device": [],
            "ebs_optimized": false,
            "enclave_options": [
              {
                "enabled": false
              }
            ],
            "ephemeral_block_device": [],
            "get_password_data": false,
            "hibernation": false,
            "host_id": "",
            "host_resource_group_arn": null,
            "iam_instance_profile": "eks-04c5dac5-ba71-450c-c4e3-f8bbd79e9c5a",
            "id": "i-0e5f6eaf5507b2388",
            "instance_initiated_shutdown_behavior": "stop",
            "instance_state": "running",
            "instance_type": "t3.large",
            "ipv6_address_count": 0,
            "ipv6_addresses": [],
            "key_name": "",
            "launch_template": [
              {
                "id": "lt-09eacd9beeed407b3",
                "name": "eks-04c5dac5-ba71-450c-c4e3-f8bbd79e9c5a",
                "version": "1"
              }
            ],
            "maintenance_options": [
              {
                "auto_recovery": "default"
              }
            ],
            "metadata_options": [
              {
                "http_endpoint": "enabled",
                "http_put_response_hop_limit": 2,
                "http_tokens": "optional",
                "instance_metadata_tags": "disabled"
              }
            ],
            "monitoring": false,
            "network_interface": [],
            "outpost_arn": "",
            "password_data": "",
            "placement_group": "",
            "placement_partition_number": 0,
            "primary_network_interface_id": "eni-047d27e7ce637402c",
            "private_dns": "ip-10-40-159-213.eu-west-2.compute.internal",
            "private_dns_name_options": [
              {
                "enable_resource_name_dns_a_record": false,
                "enable_resource_name_dns_aaaa_record": false,
                "hostname_type": "ip-name"
              }
            ],
            "private_ip": "10.40.159.213",
            "public_dns": "",
            "public_ip": "",
            "root_block_device": [
              {
                "delete_on_termination": true,
                "device_name": "/dev/xvda",
                "encrypted": true,
                "iops": 100,
                "kms_key_id": "arn:aws:kms:eu-west-2:766176144542:key/2d70f0ba-a13f-4642-883a-48f115ba9106",
                "tags": {},
                "throughput": 0,
                "volume_id": "vol-0d5a07e77a147b13e",
                "volume_size": 20,
                "volume_type": "gp2"
              }
            ],
            "secondary_private_ips": [
              "10.40.145.194",
              "10.40.147.116",
              "10.40.149.60",
              "10.40.150.225",
              "10.40.153.107",
              "10.40.153.46",
              "10.40.155.128",
              "10.40.155.6",
              "10.40.156.140",
              "10.40.156.18",
              "10.40.157.41"
            ],
            "security_groups": [],
            "source_dest_check": true,
            "subnet_id": "subnet-09aa7e3eabd5bae59",
            "tags": {
              "QSConfigName-gj7vw": "patch manager",
              "eks:cluster-name": "eks-cluster",
              "eks:nodegroup-name": "on-demand_node-grp-1",
              "k8s.io/cluster-autoscaler/eks-cluster": "owned",
              "k8s.io/cluster-autoscaler/enabled": "true",
              "kubernetes.io/cluster/eks-cluster": "owned"
            },
            "tags_all": {
              "QSConfigName-gj7vw": "patch manager",
              "eks:cluster-name": "eks-cluster",
              "eks:nodegroup-name": "on-demand_node-grp-1",
              "k8s.io/cluster-autoscaler/eks-cluster": "owned",
              "k8s.io/cluster-autoscaler/enabled": "true",
              "kubernetes.io/cluster/eks-cluster": "owned"
            },
            "tenancy": "default",
            "timeouts": null,
            "user_data": "2d544fc5849c459427de48ef0f29a93decf68e56",
            "user_data_base64": null,
            "user_data_replace_on_change": null,
            "volume_tags": null,
            "vpc_security_group_ids": [
              "sg-0dcadb90255b530c2"
            ]
          },
          "sensitive_attributes": []
        }
      ]
    },
    {
      "mode": "managed",
      "type": "aws_instance",
      "name": "ac--i-0faff146006ccaaaa-1",
      "provider": "provider[\"registry.terraform.io/hashicorp/aws\"]",
      "instances": [
        {
          "schema_version": 1,
          "attributes": {
            "ami": "ami-0365e7b3e860a3b82",
            "arn": "arn:aws:ec2:eu-west-2:766176144542:instance/i-0faff146006ccaaaa",
            "associate_public_ip_address": false,
            "availability_zone": "eu-west-2a",
            "capacity_reservation_specification": [
              {
                "capacity_reservation_preference": "open",
                "capacity_reservation_target": []
              }
            ],
            "cpu_core_count": 1,
            "cpu_options": [
              {
                "amd_sev_snp": "",
                "core_count": 1,
                "threads_per_core": 2
              }
            ],
            "cpu_threads_per_core": 2,
            "credit_specification": [
              {
                "cpu_credits": "unlimited"
              }
            ],
            "disable_api_stop": false,
            "disable_api_termination": false,
            "ebs_block_device": [],
            "ebs_optimized": false,
            "enclave_options": [
              {
                "enabled": false
              }
            ],
            "ephemeral_block_device": [],
            "get_password_data": false,
            "hibernation": false,
            "host_id": "",
            "host_resource_group_arn": null,
            "iam_instance_profile": "eks-04c5dac5-ba71-450c-c4e3-f8bbd79e9c5a",
            "id": "i-0faff146006ccaaaa",
            "instance_initiated_shutdown_behavior": "stop",
            "instance_state": "running",
            "instance_type": "t3.large",
            "ipv6_address_count": 0,
            "ipv6_addresses": [],
            "key_name": "",
            "launch_template": [
              {
                "id": "lt-09eacd9beeed407b3",
                "name": "eks-04c5dac5-ba71-450c-c4e3-f8bbd79e9c5a",
                "version": "1"
              }
            ],
            "maintenance_options": [
              {
                "auto_recovery": "default"
              }
            ],
            "metadata_options": [
              {
                "http_endpoint": "enabled",
                "http_put_response_hop_limit": 2,
                "http_tokens": "optional",
                "instance_metadata_tags": "disabled"
              }
            ],
            "monitoring": false,
            "network_interface": [],
            "outpost_arn": "",
            "password_data": "",
            "placement_group": "",
            "placement_partition_number": 0,
            "primary_network_interface_id": "eni-0b9ddd75a0f8ba6d7",
            "private_dns": "ip-10-40-130-249.eu-west-2.compute.internal",
            "private_dns_name_options": [
              {
                "enable_resource_name_dns_a_record": false,
                "enable_resource_name_dns_aaaa_record": false,
                "hostname_type": "ip-name"
              }
            ],
            "private_ip": "10.40.130.249",
            "public_dns": "",
            "public_ip": "",
            "root_block_device": [
              {
                "delete_on_termination": true,
                "device_name": "/dev/xvda",
                "encrypted": true,
                "iops": 100,
                "kms_key_id": "arn:aws:kms:eu-west-2:766176144542:key/2d70f0ba-a13f-4642-883a-48f115ba9106",
                "tags": {},
                "throughput": 0,
                "volume_id": "vol-09764c8161b764a79",
                "volume_size": 20,
                "volume_type": "gp2"
              }
            ],
            "secondary_private_ips": [
              "10.40.129.10",
              "10.40.129.176",
              "10.40.130.150",
              "10.40.130.90",
              "10.40.132.76",
              "10.40.133.29",
              "10.40.136.194",
              "10.40.138.99",
              "10.40.140.82",
              "10.40.140.99",
              "10.40.142.20"
            ],
            "security_groups": [],
            "source_dest_check": true,
            "subnet_id": "subnet-002ad57466d0cfd46",
            "tags": {
              "QSConfigName-gj7vw": "patch manager",
              "eks:cluster-name": "eks-cluster",
              "eks:nodegroup-name": "on-demand_node-grp-1",
              "k8s.io/cluster-autoscaler/eks-cluster": "owned",
              "k8s.io/cluster-autoscaler/enabled": "true",
              "kubernetes.io/cluster/eks-cluster": "owned"
            },
            "tags_all": {
              "QSConfigName-gj7vw": "patch manager",
              "eks:cluster-name": "eks-cluster",
              "eks:nodegroup-name": "on-demand_node-grp-1",
              "k8s.io/cluster-autoscaler/eks-cluster": "owned",
              "k8s.io/cluster-autoscaler/enabled": "true",
              "kubernetes.io/cluster/eks-cluster": "owned"
            },
            "tenancy": "default",
            "timeouts": null,
            "user_data": "2d544fc5849c459427de48ef0f29a93decf68e56",
            "user_data_base64": null,
            "user_data_replace_on_change": null,
            "volume_tags": null,
            "vpc_security_group_ids": [
              "sg-0dcadb90255b530c2"
            ]
          },
          "sensitive_attributes": []
        }
      ]
    },
    {
      "mode": "managed",
      "type": "aws_instance",
      "name": "ac--i-0fe0cfe073be148d3-1",
      "provider": "provider[\"registry.terraform.io/hashicorp/aws\"]",
      "instances": [
        {
          "schema_version": 1,
          "attributes": {
            "ami": "ami-0365e7b3e860a3b82",
            "arn": "arn:aws:ec2:eu-west-2:766176144542:instance/i-0fe0cfe073be148d3",
            "associate_public_ip_address": false,
            "availability_zone": "eu-west-2a",
            "capacity_reservation_specification": [
              {
                "capacity_reservation_preference": "open",
                "capacity_reservation_target": []
              }
            ],
            "cpu_core_count": 1,
            "cpu_options": [
              {
                "amd_sev_snp": "",
                "core_count": 1,
                "threads_per_core": 2
              }
            ],
            "cpu_threads_per_core": 2,
            "credit_specification": [
              {
                "cpu_credits": "unlimited"
              }
            ],
            "disable_api_stop": false,
            "disable_api_termination": false,
            "ebs_block_device": [],
            "ebs_optimized": false,
            "enclave_options": [
              {
                "enabled": false
              }
            ],
            "ephemeral_block_device": [],
            "get_password_data": false,
            "hibernation": false,
            "host_id": "",
            "host_resource_group_arn": null,
            "iam_instance_profile": "eks-04c5dac5-ba71-450c-c4e3-f8bbd79e9c5a",
            "id": "i-0fe0cfe073be148d3",
            "instance_initiated_shutdown_behavior": "stop",
            "instance_state": "running",
            "instance_type": "t3.large",
            "ipv6_address_count": 0,
            "ipv6_addresses": [],
            "key_name": "",
            "launch_template": [
              {
                "id": "lt-09eacd9beeed407b3",
                "name": "eks-04c5dac5-ba71-450c-c4e3-f8bbd79e9c5a",
                "version": "1"
              }
            ],
            "maintenance_options": [
              {
                "auto_recovery": "default"
              }
            ],
            "metadata_options": [
              {
                "http_endpoint": "enabled",
                "http_put_response_hop_limit": 2,
                "http_tokens": "optional",
                "instance_metadata_tags": "disabled"
              }
            ],
            "monitoring": false,
            "network_interface": [],
            "outpost_arn": "",
            "password_data": "",
            "placement_group": "",
            "placement_partition_number": 0,
            "primary_network_interface_id": "eni-0c2391cb6f1415cca",
            "private_dns": "ip-10-40-142-92.eu-west-2.compute.internal",
            "private_dns_name_options": [
              {
                "enable_resource_name_dns_a_record": false,
                "enable_resource_name_dns_aaaa_record": false,
                "hostname_type": "ip-name"
              }
            ],
            "private_ip": "10.40.142.92",
            "public_dns": "",
            "public_ip": "",
            "root_block_device": [
              {
                "delete_on_termination": true,
                "device_name": "/dev/xvda",
                "encrypted": true,
                "iops": 100,
                "kms_key_id": "arn:aws:kms:eu-west-2:766176144542:key/2d70f0ba-a13f-4642-883a-48f115ba9106",
                "tags": {},
                "throughput": 0,
                "volume_id": "vol-006d18d44bbd1d813",
                "volume_size": 20,
                "volume_type": "gp2"
              }
            ],
            "secondary_private_ips": [
              "10.40.129.175",
              "10.40.133.249",
              "10.40.134.29",
              "10.40.136.65",
              "10.40.137.146",
              "10.40.137.161",
              "10.40.138.213",
              "10.40.139.50",
              "10.40.140.61",
              "10.40.143.112",
              "10.40.143.65"
            ],
            "security_groups": [],
            "source_dest_check": true,
            "subnet_id": "subnet-002ad57466d0cfd46",
            "tags": {
              "QSConfigName-gj7vw": "patch manager",
              "eks:cluster-name": "eks-cluster",
              "eks:nodegroup-name": "on-demand_node-grp-1",
              "k8s.io/cluster-autoscaler/eks-cluster": "owned",
              "k8s.io/cluster-autoscaler/enabled": "true",
              "kubernetes.io/cluster/eks-cluster": "owned"
            },
            "tags_all": {
              "QSConfigName-gj7vw": "patch manager",
              "eks:cluster-name": "eks-cluster",
              "eks:nodegroup-name": "on-demand_node-grp-1",
              "k8s.io/cluster-autoscaler/eks-cluster": "owned",
              "k8s.io/cluster-autoscaler/enabled": "true",
              "kubernetes.io/cluster/eks-cluster": "owned"
            },
            "tenancy": "default",
            "timeouts": null,
            "user_data": "2d544fc5849c459427de48ef0f29a93decf68e56",
            "user_data_base64": null,
            "user_data_replace_on_change": null,
            "volume_tags": null,
            "vpc_security_group_ids": [
              "sg-0dcadb90255b530c2"
            ]
          },
          "sensitive_attributes": []
        }
      ]
    }
  ]
}