{
  "version": 4,
  "terraform_version": "1.39.0",
  "serial": 1,
  "lineage": "",
  "outputs": {},
  "resources": [
    {
      "mode": "managed",
      "type": "aws_config_config_rule",
      "name": "ac--securityhub-access-keys-rotated-7ea17b60",
      "provider": "provider[\"registry.terraform.io/hashicorp/aws\"]",
      "instances": [
        {
          "schema_version": 0,
          "attributes": {
            "arn": "arn:aws:config:eu-west-2:766176144542:config-rule/aws-service-rule/securityhub.amazonaws.com/config-rule-erxe6c",
            "description": "Checks whether the active access keys are rotated within the number of days specified in maxAccessKeyAge",
            "id": "securityhub-access-keys-rotated-7ea17b60",
            "input_parameters": "{\"maxAccessKeyAge\":\"90\"}",
            "maximum_execution_frequency": "Twelve_Hours",
            "name": "securityhub-access-keys-rotated-7ea17b60",
            "rule_id": "config-rule-erxe6c",
            "scope": [
              {
                "compliance_resource_id": "",
                "compliance_resource_types": [],
                "tag_key": "",
                "tag_value": ""
              }
            ],
            "source": [
              {
                "custom_policy_details": [],
                "owner": "AWS",
                "source_detail": [],
                "source_identifier": "ACCESS_KEYS_ROTATED"
              }
            ],
            "tags": {},
            "tags_all": {}
          },
          "sensitive_attributes": []
        }
      ]
    },
    {
      "mode": "managed",
      "type": "aws_config_config_rule",
      "name": "ac--securityhub-acm-certificate-expiration-check-de84c35c",
      "provider": "provider[\"registry.terraform.io/hashicorp/aws\"]",
      "instances": [
        {
          "schema_version": 0,
          "attributes": {
            "arn": "arn:aws:config:eu-west-2:766176144542:config-rule/aws-service-rule/securityhub.amazonaws.com/config-rule-bfwmxt",
            "description": "Imported ACM certificates should be renewed within the number of days specified.",
            "id": "securityhub-acm-certificate-expiration-check-de84c35c",
            "input_parameters": "{\"daysToExpiration\":\"30\"}",
            "maximum_execution_frequency": "Twelve_Hours",
            "name": "securityhub-acm-certificate-expiration-check-de84c35c",
            "rule_id": "config-rule-bfwmxt",
            "scope": [
              {
                "compliance_resource_id": "",
                "compliance_resource_types": [
                  "AWS::ACM::Certificate"
                ],
                "tag_key": "",
                "tag_value": ""
              }
            ],
            "source": [
              {
                "custom_policy_details": [],
                "owner": "AWS",
                "source_detail": [],
                "source_identifier": "ACM_CERTIFICATE_EXPIRATION_CHECK"
              }
            ],
            "tags": {},
            "tags_all": {}
          },
          "sensitive_attributes": []
        }
      ]
    },
    {
      "mode": "managed",
      "type": "aws_config_config_rule",
      "name": "ac--securityhub-acm-certificate-rsa-check-7d7e574f",
      "provider": "provider[\"registry.terraform.io/hashicorp/aws\"]",
      "instances": [
        {
          "schema_version": 0,
          "attributes": {
            "arn": "arn:aws:config:eu-west-2:766176144542:config-rule/aws-service-rule/securityhub.amazonaws.com/config-rule-krkuo6",
            "description": "Checks if RSA certificates managed by AWS Certificate Manager (ACM) have a key length of at least '2048' bits. The rule is NON_COMPLIANT if the minimum key length is less than 2048 bits.",
            "id": "securityhub-acm-certificate-rsa-check-7d7e574f",
            "input_parameters": "{}",
            "maximum_execution_frequency": "",
            "name": "securityhub-acm-certificate-rsa-check-7d7e574f",
            "rule_id": "config-rule-krkuo6",
            "scope": [
              {
                "compliance_resource_id": "",
                "compliance_resource_types": [
                  "AWS::ACM::Certificate"
                ],
                "tag_key": "",
                "tag_value": ""
              }
            ],
            "source": [
              {
                "custom_policy_details": [],
                "owner": "AWS",
                "source_detail": [],
                "source_identifier": "ACM_CERTIFICATE_RSA_CHECK"
              }
            ],
            "tags": {},
            "tags_all": {}
          },
          "sensitive_attributes": []
        }
      ]
    },
    {
      "mode": "managed",
      "type": "aws_config_config_rule",
      "name": "ac--securityhub-alb-desync-mode-check-76f60f1c",
      "provider": "provider[\"registry.terraform.io/hashicorp/aws\"]",
      "instances": [
        {
          "schema_version": 0,
          "attributes": {
            "arn": "arn:aws:config:eu-west-2:766176144542:config-rule/aws-service-rule/securityhub.amazonaws.com/config-rule-xxcw7d",
            "description": "This control checks whether the Application Load Balancer is configured defensive or strictest de-sync mitigation mode. This control fails if the Application Load Balancer is not configured with defensive or strictest desync mitigation mode.",
            "id": "securityhub-alb-desync-mode-check-76f60f1c",
            "input_parameters": "{\"desyncMode\":\"defensive,strictest\"}",
            "maximum_execution_frequency": "",
            "name": "securityhub-alb-desync-mode-check-76f60f1c",
            "rule_id": "config-rule-xxcw7d",
            "scope": [
              {
                "compliance_resource_id": null,
                "compliance_resource_types": null,
                "tag_key": null,
                "tag_value": null
              }
            ],
            "source": [
              {
                "custom_policy_details": [],
                "owner": "AWS",
                "source_detail": [],
                "source_identifier": "ALB_DESYNC_MODE_CHECK"
              }
            ],
            "tags": {},
            "tags_all": {}
          },
          "sensitive_attributes": []
        }
      ]
    },
    {
      "mode": "managed",
      "type": "aws_config_config_rule",
      "name": "ac--securityhub-alb-http-drop-invalid-header-enabled-6514befb",
      "provider": "provider[\"registry.terraform.io/hashicorp/aws\"]",
      "instances": [
        {
          "schema_version": 0,
          "attributes": {
            "arn": "arn:aws:config:eu-west-2:766176144542:config-rule/aws-service-rule/securityhub.amazonaws.com/config-rule-xyvoxm",
            "description": "Checks if rule evaluates Application Load Balancers (ALBs) to ensure they are configured to drop http headers. The rule is NON_COMPLIANT if the value of routing.http.drop_invalid_header_fields.enabled is set to false.",
            "id": "securityhub-alb-http-drop-invalid-header-enabled-6514befb",
            "input_parameters": "{}",
            "maximum_execution_frequency": "",
            "name": "securityhub-alb-http-drop-invalid-header-enabled-6514befb",
            "rule_id": "config-rule-xyvoxm",
            "scope": [
              {
                "compliance_resource_id": null,
                "compliance_resource_types": null,
                "tag_key": null,
                "tag_value": null
              }
            ],
            "source": [
              {
                "custom_policy_details": [],
                "owner": "AWS",
                "source_detail": [],
                "source_identifier": "ALB_HTTP_DROP_INVALID_HEADER_ENABLED"
              }
            ],
            "tags": {},
            "tags_all": {}
          },
          "sensitive_attributes": []
        }
      ]
    },
    {
      "mode": "managed",
      "type": "aws_config_config_rule",
      "name": "ac--securityhub-alb-http-to-https-redirection-check-fb87934f",
      "provider": "provider[\"registry.terraform.io/hashicorp/aws\"]",
      "instances": [
        {
          "schema_version": 0,
          "attributes": {
            "arn": "arn:aws:config:eu-west-2:766176144542:config-rule/aws-service-rule/securityhub.amazonaws.com/config-rule-flyfcx",
            "description": "Checks whether HTTP to HTTPS redirection is configured on all HTTP listeners of Application Load Balancers. The rule is NON_COMPLIANT if one or more HTTP listeners of Application Load Balancers do not have HTTP to HTTPS redirection configured.",
            "id": "securityhub-alb-http-to-https-redirection-check-fb87934f",
            "input_parameters": "{}",
            "maximum_execution_frequency": "Twelve_Hours",
            "name": "securityhub-alb-http-to-https-redirection-check-fb87934f",
            "rule_id": "config-rule-flyfcx",
            "scope": [
              {
                "compliance_resource_id": "",
                "compliance_resource_types": [],
                "tag_key": "",
                "tag_value": ""
              }
            ],
            "source": [
              {
                "custom_policy_details": [],
                "owner": "AWS",
                "source_detail": [],
                "source_identifier": "ALB_HTTP_TO_HTTPS_REDIRECTION_CHECK"
              }
            ],
            "tags": {},
            "tags_all": {}
          },
          "sensitive_attributes": []
        }
      ]
    },
    {
      "mode": "managed",
      "type": "aws_config_config_rule",
      "name": "ac--securityhub-api-gw-associated-with-waf-376d2745",
      "provider": "provider[\"registry.terraform.io/hashicorp/aws\"]",
      "instances": [
        {
          "schema_version": 0,
          "attributes": {
            "arn": "arn:aws:config:eu-west-2:766176144542:config-rule/aws-service-rule/securityhub.amazonaws.com/config-rule-wf2cyh",
            "description": "This control checks to see if an API Gateway stage is using an AWS WAF Web ACL. This control fails if an AWS WAF Web ACL is not attached to a REST API Gateway stage.",
            "id": "securityhub-api-gw-associated-with-waf-376d2745",
            "input_parameters": "{}",
            "maximum_execution_frequency": "",
            "name": "securityhub-api-gw-associated-with-waf-376d2745",
            "rule_id": "config-rule-wf2cyh",
            "scope": [
              {
                "compliance_resource_id": null,
                "compliance_resource_types": null,
                "tag_key": null,
                "tag_value": null
              }
            ],
            "source": [
              {
                "custom_policy_details": [],
                "owner": "AWS",
                "source_detail": [],
                "source_identifier": "API_GW_ASSOCIATED_WITH_WAF"
              }
            ],
            "tags": {},
            "tags_all": {}
          },
          "sensitive_attributes": []
        }
      ]
    },
    {
      "mode": "managed",
      "type": "aws_config_config_rule",
      "name": "ac--securityhub-api-gw-cache-encrypted-45ad2baa",
      "provider": "provider[\"registry.terraform.io/hashicorp/aws\"]",
      "instances": [
        {
          "schema_version": 0,
          "attributes": {
            "arn": "arn:aws:config:eu-west-2:766176144542:config-rule/aws-service-rule/securityhub.amazonaws.com/config-rule-3ia3k2",
            "description": "This control checks whether all methods in Amazon API Gateway REST API stages that have cache enabled are encrypted. The control fails if any method in API Gateway REST API stage is configured to cache and the cache is not encrypted.",
            "id": "securityhub-api-gw-cache-encrypted-45ad2baa",
            "input_parameters": "{\"version\":\"1.1\"}",
            "maximum_execution_frequency": "",
            "name": "securityhub-api-gw-cache-encrypted-45ad2baa",
            "rule_id": "config-rule-3ia3k2",
            "scope": [
              {
                "compliance_resource_id": "",
                "compliance_resource_types": [
                  "AWS::ApiGateway::Stage"
                ],
                "tag_key": "",
                "tag_value": ""
              }
            ],
            "source": [
              {
                "custom_policy_details": [],
                "owner": "CUSTOM_LAMBDA",
                "source_detail": [
                  {
                    "event_source": "aws.config",
                    "maximum_execution_frequency": "",
                    "message_type": "ConfigurationItemChangeNotification"
                  }
                ],
                "source_identifier": "arn:aws:lambda:eu-west-2:276608526062:function:SecurityHubConfigRule"
              }
            ],
            "tags": {},
            "tags_all": {}
          },
          "sensitive_attributes": []
        }
      ]
    },
    {
      "mode": "managed",
      "type": "aws_config_config_rule",
      "name": "ac--securityhub-api-gw-execution-logging-enabled-8200b0ce",
      "provider": "provider[\"registry.terraform.io/hashicorp/aws\"]",
      "instances": [
        {
          "schema_version": 0,
          "attributes": {
            "arn": "arn:aws:config:eu-west-2:766176144542:config-rule/aws-service-rule/securityhub.amazonaws.com/config-rule-ttcrj6",
            "description": "Checks that all stages in Amazon API Gateway REST and WebSocket APIs have logging enabled. The rule is NON_COMPLIANT if logging is not enabled. The rule is NON_COMPLIANT if loggingLevel is neither ERROR nor INFO.",
            "id": "securityhub-api-gw-execution-logging-enabled-8200b0ce",
            "input_parameters": "{}",
            "maximum_execution_frequency": "",
            "name": "securityhub-api-gw-execution-logging-enabled-8200b0ce",
            "rule_id": "config-rule-ttcrj6",
            "scope": [
              {
                "compliance_resource_id": null,
                "compliance_resource_types": null,
                "tag_key": null,
                "tag_value": null
              }
            ],
            "source": [
              {
                "custom_policy_details": [],
                "owner": "AWS",
                "source_detail": [],
                "source_identifier": "API_GW_EXECUTION_LOGGING_ENABLED"
              }
            ],
            "tags": {},
            "tags_all": {}
          },
          "sensitive_attributes": []
        }
      ]
    },
    {
      "mode": "managed",
      "type": "aws_config_config_rule",
      "name": "ac--securityhub-api-gw-ssl-enabled-4688793a",
      "provider": "provider[\"registry.terraform.io/hashicorp/aws\"]",
      "instances": [
        {
          "schema_version": 0,
          "attributes": {
            "arn": "arn:aws:config:eu-west-2:766176144542:config-rule/aws-service-rule/securityhub.amazonaws.com/config-rule-j4rkgy",
            "description": "Checks if a REST API stage uses an Secure Sockets Layer (SSL) certificate. This rule is NON_COMPLIANT if the REST API stage does not have an associated SSL certificate.",
            "id": "securityhub-api-gw-ssl-enabled-4688793a",
            "input_parameters": "{}",
            "maximum_execution_frequency": "",
            "name": "securityhub-api-gw-ssl-enabled-4688793a",
            "rule_id": "config-rule-j4rkgy",
            "scope": [
              {
                "compliance_resource_id": null,
                "compliance_resource_types": null,
                "tag_key": null,
                "tag_value": null
              }
            ],
            "source": [
              {
                "custom_policy_details": [],
                "owner": "AWS",
                "source_detail": [],
                "source_identifier": "API_GW_SSL_ENABLED"
              }
            ],
            "tags": {},
            "tags_all": {}
          },
          "sensitive_attributes": []
        }
      ]
    },
    {
      "mode": "managed",
      "type": "aws_config_config_rule",
      "name": "ac--securityhub-api-gwv2-access-logs-enabled-9f113dfd",
      "provider": "provider[\"registry.terraform.io/hashicorp/aws\"]",
      "instances": [
        {
          "schema_version": 0,
          "attributes": {
            "arn": "arn:aws:config:eu-west-2:766176144542:config-rule/aws-service-rule/securityhub.amazonaws.com/config-rule-xa2yub",
            "description": "Checks if Amazon API Gateway V2 stages have access logging enabled.The rule is NON_COMPLIANT if 'accessLogSettings' is not present in Stage configuration.",
            "id": "securityhub-api-gwv2-access-logs-enabled-9f113dfd",
            "input_parameters": "{}",
            "maximum_execution_frequency": "",
            "name": "securityhub-api-gwv2-access-logs-enabled-9f113dfd",
            "rule_id": "config-rule-xa2yub",
            "scope": [
              {
                "compliance_resource_id": null,
                "compliance_resource_types": null,
                "tag_key": null,
                "tag_value": null
              }
            ],
            "source": [
              {
                "custom_policy_details": [],
                "owner": "AWS",
                "source_detail": [],
                "source_identifier": "API_GWV2_ACCESS_LOGS_ENABLED"
              }
            ],
            "tags": {},
            "tags_all": {}
          },
          "sensitive_attributes": []
        }
      ]
    },
    {
      "mode": "managed",
      "type": "aws_config_config_rule",
      "name": "ac--securityhub-api-gwv2-authorization-type-configured-b858971a",
      "provider": "provider[\"registry.terraform.io/hashicorp/aws\"]",
      "instances": [
        {
          "schema_version": 0,
          "attributes": {
            "arn": "arn:aws:config:eu-west-2:766176144542:config-rule/aws-service-rule/securityhub.amazonaws.com/config-rule-vfihov",
            "description": "Checks if Amazon API Gatewayv2 API routes have an authorization type set. This rule is NON_COMPLIANT if the authorization type is NONE.",
            "id": "securityhub-api-gwv2-authorization-type-configured-b858971a",
            "input_parameters": "{}",
            "maximum_execution_frequency": "Twelve_Hours",
            "name": "securityhub-api-gwv2-authorization-type-configured-b858971a",
            "rule_id": "config-rule-vfihov",
            "scope": [
              {
                "compliance_resource_id": null,
                "compliance_resource_types": null,
                "tag_key": null,
                "tag_value": null
              }
            ],
            "source": [
              {
                "custom_policy_details": [],
                "owner": "AWS",
                "source_detail": [],
                "source_identifier": "API_GWV2_AUTHORIZATION_TYPE_CONFIGURED"
              }
            ],
            "tags": {},
            "tags_all": {}
          },
          "sensitive_attributes": []
        }
      ]
    },
    {
      "mode": "managed",
      "type": "aws_config_config_rule",
      "name": "ac--securityhub-appsync-authorization-check-42c485d1",
      "provider": "provider[\"registry.terraform.io/hashicorp/aws\"]",
      "instances": [
        {
          "schema_version": 0,
          "attributes": {
            "arn": "arn:aws:config:eu-west-2:766176144542:config-rule/aws-service-rule/securityhub.amazonaws.com/config-rule-s1hzmu",
            "description": "Checks if an AWS AppSync API is using allowed authorization mechanisms. The rule is NON_COMPLIANT if an unapproved authorization mechanism is being used.",
            "id": "securityhub-appsync-authorization-check-42c485d1",
            "input_parameters": "{\"AllowedAuthorizationTypes\":\"AWS_LAMBDA,AWS_IAM,OPENID_CONNECT,AMAZON_COGNITO_USER_POOLS\"}",
            "maximum_execution_frequency": "",
            "name": "securityhub-appsync-authorization-check-42c485d1",
            "rule_id": "config-rule-s1hzmu",
            "scope": [
              {
                "compliance_resource_id": "",
                "compliance_resource_types": [
                  "AWS::AppSync::GraphQLApi"
                ],
                "tag_key": "",
                "tag_value": ""
              }
            ],
            "source": [
              {
                "custom_policy_details": [],
                "owner": "AWS",
                "source_detail": [],
                "source_identifier": "APPSYNC_AUTHORIZATION_CHECK"
              }
            ],
            "tags": {},
            "tags_all": {}
          },
          "sensitive_attributes": []
        }
      ]
    },
    {
      "mode": "managed",
      "type": "aws_config_config_rule",
      "name": "ac--securityhub-appsync-logging-enabled-dcbf6f66",
      "provider": "provider[\"registry.terraform.io/hashicorp/aws\"]",
      "instances": [
        {
          "schema_version": 0,
          "attributes": {
            "arn": "arn:aws:config:eu-west-2:766176144542:config-rule/aws-service-rule/securityhub.amazonaws.com/config-rule-aop7sl",
            "description": "Checks if an AWS AppSync API has logging enabled. The rule is NON_COMPLIANT if logging is not enabled, or 'fieldLogLevel' is neither ERROR nor ALL.",
            "id": "securityhub-appsync-logging-enabled-dcbf6f66",
            "input_parameters": "{}",
            "maximum_execution_frequency": "",
            "name": "securityhub-appsync-logging-enabled-dcbf6f66",
            "rule_id": "config-rule-aop7sl",
            "scope": [
              {
                "compliance_resource_id": "",
                "compliance_resource_types": [
                  "AWS::AppSync::GraphQLApi"
                ],
                "tag_key": "",
                "tag_value": ""
              }
            ],
            "source": [
              {
                "custom_policy_details": [],
                "owner": "AWS",
                "source_detail": [],
                "source_identifier": "APPSYNC_LOGGING_ENABLED"
              }
            ],
            "tags": {},
            "tags_all": {}
          },
          "sensitive_attributes": []
        }
      ]
    },
    {
      "mode": "managed",
      "type": "aws_config_config_rule",
      "name": "ac--securityhub-athena-workgroup-encrypted-at-rest-f2a8c3e9",
      "provider": "provider[\"registry.terraform.io/hashicorp/aws\"]",
      "instances": [
        {
          "schema_version": 0,
          "attributes": {
            "arn": "arn:aws:config:eu-west-2:766176144542:config-rule/aws-service-rule/securityhub.amazonaws.com/config-rule-m8rgby",
            "description": "Checks if an Amazon Athena workgroup is encrypted at rest. The rule is NON_COMPLIANT if encryption of data at rest is not enabled for an Athena workgroup.",
            "id": "securityhub-athena-workgroup-encrypted-at-rest-f2a8c3e9",
            "input_parameters": "{}",
            "maximum_execution_frequency": "",
            "name": "securityhub-athena-workgroup-encrypted-at-rest-f2a8c3e9",
            "rule_id": "config-rule-m8rgby",
            "scope": [
              {
                "compliance_resource_id": "",
                "compliance_resource_types": [
                  "AWS::Athena::WorkGroup"
                ],
                "tag_key": "",
                "tag_value": ""
              }
            ],
            "source": [
              {
                "custom_policy_details": [],
                "owner": "AWS",
                "source_detail": [],
                "source_identifier": "ATHENA_WORKGROUP_ENCRYPTED_AT_REST"
              }
            ],
            "tags": {},
            "tags_all": {}
          },
          "sensitive_attributes": []
        }
      ]
    },
    {
      "mode": "managed",
      "type": "aws_config_config_rule",
      "name": "ac--securityhub-aurora-mysql-backtracking-enabled-a484a897",
      "provider": "provider[\"registry.terraform.io/hashicorp/aws\"]",
      "instances": [
        {
          "schema_version": 0,
          "attributes": {
            "arn": "arn:aws:config:eu-west-2:766176144542:config-rule/aws-service-rule/securityhub.amazonaws.com/config-rule-zurv1t",
            "description": "This control checks if Amazon Aurora clusters have backtracking enabled.",
            "id": "securityhub-aurora-mysql-backtracking-enabled-a484a897",
            "input_parameters": "{}",
            "maximum_execution_frequency": "",
            "name": "securityhub-aurora-mysql-backtracking-enabled-a484a897",
            "rule_id": "config-rule-zurv1t",
            "scope": [
              {
                "compliance_resource_id": null,
                "compliance_resource_types": null,
                "tag_key": null,
                "tag_value": null
              }
            ],
            "source": [
              {
                "custom_policy_details": [],
                "owner": "AWS",
                "source_detail": [],
                "source_identifier": "AURORA_MYSQL_BACKTRACKING_ENABLED"
              }
            ],
            "tags": {},
            "tags_all": {}
          },
          "sensitive_attributes": []
        }
      ]
    },
    {
      "mode": "managed",
      "type": "aws_config_config_rule",
      "name": "ac--securityhub-autoscaling-group-elb-healthcheck-required-d7a80594",
      "provider": "provider[\"registry.terraform.io/hashicorp/aws\"]",
      "instances": [
        {
          "schema_version": 0,
          "attributes": {
            "arn": "arn:aws:config:eu-west-2:766176144542:config-rule/aws-service-rule/securityhub.amazonaws.com/config-rule-0x6yyp",
            "description": "Checks whether your Auto Scaling groups that are associated with a Classic Load Balancer are using Elastic Load Balancing health checks.",
            "id": "securityhub-autoscaling-group-elb-healthcheck-required-d7a80594",
            "input_parameters": "{}",
            "maximum_execution_frequency": "",
            "name": "securityhub-autoscaling-group-elb-healthcheck-required-d7a80594",
            "rule_id": "config-rule-0x6yyp",
            "scope": [
              {
                "compliance_resource_id": "",
                "compliance_resource_types": [
                  "AWS::AutoScaling::AutoScalingGroup"
                ],
                "tag_key": "",
                "tag_value": ""
              }
            ],
            "source": [
              {
                "custom_policy_details": [],
                "owner": "AWS",
                "source_detail": [],
                "source_identifier": "AUTOSCALING_GROUP_ELB_HEALTHCHECK_REQUIRED"
              }
            ],
            "tags": {},
            "tags_all": {}
          },
          "sensitive_attributes": []
        }
      ]
    },
    {
      "mode": "managed",
      "type": "aws_config_config_rule",
      "name": "ac--securityhub-autoscaling-launch-config-hop-limit-f1b54941",
      "provider": "provider[\"registry.terraform.io/hashicorp/aws\"]",
      "instances": [
        {
          "schema_version": 0,
          "attributes": {
            "arn": "arn:aws:config:eu-west-2:766176144542:config-rule/aws-service-rule/securityhub.amazonaws.com/config-rule-uvsylj",
            "description": "This control checks the number of network hops that the metadata token can travel. This control fails if the Metadata response hop limit is greater than one.",
            "id": "securityhub-autoscaling-launch-config-hop-limit-f1b54941",
            "input_parameters": "{}",
            "maximum_execution_frequency": "",
            "name": "securityhub-autoscaling-launch-config-hop-limit-f1b54941",
            "rule_id": "config-rule-uvsylj",
            "scope": [
              {
                "compliance_resource_id": null,
                "compliance_resource_types": null,
                "tag_key": null,
                "tag_value": null
              }
            ],
            "source": [
              {
                "custom_policy_details": [],
                "owner": "AWS",
                "source_detail": [],
                "source_identifier": "AUTOSCALING_LAUNCH_CONFIG_HOP_LIMIT"
              }
            ],
            "tags": {},
            "tags_all": {}
          },
          "sensitive_attributes": []
        }
      ]
    },
    {
      "mode": "managed",
      "type": "aws_config_config_rule",
      "name": "ac--securityhub-autoscaling-launch-config-public-ip-disabled-3bcfc0c6",
      "provider": "provider[\"registry.terraform.io/hashicorp/aws\"]",
      "instances": [
        {
          "schema_version": 0,
          "attributes": {
            "arn": "arn:aws:config:eu-west-2:766176144542:config-rule/aws-service-rule/securityhub.amazonaws.com/config-rule-iiyneu",
            "description": "This control checks whether Amazon EC2 Auto Scaling groups have public IP addresses enabled using launch configurations.",
            "id": "securityhub-autoscaling-launch-config-public-ip-disabled-3bcfc0c6",
            "input_parameters": "{}",
            "maximum_execution_frequency": "",
            "name": "securityhub-autoscaling-launch-config-public-ip-disabled-3bcfc0c6",
            "rule_id": "config-rule-iiyneu",
            "scope": [
              {
                "compliance_resource_id": null,
                "compliance_resource_types": null,
                "tag_key": null,
                "tag_value": null
              }
            ],
            "source": [
              {
                "custom_policy_details": [],
                "owner": "AWS",
                "source_detail": [],
                "source_identifier": "AUTOSCALING_LAUNCH_CONFIG_PUBLIC_IP_DISABLED"
              }
            ],
            "tags": {},
            "tags_all": {}
          },
          "sensitive_attributes": []
        }
      ]
    },
    {
      "mode": "managed",
      "type": "aws_config_config_rule",
      "name": "ac--securityhub-autoscaling-launch-template-d9dbba41",
      "provider": "provider[\"registry.terraform.io/hashicorp/aws\"]",
      "instances": [
        {
          "schema_version": 0,
          "attributes": {
            "arn": "arn:aws:config:eu-west-2:766176144542:config-rule/aws-service-rule/securityhub.amazonaws.com/config-rule-spetvw",
            "description": "This control checks whether an Amazon EC2 Auto Scaling group is created from an EC2 launch template.",
            "id": "securityhub-autoscaling-launch-template-d9dbba41",
            "input_parameters": "{}",
            "maximum_execution_frequency": "",
            "name": "securityhub-autoscaling-launch-template-d9dbba41",
            "rule_id": "config-rule-spetvw",
            "scope": [
              {
                "compliance_resource_id": null,
                "compliance_resource_types": null,
                "tag_key": null,
                "tag_value": null
              }
            ],
            "source": [
              {
                "custom_policy_details": [],
                "owner": "AWS",
                "source_detail": [],
                "source_identifier": "AUTOSCALING_LAUNCH_TEMPLATE"
              }
            ],
            "tags": {},
            "tags_all": {}
          },
          "sensitive_attributes": []
        }
      ]
    },
    {
      "mode": "managed",
      "type": "aws_config_config_rule",
      "name": "ac--securityhub-autoscaling-launchconfig-requires-imdsv2-6594947a",
      "provider": "provider[\"registry.terraform.io/hashicorp/aws\"]",
      "instances": [
        {
          "schema_version": 0,
          "attributes": {
            "arn": "arn:aws:config:eu-west-2:766176144542:config-rule/aws-service-rule/securityhub.amazonaws.com/config-rule-lhxy3h",
            "description": "This control checks whether only IMDSv2 is enabled. This control fails if the Metadata version is not included in the launch configuration or if both Metadata V1 and V2 are enabled.",
            "id": "securityhub-autoscaling-launchconfig-requires-imdsv2-6594947a",
            "input_parameters": "{}",
            "maximum_execution_frequency": "",
            "name": "securityhub-autoscaling-launchconfig-requires-imdsv2-6594947a",
            "rule_id": "config-rule-lhxy3h",
            "scope": [
              {
                "compliance_resource_id": null,
                "compliance_resource_types": null,
                "tag_key": null,
                "tag_value": null
              }
            ],
            "source": [
              {
                "custom_policy_details": [],
                "owner": "AWS",
                "source_detail": [],
                "source_identifier": "AUTOSCALING_LAUNCHCONFIG_REQUIRES_IMDSV2"
              }
            ],
            "tags": {},
            "tags_all": {}
          },
          "sensitive_attributes": []
        }
      ]
    },
    {
      "mode": "managed",
      "type": "aws_config_config_rule",
      "name": "ac--securityhub-autoscaling-multiple-az-e8153ae7",
      "provider": "provider[\"registry.terraform.io/hashicorp/aws\"]",
      "instances": [
        {
          "schema_version": 0,
          "attributes": {
            "arn": "arn:aws:config:eu-west-2:766176144542:config-rule/aws-service-rule/securityhub.amazonaws.com/config-rule-2qkbyd",
            "description": "This control checks whether an Auto Scaling group spans multiple Availability Zones. The control fails if an Auto Scaling group does not span multiple availability zones.",
            "id": "securityhub-autoscaling-multiple-az-e8153ae7",
            "input_parameters": "{}",
            "maximum_execution_frequency": "",
            "name": "securityhub-autoscaling-multiple-az-e8153ae7",
            "rule_id": "config-rule-2qkbyd",
            "scope": [
              {
                "compliance_resource_id": null,
                "compliance_resource_types": null,
                "tag_key": null,
                "tag_value": null
              }
            ],
            "source": [
              {
                "custom_policy_details": [],
                "owner": "AWS",
                "source_detail": [],
                "source_identifier": "AUTOSCALING_MULTIPLE_AZ"
              }
            ],
            "tags": {},
            "tags_all": {}
          },
          "sensitive_attributes": []
        }
      ]
    },
    {
      "mode": "managed",
      "type": "aws_config_config_rule",
      "name": "ac--securityhub-autoscaling-multiple-instance-types-089908a8",
      "provider": "provider[\"registry.terraform.io/hashicorp/aws\"]",
      "instances": [
        {
          "schema_version": 0,
          "attributes": {
            "arn": "arn:aws:config:eu-west-2:766176144542:config-rule/aws-service-rule/securityhub.amazonaws.com/config-rule-zw7knz",
            "description": "This control checks whether an Amazon EC2 AutoScaling group uses multiple instance types. This control fails if the Amazon EC2 AutoScaling group has only one instance type defined.",
            "id": "securityhub-autoscaling-multiple-instance-types-089908a8",
            "input_parameters": "{}",
            "maximum_execution_frequency": "",
            "name": "securityhub-autoscaling-multiple-instance-types-089908a8",
            "rule_id": "config-rule-zw7knz",
            "scope": [
              {
                "compliance_resource_id": null,
                "compliance_resource_types": null,
                "tag_key": null,
                "tag_value": null
              }
            ],
            "source": [
              {
                "custom_policy_details": [],
                "owner": "AWS",
                "source_detail": [],
                "source_identifier": "AUTOSCALING_MULTIPLE_INSTANCE_TYPES"
              }
            ],
            "tags": {},
            "tags_all": {}
          },
          "sensitive_attributes": []
        }
      ]
    },
    {
      "mode": "managed",
      "type": "aws_config_config_rule",
      "name": "ac--securityhub-beanstalk-enhanced-health-reporting-enabled-a24732e6",
      "provider": "provider[\"registry.terraform.io/hashicorp/aws\"]",
      "instances": [
        {
          "schema_version": 0,
          "attributes": {
            "arn": "arn:aws:config:eu-west-2:766176144542:config-rule/aws-service-rule/securityhub.amazonaws.com/config-rule-jycho1",
            "description": "Checks for Elastic Beanstalk environment is configured for 'enhanced' health reporting and NON_COMPLIANT if configured for 'basic' health reporting.",
            "id": "securityhub-beanstalk-enhanced-health-reporting-enabled-a24732e6",
            "input_parameters": "{}",
            "maximum_execution_frequency": "",
            "name": "securityhub-beanstalk-enhanced-health-reporting-enabled-a24732e6",
            "rule_id": "config-rule-jycho1",
            "scope": [
              {
                "compliance_resource_id": null,
                "compliance_resource_types": null,
                "tag_key": null,
                "tag_value": null
              }
            ],
            "source": [
              {
                "custom_policy_details": [],
                "owner": "AWS",
                "source_detail": [],
                "source_identifier": "BEANSTALK_ENHANCED_HEALTH_REPORTING_ENABLED"
              }
            ],
            "tags": {},
            "tags_all": {}
          },
          "sensitive_attributes": []
        }
      ]
    },
    {
      "mode": "managed",
      "type": "aws_config_config_rule",
      "name": "ac--securityhub-clb-desync-mode-check-02e03d44",
      "provider": "provider[\"registry.terraform.io/hashicorp/aws\"]",
      "instances": [
        {
          "schema_version": 0,
          "attributes": {
            "arn": "arn:aws:config:eu-west-2:766176144542:config-rule/aws-service-rule/securityhub.amazonaws.com/config-rule-p4ujah",
            "description": "This control checks if Classic Load Balancers (CLB) are configured with a user defined Desync mitigation mode. This control fails if CLB Desync mitigation mode does not match with user defined Desync mitigation mode.",
            "id": "securityhub-clb-desync-mode-check-02e03d44",
            "input_parameters": "{\"desyncMode\":\"defensive,strictest\"}",
            "maximum_execution_frequency": "",
            "name": "securityhub-clb-desync-mode-check-02e03d44",
            "rule_id": "config-rule-p4ujah",
            "scope": [
              {
                "compliance_resource_id": null,
                "compliance_resource_types": null,
                "tag_key": null,
                "tag_value": null
              }
            ],
            "source": [
              {
                "custom_policy_details": [],
                "owner": "AWS",
                "source_detail": [],
                "source_identifier": "CLB_DESYNC_MODE_CHECK"
              }
            ],
            "tags": {},
            "tags_all": {}
          },
          "sensitive_attributes": []
        }
      ]
    },
    {
      "mode": "managed",
      "type": "aws_config_config_rule",
      "name": "ac--securityhub-clb-multiple-az-dedde49a",
      "provider": "provider[\"registry.terraform.io/hashicorp/aws\"]",
      "instances": [
        {
          "schema_version": 0,
          "attributes": {
            "arn": "arn:aws:config:eu-west-2:766176144542:config-rule/aws-service-rule/securityhub.amazonaws.com/config-rule-xm5gk5",
            "description": "This control checks whether a Classic Load Balancer has been configured to span multiple Availability Zones. The control fails if the Classic Load Balancer does not span multiple availability zones.",
            "id": "securityhub-clb-multiple-az-dedde49a",
            "input_parameters": "{}",
            "maximum_execution_frequency": "",
            "name": "securityhub-clb-multiple-az-dedde49a",
            "rule_id": "config-rule-xm5gk5",
            "scope": [
              {
                "compliance_resource_id": null,
                "compliance_resource_types": null,
                "tag_key": null,
                "tag_value": null
              }
            ],
            "source": [
              {
                "custom_policy_details": [],
                "owner": "AWS",
                "source_detail": [],
                "source_identifier": "CLB_MULTIPLE_AZ"
              }
            ],
            "tags": {},
            "tags_all": {}
          },
          "sensitive_attributes": []
        }
      ]
    },
    {
      "mode": "managed",
      "type": "aws_config_config_rule",
      "name": "ac--securityhub-cloud-trail-cloud-watch-logs-enabled-c882a74d",
      "provider": "provider[\"registry.terraform.io/hashicorp/aws\"]",
      "instances": [
        {
          "schema_version": 0,
          "attributes": {
            "arn": "arn:aws:config:eu-west-2:766176144542:config-rule/aws-service-rule/securityhub.amazonaws.com/config-rule-d9ca4g",
            "description": "Checks whether AWS CloudTrail trails are configured to send logs to Amazon CloudWatch logs.",
            "id": "securityhub-cloud-trail-cloud-watch-logs-enabled-c882a74d",
            "input_parameters": "{}",
            "maximum_execution_frequency": "Twelve_Hours",
            "name": "securityhub-cloud-trail-cloud-watch-logs-enabled-c882a74d",
            "rule_id": "config-rule-d9ca4g",
            "scope": [
              {
                "compliance_resource_id": "",
                "compliance_resource_types": [
                  "AWS::CloudTrail::Trail"
                ],
                "tag_key": "",
                "tag_value": ""
              }
            ],
            "source": [
              {
                "custom_policy_details": [],
                "owner": "AWS",
                "source_detail": [],
                "source_identifier": "CLOUD_TRAIL_CLOUD_WATCH_LOGS_ENABLED"
              }
            ],
            "tags": {},
            "tags_all": {}
          },
          "sensitive_attributes": []
        }
      ]
    },
    {
      "mode": "managed",
      "type": "aws_config_config_rule",
      "name": "ac--securityhub-cloud-trail-encryption-enabled-07bb3ecf",
      "provider": "provider[\"registry.terraform.io/hashicorp/aws\"]",
      "instances": [
        {
          "schema_version": 0,
          "attributes": {
            "arn": "arn:aws:config:eu-west-2:766176144542:config-rule/aws-service-rule/securityhub.amazonaws.com/config-rule-09raer",
            "description": "Ensure CloudTrail logs are encrypted at rest using KMS CMKs",
            "id": "securityhub-cloud-trail-encryption-enabled-07bb3ecf",
            "input_parameters": "{}",
            "maximum_execution_frequency": "Twelve_Hours",
            "name": "securityhub-cloud-trail-encryption-enabled-07bb3ecf",
            "rule_id": "config-rule-09raer",
            "scope": [
              {
                "compliance_resource_id": "",
                "compliance_resource_types": [
                  "AWS::CloudTrail::Trail"
                ],
                "tag_key": "",
                "tag_value": ""
              }
            ],
            "source": [
              {
                "custom_policy_details": [],
                "owner": "AWS",
                "source_detail": [],
                "source_identifier": "CLOUD_TRAIL_ENCRYPTION_ENABLED"
              }
            ],
            "tags": {},
            "tags_all": {}
          },
          "sensitive_attributes": []
        }
      ]
    },
    {
      "mode": "managed",
      "type": "aws_config_config_rule",
      "name": "ac--securityhub-cloud-trail-log-file-validation-enabled-2e88fe5c",
      "provider": "provider[\"registry.terraform.io/hashicorp/aws\"]",
      "instances": [
        {
          "schema_version": 0,
          "attributes": {
            "arn": "arn:aws:config:eu-west-2:766176144542:config-rule/aws-service-rule/securityhub.amazonaws.com/config-rule-irecno",
            "description": "Checks whether AWS CloudTrail creates a signed digest file with logs.",
            "id": "securityhub-cloud-trail-log-file-validation-enabled-2e88fe5c",
            "input_parameters": "{}",
            "maximum_execution_frequency": "Twelve_Hours",
            "name": "securityhub-cloud-trail-log-file-validation-enabled-2e88fe5c",
            "rule_id": "config-rule-irecno",
            "scope": [
              {
                "compliance_resource_id": "",
                "compliance_resource_types": [
                  "AWS::CloudTrail::Trail"
                ],
                "tag_key": "",
                "tag_value": ""
              }
            ],
            "source": [
              {
                "custom_policy_details": [],
                "owner": "AWS",
                "source_detail": [],
                "source_identifier": "CLOUD_TRAIL_LOG_FILE_VALIDATION_ENABLED"
              }
            ],
            "tags": {},
            "tags_all": {}
          },
          "sensitive_attributes": []
        }
      ]
    },
    {
      "mode": "managed",
      "type": "aws_config_config_rule",
      "name": "ac--securityhub-cloudformation-stack-notification-check-e19bd461",
      "provider": "provider[\"registry.terraform.io/hashicorp/aws\"]",
      "instances": [
        {
          "schema_version": 0,
          "attributes": {
            "arn": "arn:aws:config:eu-west-2:766176144542:config-rule/aws-service-rule/securityhub.amazonaws.com/config-rule-dcss4e",
            "description": "This control checks if your CloudFormation stacks are sending event notifications to an SNS topic.",
            "id": "securityhub-cloudformation-stack-notification-check-e19bd461",
            "input_parameters": "{}",
            "maximum_execution_frequency": "",
            "name": "securityhub-cloudformation-stack-notification-check-e19bd461",
            "rule_id": "config-rule-dcss4e",
            "scope": [
              {
                "compliance_resource_id": null,
                "compliance_resource_types": null,
                "tag_key": null,
                "tag_value": null
              }
            ],
            "source": [
              {
                "custom_policy_details": [],
                "owner": "AWS",
                "source_detail": [],
                "source_identifier": "CLOUDFORMATION_STACK_NOTIFICATION_CHECK"
              }
            ],
            "tags": {},
            "tags_all": {}
          },
          "sensitive_attributes": []
        }
      ]
    },
    {
      "mode": "managed",
      "type": "aws_config_config_rule",
      "name": "ac--securityhub-cmk-backing-key-rotation-enabled-a8c963d8",
      "provider": "provider[\"registry.terraform.io/hashicorp/aws\"]",
      "instances": [
        {
          "schema_version": 0,
          "attributes": {
            "arn": "arn:aws:config:eu-west-2:766176144542:config-rule/aws-service-rule/securityhub.amazonaws.com/config-rule-ekt2u0",
            "description": "Checks that key rotation is enabled for customer created customer master key (CMK)",
            "id": "securityhub-cmk-backing-key-rotation-enabled-a8c963d8",
            "input_parameters": "{}",
            "maximum_execution_frequency": "Twelve_Hours",
            "name": "securityhub-cmk-backing-key-rotation-enabled-a8c963d8",
            "rule_id": "config-rule-ekt2u0",
            "scope": [
              {
                "compliance_resource_id": "",
                "compliance_resource_types": [
                  "AWS::KMS::Key"
                ],
                "tag_key": "",
                "tag_value": ""
              }
            ],
            "source": [
              {
                "custom_policy_details": [],
                "owner": "AWS",
                "source_detail": [],
                "source_identifier": "CMK_BACKING_KEY_ROTATION_ENABLED"
              }
            ],
            "tags": {},
            "tags_all": {}
          },
          "sensitive_attributes": []
        }
      ]
    },
    {
      "mode": "managed",
      "type": "aws_config_config_rule",
      "name": "ac--securityhub-codebuild-project-environment-privileged-check-70e9ab46",
      "provider": "provider[\"registry.terraform.io/hashicorp/aws\"]",
      "instances": [
        {
          "schema_version": 0,
          "attributes": {
            "arn": "arn:aws:config:eu-west-2:766176144542:config-rule/aws-service-rule/securityhub.amazonaws.com/config-rule-95yln0",
            "description": "This control checks if an AWS CodeBuild project environment has privileged mode enabled. The rule fails for a CodeBuild project if 'privilegedMode' is set to 'true'.",
            "id": "securityhub-codebuild-project-environment-privileged-check-70e9ab46",
            "input_parameters": "{}",
            "maximum_execution_frequency": "",
            "name": "securityhub-codebuild-project-environment-privileged-check-70e9ab46",
            "rule_id": "config-rule-95yln0",
            "scope": [
              {
                "compliance_resource_id": null,
                "compliance_resource_types": null,
                "tag_key": null,
                "tag_value": null
              }
            ],
            "source": [
              {
                "custom_policy_details": [],
                "owner": "AWS",
                "source_detail": [],
                "source_identifier": "CODEBUILD_PROJECT_ENVIRONMENT_PRIVILEGED_CHECK"
              }
            ],
            "tags": {},
            "tags_all": {}
          },
          "sensitive_attributes": []
        }
      ]
    },
    {
      "mode": "managed",
      "type": "aws_config_config_rule",
      "name": "ac--securityhub-codebuild-project-envvar-awscred-check-de48beba",
      "provider": "provider[\"registry.terraform.io/hashicorp/aws\"]",
      "instances": [
        {
          "schema_version": 0,
          "attributes": {
            "arn": "arn:aws:config:eu-west-2:766176144542:config-rule/aws-service-rule/securityhub.amazonaws.com/config-rule-sprkwx",
            "description": "Checks whether the project contains environment variables AWS_ACCESS_KEY_ID and AWS_SECRET_ACCESS_KEY.",
            "id": "securityhub-codebuild-project-envvar-awscred-check-de48beba",
            "input_parameters": "{}",
            "maximum_execution_frequency": "",
            "name": "securityhub-codebuild-project-envvar-awscred-check-de48beba",
            "rule_id": "config-rule-sprkwx",
            "scope": [
              {
                "compliance_resource_id": "",
                "compliance_resource_types": [
                  "AWS::CodeBuild::Project"
                ],
                "tag_key": "",
                "tag_value": ""
              }
            ],
            "source": [
              {
                "custom_policy_details": [],
                "owner": "AWS",
                "source_detail": [],
                "source_identifier": "CODEBUILD_PROJECT_ENVVAR_AWSCRED_CHECK"
              }
            ],
            "tags": {},
            "tags_all": {}
          },
          "sensitive_attributes": []
        }
      ]
    },
    {
      "mode": "managed",
      "type": "aws_config_config_rule",
      "name": "ac--securityhub-codebuild-project-logging-enabled-4747d850",
      "provider": "provider[\"registry.terraform.io/hashicorp/aws\"]",
      "instances": [
        {
          "schema_version": 0,
          "attributes": {
            "arn": "arn:aws:config:eu-west-2:766176144542:config-rule/aws-service-rule/securityhub.amazonaws.com/config-rule-xzukln",
            "description": "This control checks whether a CodeBuild project environment has at least one log option enabled. This control fails if s3 or CloudWatch logs aren't present or in DISABLED status. The control passes if the status of either logs is ENABLED.",
            "id": "securityhub-codebuild-project-logging-enabled-4747d850",
            "input_parameters": "{}",
            "maximum_execution_frequency": "",
            "name": "securityhub-codebuild-project-logging-enabled-4747d850",
            "rule_id": "config-rule-xzukln",
            "scope": [
              {
                "compliance_resource_id": null,
                "compliance_resource_types": null,
                "tag_key": null,
                "tag_value": null
              }
            ],
            "source": [
              {
                "custom_policy_details": [],
                "owner": "AWS",
                "source_detail": [],
                "source_identifier": "CODEBUILD_PROJECT_LOGGING_ENABLED"
              }
            ],
            "tags": {},
            "tags_all": {}
          },
          "sensitive_attributes": []
        }
      ]
    },
    {
      "mode": "managed",
      "type": "aws_config_config_rule",
      "name": "ac--securityhub-codebuild-project-s3-logs-encrypted-98aa0747",
      "provider": "provider[\"registry.terraform.io/hashicorp/aws\"]",
      "instances": [
        {
          "schema_version": 0,
          "attributes": {
            "arn": "arn:aws:config:eu-west-2:766176144542:config-rule/aws-service-rule/securityhub.amazonaws.com/config-rule-ybo6dt",
            "description": "Checks if a AWS CodeBuild project configured with Amazon S3 Logs has encryption enabled for its logs. The rule is NON_COMPLIANT if `encryptionDisabled` is set to `true` in a S3LogsConfig of a CodeBuild project. ",
            "id": "securityhub-codebuild-project-s3-logs-encrypted-98aa0747",
            "input_parameters": "{}",
            "maximum_execution_frequency": "",
            "name": "securityhub-codebuild-project-s3-logs-encrypted-98aa0747",
            "rule_id": "config-rule-ybo6dt",
            "scope": [
              {
                "compliance_resource_id": null,
                "compliance_resource_types": null,
                "tag_key": null,
                "tag_value": null
              }
            ],
            "source": [
              {
                "custom_policy_details": [],
                "owner": "AWS",
                "source_detail": [],
                "source_identifier": "CODEBUILD_PROJECT_S3_LOGS_ENCRYPTED"
              }
            ],
            "tags": {},
            "tags_all": {}
          },
          "sensitive_attributes": []
        }
      ]
    },
    {
      "mode": "managed",
      "type": "aws_config_config_rule",
      "name": "ac--securityhub-codebuild-project-source-repo-url-check-935cf4d5",
      "provider": "provider[\"registry.terraform.io/hashicorp/aws\"]",
      "instances": [
        {
          "schema_version": 0,
          "attributes": {
            "arn": "arn:aws:config:eu-west-2:766176144542:config-rule/aws-service-rule/securityhub.amazonaws.com/config-rule-ssj3fd",
            "description": "Checks whether the GitHub or Bitbucket source repository URL contains either personal access tokens or user name and password.",
            "id": "securityhub-codebuild-project-source-repo-url-check-935cf4d5",
            "input_parameters": "{}",
            "maximum_execution_frequency": "",
            "name": "securityhub-codebuild-project-source-repo-url-check-935cf4d5",
            "rule_id": "config-rule-ssj3fd",
            "scope": [
              {
                "compliance_resource_id": "",
                "compliance_resource_types": [
                  "AWS::CodeBuild::Project"
                ],
                "tag_key": "",
                "tag_value": ""
              }
            ],
            "source": [
              {
                "custom_policy_details": [],
                "owner": "AWS",
                "source_detail": [],
                "source_identifier": "CODEBUILD_PROJECT_SOURCE_REPO_URL_CHECK"
              }
            ],
            "tags": {},
            "tags_all": {}
          },
          "sensitive_attributes": []
        }
      ]
    },
    {
      "mode": "managed",
      "type": "aws_config_config_rule",
      "name": "ac--securityhub-custom-eventbus-policy-attached-1d9d4dcf",
      "provider": "provider[\"registry.terraform.io/hashicorp/aws\"]",
      "instances": [
        {
          "schema_version": 0,
          "attributes": {
            "arn": "arn:aws:config:eu-west-2:766176144542:config-rule/aws-service-rule/securityhub.amazonaws.com/config-rule-hrhsgk",
            "description": "Checks if Amazon EventBridge custom event buses have a resource-based policy attached. The rule is NON_COMPLIANT if a custom event bus policy does not have an attached resource-based policy.",
            "id": "securityhub-custom-eventbus-policy-attached-1d9d4dcf",
            "input_parameters": "{}",
            "maximum_execution_frequency": "",
            "name": "securityhub-custom-eventbus-policy-attached-1d9d4dcf",
            "rule_id": "config-rule-hrhsgk",
            "scope": [
              {
                "compliance_resource_id": "",
                "compliance_resource_types": [
                  "AWS::Events::EventBus"
                ],
                "tag_key": "",
                "tag_value": ""
              }
            ],
            "source": [
              {
                "custom_policy_details": [],
                "owner": "AWS",
                "source_detail": [],
                "source_identifier": "CUSTOM_EVENTBUS_POLICY_ATTACHED"
              }
            ],
            "tags": {},
            "tags_all": {}
          },
          "sensitive_attributes": []
        }
      ]
    },
    {
      "mode": "managed",
      "type": "aws_config_config_rule",
      "name": "ac--securityhub-dax-encryption-enabled-1ce9bea2",
      "provider": "provider[\"registry.terraform.io/hashicorp/aws\"]",
      "instances": [
        {
          "schema_version": 0,
          "attributes": {
            "arn": "arn:aws:config:eu-west-2:766176144542:config-rule/aws-service-rule/securityhub.amazonaws.com/config-rule-35it6e",
            "description": "Checks that DynamoDB Accelerator (DAX) clusters are encrypted. The rule is NON_COMPLIANT if a DAX cluster is not encrypted.",
            "id": "securityhub-dax-encryption-enabled-1ce9bea2",
            "input_parameters": "{}",
            "maximum_execution_frequency": "Twelve_Hours",
            "name": "securityhub-dax-encryption-enabled-1ce9bea2",
            "rule_id": "config-rule-35it6e",
            "scope": [
              {
                "compliance_resource_id": null,
                "compliance_resource_types": null,
                "tag_key": null,
                "tag_value": null
              }
            ],
            "source": [
              {
                "custom_policy_details": [],
                "owner": "AWS",
                "source_detail": [],
                "source_identifier": "DAX_ENCRYPTION_ENABLED"
              }
            ],
            "tags": {},
            "tags_all": {}
          },
          "sensitive_attributes": []
        }
      ]
    },
    {
      "mode": "managed",
      "type": "aws_config_config_rule",
      "name": "ac--securityhub-db-instance-backup-enabled-3f496e2d",
      "provider": "provider[\"registry.terraform.io/hashicorp/aws\"]",
      "instances": [
        {
          "schema_version": 0,
          "attributes": {
            "arn": "arn:aws:config:eu-west-2:766176144542:config-rule/aws-service-rule/securityhub.amazonaws.com/config-rule-kqrdc5",
            "description": "Checks whether RDS DB instances have backups enabled. Optionally, the rule checks the backup retention period and the backup window.",
            "id": "securityhub-db-instance-backup-enabled-3f496e2d",
            "input_parameters": "{\"backupRetentionMinimum\":\"7\",\"checkReadReplicas\":\"False\"}",
            "maximum_execution_frequency": "",
            "name": "securityhub-db-instance-backup-enabled-3f496e2d",
            "rule_id": "config-rule-kqrdc5",
            "scope": [
              {
                "compliance_resource_id": null,
                "compliance_resource_types": null,
                "tag_key": null,
                "tag_value": null
              }
            ],
            "source": [
              {
                "custom_policy_details": [],
                "owner": "AWS",
                "source_detail": [],
                "source_identifier": "DB_INSTANCE_BACKUP_ENABLED"
              }
            ],
            "tags": {},
            "tags_all": {}
          },
          "sensitive_attributes": []
        }
      ]
    },
    {
      "mode": "managed",
      "type": "aws_config_config_rule",
      "name": "ac--securityhub-dms-auto-minor-version-upgrade-check-ef1b4316",
      "provider": "provider[\"registry.terraform.io/hashicorp/aws\"]",
      "instances": [
        {
          "schema_version": 0,
          "attributes": {
            "arn": "arn:aws:config:eu-west-2:766176144542:config-rule/aws-service-rule/securityhub.amazonaws.com/config-rule-qv4xer",
            "description": "Checks if an AWS Database Migration Service (AWS DMS) replication instance has automatic minor version upgrades enabled. The rule is NON_COMPLIANT if an AWS DMS replication instance is not configured with automatic minor version upgrades.",
            "id": "securityhub-dms-auto-minor-version-upgrade-check-ef1b4316",
            "input_parameters": "{}",
            "maximum_execution_frequency": "",
            "name": "securityhub-dms-auto-minor-version-upgrade-check-ef1b4316",
            "rule_id": "config-rule-qv4xer",
            "scope": [
              {
                "compliance_resource_id": "",
                "compliance_resource_types": [
                  "AWS::DMS::ReplicationInstance"
                ],
                "tag_key": "",
                "tag_value": ""
              }
            ],
            "source": [
              {
                "custom_policy_details": [],
                "owner": "AWS",
                "source_detail": [],
                "source_identifier": "DMS_AUTO_MINOR_VERSION_UPGRADE_CHECK"
              }
            ],
            "tags": {},
            "tags_all": {}
          },
          "sensitive_attributes": []
        }
      ]
    },
    {
      "mode": "managed",
      "type": "aws_config_config_rule",
      "name": "ac--securityhub-dms-endpoint-ssl-configured-6f047793",
      "provider": "provider[\"registry.terraform.io/hashicorp/aws\"]",
      "instances": [
        {
          "schema_version": 0,
          "attributes": {
            "arn": "arn:aws:config:eu-west-2:766176144542:config-rule/aws-service-rule/securityhub.amazonaws.com/config-rule-llaue6",
            "description": "Checks if AWS Database Migration Service (AWS DMS) endpoints are configured with an SSL connection. The rule is NON_COMPLIANT if AWS DMS does not have an SSL connection configured.",
            "id": "securityhub-dms-endpoint-ssl-configured-6f047793",
            "input_parameters": "{}",
            "maximum_execution_frequency": "",
            "name": "securityhub-dms-endpoint-ssl-configured-6f047793",
            "rule_id": "config-rule-llaue6",
            "scope": [
              {
                "compliance_resource_id": "",
                "compliance_resource_types": [
                  "AWS::DMS::Endpoint"
                ],
                "tag_key": "",
                "tag_value": ""
              }
            ],
            "source": [
              {
                "custom_policy_details": [],
                "owner": "AWS",
                "source_detail": [],
                "source_identifier": "DMS_ENDPOINT_SSL_CONFIGURED"
              }
            ],
            "tags": {},
            "tags_all": {}
          },
          "sensitive_attributes": []
        }
      ]
    },
    {
      "mode": "managed",
      "type": "aws_config_config_rule",
      "name": "ac--securityhub-dms-replication-not-public-36d4de17",
      "provider": "provider[\"registry.terraform.io/hashicorp/aws\"]",
      "instances": [
        {
          "schema_version": 0,
          "attributes": {
            "arn": "arn:aws:config:eu-west-2:766176144542:config-rule/aws-service-rule/securityhub.amazonaws.com/config-rule-vnvbpa",
            "description": "Checks whether AWS Database Migration Service replication instances are public. The rule is NON_COMPLIANT if PubliclyAccessible field is true.",
            "id": "securityhub-dms-replication-not-public-36d4de17",
            "input_parameters": "{}",
            "maximum_execution_frequency": "Twelve_Hours",
            "name": "securityhub-dms-replication-not-public-36d4de17",
            "rule_id": "config-rule-vnvbpa",
            "scope": [
              {
                "compliance_resource_id": "",
                "compliance_resource_types": [
                  "AWS::DMS::ReplicationInstance"
                ],
                "tag_key": "",
                "tag_value": ""
              }
            ],
            "source": [
              {
                "custom_policy_details": [],
                "owner": "AWS",
                "source_detail": [],
                "source_identifier": "DMS_REPLICATION_NOT_PUBLIC"
              }
            ],
            "tags": {},
            "tags_all": {}
          },
          "sensitive_attributes": []
        }
      ]
    },
    {
      "mode": "managed",
      "type": "aws_config_config_rule",
      "name": "ac--securityhub-dms-replication-task-sourcedb-logging-3caad229",
      "provider": "provider[\"registry.terraform.io/hashicorp/aws\"]",
      "instances": [
        {
          "schema_version": 0,
          "attributes": {
            "arn": "arn:aws:config:eu-west-2:766176144542:config-rule/aws-service-rule/securityhub.amazonaws.com/config-rule-qomxlm",
            "description": "Checks if logging is enabled with a valid severity level for AWS DMS replication tasks of a source database. The rule is NON_COMPLIANT if logging is not enabled or logs for DMS replication tasks of a source database have a severity level that invalid.",
            "id": "securityhub-dms-replication-task-sourcedb-logging-3caad229",
            "input_parameters": "{}",
            "maximum_execution_frequency": "",
            "name": "securityhub-dms-replication-task-sourcedb-logging-3caad229",
            "rule_id": "config-rule-qomxlm",
            "scope": [
              {
                "compliance_resource_id": "",
                "compliance_resource_types": [
                  "AWS::DMS::ReplicationTask"
                ],
                "tag_key": "",
                "tag_value": ""
              }
            ],
            "source": [
              {
                "custom_policy_details": [],
                "owner": "AWS",
                "source_detail": [],
                "source_identifier": "DMS_REPLICATION_TASK_SOURCEDB_LOGGING"
              }
            ],
            "tags": {},
            "tags_all": {}
          },
          "sensitive_attributes": []
        }
      ]
    },
    {
      "mode": "managed",
      "type": "aws_config_config_rule",
      "name": "ac--securityhub-dms-replication-task-targetdb-logging-b3480939",
      "provider": "provider[\"registry.terraform.io/hashicorp/aws\"]",
      "instances": [
        {
          "schema_version": 0,
          "attributes": {
            "arn": "arn:aws:config:eu-west-2:766176144542:config-rule/aws-service-rule/securityhub.amazonaws.com/config-rule-0latrq",
            "description": "Checks if logging is enabled with a valid severity level for AWS DMS replication task events of a target database. The rule is NON_COMPLIANT if logging is not enabled or replication task logging of a target database has a severity level that is invalid.",
            "id": "securityhub-dms-replication-task-targetdb-logging-b3480939",
            "input_parameters": "{}",
            "maximum_execution_frequency": "",
            "name": "securityhub-dms-replication-task-targetdb-logging-b3480939",
            "rule_id": "config-rule-0latrq",
            "scope": [
              {
                "compliance_resource_id": "",
                "compliance_resource_types": [
                  "AWS::DMS::ReplicationTask"
                ],
                "tag_key": "",
                "tag_value": ""
              }
            ],
            "source": [
              {
                "custom_policy_details": [],
                "owner": "AWS",
                "source_detail": [],
                "source_identifier": "DMS_REPLICATION_TASK_TARGETDB_LOGGING"
              }
            ],
            "tags": {},
            "tags_all": {}
          },
          "sensitive_attributes": []
        }
      ]
    },
    {
      "mode": "managed",
      "type": "aws_config_config_rule",
      "name": "ac--securityhub-docdb-cluster-audit-logging-enabled-00e627f6",
      "provider": "provider[\"registry.terraform.io/hashicorp/aws\"]",
      "instances": [
        {
          "schema_version": 0,
          "attributes": {
            "arn": "arn:aws:config:eu-west-2:766176144542:config-rule/aws-service-rule/securityhub.amazonaws.com/config-rule-3vbcts",
            "description": "Checks if an Amazon DocumentDB (with MongoDB compatibility) instance cluster has CloudWatch log export enabled for audit logs. The rule is NON_COMPLIANT if an Amazon DocumentDB instance cluster does not have CloudWatch log export enabled for audit logs.",
            "id": "securityhub-docdb-cluster-audit-logging-enabled-00e627f6",
            "input_parameters": "{}",
            "maximum_execution_frequency": "",
            "name": "securityhub-docdb-cluster-audit-logging-enabled-00e627f6",
            "rule_id": "config-rule-3vbcts",
            "scope": [
              {
                "compliance_resource_id": "",
                "compliance_resource_types": [
                  "AWS::RDS::DBCluster"
                ],
                "tag_key": "",
                "tag_value": ""
              }
            ],
            "source": [
              {
                "custom_policy_details": [],
                "owner": "AWS",
                "source_detail": [],
                "source_identifier": "DOCDB_CLUSTER_AUDIT_LOGGING_ENABLED"
              }
            ],
            "tags": {},
            "tags_all": {}
          },
          "sensitive_attributes": []
        }
      ]
    },
    {
      "mode": "managed",
      "type": "aws_config_config_rule",
      "name": "ac--securityhub-docdb-cluster-backup-retention-check-7fa4c297",
      "provider": "provider[\"registry.terraform.io/hashicorp/aws\"]",
      "instances": [
        {
          "schema_version": 0,
          "attributes": {
            "arn": "arn:aws:config:eu-west-2:766176144542:config-rule/aws-service-rule/securityhub.amazonaws.com/config-rule-fmdzc2",
            "description": "Checks if an Amazon Document DB cluster retention period is set to a specific number of days. The rule is NON_COMPLIANT if the retention period is less than the value specified by the parameter.",
            "id": "securityhub-docdb-cluster-backup-retention-check-7fa4c297",
            "input_parameters": "{}",
            "maximum_execution_frequency": "",
            "name": "securityhub-docdb-cluster-backup-retention-check-7fa4c297",
            "rule_id": "config-rule-fmdzc2",
            "scope": [
              {
                "compliance_resource_id": "",
                "compliance_resource_types": [
                  "AWS::RDS::DBCluster"
                ],
                "tag_key": "",
                "tag_value": ""
              }
            ],
            "source": [
              {
                "custom_policy_details": [],
                "owner": "AWS",
                "source_detail": [],
                "source_identifier": "DOCDB_CLUSTER_BACKUP_RETENTION_CHECK"
              }
            ],
            "tags": {},
            "tags_all": {}
          },
          "sensitive_attributes": []
        }
      ]
    },
    {
      "mode": "managed",
      "type": "aws_config_config_rule",
      "name": "ac--securityhub-docdb-cluster-deletion-protection-enabled-1032cc6e",
      "provider": "provider[\"registry.terraform.io/hashicorp/aws\"]",
      "instances": [
        {
          "schema_version": 0,
          "attributes": {
            "arn": "arn:aws:config:eu-west-2:766176144542:config-rule/aws-service-rule/securityhub.amazonaws.com/config-rule-javsso",
            "description": "Checks if an Amazon DocumentDB (with MongoDB compatibility) cluster has deletion protection enabled. The rule is NON_COMPLIANT if an Amazon DocumentDB cluster has the deletionProtection field set to false.",
            "id": "securityhub-docdb-cluster-deletion-protection-enabled-1032cc6e",
            "input_parameters": "{}",
            "maximum_execution_frequency": "",
            "name": "securityhub-docdb-cluster-deletion-protection-enabled-1032cc6e",
            "rule_id": "config-rule-javsso",
            "scope": [
              {
                "compliance_resource_id": "",
                "compliance_resource_types": [
                  "AWS::RDS::DBCluster"
                ],
                "tag_key": "",
                "tag_value": ""
              }
            ],
            "source": [
              {
                "custom_policy_details": [],
                "owner": "AWS",
                "source_detail": [],
                "source_identifier": "DOCDB_CLUSTER_DELETION_PROTECTION_ENABLED"
              }
            ],
            "tags": {},
            "tags_all": {}
          },
          "sensitive_attributes": []
        }
      ]
    },
    {
      "mode": "managed",
      "type": "aws_config_config_rule",
      "name": "ac--securityhub-docdb-cluster-encrypted-2e755334",
      "provider": "provider[\"registry.terraform.io/hashicorp/aws\"]",
      "instances": [
        {
          "schema_version": 0,
          "attributes": {
            "arn": "arn:aws:config:eu-west-2:766176144542:config-rule/aws-service-rule/securityhub.amazonaws.com/config-rule-ttrlgm",
            "description": "Checks if storage encryption is enabled for your Amazon DocumentDB DB clusters. The rule is NON_COMPLIANT if storage encryption is not enabled.",
            "id": "securityhub-docdb-cluster-encrypted-2e755334",
            "input_parameters": "{}",
            "maximum_execution_frequency": "",
            "name": "securityhub-docdb-cluster-encrypted-2e755334",
            "rule_id": "config-rule-ttrlgm",
            "scope": [
              {
                "compliance_resource_id": "",
                "compliance_resource_types": [
                  "AWS::RDS::DBCluster"
                ],
                "tag_key": "",
                "tag_value": ""
              }
            ],
            "source": [
              {
                "custom_policy_details": [],
                "owner": "AWS",
                "source_detail": [],
                "source_identifier": "DOCDB_CLUSTER_ENCRYPTED"
              }
            ],
            "tags": {},
            "tags_all": {}
          },
          "sensitive_attributes": []
        }
      ]
    },
    {
      "mode": "managed",
      "type": "aws_config_config_rule",
      "name": "ac--securityhub-docdb-cluster-snapshot-public-prohibited-5eb48e28",
      "provider": "provider[\"registry.terraform.io/hashicorp/aws\"]",
      "instances": [
        {
          "schema_version": 0,
          "attributes": {
            "arn": "arn:aws:config:eu-west-2:766176144542:config-rule/aws-service-rule/securityhub.amazonaws.com/config-rule-omjsds",
            "description": "Checks if Amazon DocumentDB manual cluster snapshots are public. The rule is NON_COMPLIANT if any Amazon DocumentDB manual cluster snapshots are public.",
            "id": "securityhub-docdb-cluster-snapshot-public-prohibited-5eb48e28",
            "input_parameters": "{}",
            "maximum_execution_frequency": "",
            "name": "securityhub-docdb-cluster-snapshot-public-prohibited-5eb48e28",
            "rule_id": "config-rule-omjsds",
            "scope": [
              {
                "compliance_resource_id": "",
                "compliance_resource_types": [
                  "AWS::RDS::DBClusterSnapshot"
                ],
                "tag_key": "",
                "tag_value": ""
              }
            ],
            "source": [
              {
                "custom_policy_details": [],
                "owner": "AWS",
                "source_detail": [],
                "source_identifier": "DOCDB_CLUSTER_SNAPSHOT_PUBLIC_PROHIBITED"
              }
            ],
            "tags": {},
            "tags_all": {}
          },
          "sensitive_attributes": []
        }
      ]
    },
    {
      "mode": "managed",
      "type": "aws_config_config_rule",
      "name": "ac--securityhub-dynamodb-autoscaling-enabled-693d8157",
      "provider": "provider[\"registry.terraform.io/hashicorp/aws\"]",
      "instances": [
        {
          "schema_version": 0,
          "attributes": {
            "arn": "arn:aws:config:eu-west-2:766176144542:config-rule/aws-service-rule/securityhub.amazonaws.com/config-rule-qvtomo",
            "description": "Checks whether Auto Scaling or On-Demand is enabled on your DynamoDB tables and/or global secondary indexes. Optionally you can set the read and write capacity units for the table or global secondary index.",
            "id": "securityhub-dynamodb-autoscaling-enabled-693d8157",
            "input_parameters": "{}",
            "maximum_execution_frequency": "Twelve_Hours",
            "name": "securityhub-dynamodb-autoscaling-enabled-693d8157",
            "rule_id": "config-rule-qvtomo",
            "scope": [
              {
                "compliance_resource_id": null,
                "compliance_resource_types": null,
                "tag_key": null,
                "tag_value": null
              }
            ],
            "source": [
              {
                "custom_policy_details": [],
                "owner": "AWS",
                "source_detail": [],
                "source_identifier": "DYNAMODB_AUTOSCALING_ENABLED"
              }
            ],
            "tags": {},
            "tags_all": {}
          },
          "sensitive_attributes": []
        }
      ]
    },
    {
      "mode": "managed",
      "type": "aws_config_config_rule",
      "name": "ac--securityhub-dynamodb-pitr-enabled-c330b258",
      "provider": "provider[\"registry.terraform.io/hashicorp/aws\"]",
      "instances": [
        {
          "schema_version": 0,
          "attributes": {
            "arn": "arn:aws:config:eu-west-2:766176144542:config-rule/aws-service-rule/securityhub.amazonaws.com/config-rule-2oxiwx",
            "description": "Checks that point in time recovery (PITR) is enabled for Amazon DynamoDB tables. The rule is NON_COMPLIANT if point in time recovery is not enabled for Amazon DynamoDB tables",
            "id": "securityhub-dynamodb-pitr-enabled-c330b258",
            "input_parameters": "{}",
            "maximum_execution_frequency": "",
            "name": "securityhub-dynamodb-pitr-enabled-c330b258",
            "rule_id": "config-rule-2oxiwx",
            "scope": [
              {
                "compliance_resource_id": null,
                "compliance_resource_types": null,
                "tag_key": null,
                "tag_value": null
              }
            ],
            "source": [
              {
                "custom_policy_details": [],
                "owner": "AWS",
                "source_detail": [],
                "source_identifier": "DYNAMODB_PITR_ENABLED"
              }
            ],
            "tags": {},
            "tags_all": {}
          },
          "sensitive_attributes": []
        }
      ]
    },
    {
      "mode": "managed",
      "type": "aws_config_config_rule",
      "name": "ac--securityhub-ebs-snapshot-public-restorable-check-47d75871",
      "provider": "provider[\"registry.terraform.io/hashicorp/aws\"]",
      "instances": [
        {
          "schema_version": 0,
          "attributes": {
            "arn": "arn:aws:config:eu-west-2:766176144542:config-rule/aws-service-rule/securityhub.amazonaws.com/config-rule-veobjm",
            "description": "Checks whether Amazon Elastic Block Store snapshots are not publicly restorable.",
            "id": "securityhub-ebs-snapshot-public-restorable-check-47d75871",
            "input_parameters": "{}",
            "maximum_execution_frequency": "Twelve_Hours",
            "name": "securityhub-ebs-snapshot-public-restorable-check-47d75871",
            "rule_id": "config-rule-veobjm",
            "scope": [
              {
                "compliance_resource_id": "",
                "compliance_resource_types": [],
                "tag_key": "",
                "tag_value": ""
              }
            ],
            "source": [
              {
                "custom_policy_details": [],
                "owner": "AWS",
                "source_detail": [],
                "source_identifier": "EBS_SNAPSHOT_PUBLIC_RESTORABLE_CHECK"
              }
            ],
            "tags": {},
            "tags_all": {}
          },
          "sensitive_attributes": []
        }
      ]
    },
    {
      "mode": "managed",
      "type": "aws_config_config_rule",
      "name": "ac--securityhub-ec2-ebs-encryption-by-default-e639d9f9",
      "provider": "provider[\"registry.terraform.io/hashicorp/aws\"]",
      "instances": [
        {
          "schema_version": 0,
          "attributes": {
            "arn": "arn:aws:config:eu-west-2:766176144542:config-rule/aws-service-rule/securityhub.amazonaws.com/config-rule-1ai5tm",
            "description": "Checks that Amazon Elastic Block Store (EBS) encryption is enabled by default. The rule is NON_COMPLIANT if the encryption is not enabled.",
            "id": "securityhub-ec2-ebs-encryption-by-default-e639d9f9",
            "input_parameters": "{}",
            "maximum_execution_frequency": "Twelve_Hours",
            "name": "securityhub-ec2-ebs-encryption-by-default-e639d9f9",
            "rule_id": "config-rule-1ai5tm",
            "scope": [
              {
                "compliance_resource_id": null,
                "compliance_resource_types": null,
                "tag_key": null,
                "tag_value": null
              }
            ],
            "source": [
              {
                "custom_policy_details": [],
                "owner": "AWS",
                "source_detail": [],
                "source_identifier": "EC2_EBS_ENCRYPTION_BY_DEFAULT"
              }
            ],
            "tags": {},
            "tags_all": {}
          },
          "sensitive_attributes": []
        }
      ]
    },
    {
      "mode": "managed",
      "type": "aws_config_config_rule",
      "name": "ac--securityhub-ec2-imdsv2-check-47f2c681",
      "provider": "provider[\"registry.terraform.io/hashicorp/aws\"]",
      "instances": [
        {
          "schema_version": 0,
          "attributes": {
            "arn": "arn:aws:config:eu-west-2:766176144542:config-rule/aws-service-rule/securityhub.amazonaws.com/config-rule-icva1k",
            "description": "Checks whether your Amazon Elastic Compute Cloud (Amazon EC2) instance metadata version is configured with Instance Metadata Service Version 2 (IMDSv2).",
            "id": "securityhub-ec2-imdsv2-check-47f2c681",
            "input_parameters": "{}",
            "maximum_execution_frequency": "",
            "name": "securityhub-ec2-imdsv2-check-47f2c681",
            "rule_id": "config-rule-icva1k",
            "scope": [
              {
                "compliance_resource_id": null,
                "compliance_resource_types": null,
                "tag_key": null,
                "tag_value": null
              }
            ],
            "source": [
              {
                "custom_policy_details": [],
                "owner": "AWS",
                "source_detail": [],
                "source_identifier": "EC2_IMDSV2_CHECK"
              }
            ],
            "tags": {},
            "tags_all": {}
          },
          "sensitive_attributes": []
        }
      ]
    },
    {
      "mode": "managed",
      "type": "aws_config_config_rule",
      "name": "ac--securityhub-ec2-instance-managed-by-ssm-5ded5599",
      "provider": "provider[\"registry.terraform.io/hashicorp/aws\"]",
      "instances": [
        {
          "schema_version": 0,
          "attributes": {
            "arn": "arn:aws:config:eu-west-2:766176144542:config-rule/aws-service-rule/securityhub.amazonaws.com/config-rule-ciiarm",
            "description": "Checks whether the Amazon EC2 instances in your account are managed by AWS Systems Manager.",
            "id": "securityhub-ec2-instance-managed-by-ssm-5ded5599",
            "input_parameters": "{}",
            "maximum_execution_frequency": "",
            "name": "securityhub-ec2-instance-managed-by-ssm-5ded5599",
            "rule_id": "config-rule-ciiarm",
            "scope": [
              {
                "compliance_resource_id": "",
                "compliance_resource_types": [
                  "AWS::EC2::Instance",
                  "AWS::SSM::ManagedInstanceInventory"
                ],
                "tag_key": "",
                "tag_value": ""
              }
            ],
            "source": [
              {
                "custom_policy_details": [],
                "owner": "AWS",
                "source_detail": [],
                "source_identifier": "EC2_INSTANCE_MANAGED_BY_SSM"
              }
            ],
            "tags": {},
            "tags_all": {}
          },
          "sensitive_attributes": []
        }
      ]
    },
    {
      "mode": "managed",
      "type": "aws_config_config_rule",
      "name": "ac--securityhub-ec2-instance-multiple-eni-check-8a3c615c",
      "provider": "provider[\"registry.terraform.io/hashicorp/aws\"]",
      "instances": [
        {
          "schema_version": 0,
          "attributes": {
            "arn": "arn:aws:config:eu-west-2:766176144542:config-rule/aws-service-rule/securityhub.amazonaws.com/config-rule-et6blv",
            "description": "This control checks to see if Amazon EC2 instance uses multiple ENI/EFA. This control will pass if single network adapters is used.",
            "id": "securityhub-ec2-instance-multiple-eni-check-8a3c615c",
            "input_parameters": "{}",
            "maximum_execution_frequency": "",
            "name": "securityhub-ec2-instance-multiple-eni-check-8a3c615c",
            "rule_id": "config-rule-et6blv",
            "scope": [
              {
                "compliance_resource_id": null,
                "compliance_resource_types": null,
                "tag_key": null,
                "tag_value": null
              }
            ],
            "source": [
              {
                "custom_policy_details": [],
                "owner": "AWS",
                "source_detail": [],
                "source_identifier": "EC2_INSTANCE_MULTIPLE_ENI_CHECK"
              }
            ],
            "tags": {},
            "tags_all": {}
          },
          "sensitive_attributes": []
        }
      ]
    },
    {
      "mode": "managed",
      "type": "aws_config_config_rule",
      "name": "ac--securityhub-ec2-instance-no-public-ip-da8b24f2",
      "provider": "provider[\"registry.terraform.io/hashicorp/aws\"]",
      "instances": [
        {
          "schema_version": 0,
          "attributes": {
            "arn": "arn:aws:config:eu-west-2:766176144542:config-rule/aws-service-rule/securityhub.amazonaws.com/config-rule-fbz45u",
            "description": "Checks whether Amazon Elastic Compute Cloud (Amazon EC2) instances have a public IP association. The rule is NON_COMPLIANT if the publicIp field is present in the Amazon EC2 instance configuration item. This rule applies only to IPv4.",
            "id": "securityhub-ec2-instance-no-public-ip-da8b24f2",
            "input_parameters": "{}",
            "maximum_execution_frequency": "",
            "name": "securityhub-ec2-instance-no-public-ip-da8b24f2",
            "rule_id": "config-rule-fbz45u",
            "scope": [
              {
                "compliance_resource_id": null,
                "compliance_resource_types": null,
                "tag_key": null,
                "tag_value": null
              }
            ],
            "source": [
              {
                "custom_policy_details": [],
                "owner": "AWS",
                "source_detail": [],
                "source_identifier": "EC2_INSTANCE_NO_PUBLIC_IP"
              }
            ],
            "tags": {},
            "tags_all": {}
          },
          "sensitive_attributes": []
        }
      ]
    },
    {
      "mode": "managed",
      "type": "aws_config_config_rule",
      "name": "ac--securityhub-ec2-launch-template-public-ip-disabled-d8dc27e1",
      "provider": "provider[\"registry.terraform.io/hashicorp/aws\"]",
      "instances": [
        {
          "schema_version": 0,
          "attributes": {
            "arn": "arn:aws:config:eu-west-2:766176144542:config-rule/aws-service-rule/securityhub.amazonaws.com/config-rule-fjevzj",
            "description": "Checks if Amazon EC2 Launch Templates are set to assign public IP addresses to Network Interfaces. The rule is NON_COMPLIANT if the default version of an EC2 Launch Template has at least 1 Network Interface with  'AssociatePublicIpAddress' set to 'true'.",
            "id": "securityhub-ec2-launch-template-public-ip-disabled-d8dc27e1",
            "input_parameters": "{}",
            "maximum_execution_frequency": "",
            "name": "securityhub-ec2-launch-template-public-ip-disabled-d8dc27e1",
            "rule_id": "config-rule-fjevzj",
            "scope": [
              {
                "compliance_resource_id": null,
                "compliance_resource_types": null,
                "tag_key": null,
                "tag_value": null
              }
            ],
            "source": [
              {
                "custom_policy_details": [],
                "owner": "AWS",
                "source_detail": [],
                "source_identifier": "EC2_LAUNCH_TEMPLATE_PUBLIC_IP_DISABLED"
              }
            ],
            "tags": {},
            "tags_all": {}
          },
          "sensitive_attributes": []
        }
      ]
    },
    {
      "mode": "managed",
      "type": "aws_config_config_rule",
      "name": "ac--securityhub-ec2-managedinstance-association-compliance-status-check-c49f78ab",
      "provider": "provider[\"registry.terraform.io/hashicorp/aws\"]",
      "instances": [
        {
          "schema_version": 0,
          "attributes": {
            "arn": "arn:aws:config:eu-west-2:766176144542:config-rule/aws-service-rule/securityhub.amazonaws.com/config-rule-aqgw2l",
            "description": "Checks whether the compliance status of the Amazon EC2 Systems Manager association compliance is COMPLIANT or NON_COMPLIANT after the association execution on the instance. The rule is COMPLIANT if the field status is COMPLIANT.",
            "id": "securityhub-ec2-managedinstance-association-compliance-status-check-c49f78ab",
            "input_parameters": "{}",
            "maximum_execution_frequency": "",
            "name": "securityhub-ec2-managedinstance-association-compliance-status-check-c49f78ab",
            "rule_id": "config-rule-aqgw2l",
            "scope": [
              {
                "compliance_resource_id": "",
                "compliance_resource_types": [
                  "AWS::SSM::AssociationCompliance"
                ],
                "tag_key": "",
                "tag_value": ""
              }
            ],
            "source": [
              {
                "custom_policy_details": [],
                "owner": "AWS",
                "source_detail": [],
                "source_identifier": "EC2_MANAGEDINSTANCE_ASSOCIATION_COMPLIANCE_STATUS_CHECK"
              }
            ],
            "tags": {},
            "tags_all": {}
          },
          "sensitive_attributes": []
        }
      ]
    },
    {
      "mode": "managed",
      "type": "aws_config_config_rule",
      "name": "ac--securityhub-ec2-managedinstance-patch-compliance-dd200345",
      "provider": "provider[\"registry.terraform.io/hashicorp/aws\"]",
      "instances": [
        {
          "schema_version": 0,
          "attributes": {
            "arn": "arn:aws:config:eu-west-2:766176144542:config-rule/aws-service-rule/securityhub.amazonaws.com/config-rule-d0woxy",
            "description": "Checks whether the compliance status of the Amazon EC2 Systems Manager patch compliance is COMPLIANT or NON_COMPLIANT after the patch installation on the instance.",
            "id": "securityhub-ec2-managedinstance-patch-compliance-dd200345",
            "input_parameters": "{}",
            "maximum_execution_frequency": "",
            "name": "securityhub-ec2-managedinstance-patch-compliance-dd200345",
            "rule_id": "config-rule-d0woxy",
            "scope": [
              {
                "compliance_resource_id": "",
                "compliance_resource_types": [
                  "AWS::SSM::PatchCompliance"
                ],
                "tag_key": "",
                "tag_value": ""
              }
            ],
            "source": [
              {
                "custom_policy_details": [],
                "owner": "AWS",
                "source_detail": [],
                "source_identifier": "EC2_MANAGEDINSTANCE_PATCH_COMPLIANCE_STATUS_CHECK"
              }
            ],
            "tags": {},
            "tags_all": {}
          },
          "sensitive_attributes": []
        }
      ]
    },
    {
      "mode": "managed",
      "type": "aws_config_config_rule",
      "name": "ac--securityhub-ec2-stopped-instance-a082aeaf",
      "provider": "provider[\"registry.terraform.io/hashicorp/aws\"]",
      "instances": [
        {
          "schema_version": 0,
          "attributes": {
            "arn": "arn:aws:config:eu-west-2:766176144542:config-rule/aws-service-rule/securityhub.amazonaws.com/config-rule-aj39mj",
            "description": "Checks whether there are instances stopped for more than the allowed number of days.",
            "id": "securityhub-ec2-stopped-instance-a082aeaf",
            "input_parameters": "{\"AllowedDays\":\"30\"}",
            "maximum_execution_frequency": "Twelve_Hours",
            "name": "securityhub-ec2-stopped-instance-a082aeaf",
            "rule_id": "config-rule-aj39mj",
            "scope": [
              {
                "compliance_resource_id": null,
                "compliance_resource_types": null,
                "tag_key": null,
                "tag_value": null
              }
            ],
            "source": [
              {
                "custom_policy_details": [],
                "owner": "AWS",
                "source_detail": [],
                "source_identifier": "EC2_STOPPED_INSTANCE"
              }
            ],
            "tags": {},
            "tags_all": {}
          },
          "sensitive_attributes": []
        }
      ]
    },
    {
      "mode": "managed",
      "type": "aws_config_config_rule",
      "name": "ac--securityhub-ec2-transit-gateway-auto-vpc-attach-disabled-c22cbe3f",
      "provider": "provider[\"registry.terraform.io/hashicorp/aws\"]",
      "instances": [
        {
          "schema_version": 0,
          "attributes": {
            "arn": "arn:aws:config:eu-west-2:766176144542:config-rule/aws-service-rule/securityhub.amazonaws.com/config-rule-9ca27f",
            "description": "This control checks if EC2 Transit Gateways are automatically accepting shared VPC attachments requests. This control will fail for a Transit Gateway that automatically accept shared VPC attachment requests.",
            "id": "securityhub-ec2-transit-gateway-auto-vpc-attach-disabled-c22cbe3f",
            "input_parameters": "{}",
            "maximum_execution_frequency": "",
            "name": "securityhub-ec2-transit-gateway-auto-vpc-attach-disabled-c22cbe3f",
            "rule_id": "config-rule-9ca27f",
            "scope": [
              {
                "compliance_resource_id": null,
                "compliance_resource_types": null,
                "tag_key": null,
                "tag_value": null
              }
            ],
            "source": [
              {
                "custom_policy_details": [],
                "owner": "AWS",
                "source_detail": [],
                "source_identifier": "EC2_TRANSIT_GATEWAY_AUTO_VPC_ATTACH_DISABLED"
              }
            ],
            "tags": {},
            "tags_all": {}
          },
          "sensitive_attributes": []
        }
      ]
    },
    {
      "mode": "managed",
      "type": "aws_config_config_rule",
      "name": "ac--securityhub-ecr-private-image-scanning-enabled-0604ef0a",
      "provider": "provider[\"registry.terraform.io/hashicorp/aws\"]",
      "instances": [
        {
          "schema_version": 0,
          "attributes": {
            "arn": "arn:aws:config:eu-west-2:766176144542:config-rule/aws-service-rule/securityhub.amazonaws.com/config-rule-bynaho",
            "description": "This control checks whether a private ECR repository has image scanning enabled. This control fails if a private ECR repository has image scanning disabled.",
            "id": "securityhub-ecr-private-image-scanning-enabled-0604ef0a",
            "input_parameters": "{}",
            "maximum_execution_frequency": "",
            "name": "securityhub-ecr-private-image-scanning-enabled-0604ef0a",
            "rule_id": "config-rule-bynaho",
            "scope": [
              {
                "compliance_resource_id": null,
                "compliance_resource_types": null,
                "tag_key": null,
                "tag_value": null
              }
            ],
            "source": [
              {
                "custom_policy_details": [],
                "owner": "AWS",
                "source_detail": [],
                "source_identifier": "ECR_PRIVATE_IMAGE_SCANNING_ENABLED"
              }
            ],
            "tags": {},
            "tags_all": {}
          },
          "sensitive_attributes": []
        }
      ]
    },
    {
      "mode": "managed",
      "type": "aws_config_config_rule",
      "name": "ac--securityhub-ecr-private-lifecycle-policy-configured-8117037b",
      "provider": "provider[\"registry.terraform.io/hashicorp/aws\"]",
      "instances": [
        {
          "schema_version": 0,
          "attributes": {
            "arn": "arn:aws:config:eu-west-2:766176144542:config-rule/aws-service-rule/securityhub.amazonaws.com/config-rule-qiopie",
            "description": "This control checks whether a ECR repository has at least one lifecycle policy configured. This control fails if a ECR repository does not have any lifecycle policies configured.",
            "id": "securityhub-ecr-private-lifecycle-policy-configured-8117037b",
            "input_parameters": "{}",
            "maximum_execution_frequency": "",
            "name": "securityhub-ecr-private-lifecycle-policy-configured-8117037b",
            "rule_id": "config-rule-qiopie",
            "scope": [
              {
                "compliance_resource_id": null,
                "compliance_resource_types": null,
                "tag_key": null,
                "tag_value": null
              }
            ],
            "source": [
              {
                "custom_policy_details": [],
                "owner": "AWS",
                "source_detail": [],
                "source_identifier": "ECR_PRIVATE_LIFECYCLE_POLICY_CONFIGURED"
              }
            ],
            "tags": {},
            "tags_all": {}
          },
          "sensitive_attributes": []
        }
      ]
    },
    {
      "mode": "managed",
      "type": "aws_config_config_rule",
      "name": "ac--securityhub-ecr-private-tag-immutability-enabled-e431ce22",
      "provider": "provider[\"registry.terraform.io/hashicorp/aws\"]",
      "instances": [
        {
          "schema_version": 0,
          "attributes": {
            "arn": "arn:aws:config:eu-west-2:766176144542:config-rule/aws-service-rule/securityhub.amazonaws.com/config-rule-424pv3",
            "description": "This control checks whether a private ECR repository has tag immutability enabled. This control fails if a private ECR repository has tag immutability disabled.",
            "id": "securityhub-ecr-private-tag-immutability-enabled-e431ce22",
            "input_parameters": "{}",
            "maximum_execution_frequency": "",
            "name": "securityhub-ecr-private-tag-immutability-enabled-e431ce22",
            "rule_id": "config-rule-424pv3",
            "scope": [
              {
                "compliance_resource_id": null,
                "compliance_resource_types": null,
                "tag_key": null,
                "tag_value": null
              }
            ],
            "source": [
              {
                "custom_policy_details": [],
                "owner": "AWS",
                "source_detail": [],
                "source_identifier": "ECR_PRIVATE_TAG_IMMUTABILITY_ENABLED"
              }
            ],
            "tags": {},
            "tags_all": {}
          },
          "sensitive_attributes": []
        }
      ]
    },
    {
      "mode": "managed",
      "type": "aws_config_config_rule",
      "name": "ac--securityhub-ecs-container-insights-enabled-9a0487fb",
      "provider": "provider[\"registry.terraform.io/hashicorp/aws\"]",
      "instances": [
        {
          "schema_version": 0,
          "attributes": {
            "arn": "arn:aws:config:eu-west-2:766176144542:config-rule/aws-service-rule/securityhub.amazonaws.com/config-rule-rfxple",
            "description": "This control checks if ECS clusters have container insights enabled. This control fails if container insights are disabled.",
            "id": "securityhub-ecs-container-insights-enabled-9a0487fb",
            "input_parameters": "{}",
            "maximum_execution_frequency": "",
            "name": "securityhub-ecs-container-insights-enabled-9a0487fb",
            "rule_id": "config-rule-rfxple",
            "scope": [
              {
                "compliance_resource_id": null,
                "compliance_resource_types": null,
                "tag_key": null,
                "tag_value": null
              }
            ],
            "source": [
              {
                "custom_policy_details": [],
                "owner": "AWS",
                "source_detail": [],
                "source_identifier": "ECS_CONTAINER_INSIGHTS_ENABLED"
              }
            ],
            "tags": {},
            "tags_all": {}
          },
          "sensitive_attributes": []
        }
      ]
    },
    {
      "mode": "managed",
      "type": "aws_config_config_rule",
      "name": "ac--securityhub-ecs-containers-nonprivileged-77f48825",
      "provider": "provider[\"registry.terraform.io/hashicorp/aws\"]",
      "instances": [
        {
          "schema_version": 0,
          "attributes": {
            "arn": "arn:aws:config:eu-west-2:766176144542:config-rule/aws-service-rule/securityhub.amazonaws.com/config-rule-3zmscd",
            "description": "This control checks if the Privileged parameter in the container definition of Amazon ECS Task Definitions is set to 'true'. This control fails if the Privileged parameter is 'true'.",
            "id": "securityhub-ecs-containers-nonprivileged-77f48825",
            "input_parameters": "{}",
            "maximum_execution_frequency": "",
            "name": "securityhub-ecs-containers-nonprivileged-77f48825",
            "rule_id": "config-rule-3zmscd",
            "scope": [
              {
                "compliance_resource_id": null,
                "compliance_resource_types": null,
                "tag_key": null,
                "tag_value": null
              }
            ],
            "source": [
              {
                "custom_policy_details": [],
                "owner": "AWS",
                "source_detail": [],
                "source_identifier": "ECS_CONTAINERS_NONPRIVILEGED"
              }
            ],
            "tags": {},
            "tags_all": {}
          },
          "sensitive_attributes": []
        }
      ]
    },
    {
      "mode": "managed",
      "type": "aws_config_config_rule",
      "name": "ac--securityhub-ecs-containers-readonly-access-0e04464f",
      "provider": "provider[\"registry.terraform.io/hashicorp/aws\"]",
      "instances": [
        {
          "schema_version": 0,
          "attributes": {
            "arn": "arn:aws:config:eu-west-2:766176144542:config-rule/aws-service-rule/securityhub.amazonaws.com/config-rule-ywfq62",
            "description": "This control checks if ECS Containers are limited to read-only access to its mounted root filesystems. This control fails if the readonlyRootFilesystem parameter in the container definition of ECSTaskDefinitions is set to 'false'.",
            "id": "securityhub-ecs-containers-readonly-access-0e04464f",
            "input_parameters": "{}",
            "maximum_execution_frequency": "",
            "name": "securityhub-ecs-containers-readonly-access-0e04464f",
            "rule_id": "config-rule-ywfq62",
            "scope": [
              {
                "compliance_resource_id": null,
                "compliance_resource_types": null,
                "tag_key": null,
                "tag_value": null
              }
            ],
            "source": [
              {
                "custom_policy_details": [],
                "owner": "AWS",
                "source_detail": [],
                "source_identifier": "ECS_CONTAINERS_READONLY_ACCESS"
              }
            ],
            "tags": {},
            "tags_all": {}
          },
          "sensitive_attributes": []
        }
      ]
    },
    {
      "mode": "managed",
      "type": "aws_config_config_rule",
      "name": "ac--securityhub-ecs-fargate-latest-platform-version-4b3a6877",
      "provider": "provider[\"registry.terraform.io/hashicorp/aws\"]",
      "instances": [
        {
          "schema_version": 0,
          "attributes": {
            "arn": "arn:aws:config:eu-west-2:766176144542:config-rule/aws-service-rule/securityhub.amazonaws.com/config-rule-pz4hty",
            "description": "This control checks if ECS Fargate Services is running on the latest Fargate platform version. This control fails if \"PlatformVersion\" is not set to \"LATEST\" ",
            "id": "securityhub-ecs-fargate-latest-platform-version-4b3a6877",
            "input_parameters": "{\"latestLinuxVersion\":\"1.4.0\",\"latestWindowsVersion\":\"1.0.0\"}",
            "maximum_execution_frequency": "",
            "name": "securityhub-ecs-fargate-latest-platform-version-4b3a6877",
            "rule_id": "config-rule-pz4hty",
            "scope": [
              {
                "compliance_resource_id": null,
                "compliance_resource_types": null,
                "tag_key": null,
                "tag_value": null
              }
            ],
            "source": [
              {
                "custom_policy_details": [],
                "owner": "AWS",
                "source_detail": [],
                "source_identifier": "ECS_FARGATE_LATEST_PLATFORM_VERSION"
              }
            ],
            "tags": {},
            "tags_all": {}
          },
          "sensitive_attributes": []
        }
      ]
    },
    {
      "mode": "managed",
      "type": "aws_config_config_rule",
      "name": "ac--securityhub-ecs-no-environment-secrets-85b74099",
      "provider": "provider[\"registry.terraform.io/hashicorp/aws\"]",
      "instances": [
        {
          "schema_version": 0,
          "attributes": {
            "arn": "arn:aws:config:eu-west-2:766176144542:config-rule/aws-service-rule/securityhub.amazonaws.com/config-rule-73f3td",
            "description": "This control checks if the key value of any variables in the 'environment' parameter of container definitions includes AWS_ACCESS_KEY_ID, AWS_SECRET_ACCESS_KEY, or ECS_ENGINE_AUTH_DATA.",
            "id": "securityhub-ecs-no-environment-secrets-85b74099",
            "input_parameters": "{\"secretKeys\":\"AWS_ACCESS_KEY_ID,AWS_SECRET_ACCESS_KEY,ECS_ENGINE_AUTH_DATA\"}",
            "maximum_execution_frequency": "",
            "name": "securityhub-ecs-no-environment-secrets-85b74099",
            "rule_id": "config-rule-73f3td",
            "scope": [
              {
                "compliance_resource_id": null,
                "compliance_resource_types": null,
                "tag_key": null,
                "tag_value": null
              }
            ],
            "source": [
              {
                "custom_policy_details": [],
                "owner": "AWS",
                "source_detail": [],
                "source_identifier": "ECS_NO_ENVIRONMENT_SECRETS"
              }
            ],
            "tags": {},
            "tags_all": {}
          },
          "sensitive_attributes": []
        }
      ]
    },
    {
      "mode": "managed",
      "type": "aws_config_config_rule",
      "name": "ac--securityhub-ecs-service-assign-public-ip-disabled-b1c6acb1",
      "provider": "provider[\"registry.terraform.io/hashicorp/aws\"]",
      "instances": [
        {
          "schema_version": 0,
          "attributes": {
            "arn": "arn:aws:config:eu-west-2:766176144542:config-rule/aws-service-rule/securityhub.amazonaws.com/config-rule-wxndjf",
            "description": "This control checks whether ECS services are configured to automatically assign public IP addresses. This control fails if AssignPublicIP is ENABLED.",
            "id": "securityhub-ecs-service-assign-public-ip-disabled-b1c6acb1",
            "input_parameters": "{\"version\":\"1.1\"}",
            "maximum_execution_frequency": "",
            "name": "securityhub-ecs-service-assign-public-ip-disabled-b1c6acb1",
            "rule_id": "config-rule-wxndjf",
            "scope": [
              {
                "compliance_resource_id": "",
                "compliance_resource_types": [
                  "AWS::ECS::Service"
                ],
                "tag_key": "",
                "tag_value": ""
              }
            ],
            "source": [
              {
                "custom_policy_details": [],
                "owner": "CUSTOM_LAMBDA",
                "source_detail": [
                  {
                    "event_source": "aws.config",
                    "maximum_execution_frequency": "",
                    "message_type": "ConfigurationItemChangeNotification"
                  }
                ],
                "source_identifier": "arn:aws:lambda:eu-west-2:276608526062:function:SecurityHubConfigRule"
              }
            ],
            "tags": {},
            "tags_all": {}
          },
          "sensitive_attributes": []
        }
      ]
    },
    {
      "mode": "managed",
      "type": "aws_config_config_rule",
      "name": "ac--securityhub-ecs-task-definition-log-configuration-9ac2f86d",
      "provider": "provider[\"registry.terraform.io/hashicorp/aws\"]",
      "instances": [
        {
          "schema_version": 0,
          "attributes": {
            "arn": "arn:aws:config:eu-west-2:766176144542:config-rule/aws-service-rule/securityhub.amazonaws.com/config-rule-cs7vpq",
            "description": "This control checks if active Amazon ECS task definitions have a logging configuration specified.",
            "id": "securityhub-ecs-task-definition-log-configuration-9ac2f86d",
            "input_parameters": "{}",
            "maximum_execution_frequency": "",
            "name": "securityhub-ecs-task-definition-log-configuration-9ac2f86d",
            "rule_id": "config-rule-cs7vpq",
            "scope": [
              {
                "compliance_resource_id": null,
                "compliance_resource_types": null,
                "tag_key": null,
                "tag_value": null
              }
            ],
            "source": [
              {
                "custom_policy_details": [],
                "owner": "AWS",
                "source_detail": [],
                "source_identifier": "ECS_TASK_DEFINITION_LOG_CONFIGURATION"
              }
            ],
            "tags": {},
            "tags_all": {}
          },
          "sensitive_attributes": []
        }
      ]
    },
    {
      "mode": "managed",
      "type": "aws_config_config_rule",
      "name": "ac--securityhub-ecs-task-definition-pid-mode-check-df69624b",
      "provider": "provider[\"registry.terraform.io/hashicorp/aws\"]",
      "instances": [
        {
          "schema_version": 0,
          "attributes": {
            "arn": "arn:aws:config:eu-west-2:766176144542:config-rule/aws-service-rule/securityhub.amazonaws.com/config-rule-zgcwvb",
            "description": "This control checks if Amazon ECS Task Definitions are configured to share a host's process namespace with its containers. This control fails if the pidMode parameter is set to 'host'.",
            "id": "securityhub-ecs-task-definition-pid-mode-check-df69624b",
            "input_parameters": "{}",
            "maximum_execution_frequency": "",
            "name": "securityhub-ecs-task-definition-pid-mode-check-df69624b",
            "rule_id": "config-rule-zgcwvb",
            "scope": [
              {
                "compliance_resource_id": null,
                "compliance_resource_types": null,
                "tag_key": null,
                "tag_value": null
              }
            ],
            "source": [
              {
                "custom_policy_details": [],
                "owner": "AWS",
                "source_detail": [],
                "source_identifier": "ECS_TASK_DEFINITION_PID_MODE_CHECK"
              }
            ],
            "tags": {},
            "tags_all": {}
          },
          "sensitive_attributes": []
        }
      ]
    },
    {
      "mode": "managed",
      "type": "aws_config_config_rule",
      "name": "ac--securityhub-ecs-task-definition-user-for-host-mode-check-ef3e8cd8",
      "provider": "provider[\"registry.terraform.io/hashicorp/aws\"]",
      "instances": [
        {
          "schema_version": 0,
          "attributes": {
            "arn": "arn:aws:config:eu-west-2:766176144542:config-rule/aws-service-rule/securityhub.amazonaws.com/config-rule-762xiz",
            "description": "This control checks if an Amazon ECS Task Definition with host networking mode has \"privileged\" or \"user\" container definitions. The control fails with host network mode and container definitions are privileged=false or empty and user=root or empty.",
            "id": "securityhub-ecs-task-definition-user-for-host-mode-check-ef3e8cd8",
            "input_parameters": "{\"SkipInactiveTaskDefinitions\":\"true\"}",
            "maximum_execution_frequency": "",
            "name": "securityhub-ecs-task-definition-user-for-host-mode-check-ef3e8cd8",
            "rule_id": "config-rule-762xiz",
            "scope": [
              {
                "compliance_resource_id": null,
                "compliance_resource_types": null,
                "tag_key": null,
                "tag_value": null
              }
            ],
            "source": [
              {
                "custom_policy_details": [],
                "owner": "AWS",
                "source_detail": [],
                "source_identifier": "ECS_TASK_DEFINITION_USER_FOR_HOST_MODE_CHECK"
              }
            ],
            "tags": {},
            "tags_all": {}
          },
          "sensitive_attributes": []
        }
      ]
    },
    {
      "mode": "managed",
      "type": "aws_config_config_rule",
      "name": "ac--securityhub-efs-access-point-enforce-root-directory-080a0145",
      "provider": "provider[\"registry.terraform.io/hashicorp/aws\"]",
      "instances": [
        {
          "schema_version": 0,
          "attributes": {
            "arn": "arn:aws:config:eu-west-2:766176144542:config-rule/aws-service-rule/securityhub.amazonaws.com/config-rule-po7zy6",
            "description": "This control checks if Amazon Elastic File System (Amazon EFS) access points are configured to enforce a root directory. This control fails if the value of 'Path' is set to '/' (default root directory of the file system).",
            "id": "securityhub-efs-access-point-enforce-root-directory-080a0145",
            "input_parameters": "{}",
            "maximum_execution_frequency": "",
            "name": "securityhub-efs-access-point-enforce-root-directory-080a0145",
            "rule_id": "config-rule-po7zy6",
            "scope": [
              {
                "compliance_resource_id": null,
                "compliance_resource_types": null,
                "tag_key": null,
                "tag_value": null
              }
            ],
            "source": [
              {
                "custom_policy_details": [],
                "owner": "AWS",
                "source_detail": [],
                "source_identifier": "EFS_ACCESS_POINT_ENFORCE_ROOT_DIRECTORY"
              }
            ],
            "tags": {},
            "tags_all": {}
          },
          "sensitive_attributes": []
        }
      ]
    },
    {
      "mode": "managed",
      "type": "aws_config_config_rule",
      "name": "ac--securityhub-efs-access-point-enforce-user-identity-f6595eb1",
      "provider": "provider[\"registry.terraform.io/hashicorp/aws\"]",
      "instances": [
        {
          "schema_version": 0,
          "attributes": {
            "arn": "arn:aws:config:eu-west-2:766176144542:config-rule/aws-service-rule/securityhub.amazonaws.com/config-rule-igueza",
            "description": "This control checks if Amazon Elastic File System (Amazon EFS) access points are configured to enforce a user identity. This control fails if 'PosixUser' is not defined or if parameters are provided and there is no match in the corresponding parameter.",
            "id": "securityhub-efs-access-point-enforce-user-identity-f6595eb1",
            "input_parameters": "{}",
            "maximum_execution_frequency": "",
            "name": "securityhub-efs-access-point-enforce-user-identity-f6595eb1",
            "rule_id": "config-rule-igueza",
            "scope": [
              {
                "compliance_resource_id": null,
                "compliance_resource_types": null,
                "tag_key": null,
                "tag_value": null
              }
            ],
            "source": [
              {
                "custom_policy_details": [],
                "owner": "AWS",
                "source_detail": [],
                "source_identifier": "EFS_ACCESS_POINT_ENFORCE_USER_IDENTITY"
              }
            ],
            "tags": {},
            "tags_all": {}
          },
          "sensitive_attributes": []
        }
      ]
    },
    {
      "mode": "managed",
      "type": "aws_config_config_rule",
      "name": "ac--securityhub-efs-encrypted-check-3b749d2f",
      "provider": "provider[\"registry.terraform.io/hashicorp/aws\"]",
      "instances": [
        {
          "schema_version": 0,
          "attributes": {
            "arn": "arn:aws:config:eu-west-2:766176144542:config-rule/aws-service-rule/securityhub.amazonaws.com/config-rule-gqpbbb",
            "description": "Elastic File System should be configured to encrypt file data at-rest using AWS KMS.",
            "id": "securityhub-efs-encrypted-check-3b749d2f",
            "input_parameters": "{}",
            "maximum_execution_frequency": "Twelve_Hours",
            "name": "securityhub-efs-encrypted-check-3b749d2f",
            "rule_id": "config-rule-gqpbbb",
            "scope": [
              {
                "compliance_resource_id": "",
                "compliance_resource_types": [
                  "AWS::EFS::FileSystem"
                ],
                "tag_key": "",
                "tag_value": ""
              }
            ],
            "source": [
              {
                "custom_policy_details": [],
                "owner": "AWS",
                "source_detail": [],
                "source_identifier": "EFS_ENCRYPTED_CHECK"
              }
            ],
            "tags": {},
            "tags_all": {}
          },
          "sensitive_attributes": []
        }
      ]
    },
    {
      "mode": "managed",
      "type": "aws_config_config_rule",
      "name": "ac--securityhub-efs-in-backup-plan-94fdd43c",
      "provider": "provider[\"registry.terraform.io/hashicorp/aws\"]",
      "instances": [
        {
          "schema_version": 0,
          "attributes": {
            "arn": "arn:aws:config:eu-west-2:766176144542:config-rule/aws-service-rule/securityhub.amazonaws.com/config-rule-hu3atk",
            "description": "Checks whether Amazon Elastic File System (Amazon EFS) file systems are added in the backup plans of AWS Backup. The rule is NON_COMPLIANT if EFS file systems are not included in the backup plans.",
            "id": "securityhub-efs-in-backup-plan-94fdd43c",
            "input_parameters": "{}",
            "maximum_execution_frequency": "Twelve_Hours",
            "name": "securityhub-efs-in-backup-plan-94fdd43c",
            "rule_id": "config-rule-hu3atk",
            "scope": [
              {
                "compliance_resource_id": null,
                "compliance_resource_types": null,
                "tag_key": null,
                "tag_value": null
              }
            ],
            "source": [
              {
                "custom_policy_details": [],
                "owner": "AWS",
                "source_detail": [],
                "source_identifier": "EFS_IN_BACKUP_PLAN"
              }
            ],
            "tags": {},
            "tags_all": {}
          },
          "sensitive_attributes": []
        }
      ]
    },
    {
      "mode": "managed",
      "type": "aws_config_config_rule",
      "name": "ac--securityhub-eks-cluster-supported-version-859df2c0",
      "provider": "provider[\"registry.terraform.io/hashicorp/aws\"]",
      "instances": [
        {
          "schema_version": 0,
          "attributes": {
            "arn": "arn:aws:config:eu-west-2:766176144542:config-rule/aws-service-rule/securityhub.amazonaws.com/config-rule-o72hbr",
            "description": "This control checks if an Amazon Elastic Kubernetes Service (EKS) cluster is running a supported Kubernetes version. This control fails if an EKS cluster is running an unsupported version (less than the parameter 'oldestVersionSupported').",
            "id": "securityhub-eks-cluster-supported-version-859df2c0",
            "input_parameters": "{\"oldestVersionSupported\":\"1.24\"}",
            "maximum_execution_frequency": "",
            "name": "securityhub-eks-cluster-supported-version-859df2c0",
            "rule_id": "config-rule-o72hbr",
            "scope": [
              {
                "compliance_resource_id": null,
                "compliance_resource_types": null,
                "tag_key": null,
                "tag_value": null
              }
            ],
            "source": [
              {
                "custom_policy_details": [],
                "owner": "AWS",
                "source_detail": [],
                "source_identifier": "EKS_CLUSTER_SUPPORTED_VERSION"
              }
            ],
            "tags": {},
            "tags_all": {}
          },
          "sensitive_attributes": []
        }
      ]
    },
    {
      "mode": "managed",
      "type": "aws_config_config_rule",
      "name": "ac--securityhub-eks-endpoint-no-public-access-7c84b61d",
      "provider": "provider[\"registry.terraform.io/hashicorp/aws\"]",
      "instances": [
        {
          "schema_version": 0,
          "attributes": {
            "arn": "arn:aws:config:eu-west-2:766176144542:config-rule/aws-service-rule/securityhub.amazonaws.com/config-rule-tvpr6a",
            "description": "Checks whether Amazon Elastic Kubernetes Service (Amazon EKS) endpoint is not publicly accessible.",
            "id": "securityhub-eks-endpoint-no-public-access-7c84b61d",
            "input_parameters": "{}",
            "maximum_execution_frequency": "",
            "name": "securityhub-eks-endpoint-no-public-access-7c84b61d",
            "rule_id": "config-rule-tvpr6a",
            "scope": [
              {
                "compliance_resource_id": "",
                "compliance_resource_types": [
                  "AWS::EKS::Cluster"
                ],
                "tag_key": "",
                "tag_value": ""
              }
            ],
            "source": [
              {
                "custom_policy_details": [],
                "owner": "AWS",
                "source_detail": [],
                "source_identifier": "EKS_ENDPOINT_NO_PUBLIC_ACCESS"
              }
            ],
            "tags": {},
            "tags_all": {}
          },
          "sensitive_attributes": []
        }
      ]
    },
    {
      "mode": "managed",
      "type": "aws_config_config_rule",
      "name": "ac--securityhub-elastic-beanstalk-logs-to-cloudwatch-5c09bc5a",
      "provider": "provider[\"registry.terraform.io/hashicorp/aws\"]",
      "instances": [
        {
          "schema_version": 0,
          "attributes": {
            "arn": "arn:aws:config:eu-west-2:766176144542:config-rule/aws-service-rule/securityhub.amazonaws.com/config-rule-piia60",
            "description": "Checks if AWS Elastic Beanstalk environments are configured to send logs to Amazon CloudWatch Logs. The rule is NON_COMPLIANT if the value of `StreamLogs` is false.",
            "id": "securityhub-elastic-beanstalk-logs-to-cloudwatch-5c09bc5a",
            "input_parameters": "{}",
            "maximum_execution_frequency": "",
            "name": "securityhub-elastic-beanstalk-logs-to-cloudwatch-5c09bc5a",
            "rule_id": "config-rule-piia60",
            "scope": [
              {
                "compliance_resource_id": null,
                "compliance_resource_types": null,
                "tag_key": null,
                "tag_value": null
              }
            ],
            "source": [
              {
                "custom_policy_details": [],
                "owner": "AWS",
                "source_detail": [],
                "source_identifier": "ELASTIC_BEANSTALK_LOGS_TO_CLOUDWATCH"
              }
            ],
            "tags": {},
            "tags_all": {}
          },
          "sensitive_attributes": []
        }
      ]
    },
    {
      "mode": "managed",
      "type": "aws_config_config_rule",
      "name": "ac--securityhub-elastic-beanstalk-managed-updates-enabled-55d3f48d",
      "provider": "provider[\"registry.terraform.io/hashicorp/aws\"]",
      "instances": [
        {
          "schema_version": 0,
          "attributes": {
            "arn": "arn:aws:config:eu-west-2:766176144542:config-rule/aws-service-rule/securityhub.amazonaws.com/config-rule-9x7lvj",
            "description": "Checks if managed platform updates in an AWS Elastic Beanstalk environment is enabled. The rule is NON_COMPLIANT if the value for `ManagedActionsEnabled` is set to false or if a parameter is provided whose value does not match the existing configurations.",
            "id": "securityhub-elastic-beanstalk-managed-updates-enabled-55d3f48d",
            "input_parameters": "{}",
            "maximum_execution_frequency": "",
            "name": "securityhub-elastic-beanstalk-managed-updates-enabled-55d3f48d",
            "rule_id": "config-rule-9x7lvj",
            "scope": [
              {
                "compliance_resource_id": null,
                "compliance_resource_types": null,
                "tag_key": null,
                "tag_value": null
              }
            ],
            "source": [
              {
                "custom_policy_details": [],
                "owner": "AWS",
                "source_detail": [],
                "source_identifier": "ELASTIC_BEANSTALK_MANAGED_UPDATES_ENABLED"
              }
            ],
            "tags": {},
            "tags_all": {}
          },
          "sensitive_attributes": []
        }
      ]
    },
    {
      "mode": "managed",
      "type": "aws_config_config_rule",
      "name": "ac--securityhub-elasticsearch-audit-logging-enabled-68aed74d",
      "provider": "provider[\"registry.terraform.io/hashicorp/aws\"]",
      "instances": [
        {
          "schema_version": 0,
          "attributes": {
            "arn": "arn:aws:config:eu-west-2:766176144542:config-rule/aws-service-rule/securityhub.amazonaws.com/config-rule-w9pen1",
            "description": "This control checks whether Elasticsearch domains have audit logging enabled. This control fails if an Elasticsearch domain does not have audit logging enabled.",
            "id": "securityhub-elasticsearch-audit-logging-enabled-68aed74d",
            "input_parameters": "{}",
            "maximum_execution_frequency": "",
            "name": "securityhub-elasticsearch-audit-logging-enabled-68aed74d",
            "rule_id": "config-rule-w9pen1",
            "scope": [
              {
                "compliance_resource_id": "",
                "compliance_resource_types": [
                  "AWS::Elasticsearch::Domain"
                ],
                "tag_key": "",
                "tag_value": ""
              }
            ],
            "source": [
              {
                "custom_policy_details": [],
                "owner": "CUSTOM_LAMBDA",
                "source_detail": [
                  {
                    "event_source": "aws.config",
                    "maximum_execution_frequency": "",
                    "message_type": "ConfigurationItemChangeNotification"
                  }
                ],
                "source_identifier": "arn:aws:lambda:eu-west-2:276608526062:function:SecurityHubConfigRule"
              }
            ],
            "tags": {},
            "tags_all": {}
          },
          "sensitive_attributes": []
        }
      ]
    },
    {
      "mode": "managed",
      "type": "aws_config_config_rule",
      "name": "ac--securityhub-elasticsearch-data-node-fault-tolerance-b62d704f",
      "provider": "provider[\"registry.terraform.io/hashicorp/aws\"]",
      "instances": [
        {
          "schema_version": 0,
          "attributes": {
            "arn": "arn:aws:config:eu-west-2:766176144542:config-rule/aws-service-rule/securityhub.amazonaws.com/config-rule-cukp3i",
            "description": "This control checks whether Elasticsearch domains are configured with at least three data nodes and zoneAwarenessEnabled is true.",
            "id": "securityhub-elasticsearch-data-node-fault-tolerance-b62d704f",
            "input_parameters": "{}",
            "maximum_execution_frequency": "",
            "name": "securityhub-elasticsearch-data-node-fault-tolerance-b62d704f",
            "rule_id": "config-rule-cukp3i",
            "scope": [
              {
                "compliance_resource_id": "",
                "compliance_resource_types": [
                  "AWS::Elasticsearch::Domain"
                ],
                "tag_key": "",
                "tag_value": ""
              }
            ],
            "source": [
              {
                "custom_policy_details": [],
                "owner": "CUSTOM_LAMBDA",
                "source_detail": [
                  {
                    "event_source": "aws.config",
                    "maximum_execution_frequency": "",
                    "message_type": "ConfigurationItemChangeNotification"
                  }
                ],
                "source_identifier": "arn:aws:lambda:eu-west-2:276608526062:function:SecurityHubConfigRule"
              }
            ],
            "tags": {},
            "tags_all": {}
          },
          "sensitive_attributes": []
        }
      ]
    },
    {
      "mode": "managed",
      "type": "aws_config_config_rule",
      "name": "ac--securityhub-elasticsearch-encrypted-at-rest-36ff5da7",
      "provider": "provider[\"registry.terraform.io/hashicorp/aws\"]",
      "instances": [
        {
          "schema_version": 0,
          "attributes": {
            "arn": "arn:aws:config:eu-west-2:766176144542:config-rule/aws-service-rule/securityhub.amazonaws.com/config-rule-vtvyyy",
            "description": "Checks whether Elasticsearch domains have encryption at rest configuration enabled.",
            "id": "securityhub-elasticsearch-encrypted-at-rest-36ff5da7",
            "input_parameters": "{}",
            "maximum_execution_frequency": "Twelve_Hours",
            "name": "securityhub-elasticsearch-encrypted-at-rest-36ff5da7",
            "rule_id": "config-rule-vtvyyy",
            "scope": [
              {
                "compliance_resource_id": "",
                "compliance_resource_types": [],
                "tag_key": "",
                "tag_value": ""
              }
            ],
            "source": [
              {
                "custom_policy_details": [],
                "owner": "AWS",
                "source_detail": [],
                "source_identifier": "ELASTICSEARCH_ENCRYPTED_AT_REST"
              }
            ],
            "tags": {},
            "tags_all": {}
          },
          "sensitive_attributes": []
        }
      ]
    },
    {
      "mode": "managed",
      "type": "aws_config_config_rule",
      "name": "ac--securityhub-elasticsearch-https-required-fc053797",
      "provider": "provider[\"registry.terraform.io/hashicorp/aws\"]",
      "instances": [
        {
          "schema_version": 0,
          "attributes": {
            "arn": "arn:aws:config:eu-west-2:766176144542:config-rule/aws-service-rule/securityhub.amazonaws.com/config-rule-jxd7ny",
            "description": "This control checks whether connections to Elasticsearch domains are required to use TLS 1.2.  The check fails if the Elasticsearch domain TLSSecurityPolicy is not Policy-Min-TLS-1-2-2019-07.",
            "id": "securityhub-elasticsearch-https-required-fc053797",
            "input_parameters": "{}",
            "maximum_execution_frequency": "",
            "name": "securityhub-elasticsearch-https-required-fc053797",
            "rule_id": "config-rule-jxd7ny",
            "scope": [
              {
                "compliance_resource_id": "",
                "compliance_resource_types": [
                  "AWS::Elasticsearch::Domain"
                ],
                "tag_key": "",
                "tag_value": ""
              }
            ],
            "source": [
              {
                "custom_policy_details": [],
                "owner": "CUSTOM_LAMBDA",
                "source_detail": [
                  {
                    "event_source": "aws.config",
                    "maximum_execution_frequency": "",
                    "message_type": "ConfigurationItemChangeNotification"
                  }
                ],
                "source_identifier": "arn:aws:lambda:eu-west-2:276608526062:function:SecurityHubConfigRule"
              }
            ],
            "tags": {},
            "tags_all": {}
          },
          "sensitive_attributes": []
        }
      ]
    },
    {
      "mode": "managed",
      "type": "aws_config_config_rule",
      "name": "ac--securityhub-elasticsearch-in-vpc-only-26302b9e",
      "provider": "provider[\"registry.terraform.io/hashicorp/aws\"]",
      "instances": [
        {
          "schema_version": 0,
          "attributes": {
            "arn": "arn:aws:config:eu-west-2:766176144542:config-rule/aws-service-rule/securityhub.amazonaws.com/config-rule-pakbdn",
            "description": "Checks whether Elasticsearch domains are in Amazon Virtual Private Cloud (Amazon VPC).",
            "id": "securityhub-elasticsearch-in-vpc-only-26302b9e",
            "input_parameters": "{}",
            "maximum_execution_frequency": "Twelve_Hours",
            "name": "securityhub-elasticsearch-in-vpc-only-26302b9e",
            "rule_id": "config-rule-pakbdn",
            "scope": [
              {
                "compliance_resource_id": "",
                "compliance_resource_types": [],
                "tag_key": "",
                "tag_value": ""
              }
            ],
            "source": [
              {
                "custom_policy_details": [],
                "owner": "AWS",
                "source_detail": [],
                "source_identifier": "ELASTICSEARCH_IN_VPC_ONLY"
              }
            ],
            "tags": {},
            "tags_all": {}
          },
          "sensitive_attributes": []
        }
      ]
    },
    {
      "mode": "managed",
      "type": "aws_config_config_rule",
      "name": "ac--securityhub-elasticsearch-logs-to-cloudwatch-e63b4bdc",
      "provider": "provider[\"registry.terraform.io/hashicorp/aws\"]",
      "instances": [
        {
          "schema_version": 0,
          "attributes": {
            "arn": "arn:aws:config:eu-west-2:766176144542:config-rule/aws-service-rule/securityhub.amazonaws.com/config-rule-ce0sro",
            "description": "This control checks whether Elasticsearch domains are configured to send error logs to CloudWatch Logs.",
            "id": "securityhub-elasticsearch-logs-to-cloudwatch-e63b4bdc",
            "input_parameters": "{\"logTypes\":\"error\"}",
            "maximum_execution_frequency": "",
            "name": "securityhub-elasticsearch-logs-to-cloudwatch-e63b4bdc",
            "rule_id": "config-rule-ce0sro",
            "scope": [
              {
                "compliance_resource_id": null,
                "compliance_resource_types": null,
                "tag_key": null,
                "tag_value": null
              }
            ],
            "source": [
              {
                "custom_policy_details": [],
                "owner": "AWS",
                "source_detail": [],
                "source_identifier": "ELASTICSEARCH_LOGS_TO_CLOUDWATCH"
              }
            ],
            "tags": {},
            "tags_all": {}
          },
          "sensitive_attributes": []
        }
      ]
    },
    {
      "mode": "managed",
      "type": "aws_config_config_rule",
      "name": "ac--securityhub-elasticsearch-node-to-node-encryption-check-adfd1533",
      "provider": "provider[\"registry.terraform.io/hashicorp/aws\"]",
      "instances": [
        {
          "schema_version": 0,
          "attributes": {
            "arn": "arn:aws:config:eu-west-2:766176144542:config-rule/aws-service-rule/securityhub.amazonaws.com/config-rule-4eymjv",
            "description": "Check that Elasticsearch nodes are encrypted end to end. The rule is NON_COMPLIANT if the node-to-node encryption is disabled on the domain.",
            "id": "securityhub-elasticsearch-node-to-node-encryption-check-adfd1533",
            "input_parameters": "{}",
            "maximum_execution_frequency": "",
            "name": "securityhub-elasticsearch-node-to-node-encryption-check-adfd1533",
            "rule_id": "config-rule-4eymjv",
            "scope": [
              {
                "compliance_resource_id": null,
                "compliance_resource_types": null,
                "tag_key": null,
                "tag_value": null
              }
            ],
            "source": [
              {
                "custom_policy_details": [],
                "owner": "AWS",
                "source_detail": [],
                "source_identifier": "ELASTICSEARCH_NODE_TO_NODE_ENCRYPTION_CHECK"
              }
            ],
            "tags": {},
            "tags_all": {}
          },
          "sensitive_attributes": []
        }
      ]
    },
    {
      "mode": "managed",
      "type": "aws_config_config_rule",
      "name": "ac--securityhub-elasticsearch-primary-node-fault-tolerance-972bec71",
      "provider": "provider[\"registry.terraform.io/hashicorp/aws\"]",
      "instances": [
        {
          "schema_version": 0,
          "attributes": {
            "arn": "arn:aws:config:eu-west-2:766176144542:config-rule/aws-service-rule/securityhub.amazonaws.com/config-rule-u61xly",
            "description": "This control checks whether Elasticsearch domains are configured with at least three dedicated master nodes. This control fails if dedicatedMasterEnabled is not true.",
            "id": "securityhub-elasticsearch-primary-node-fault-tolerance-972bec71",
            "input_parameters": "{}",
            "maximum_execution_frequency": "",
            "name": "securityhub-elasticsearch-primary-node-fault-tolerance-972bec71",
            "rule_id": "config-rule-u61xly",
            "scope": [
              {
                "compliance_resource_id": "",
                "compliance_resource_types": [
                  "AWS::Elasticsearch::Domain"
                ],
                "tag_key": "",
                "tag_value": ""
              }
            ],
            "source": [
              {
                "custom_policy_details": [],
                "owner": "CUSTOM_LAMBDA",
                "source_detail": [
                  {
                    "event_source": "aws.config",
                    "maximum_execution_frequency": "",
                    "message_type": "ConfigurationItemChangeNotification"
                  }
                ],
                "source_identifier": "arn:aws:lambda:eu-west-2:276608526062:function:SecurityHubConfigRule"
              }
            ],
            "tags": {},
            "tags_all": {}
          },
          "sensitive_attributes": []
        }
      ]
    },
    {
      "mode": "managed",
      "type": "aws_config_config_rule",
      "name": "ac--securityhub-elb-acm-certificate-required-f24fa0d4",
      "provider": "provider[\"registry.terraform.io/hashicorp/aws\"]",
      "instances": [
        {
          "schema_version": 0,
          "attributes": {
            "arn": "arn:aws:config:eu-west-2:766176144542:config-rule/aws-service-rule/securityhub.amazonaws.com/config-rule-ws32h2",
            "description": "This control checks whether a Classic Load Balancer uses HTTPS/SSL certificates provided by AWS Certificate Manager.",
            "id": "securityhub-elb-acm-certificate-required-f24fa0d4",
            "input_parameters": "{}",
            "maximum_execution_frequency": "",
            "name": "securityhub-elb-acm-certificate-required-f24fa0d4",
            "rule_id": "config-rule-ws32h2",
            "scope": [
              {
                "compliance_resource_id": null,
                "compliance_resource_types": null,
                "tag_key": null,
                "tag_value": null
              }
            ],
            "source": [
              {
                "custom_policy_details": [],
                "owner": "AWS",
                "source_detail": [],
                "source_identifier": "ELB_ACM_CERTIFICATE_REQUIRED"
              }
            ],
            "tags": {},
            "tags_all": {}
          },
          "sensitive_attributes": []
        }
      ]
    },
    {
      "mode": "managed",
      "type": "aws_config_config_rule",
      "name": "ac--securityhub-elb-connection-draining-enabled-d6d8cff2",
      "provider": "provider[\"registry.terraform.io/hashicorp/aws\"]",
      "instances": [
        {
          "schema_version": 0,
          "attributes": {
            "arn": "arn:aws:config:eu-west-2:766176144542:config-rule/aws-service-rule/securityhub.amazonaws.com/config-rule-op7ghy",
            "description": "This control checks whether AWS Classic Load Balancers have connection draining enabled.",
            "id": "securityhub-elb-connection-draining-enabled-d6d8cff2",
            "input_parameters": "{}",
            "maximum_execution_frequency": "",
            "name": "securityhub-elb-connection-draining-enabled-d6d8cff2",
            "rule_id": "config-rule-op7ghy",
            "scope": [
              {
                "compliance_resource_id": "",
                "compliance_resource_types": [
                  "AWS::ElasticLoadBalancing::LoadBalancer"
                ],
                "tag_key": "",
                "tag_value": ""
              }
            ],
            "source": [
              {
                "custom_policy_details": [],
                "owner": "CUSTOM_LAMBDA",
                "source_detail": [
                  {
                    "event_source": "aws.config",
                    "maximum_execution_frequency": "",
                    "message_type": "ConfigurationItemChangeNotification"
                  }
                ],
                "source_identifier": "arn:aws:lambda:eu-west-2:276608526062:function:SecurityHubConfigRule"
              }
            ],
            "tags": {},
            "tags_all": {}
          },
          "sensitive_attributes": []
        }
      ]
    },
    {
      "mode": "managed",
      "type": "aws_config_config_rule",
      "name": "ac--securityhub-elb-cross-zone-load-balancing-enabled-8332cefa",
      "provider": "provider[\"registry.terraform.io/hashicorp/aws\"]",
      "instances": [
        {
          "schema_version": 0,
          "attributes": {
            "arn": "arn:aws:config:eu-west-2:766176144542:config-rule/aws-service-rule/securityhub.amazonaws.com/config-rule-styt56",
            "description": "This control checks whether cross-zone load balancing is enabled for Classic Load Balancers. This control fails if cross-zone load balancing is not enabled for a Classic Load Balancer.",
            "id": "securityhub-elb-cross-zone-load-balancing-enabled-8332cefa",
            "input_parameters": "{}",
            "maximum_execution_frequency": "",
            "name": "securityhub-elb-cross-zone-load-balancing-enabled-8332cefa",
            "rule_id": "config-rule-styt56",
            "scope": [
              {
                "compliance_resource_id": null,
                "compliance_resource_types": null,
                "tag_key": null,
                "tag_value": null
              }
            ],
            "source": [
              {
                "custom_policy_details": [],
                "owner": "AWS",
                "source_detail": [],
                "source_identifier": "ELB_CROSS_ZONE_LOAD_BALANCING_ENABLED"
              }
            ],
            "tags": {},
            "tags_all": {}
          },
          "sensitive_attributes": []
        }
      ]
    },
    {
      "mode": "managed",
      "type": "aws_config_config_rule",
      "name": "ac--securityhub-elb-deletion-protection-enabled-95a06bd3",
      "provider": "provider[\"registry.terraform.io/hashicorp/aws\"]",
      "instances": [
        {
          "schema_version": 0,
          "attributes": {
            "arn": "arn:aws:config:eu-west-2:766176144542:config-rule/aws-service-rule/securityhub.amazonaws.com/config-rule-belf0x",
            "description": "Checks whether Elastic Load Balancing has deletion protection enabled. The rule is NON_COMPLIANT if deletion_protection.enabled is false.",
            "id": "securityhub-elb-deletion-protection-enabled-95a06bd3",
            "input_parameters": "{}",
            "maximum_execution_frequency": "",
            "name": "securityhub-elb-deletion-protection-enabled-95a06bd3",
            "rule_id": "config-rule-belf0x",
            "scope": [
              {
                "compliance_resource_id": null,
                "compliance_resource_types": null,
                "tag_key": null,
                "tag_value": null
              }
            ],
            "source": [
              {
                "custom_policy_details": [],
                "owner": "AWS",
                "source_detail": [],
                "source_identifier": "ELB_DELETION_PROTECTION_ENABLED"
              }
            ],
            "tags": {},
            "tags_all": {}
          },
          "sensitive_attributes": []
        }
      ]
    },
    {
      "mode": "managed",
      "type": "aws_config_config_rule",
      "name": "ac--securityhub-elb-logging-enabled-17f3d03f",
      "provider": "provider[\"registry.terraform.io/hashicorp/aws\"]",
      "instances": [
        {
          "schema_version": 0,
          "attributes": {
            "arn": "arn:aws:config:eu-west-2:766176144542:config-rule/aws-service-rule/securityhub.amazonaws.com/config-rule-agy0qd",
            "description": "Checks whether the Application Load Balancer and the Classic Load Balancer have logging enabled. The rule is NON_COMPLIANT if the access_logs.s3.enabled is false or access_logs.S3.bucket is not equal to the s3BucketName that you provided.",
            "id": "securityhub-elb-logging-enabled-17f3d03f",
            "input_parameters": "{}",
            "maximum_execution_frequency": "",
            "name": "securityhub-elb-logging-enabled-17f3d03f",
            "rule_id": "config-rule-agy0qd",
            "scope": [
              {
                "compliance_resource_id": null,
                "compliance_resource_types": null,
                "tag_key": null,
                "tag_value": null
              }
            ],
            "source": [
              {
                "custom_policy_details": [],
                "owner": "AWS",
                "source_detail": [],
                "source_identifier": "ELB_LOGGING_ENABLED"
              }
            ],
            "tags": {},
            "tags_all": {}
          },
          "sensitive_attributes": []
        }
      ]
    },
    {
      "mode": "managed",
      "type": "aws_config_config_rule",
      "name": "ac--securityhub-elb-predefined-security-policy-ssl-check-7491cc78",
      "provider": "provider[\"registry.terraform.io/hashicorp/aws\"]",
      "instances": [
        {
          "schema_version": 0,
          "attributes": {
            "arn": "arn:aws:config:eu-west-2:766176144542:config-rule/aws-service-rule/securityhub.amazonaws.com/config-rule-cpofjl",
            "description": "This control checks whether your Classic Load Balancer SSL listeners use the predefined policy ELBSecurityPolicy-TLS-1-2-2017-01.",
            "id": "securityhub-elb-predefined-security-policy-ssl-check-7491cc78",
            "input_parameters": "{\"predefinedPolicyName\":\"ELBSecurityPolicy-TLS-1-2-2017-01\"}",
            "maximum_execution_frequency": "",
            "name": "securityhub-elb-predefined-security-policy-ssl-check-7491cc78",
            "rule_id": "config-rule-cpofjl",
            "scope": [
              {
                "compliance_resource_id": null,
                "compliance_resource_types": null,
                "tag_key": null,
                "tag_value": null
              }
            ],
            "source": [
              {
                "custom_policy_details": [],
                "owner": "AWS",
                "source_detail": [],
                "source_identifier": "ELB_PREDEFINED_SECURITY_POLICY_SSL_CHECK"
              }
            ],
            "tags": {},
            "tags_all": {}
          },
          "sensitive_attributes": []
        }
      ]
    },
    {
      "mode": "managed",
      "type": "aws_config_config_rule",
      "name": "ac--securityhub-elb-tls-https-listeners-only-357bfbf5",
      "provider": "provider[\"registry.terraform.io/hashicorp/aws\"]",
      "instances": [
        {
          "schema_version": 0,
          "attributes": {
            "arn": "arn:aws:config:eu-west-2:766176144542:config-rule/aws-service-rule/securityhub.amazonaws.com/config-rule-hz1fnh",
            "description": "Check whether your Classic Load Balancer listeners are configured with HTTPS or SSL protocol for front-end (client to load balancer).",
            "id": "securityhub-elb-tls-https-listeners-only-357bfbf5",
            "input_parameters": "{}",
            "maximum_execution_frequency": "",
            "name": "securityhub-elb-tls-https-listeners-only-357bfbf5",
            "rule_id": "config-rule-hz1fnh",
            "scope": [
              {
                "compliance_resource_id": null,
                "compliance_resource_types": null,
                "tag_key": null,
                "tag_value": null
              }
            ],
            "source": [
              {
                "custom_policy_details": [],
                "owner": "AWS",
                "source_detail": [],
                "source_identifier": "ELB_TLS_HTTPS_LISTENERS_ONLY"
              }
            ],
            "tags": {},
            "tags_all": {}
          },
          "sensitive_attributes": []
        }
      ]
    },
    {
      "mode": "managed",
      "type": "aws_config_config_rule",
      "name": "ac--securityhub-elbv2-multiple-az-6505a615",
      "provider": "provider[\"registry.terraform.io/hashicorp/aws\"]",
      "instances": [
        {
          "schema_version": 0,
          "attributes": {
            "arn": "arn:aws:config:eu-west-2:766176144542:config-rule/aws-service-rule/securityhub.amazonaws.com/config-rule-m8afa0",
            "description": "This control checks if an Elastic Load Balancer V2 has registered instances from multiple Availability Zones (AZ's). This control fails if an Elastic Load Balancer V2 has instances registered in less than 2 AZ's.",
            "id": "securityhub-elbv2-multiple-az-6505a615",
            "input_parameters": "{}",
            "maximum_execution_frequency": "",
            "name": "securityhub-elbv2-multiple-az-6505a615",
            "rule_id": "config-rule-m8afa0",
            "scope": [
              {
                "compliance_resource_id": null,
                "compliance_resource_types": null,
                "tag_key": null,
                "tag_value": null
              }
            ],
            "source": [
              {
                "custom_policy_details": [],
                "owner": "AWS",
                "source_detail": [],
                "source_identifier": "ELBV2_MULTIPLE_AZ"
              }
            ],
            "tags": {},
            "tags_all": {}
          },
          "sensitive_attributes": []
        }
      ]
    },
    {
      "mode": "managed",
      "type": "aws_config_config_rule",
      "name": "ac--securityhub-emr-master-no-public-ip-c9209271",
      "provider": "provider[\"registry.terraform.io/hashicorp/aws\"]",
      "instances": [
        {
          "schema_version": 0,
          "attributes": {
            "arn": "arn:aws:config:eu-west-2:766176144542:config-rule/aws-service-rule/securityhub.amazonaws.com/config-rule-vxmzpd",
            "description": "Checks whether Amazon Elastic MapReduce (EMR) clusters' master nodes have public IPs. The rule is NON_COMPLIANT if the master node has a public IP.",
            "id": "securityhub-emr-master-no-public-ip-c9209271",
            "input_parameters": "{}",
            "maximum_execution_frequency": "Twelve_Hours",
            "name": "securityhub-emr-master-no-public-ip-c9209271",
            "rule_id": "config-rule-vxmzpd",
            "scope": [
              {
                "compliance_resource_id": null,
                "compliance_resource_types": null,
                "tag_key": null,
                "tag_value": null
              }
            ],
            "source": [
              {
                "custom_policy_details": [],
                "owner": "AWS",
                "source_detail": [],
                "source_identifier": "EMR_MASTER_NO_PUBLIC_IP"
              }
            ],
            "tags": {},
            "tags_all": {}
          },
          "sensitive_attributes": []
        }
      ]
    },
    {
      "mode": "managed",
      "type": "aws_config_config_rule",
      "name": "ac--securityhub-encrypted-volumes-eb0d59d6",
      "provider": "provider[\"registry.terraform.io/hashicorp/aws\"]",
      "instances": [
        {
          "schema_version": 0,
          "attributes": {
            "arn": "arn:aws:config:eu-west-2:766176144542:config-rule/aws-service-rule/securityhub.amazonaws.com/config-rule-j2huf0",
            "description": "Checks whether the EBS volumes that are in an attached state are encrypted. If you specify the ID of a KMS key for encryption using the kmsId parameter, the rule checks if the EBS volumes in an attached state are encrypted with that KMS key.",
            "id": "securityhub-encrypted-volumes-eb0d59d6",
            "input_parameters": "{}",
            "maximum_execution_frequency": "",
            "name": "securityhub-encrypted-volumes-eb0d59d6",
            "rule_id": "config-rule-j2huf0",
            "scope": [
              {
                "compliance_resource_id": "",
                "compliance_resource_types": [
                  "AWS::EC2::Volume"
                ],
                "tag_key": "",
                "tag_value": ""
              }
            ],
            "source": [
              {
                "custom_policy_details": [],
                "owner": "AWS",
                "source_detail": [],
                "source_identifier": "ENCRYPTED_VOLUMES"
              }
            ],
            "tags": {},
            "tags_all": {}
          },
          "sensitive_attributes": []
        }
      ]
    }
  ]
}