{
  "version": 4,
  "terraform_version": "1.39.0",
  "serial": 1,
  "lineage": "",
  "outputs": {},
  "resources": [
    {
      "mode": "managed",
      "type": "aws_route53_record",
      "name": "ac--Z06644081D5AL1S4JCAB__125f870222c40283308e3ce701a4708b-002E-prod-002E-solv-002E-co-002E-ke_CNAME",
      "provider": "provider[\"registry.terraform.io/hashicorp/aws\"]",
      "instances": [
        {
          "schema_version": 2,
          "attributes": {
            "alias": [],
            "allow_overwrite": null,
            "cidr_routing_policy": [],
            "failover_routing_policy": [],
            "fqdn": null,
            "geolocation_routing_policy": [],
            "health_check_id": null,
            "id": "Z06644081D5AL1S4JCAB__125f870222c40283308e3ce701a4708b.prod.solv.co.ke_CNAME",
            "latency_routing_policy": [],
            "multivalue_answer_routing_policy": null,
            "name": "_125f870222c40283308e3ce701a4708b.prod.solv.co.ke",
            "records": null,
            "set_identifier": null,
            "ttl": null,
            "type": "CNAME",
            "weighted_routing_policy": [],
            "zone_id": "Z06644081D5AL1S4JCAB"
          },
          "sensitive_attributes": [],
          "private": "eyJzY2hlbWFfdmVyc2lvbiI6IjIifQ==",
          "dependencies": [
            "aws_route53_zone.ac--Z06644081D5AL1S4JCAB"
          ]
        }
      ]
    },
    {
      "mode": "managed",
      "type": "aws_route53_record",
      "name": "ac--Z06644081D5AL1S4JCAB__6554b9bed6b126d5c2959828ab688eda-002E-jenkins-002E-prod-002E-solv-002E-co-002E-ke_CNAME",
      "provider": "provider[\"registry.terraform.io/hashicorp/aws\"]",
      "instances": [
        {
          "schema_version": 2,
          "attributes": {
            "alias": [],
            "allow_overwrite": null,
            "cidr_routing_policy": [],
            "failover_routing_policy": [],
            "fqdn": null,
            "geolocation_routing_policy": [],
            "health_check_id": null,
            "id": "Z06644081D5AL1S4JCAB__6554b9bed6b126d5c2959828ab688eda.jenkins.prod.solv.co.ke_CNAME",
            "latency_routing_policy": [],
            "multivalue_answer_routing_policy": null,
            "name": "_6554b9bed6b126d5c2959828ab688eda.jenkins.prod.solv.co.ke",
            "records": null,
            "set_identifier": null,
            "ttl": null,
            "type": "CNAME",
            "weighted_routing_policy": [],
            "zone_id": "Z06644081D5AL1S4JCAB"
          },
          "sensitive_attributes": [],
          "private": "eyJzY2hlbWFfdmVyc2lvbiI6IjIifQ==",
          "dependencies": [
            "aws_route53_zone.ac--Z06644081D5AL1S4JCAB"
          ]
        }
      ]
    },
    {
      "mode": "managed",
      "type": "aws_route53_record",
      "name": "ac--Z06644081D5AL1S4JCAB_craftsilicon-kenya-002E-prod-002E-solv-002E-co-002E-ke_CNAME",
      "provider": "provider[\"registry.terraform.io/hashicorp/aws\"]",
      "instances": [
        {
          "schema_version": 2,
          "attributes": {
            "alias": [],
            "allow_overwrite": null,
            "cidr_routing_policy": [],
            "failover_routing_policy": [],
            "fqdn": null,
            "geolocation_routing_policy": [],
            "health_check_id": null,
            "id": "Z06644081D5AL1S4JCAB_craftsilicon-kenya.prod.solv.co.ke_CNAME",
            "latency_routing_policy": [],
            "multivalue_answer_routing_policy": null,
            "name": "craftsilicon-kenya.prod.solv.co.ke",
            "records": null,
            "set_identifier": null,
            "ttl": null,
            "type": "CNAME",
            "weighted_routing_policy": [],
            "zone_id": "Z06644081D5AL1S4JCAB"
          },
          "sensitive_attributes": [],
          "private": "eyJzY2hlbWFfdmVyc2lvbiI6IjIifQ==",
          "dependencies": [
            "aws_route53_zone.ac--Z06644081D5AL1S4JCAB"
          ]
        }
      ]
    },
    {
      "mode": "managed",
      "type": "aws_route53_record",
      "name": "ac--Z06644081D5AL1S4JCAB_documentdb-002E-prod-002E-solv-002E-co-002E-ke_CNAME",
      "provider": "provider[\"registry.terraform.io/hashicorp/aws\"]",
      "instances": [
        {
          "schema_version": 2,
          "attributes": {
            "alias": [],
            "allow_overwrite": null,
            "cidr_routing_policy": [],
            "failover_routing_policy": [],
            "fqdn": null,
            "geolocation_routing_policy": [],
            "health_check_id": null,
            "id": "Z06644081D5AL1S4JCAB_documentdb.prod.solv.co.ke_CNAME",
            "latency_routing_policy": [],
            "multivalue_answer_routing_policy": null,
            "name": "documentdb.prod.solv.co.ke",
            "records": null,
            "set_identifier": null,
            "ttl": null,
            "type": "CNAME",
            "weighted_routing_policy": [],
            "zone_id": "Z06644081D5AL1S4JCAB"
          },
          "sensitive_attributes": [],
          "private": "eyJzY2hlbWFfdmVyc2lvbiI6IjIifQ==",
          "dependencies": [
            "aws_route53_zone.ac--Z06644081D5AL1S4JCAB"
          ]
        }
      ]
    },
    {
      "mode": "managed",
      "type": "aws_route53_record",
      "name": "ac--Z06644081D5AL1S4JCAB_elasticsearch-002E-prod-002E-solv-002E-co-002E-ke_CNAME",
      "provider": "provider[\"registry.terraform.io/hashicorp/aws\"]",
      "instances": [
        {
          "schema_version": 2,
          "attributes": {
            "alias": [],
            "allow_overwrite": null,
            "cidr_routing_policy": [],
            "failover_routing_policy": [],
            "fqdn": null,
            "geolocation_routing_policy": [],
            "health_check_id": null,
            "id": "Z06644081D5AL1S4JCAB_elasticsearch.prod.solv.co.ke_CNAME",
            "latency_routing_policy": [],
            "multivalue_answer_routing_policy": null,
            "name": "elasticsearch.prod.solv.co.ke",
            "records": null,
            "set_identifier": null,
            "ttl": null,
            "type": "CNAME",
            "weighted_routing_policy": [],
            "zone_id": "Z06644081D5AL1S4JCAB"
          },
          "sensitive_attributes": [],
          "private": "eyJzY2hlbWFfdmVyc2lvbiI6IjIifQ==",
          "dependencies": [
            "aws_route53_zone.ac--Z06644081D5AL1S4JCAB"
          ]
        }
      ]
    },
    {
      "mode": "managed",
      "type": "aws_route53_record",
      "name": "ac--Z06644081D5AL1S4JCAB_fortinet-002E-prod-002E-solv-002E-co-002E-ke_A",
      "provider": "provider[\"registry.terraform.io/hashicorp/aws\"]",
      "instances": [
        {
          "schema_version": 2,
          "attributes": {
            "alias": [],
            "allow_overwrite": null,
            "cidr_routing_policy": [],
            "failover_routing_policy": [],
            "fqdn": null,
            "geolocation_routing_policy": [],
            "health_check_id": null,
            "id": "Z06644081D5AL1S4JCAB_fortinet.prod.solv.co.ke_A",
            "latency_routing_policy": [],
            "multivalue_answer_routing_policy": null,
            "name": "fortinet.prod.solv.co.ke",
            "records": null,
            "set_identifier": null,
            "ttl": null,
            "type": "A",
            "weighted_routing_policy": [],
            "zone_id": "Z06644081D5AL1S4JCAB"
          },
          "sensitive_attributes": [],
          "private": "eyJzY2hlbWFfdmVyc2lvbiI6IjIifQ==",
          "dependencies": [
            "aws_route53_zone.ac--Z06644081D5AL1S4JCAB"
          ]
        }
      ]
    },
    {
      "mode": "managed",
      "type": "aws_route53_record",
      "name": "ac--Z06644081D5AL1S4JCAB_grafana-002E-prod-002E-solv-002E-co-002E-ke_A",
      "provider": "provider[\"registry.terraform.io/hashicorp/aws\"]",
      "instances": [
        {
          "schema_version": 2,
          "attributes": {
            "alias": [],
            "allow_overwrite": null,
            "cidr_routing_policy": [],
            "failover_routing_policy": [],
            "fqdn": null,
            "geolocation_routing_policy": [],
            "health_check_id": null,
            "id": "Z06644081D5AL1S4JCAB_grafana.prod.solv.co.ke_A",
            "latency_routing_policy": [],
            "multivalue_answer_routing_policy": null,
            "name": "grafana.prod.solv.co.ke",
            "records": null,
            "set_identifier": null,
            "ttl": null,
            "type": "A",
            "weighted_routing_policy": [],
            "zone_id": "Z06644081D5AL1S4JCAB"
          },
          "sensitive_attributes": [],
          "private": "eyJzY2hlbWFfdmVyc2lvbiI6IjIifQ==",
          "dependencies": [
            "aws_route53_zone.ac--Z06644081D5AL1S4JCAB"
          ]
        }
      ]
    },
    {
      "mode": "managed",
      "type": "aws_route53_record",
      "name": "ac--Z06644081D5AL1S4JCAB_jenkins-002E-prod-002E-solv-002E-co-002E-ke_A",
      "provider": "provider[\"registry.terraform.io/hashicorp/aws\"]",
      "instances": [
        {
          "schema_version": 2,
          "attributes": {
            "alias": [],
            "allow_overwrite": null,
            "cidr_routing_policy": [],
            "failover_routing_policy": [],
            "fqdn": null,
            "geolocation_routing_policy": [],
            "health_check_id": null,
            "id": "Z06644081D5AL1S4JCAB_jenkins.prod.solv.co.ke_A",
            "latency_routing_policy": [],
            "multivalue_answer_routing_policy": null,
            "name": "jenkins.prod.solv.co.ke",
            "records": null,
            "set_identifier": null,
            "ttl": null,
            "type": "A",
            "weighted_routing_policy": [],
            "zone_id": "Z06644081D5AL1S4JCAB"
          },
          "sensitive_attributes": [],
          "private": "eyJzY2hlbWFfdmVyc2lvbiI6IjIifQ==",
          "dependencies": [
            "aws_route53_zone.ac--Z06644081D5AL1S4JCAB"
          ]
        }
      ]
    },
    {
      "mode": "managed",
      "type": "aws_route53_record",
      "name": "ac--Z06644081D5AL1S4JCAB_kafdrop-ui-002E-prod-002E-solv-002E-co-002E-ke_A",
      "provider": "provider[\"registry.terraform.io/hashicorp/aws\"]",
      "instances": [
        {
          "schema_version": 2,
          "attributes": {
            "alias": [],
            "allow_overwrite": null,
            "cidr_routing_policy": [],
            "failover_routing_policy": [],
            "fqdn": null,
            "geolocation_routing_policy": [],
            "health_check_id": null,
            "id": "Z06644081D5AL1S4JCAB_kafdrop-ui.prod.solv.co.ke_A",
            "latency_routing_policy": [],
            "multivalue_answer_routing_policy": null,
            "name": "kafdrop-ui.prod.solv.co.ke",
            "records": null,
            "set_identifier": null,
            "ttl": null,
            "type": "A",
            "weighted_routing_policy": [],
            "zone_id": "Z06644081D5AL1S4JCAB"
          },
          "sensitive_attributes": [],
          "private": "eyJzY2hlbWFfdmVyc2lvbiI6IjIifQ==",
          "dependencies": [
            "aws_route53_zone.ac--Z06644081D5AL1S4JCAB"
          ]
        }
      ]
    },
    {
      "mode": "managed",
      "type": "aws_route53_record",
      "name": "ac--Z06644081D5AL1S4JCAB_kafka1-002E-prod-002E-solv-002E-co-002E-ke_CNAME",
      "provider": "provider[\"registry.terraform.io/hashicorp/aws\"]",
      "instances": [
        {
          "schema_version": 2,
          "attributes": {
            "alias": [],
            "allow_overwrite": null,
            "cidr_routing_policy": [],
            "failover_routing_policy": [],
            "fqdn": null,
            "geolocation_routing_policy": [],
            "health_check_id": null,
            "id": "Z06644081D5AL1S4JCAB_kafka1.prod.solv.co.ke_CNAME",
            "latency_routing_policy": [],
            "multivalue_answer_routing_policy": null,
            "name": "kafka1.prod.solv.co.ke",
            "records": null,
            "set_identifier": null,
            "ttl": null,
            "type": "CNAME",
            "weighted_routing_policy": [],
            "zone_id": "Z06644081D5AL1S4JCAB"
          },
          "sensitive_attributes": [],
          "private": "eyJzY2hlbWFfdmVyc2lvbiI6IjIifQ==",
          "dependencies": [
            "aws_route53_zone.ac--Z06644081D5AL1S4JCAB"
          ]
        }
      ]
    },
    {
      "mode": "managed",
      "type": "aws_route53_record",
      "name": "ac--Z06644081D5AL1S4JCAB_kafka2-002E-prod-002E-solv-002E-co-002E-ke_CNAME",
      "provider": "provider[\"registry.terraform.io/hashicorp/aws\"]",
      "instances": [
        {
          "schema_version": 2,
          "attributes": {
            "alias": [],
            "allow_overwrite": null,
            "cidr_routing_policy": [],
            "failover_routing_policy": [],
            "fqdn": null,
            "geolocation_routing_policy": [],
            "health_check_id": null,
            "id": "Z06644081D5AL1S4JCAB_kafka2.prod.solv.co.ke_CNAME",
            "latency_routing_policy": [],
            "multivalue_answer_routing_policy": null,
            "name": "kafka2.prod.solv.co.ke",
            "records": null,
            "set_identifier": null,
            "ttl": null,
            "type": "CNAME",
            "weighted_routing_policy": [],
            "zone_id": "Z06644081D5AL1S4JCAB"
          },
          "sensitive_attributes": [],
          "private": "eyJzY2hlbWFfdmVyc2lvbiI6IjIifQ==",
          "dependencies": [
            "aws_route53_zone.ac--Z06644081D5AL1S4JCAB"
          ]
        }
      ]
    },
    {
      "mode": "managed",
      "type": "aws_route53_record",
      "name": "ac--Z06644081D5AL1S4JCAB_kafka3-002E-prod-002E-solv-002E-co-002E-ke_CNAME",
      "provider": "provider[\"registry.terraform.io/hashicorp/aws\"]",
      "instances": [
        {
          "schema_version": 2,
          "attributes": {
            "alias": [],
            "allow_overwrite": null,
            "cidr_routing_policy": [],
            "failover_routing_policy": [],
            "fqdn": null,
            "geolocation_routing_policy": [],
            "health_check_id": null,
            "id": "Z06644081D5AL1S4JCAB_kafka3.prod.solv.co.ke_CNAME",
            "latency_routing_policy": [],
            "multivalue_answer_routing_policy": null,
            "name": "kafka3.prod.solv.co.ke",
            "records": null,
            "set_identifier": null,
            "ttl": null,
            "type": "CNAME",
            "weighted_routing_policy": [],
            "zone_id": "Z06644081D5AL1S4JCAB"
          },
          "sensitive_attributes": [],
          "private": "eyJzY2hlbWFfdmVyc2lvbiI6IjIifQ==",
          "dependencies": [
            "aws_route53_zone.ac--Z06644081D5AL1S4JCAB"
          ]
        }
      ]
    },
    {
      "mode": "managed",
      "type": "aws_route53_record",
      "name": "ac--Z06644081D5AL1S4JCAB_kafka4-002E-prod-002E-solv-002E-co-002E-ke_CNAME",
      "provider": "provider[\"registry.terraform.io/hashicorp/aws\"]",
      "instances": [
        {
          "schema_version": 2,
          "attributes": {
            "alias": [],
            "allow_overwrite": null,
            "cidr_routing_policy": [],
            "failover_routing_policy": [],
            "fqdn": null,
            "geolocation_routing_policy": [],
            "health_check_id": null,
            "id": "Z06644081D5AL1S4JCAB_kafka4.prod.solv.co.ke_CNAME",
            "latency_routing_policy": [],
            "multivalue_answer_routing_policy": null,
            "name": "kafka4.prod.solv.co.ke",
            "records": null,
            "set_identifier": null,
            "ttl": null,
            "type": "CNAME",
            "weighted_routing_policy": [],
            "zone_id": "Z06644081D5AL1S4JCAB"
          },
          "sensitive_attributes": [],
          "private": "eyJzY2hlbWFfdmVyc2lvbiI6IjIifQ==",
          "dependencies": [
            "aws_route53_zone.ac--Z06644081D5AL1S4JCAB"
          ]
        }
      ]
    },
    {
      "mode": "managed",
      "type": "aws_route53_record",
      "name": "ac--Z06644081D5AL1S4JCAB_kibana-002E-prod-002E-solv-002E-co-002E-ke_A",
      "provider": "provider[\"registry.terraform.io/hashicorp/aws\"]",
      "instances": [
        {
          "schema_version": 2,
          "attributes": {
            "alias": [],
            "allow_overwrite": null,
            "cidr_routing_policy": [],
            "failover_routing_policy": [],
            "fqdn": null,
            "geolocation_routing_policy": [],
            "health_check_id": null,
            "id": "Z06644081D5AL1S4JCAB_kibana.prod.solv.co.ke_A",
            "latency_routing_policy": [],
            "multivalue_answer_routing_policy": null,
            "name": "kibana.prod.solv.co.ke",
            "records": null,
            "set_identifier": null,
            "ttl": null,
            "type": "A",
            "weighted_routing_policy": [],
            "zone_id": "Z06644081D5AL1S4JCAB"
          },
          "sensitive_attributes": [],
          "private": "eyJzY2hlbWFfdmVyc2lvbiI6IjIifQ==",
          "dependencies": [
            "aws_route53_zone.ac--Z06644081D5AL1S4JCAB"
          ]
        }
      ]
    },
    {
      "mode": "managed",
      "type": "aws_route53_record",
      "name": "ac--Z06644081D5AL1S4JCAB_kubernetes-dashboard-002E-prod-002E-solv-002E-co-002E-ke_A",
      "provider": "provider[\"registry.terraform.io/hashicorp/aws\"]",
      "instances": [
        {
          "schema_version": 2,
          "attributes": {
            "alias": [],
            "allow_overwrite": null,
            "cidr_routing_policy": [],
            "failover_routing_policy": [],
            "fqdn": null,
            "geolocation_routing_policy": [],
            "health_check_id": null,
            "id": "Z06644081D5AL1S4JCAB_kubernetes-dashboard.prod.solv.co.ke_A",
            "latency_routing_policy": [],
            "multivalue_answer_routing_policy": null,
            "name": "kubernetes-dashboard.prod.solv.co.ke",
            "records": null,
            "set_identifier": null,
            "ttl": null,
            "type": "A",
            "weighted_routing_policy": [],
            "zone_id": "Z06644081D5AL1S4JCAB"
          },
          "sensitive_attributes": [],
          "private": "eyJzY2hlbWFfdmVyc2lvbiI6IjIifQ==",
          "dependencies": [
            "aws_route53_zone.ac--Z06644081D5AL1S4JCAB"
          ]
        }
      ]
    },
    {
      "mode": "managed",
      "type": "aws_route53_record",
      "name": "ac--Z06644081D5AL1S4JCAB_mysql-002E-prod-002E-solv-002E-co-002E-ke_CNAME",
      "provider": "provider[\"registry.terraform.io/hashicorp/aws\"]",
      "instances": [
        {
          "schema_version": 2,
          "attributes": {
            "alias": [],
            "allow_overwrite": null,
            "cidr_routing_policy": [],
            "failover_routing_policy": [],
            "fqdn": null,
            "geolocation_routing_policy": [],
            "health_check_id": null,
            "id": "Z06644081D5AL1S4JCAB_mysql.prod.solv.co.ke_CNAME",
            "latency_routing_policy": [],
            "multivalue_answer_routing_policy": null,
            "name": "mysql.prod.solv.co.ke",
            "records": null,
            "set_identifier": null,
            "ttl": null,
            "type": "CNAME",
            "weighted_routing_policy": [],
            "zone_id": "Z06644081D5AL1S4JCAB"
          },
          "sensitive_attributes": [],
          "private": "eyJzY2hlbWFfdmVyc2lvbiI6IjIifQ==",
          "dependencies": [
            "aws_route53_zone.ac--Z06644081D5AL1S4JCAB"
          ]
        }
      ]
    },
    {
      "mode": "managed",
      "type": "aws_route53_record",
      "name": "ac--Z06644081D5AL1S4JCAB_postgres-002E-prod-002E-solv-002E-co-002E-ke_CNAME",
      "provider": "provider[\"registry.terraform.io/hashicorp/aws\"]",
      "instances": [
        {
          "schema_version": 2,
          "attributes": {
            "alias": [],
            "allow_overwrite": null,
            "cidr_routing_policy": [],
            "failover_routing_policy": [],
            "fqdn": null,
            "geolocation_routing_policy": [],
            "health_check_id": null,
            "id": "Z06644081D5AL1S4JCAB_postgres.prod.solv.co.ke_CNAME",
            "latency_routing_policy": [],
            "multivalue_answer_routing_policy": null,
            "name": "postgres.prod.solv.co.ke",
            "records": null,
            "set_identifier": null,
            "ttl": null,
            "type": "CNAME",
            "weighted_routing_policy": [],
            "zone_id": "Z06644081D5AL1S4JCAB"
          },
          "sensitive_attributes": [],
          "private": "eyJzY2hlbWFfdmVyc2lvbiI6IjIifQ==",
          "dependencies": [
            "aws_route53_zone.ac--Z06644081D5AL1S4JCAB"
          ]
        }
      ]
    },
    {
      "mode": "managed",
      "type": "aws_route53_record",
      "name": "ac--Z06644081D5AL1S4JCAB_prod-002E-solv-002E-co-002E-ke_NS",
      "provider": "provider[\"registry.terraform.io/hashicorp/aws\"]",
      "instances": [
        {
          "schema_version": 2,
          "attributes": {
            "alias": [],
            "allow_overwrite": null,
            "cidr_routing_policy": [],
            "failover_routing_policy": [],
            "fqdn": null,
            "geolocation_routing_policy": [],
            "health_check_id": null,
            "id": "Z06644081D5AL1S4JCAB_prod.solv.co.ke_NS",
            "latency_routing_policy": [],
            "multivalue_answer_routing_policy": null,
            "name": "prod.solv.co.ke",
            "records": null,
            "set_identifier": null,
            "ttl": null,
            "type": "NS",
            "weighted_routing_policy": [],
            "zone_id": "Z06644081D5AL1S4JCAB"
          },
          "sensitive_attributes": [],
          "private": "eyJzY2hlbWFfdmVyc2lvbiI6IjIifQ==",
          "dependencies": [
            "aws_route53_zone.ac--Z06644081D5AL1S4JCAB"
          ]
        }
      ]
    },
    {
      "mode": "managed",
      "type": "aws_route53_record",
      "name": "ac--Z06644081D5AL1S4JCAB_prod-002E-solv-002E-co-002E-ke_SOA",
      "provider": "provider[\"registry.terraform.io/hashicorp/aws\"]",
      "instances": [
        {
          "schema_version": 2,
          "attributes": {
            "alias": [],
            "allow_overwrite": null,
            "cidr_routing_policy": [],
            "failover_routing_policy": [],
            "fqdn": null,
            "geolocation_routing_policy": [],
            "health_check_id": null,
            "id": "Z06644081D5AL1S4JCAB_prod.solv.co.ke_SOA",
            "latency_routing_policy": [],
            "multivalue_answer_routing_policy": null,
            "name": "prod.solv.co.ke",
            "records": null,
            "set_identifier": null,
            "ttl": null,
            "type": "SOA",
            "weighted_routing_policy": [],
            "zone_id": "Z06644081D5AL1S4JCAB"
          },
          "sensitive_attributes": [],
          "private": "eyJzY2hlbWFfdmVyc2lvbiI6IjIifQ==",
          "dependencies": [
            "aws_route53_zone.ac--Z06644081D5AL1S4JCAB"
          ]
        }
      ]
    },
    {
      "mode": "managed",
      "type": "aws_route53_record",
      "name": "ac--Z06644081D5AL1S4JCAB_prod-api-002E-prod-002E-solv-002E-co-002E-ke_A",
      "provider": "provider[\"registry.terraform.io/hashicorp/aws\"]",
      "instances": [
        {
          "schema_version": 2,
          "attributes": {
            "alias": [],
            "allow_overwrite": null,
            "cidr_routing_policy": [],
            "failover_routing_policy": [],
            "fqdn": null,
            "geolocation_routing_policy": [],
            "health_check_id": null,
            "id": "Z06644081D5AL1S4JCAB_prod-api.prod.solv.co.ke_A",
            "latency_routing_policy": [],
            "multivalue_answer_routing_policy": null,
            "name": "prod-api.prod.solv.co.ke",
            "records": null,
            "set_identifier": null,
            "ttl": null,
            "type": "A",
            "weighted_routing_policy": [],
            "zone_id": "Z06644081D5AL1S4JCAB"
          },
          "sensitive_attributes": [],
          "private": "eyJzY2hlbWFfdmVyc2lvbiI6IjIifQ==",
          "dependencies": [
            "aws_route53_zone.ac--Z06644081D5AL1S4JCAB"
          ]
        }
      ]
    },
    {
      "mode": "managed",
      "type": "aws_route53_record",
      "name": "ac--Z06644081D5AL1S4JCAB_prodkenyanlb-api-002E-prod-002E-solv-002E-co-002E-ke_A",
      "provider": "provider[\"registry.terraform.io/hashicorp/aws\"]",
      "instances": [
        {
          "schema_version": 2,
          "attributes": {
            "alias": [],
            "allow_overwrite": null,
            "cidr_routing_policy": [],
            "failover_routing_policy": [],
            "fqdn": null,
            "geolocation_routing_policy": [],
            "health_check_id": null,
            "id": "Z06644081D5AL1S4JCAB_prodkenyanlb-api.prod.solv.co.ke_A",
            "latency_routing_policy": [],
            "multivalue_answer_routing_policy": null,
            "name": "prodkenyanlb-api.prod.solv.co.ke",
            "records": null,
            "set_identifier": null,
            "ttl": null,
            "type": "A",
            "weighted_routing_policy": [],
            "zone_id": "Z06644081D5AL1S4JCAB"
          },
          "sensitive_attributes": [],
          "private": "eyJzY2hlbWFfdmVyc2lvbiI6IjIifQ==",
          "dependencies": [
            "aws_route53_zone.ac--Z06644081D5AL1S4JCAB"
          ]
        }
      ]
    },
    {
      "mode": "managed",
      "type": "aws_route53_record",
      "name": "ac--Z06644081D5AL1S4JCAB_proxy-002E-prod-002E-solv-002E-co-002E-ke_A",
      "provider": "provider[\"registry.terraform.io/hashicorp/aws\"]",
      "instances": [
        {
          "schema_version": 2,
          "attributes": {
            "alias": [],
            "allow_overwrite": null,
            "cidr_routing_policy": [],
            "failover_routing_policy": [],
            "fqdn": null,
            "geolocation_routing_policy": [],
            "health_check_id": null,
            "id": "Z06644081D5AL1S4JCAB_proxy.prod.solv.co.ke_A",
            "latency_routing_policy": [],
            "multivalue_answer_routing_policy": null,
            "name": "proxy.prod.solv.co.ke",
            "records": null,
            "set_identifier": null,
            "ttl": null,
            "type": "A",
            "weighted_routing_policy": [],
            "zone_id": "Z06644081D5AL1S4JCAB"
          },
          "sensitive_attributes": [],
          "private": "eyJzY2hlbWFfdmVyc2lvbiI6IjIifQ==",
          "dependencies": [
            "aws_route53_zone.ac--Z06644081D5AL1S4JCAB"
          ]
        }
      ]
    },
    {
      "mode": "managed",
      "type": "aws_route53_record",
      "name": "ac--Z06644081D5AL1S4JCAB_redis-002E-prod-002E-solv-002E-co-002E-ke_CNAME",
      "provider": "provider[\"registry.terraform.io/hashicorp/aws\"]",
      "instances": [
        {
          "schema_version": 2,
          "attributes": {
            "alias": [],
            "allow_overwrite": null,
            "cidr_routing_policy": [],
            "failover_routing_policy": [],
            "fqdn": null,
            "geolocation_routing_policy": [],
            "health_check_id": null,
            "id": "Z06644081D5AL1S4JCAB_redis.prod.solv.co.ke_CNAME",
            "latency_routing_policy": [],
            "multivalue_answer_routing_policy": null,
            "name": "redis.prod.solv.co.ke",
            "records": null,
            "set_identifier": null,
            "ttl": null,
            "type": "CNAME",
            "weighted_routing_policy": [],
            "zone_id": "Z06644081D5AL1S4JCAB"
          },
          "sensitive_attributes": [],
          "private": "eyJzY2hlbWFfdmVyc2lvbiI6IjIifQ==",
          "dependencies": [
            "aws_route53_zone.ac--Z06644081D5AL1S4JCAB"
          ]
        }
      ]
    },
    {
      "mode": "managed",
      "type": "aws_route53_record",
      "name": "ac--Z06644081D5AL1S4JCAB_s3pdf-kenya-002E-prod-002E-solv-002E-co-002E-ke_CNAME",
      "provider": "provider[\"registry.terraform.io/hashicorp/aws\"]",
      "instances": [
        {
          "schema_version": 2,
          "attributes": {
            "alias": [],
            "allow_overwrite": null,
            "cidr_routing_policy": [],
            "failover_routing_policy": [],
            "fqdn": null,
            "geolocation_routing_policy": [],
            "health_check_id": null,
            "id": "Z06644081D5AL1S4JCAB_s3pdf-kenya.prod.solv.co.ke_CNAME",
            "latency_routing_policy": [],
            "multivalue_answer_routing_policy": null,
            "name": "s3pdf-kenya.prod.solv.co.ke",
            "records": null,
            "set_identifier": null,
            "ttl": null,
            "type": "CNAME",
            "weighted_routing_policy": [],
            "zone_id": "Z06644081D5AL1S4JCAB"
          },
          "sensitive_attributes": [],
          "private": "eyJzY2hlbWFfdmVyc2lvbiI6IjIifQ==",
          "dependencies": [
            "aws_route53_zone.ac--Z06644081D5AL1S4JCAB"
          ]
        }
      ]
    },
    {
      "mode": "managed",
      "type": "aws_route53_record",
      "name": "ac--Z06644081D5AL1S4JCAB_scfonboard-prodkenya-002E-prod-002E-solv-002E-co-002E-ke_A",
      "provider": "provider[\"registry.terraform.io/hashicorp/aws\"]",
      "instances": [
        {
          "schema_version": 2,
          "attributes": {
            "alias": [],
            "allow_overwrite": null,
            "cidr_routing_policy": [],
            "failover_routing_policy": [],
            "fqdn": null,
            "geolocation_routing_policy": [],
            "health_check_id": null,
            "id": "Z06644081D5AL1S4JCAB_scfonboard-prodkenya.prod.solv.co.ke_A",
            "latency_routing_policy": [],
            "multivalue_answer_routing_policy": null,
            "name": "scfonboard-prodkenya.prod.solv.co.ke",
            "records": null,
            "set_identifier": null,
            "ttl": null,
            "type": "A",
            "weighted_routing_policy": [],
            "zone_id": "Z06644081D5AL1S4JCAB"
          },
          "sensitive_attributes": [],
          "private": "eyJzY2hlbWFfdmVyc2lvbiI6IjIifQ==",
          "dependencies": [
            "aws_route53_zone.ac--Z06644081D5AL1S4JCAB"
          ]
        }
      ]
    },
    {
      "mode": "managed",
      "type": "aws_route53_record",
      "name": "ac--Z06644081D5AL1S4JCAB_sftp-002E-prod-002E-solv-002E-co-002E-ke_CNAME",
      "provider": "provider[\"registry.terraform.io/hashicorp/aws\"]",
      "instances": [
        {
          "schema_version": 2,
          "attributes": {
            "alias": [],
            "allow_overwrite": null,
            "cidr_routing_policy": [],
            "failover_routing_policy": [],
            "fqdn": null,
            "geolocation_routing_policy": [],
            "health_check_id": null,
            "id": "Z06644081D5AL1S4JCAB_sftp.prod.solv.co.ke_CNAME",
            "latency_routing_policy": [],
            "multivalue_answer_routing_policy": null,
            "name": "sftp.prod.solv.co.ke",
            "records": null,
            "set_identifier": null,
            "ttl": null,
            "type": "CNAME",
            "weighted_routing_policy": [],
            "zone_id": "Z06644081D5AL1S4JCAB"
          },
          "sensitive_attributes": [],
          "private": "eyJzY2hlbWFfdmVyc2lvbiI6IjIifQ==",
          "dependencies": [
            "aws_route53_zone.ac--Z06644081D5AL1S4JCAB"
          ]
        }
      ]
    },
    {
      "mode": "managed",
      "type": "aws_route53_record",
      "name": "ac--Z06644081D5AL1S4JCAB_site-002E-prod-002E-solv-002E-co-002E-ke_A",
      "provider": "provider[\"registry.terraform.io/hashicorp/aws\"]",
      "instances": [
        {
          "schema_version": 2,
          "attributes": {
            "alias": [],
            "allow_overwrite": null,
            "cidr_routing_policy": [],
            "failover_routing_policy": [],
            "fqdn": null,
            "geolocation_routing_policy": [],
            "health_check_id": null,
            "id": "Z06644081D5AL1S4JCAB_site.prod.solv.co.ke_A",
            "latency_routing_policy": [],
            "multivalue_answer_routing_policy": null,
            "name": "site.prod.solv.co.ke",
            "records": null,
            "set_identifier": null,
            "ttl": null,
            "type": "A",
            "weighted_routing_policy": [],
            "zone_id": "Z06644081D5AL1S4JCAB"
          },
          "sensitive_attributes": [],
          "private": "eyJzY2hlbWFfdmVyc2lvbiI6IjIifQ==",
          "dependencies": [
            "aws_route53_zone.ac--Z06644081D5AL1S4JCAB"
          ]
        }
      ]
    },
    {
      "mode": "managed",
      "type": "aws_route53_record",
      "name": "ac--Z06644081D5AL1S4JCAB_solv-002E-prod-002E-solv-002E-co-002E-ke_A",
      "provider": "provider[\"registry.terraform.io/hashicorp/aws\"]",
      "instances": [
        {
          "schema_version": 2,
          "attributes": {
            "alias": [],
            "allow_overwrite": null,
            "cidr_routing_policy": [],
            "failover_routing_policy": [],
            "fqdn": null,
            "geolocation_routing_policy": [],
            "health_check_id": null,
            "id": "Z06644081D5AL1S4JCAB_solv.prod.solv.co.ke_A",
            "latency_routing_policy": [],
            "multivalue_answer_routing_policy": null,
            "name": "solv.prod.solv.co.ke",
            "records": null,
            "set_identifier": null,
            "ttl": null,
            "type": "A",
            "weighted_routing_policy": [],
            "zone_id": "Z06644081D5AL1S4JCAB"
          },
          "sensitive_attributes": [],
          "private": "eyJzY2hlbWFfdmVyc2lvbiI6IjIifQ==",
          "dependencies": [
            "aws_route53_zone.ac--Z06644081D5AL1S4JCAB"
          ]
        }
      ]
    },
    {
      "mode": "managed",
      "type": "aws_route53_record",
      "name": "ac--Z06644081D5AL1S4JCAB_solv-preview-002E-prod-002E-solv-002E-co-002E-ke_A",
      "provider": "provider[\"registry.terraform.io/hashicorp/aws\"]",
      "instances": [
        {
          "schema_version": 2,
          "attributes": {
            "alias": [],
            "allow_overwrite": null,
            "cidr_routing_policy": [],
            "failover_routing_policy": [],
            "fqdn": null,
            "geolocation_routing_policy": [],
            "health_check_id": null,
            "id": "Z06644081D5AL1S4JCAB_solv-preview.prod.solv.co.ke_A",
            "latency_routing_policy": [],
            "multivalue_answer_routing_policy": null,
            "name": "solv-preview.prod.solv.co.ke",
            "records": null,
            "set_identifier": null,
            "ttl": null,
            "type": "A",
            "weighted_routing_policy": [],
            "zone_id": "Z06644081D5AL1S4JCAB"
          },
          "sensitive_attributes": [],
          "private": "eyJzY2hlbWFfdmVyc2lvbiI6IjIifQ==",
          "dependencies": [
            "aws_route53_zone.ac--Z06644081D5AL1S4JCAB"
          ]
        }
      ]
    },
    {
      "mode": "managed",
      "type": "aws_route53_record",
      "name": "ac--Z06644081D5AL1S4JCAB_wordpress-002E-prod-002E-solv-002E-co-002E-ke_A",
      "provider": "provider[\"registry.terraform.io/hashicorp/aws\"]",
      "instances": [
        {
          "schema_version": 2,
          "attributes": {
            "alias": [],
            "allow_overwrite": null,
            "cidr_routing_policy": [],
            "failover_routing_policy": [],
            "fqdn": null,
            "geolocation_routing_policy": [],
            "health_check_id": null,
            "id": "Z06644081D5AL1S4JCAB_wordpress.prod.solv.co.ke_A",
            "latency_routing_policy": [],
            "multivalue_answer_routing_policy": null,
            "name": "wordpress.prod.solv.co.ke",
            "records": null,
            "set_identifier": null,
            "ttl": null,
            "type": "A",
            "weighted_routing_policy": [],
            "zone_id": "Z06644081D5AL1S4JCAB"
          },
          "sensitive_attributes": [],
          "private": "eyJzY2hlbWFfdmVyc2lvbiI6IjIifQ==",
          "dependencies": [
            "aws_route53_zone.ac--Z06644081D5AL1S4JCAB"
          ]
        }
      ]
    },
    {
      "mode": "managed",
      "type": "aws_route53_record",
      "name": "ac--Z0787179324II38L62LSP_1522905413783-002E-_domainkey-002E-solv-002E-co-002E-ke_TXT",
      "provider": "provider[\"registry.terraform.io/hashicorp/aws\"]",
      "instances": [
        {
          "schema_version": 2,
          "attributes": {
            "alias": [],
            "allow_overwrite": null,
            "cidr_routing_policy": [],
            "failover_routing_policy": [],
            "fqdn": null,
            "geolocation_routing_policy": [],
            "health_check_id": null,
            "id": "Z0787179324II38L62LSP_1522905413783._domainkey.solv.co.ke_TXT",
            "latency_routing_policy": [],
            "multivalue_answer_routing_policy": null,
            "name": "1522905413783._domainkey.solv.co.ke",
            "records": null,
            "set_identifier": null,
            "ttl": null,
            "type": "TXT",
            "weighted_routing_policy": [],
            "zone_id": "Z0787179324II38L62LSP"
          },
          "sensitive_attributes": [],
          "private": "eyJzY2hlbWFfdmVyc2lvbiI6IjIifQ==",
          "dependencies": [
            "aws_route53_zone.ac--Z0787179324II38L62LSP"
          ]
        }
      ]
    },
    {
      "mode": "managed",
      "type": "aws_route53_record",
      "name": "ac--Z0787179324II38L62LSP_5zoktlweiz4aqfw33vg4rrqjcy46f54x-002E-_domainkey-002E-solv-002E-co-002E-ke_CNAME",
      "provider": "provider[\"registry.terraform.io/hashicorp/aws\"]",
      "instances": [
        {
          "schema_version": 2,
          "attributes": {
            "alias": [],
            "allow_overwrite": null,
            "cidr_routing_policy": [],
            "failover_routing_policy": [],
            "fqdn": null,
            "geolocation_routing_policy": [],
            "health_check_id": null,
            "id": "Z0787179324II38L62LSP_5zoktlweiz4aqfw33vg4rrqjcy46f54x._domainkey.solv.co.ke_CNAME",
            "latency_routing_policy": [],
            "multivalue_answer_routing_policy": null,
            "name": "5zoktlweiz4aqfw33vg4rrqjcy46f54x._domainkey.solv.co.ke",
            "records": null,
            "set_identifier": null,
            "ttl": null,
            "type": "CNAME",
            "weighted_routing_policy": [],
            "zone_id": "Z0787179324II38L62LSP"
          },
          "sensitive_attributes": [],
          "private": "eyJzY2hlbWFfdmVyc2lvbiI6IjIifQ==",
          "dependencies": [
            "aws_route53_zone.ac--Z0787179324II38L62LSP"
          ]
        }
      ]
    },
    {
      "mode": "managed",
      "type": "aws_route53_record",
      "name": "ac--Z0787179324II38L62LSP__a0bda903074cbb4c9f3168b25eb1c79a-002E-solv-002E-co-002E-ke_CNAME",
      "provider": "provider[\"registry.terraform.io/hashicorp/aws\"]",
      "instances": [
        {
          "schema_version": 2,
          "attributes": {
            "alias": [],
            "allow_overwrite": null,
            "cidr_routing_policy": [],
            "failover_routing_policy": [],
            "fqdn": null,
            "geolocation_routing_policy": [],
            "health_check_id": null,
            "id": "Z0787179324II38L62LSP__a0bda903074cbb4c9f3168b25eb1c79a.solv.co.ke_CNAME",
            "latency_routing_policy": [],
            "multivalue_answer_routing_policy": null,
            "name": "_a0bda903074cbb4c9f3168b25eb1c79a.solv.co.ke",
            "records": null,
            "set_identifier": null,
            "ttl": null,
            "type": "CNAME",
            "weighted_routing_policy": [],
            "zone_id": "Z0787179324II38L62LSP"
          },
          "sensitive_attributes": [],
          "private": "eyJzY2hlbWFfdmVyc2lvbiI6IjIifQ==",
          "dependencies": [
            "aws_route53_zone.ac--Z0787179324II38L62LSP"
          ]
        }
      ]
    },
    {
      "mode": "managed",
      "type": "aws_route53_record",
      "name": "ac--Z0787179324II38L62LSP__amazonses-002E-solv-002E-co-002E-ke_TXT",
      "provider": "provider[\"registry.terraform.io/hashicorp/aws\"]",
      "instances": [
        {
          "schema_version": 2,
          "attributes": {
            "alias": [],
            "allow_overwrite": null,
            "cidr_routing_policy": [],
            "failover_routing_policy": [],
            "fqdn": null,
            "geolocation_routing_policy": [],
            "health_check_id": null,
            "id": "Z0787179324II38L62LSP__amazonses.solv.co.ke_TXT",
            "latency_routing_policy": [],
            "multivalue_answer_routing_policy": null,
            "name": "_amazonses.solv.co.ke",
            "records": null,
            "set_identifier": null,
            "ttl": null,
            "type": "TXT",
            "weighted_routing_policy": [],
            "zone_id": "Z0787179324II38L62LSP"
          },
          "sensitive_attributes": [],
          "private": "eyJzY2hlbWFfdmVyc2lvbiI6IjIifQ==",
          "dependencies": [
            "aws_route53_zone.ac--Z0787179324II38L62LSP"
          ]
        }
      ]
    },
    {
      "mode": "managed",
      "type": "aws_route53_record",
      "name": "ac--Z0787179324II38L62LSP__dmarc-002E-solv-002E-co-002E-ke_TXT",
      "provider": "provider[\"registry.terraform.io/hashicorp/aws\"]",
      "instances": [
        {
          "schema_version": 2,
          "attributes": {
            "alias": [],
            "allow_overwrite": null,
            "cidr_routing_policy": [],
            "failover_routing_policy": [],
            "fqdn": null,
            "geolocation_routing_policy": [],
            "health_check_id": null,
            "id": "Z0787179324II38L62LSP__dmarc.solv.co.ke_TXT",
            "latency_routing_policy": [],
            "multivalue_answer_routing_policy": null,
            "name": "_dmarc.solv.co.ke",
            "records": null,
            "set_identifier": null,
            "ttl": null,
            "type": "TXT",
            "weighted_routing_policy": [],
            "zone_id": "Z0787179324II38L62LSP"
          },
          "sensitive_attributes": [],
          "private": "eyJzY2hlbWFfdmVyc2lvbiI6IjIifQ==",
          "dependencies": [
            "aws_route53_zone.ac--Z0787179324II38L62LSP"
          ]
        }
      ]
    },
    {
      "mode": "managed",
      "type": "aws_route53_record",
      "name": "ac--Z0787179324II38L62LSP__e957c13a633d7bde312790657cb654cf-002E-solv-002E-co-002E-ke_CNAME",
      "provider": "provider[\"registry.terraform.io/hashicorp/aws\"]",
      "instances": [
        {
          "schema_version": 2,
          "attributes": {
            "alias": [],
            "allow_overwrite": null,
            "cidr_routing_policy": [],
            "failover_routing_policy": [],
            "fqdn": null,
            "geolocation_routing_policy": [],
            "health_check_id": null,
            "id": "Z0787179324II38L62LSP__e957c13a633d7bde312790657cb654cf.solv.co.ke_CNAME",
            "latency_routing_policy": [],
            "multivalue_answer_routing_policy": null,
            "name": "_e957c13a633d7bde312790657cb654cf.solv.co.ke",
            "records": null,
            "set_identifier": null,
            "ttl": null,
            "type": "CNAME",
            "weighted_routing_policy": [],
            "zone_id": "Z0787179324II38L62LSP"
          },
          "sensitive_attributes": [],
          "private": "eyJzY2hlbWFfdmVyc2lvbiI6IjIifQ==",
          "dependencies": [
            "aws_route53_zone.ac--Z0787179324II38L62LSP"
          ]
        }
      ]
    },
    {
      "mode": "managed",
      "type": "aws_route53_record",
      "name": "ac--Z0787179324II38L62LSP_apis-002E-solv-002E-co-002E-ke_CNAME",
      "provider": "provider[\"registry.terraform.io/hashicorp/aws\"]",
      "instances": [
        {
          "schema_version": 2,
          "attributes": {
            "alias": [],
            "allow_overwrite": null,
            "cidr_routing_policy": [],
            "failover_routing_policy": [],
            "fqdn": null,
            "geolocation_routing_policy": [],
            "health_check_id": null,
            "id": "Z0787179324II38L62LSP_apis.solv.co.ke_CNAME",
            "latency_routing_policy": [],
            "multivalue_answer_routing_policy": null,
            "name": "apis.solv.co.ke",
            "records": null,
            "set_identifier": null,
            "ttl": null,
            "type": "CNAME",
            "weighted_routing_policy": [],
            "zone_id": "Z0787179324II38L62LSP"
          },
          "sensitive_attributes": [],
          "private": "eyJzY2hlbWFfdmVyc2lvbiI6IjIifQ==",
          "dependencies": [
            "aws_route53_zone.ac--Z0787179324II38L62LSP"
          ]
        }
      ]
    },
    {
      "mode": "managed",
      "type": "aws_route53_record",
      "name": "ac--Z0787179324II38L62LSP_autodiscover-002E-solv-002E-co-002E-ke_CNAME",
      "provider": "provider[\"registry.terraform.io/hashicorp/aws\"]",
      "instances": [
        {
          "schema_version": 2,
          "attributes": {
            "alias": [],
            "allow_overwrite": null,
            "cidr_routing_policy": [],
            "failover_routing_policy": [],
            "fqdn": null,
            "geolocation_routing_policy": [],
            "health_check_id": null,
            "id": "Z0787179324II38L62LSP_autodiscover.solv.co.ke_CNAME",
            "latency_routing_policy": [],
            "multivalue_answer_routing_policy": null,
            "name": "autodiscover.solv.co.ke",
            "records": null,
            "set_identifier": null,
            "ttl": null,
            "type": "CNAME",
            "weighted_routing_policy": [],
            "zone_id": "Z0787179324II38L62LSP"
          },
          "sensitive_attributes": [],
          "private": "eyJzY2hlbWFfdmVyc2lvbiI6IjIifQ==",
          "dependencies": [
            "aws_route53_zone.ac--Z0787179324II38L62LSP"
          ]
        }
      ]
    },
    {
      "mode": "managed",
      "type": "aws_route53_record",
      "name": "ac--Z0787179324II38L62LSP_craftsilicon-kenya-002E-solv-002E-co-002E-ke_CNAME",
      "provider": "provider[\"registry.terraform.io/hashicorp/aws\"]",
      "instances": [
        {
          "schema_version": 2,
          "attributes": {
            "alias": [],
            "allow_overwrite": null,
            "cidr_routing_policy": [],
            "failover_routing_policy": [],
            "fqdn": null,
            "geolocation_routing_policy": [],
            "health_check_id": null,
            "id": "Z0787179324II38L62LSP_craftsilicon-kenya.solv.co.ke_CNAME",
            "latency_routing_policy": [],
            "multivalue_answer_routing_policy": null,
            "name": "craftsilicon-kenya.solv.co.ke",
            "records": null,
            "set_identifier": null,
            "ttl": null,
            "type": "CNAME",
            "weighted_routing_policy": [],
            "zone_id": "Z0787179324II38L62LSP"
          },
          "sensitive_attributes": [],
          "private": "eyJzY2hlbWFfdmVyc2lvbiI6IjIifQ==",
          "dependencies": [
            "aws_route53_zone.ac--Z0787179324II38L62LSP"
          ]
        }
      ]
    },
    {
      "mode": "managed",
      "type": "aws_route53_record",
      "name": "ac--Z0787179324II38L62LSP_dev-002E-solv-002E-co-002E-ke_NS",
      "provider": "provider[\"registry.terraform.io/hashicorp/aws\"]",
      "instances": [
        {
          "schema_version": 2,
          "attributes": {
            "alias": [],
            "allow_overwrite": null,
            "cidr_routing_policy": [],
            "failover_routing_policy": [],
            "fqdn": null,
            "geolocation_routing_policy": [],
            "health_check_id": null,
            "id": "Z0787179324II38L62LSP_dev.solv.co.ke_NS",
            "latency_routing_policy": [],
            "multivalue_answer_routing_policy": null,
            "name": "dev.solv.co.ke",
            "records": null,
            "set_identifier": null,
            "ttl": null,
            "type": "NS",
            "weighted_routing_policy": [],
            "zone_id": "Z0787179324II38L62LSP"
          },
          "sensitive_attributes": [],
          "private": "eyJzY2hlbWFfdmVyc2lvbiI6IjIifQ==",
          "dependencies": [
            "aws_route53_zone.ac--Z0787179324II38L62LSP"
          ]
        }
      ]
    },
    {
      "mode": "managed",
      "type": "aws_route53_record",
      "name": "ac--Z0787179324II38L62LSP_grafana-prod-kenya-002E-solv-002E-co-002E-ke_CNAME",
      "provider": "provider[\"registry.terraform.io/hashicorp/aws\"]",
      "instances": [
        {
          "schema_version": 2,
          "attributes": {
            "alias": [],
            "allow_overwrite": null,
            "cidr_routing_policy": [],
            "failover_routing_policy": [],
            "fqdn": null,
            "geolocation_routing_policy": [],
            "health_check_id": null,
            "id": "Z0787179324II38L62LSP_grafana-prod-kenya.solv.co.ke_CNAME",
            "latency_routing_policy": [],
            "multivalue_answer_routing_policy": null,
            "name": "grafana-prod-kenya.solv.co.ke",
            "records": null,
            "set_identifier": null,
            "ttl": null,
            "type": "CNAME",
            "weighted_routing_policy": [],
            "zone_id": "Z0787179324II38L62LSP"
          },
          "sensitive_attributes": [],
          "private": "eyJzY2hlbWFfdmVyc2lvbiI6IjIifQ==",
          "dependencies": [
            "aws_route53_zone.ac--Z0787179324II38L62LSP"
          ]
        }
      ]
    },
    {
      "mode": "managed",
      "type": "aws_route53_record",
      "name": "ac--Z0787179324II38L62LSP_kubernetes-dashboard-002E-solv-002E-co-002E-ke_CNAME",
      "provider": "provider[\"registry.terraform.io/hashicorp/aws\"]",
      "instances": [
        {
          "schema_version": 2,
          "attributes": {
            "alias": [],
            "allow_overwrite": null,
            "cidr_routing_policy": [],
            "failover_routing_policy": [],
            "fqdn": null,
            "geolocation_routing_policy": [],
            "health_check_id": null,
            "id": "Z0787179324II38L62LSP_kubernetes-dashboard.solv.co.ke_CNAME",
            "latency_routing_policy": [],
            "multivalue_answer_routing_policy": null,
            "name": "kubernetes-dashboard.solv.co.ke",
            "records": null,
            "set_identifier": null,
            "ttl": null,
            "type": "CNAME",
            "weighted_routing_policy": [],
            "zone_id": "Z0787179324II38L62LSP"
          },
          "sensitive_attributes": [],
          "private": "eyJzY2hlbWFfdmVyc2lvbiI6IjIifQ==",
          "dependencies": [
            "aws_route53_zone.ac--Z0787179324II38L62LSP"
          ]
        }
      ]
    },
    {
      "mode": "managed",
      "type": "aws_route53_record",
      "name": "ac--Z0787179324II38L62LSP_pp-002E-solv-002E-co-002E-ke_NS",
      "provider": "provider[\"registry.terraform.io/hashicorp/aws\"]",
      "instances": [
        {
          "schema_version": 2,
          "attributes": {
            "alias": [],
            "allow_overwrite": null,
            "cidr_routing_policy": [],
            "failover_routing_policy": [],
            "fqdn": null,
            "geolocation_routing_policy": [],
            "health_check_id": null,
            "id": "Z0787179324II38L62LSP_pp.solv.co.ke_NS",
            "latency_routing_policy": [],
            "multivalue_answer_routing_policy": null,
            "name": "pp.solv.co.ke",
            "records": null,
            "set_identifier": null,
            "ttl": null,
            "type": "NS",
            "weighted_routing_policy": [],
            "zone_id": "Z0787179324II38L62LSP"
          },
          "sensitive_attributes": [],
          "private": "eyJzY2hlbWFfdmVyc2lvbiI6IjIifQ==",
          "dependencies": [
            "aws_route53_zone.ac--Z0787179324II38L62LSP"
          ]
        }
      ]
    },
    {
      "mode": "managed",
      "type": "aws_route53_record",
      "name": "ac--Z0787179324II38L62LSP_prod-002E-solv-002E-co-002E-ke_NS",
      "provider": "provider[\"registry.terraform.io/hashicorp/aws\"]",
      "instances": [
        {
          "schema_version": 2,
          "attributes": {
            "alias": [],
            "allow_overwrite": null,
            "cidr_routing_policy": [],
            "failover_routing_policy": [],
            "fqdn": null,
            "geolocation_routing_policy": [],
            "health_check_id": null,
            "id": "Z0787179324II38L62LSP_prod.solv.co.ke_NS",
            "latency_routing_policy": [],
            "multivalue_answer_routing_policy": null,
            "name": "prod.solv.co.ke",
            "records": null,
            "set_identifier": null,
            "ttl": null,
            "type": "NS",
            "weighted_routing_policy": [],
            "zone_id": "Z0787179324II38L62LSP"
          },
          "sensitive_attributes": [],
          "private": "eyJzY2hlbWFfdmVyc2lvbiI6IjIifQ==",
          "dependencies": [
            "aws_route53_zone.ac--Z0787179324II38L62LSP"
          ]
        }
      ]
    },
    {
      "mode": "managed",
      "type": "aws_route53_record",
      "name": "ac--Z0787179324II38L62LSP_prod-grafana-002E-solv-002E-co-002E-ke_CNAME",
      "provider": "provider[\"registry.terraform.io/hashicorp/aws\"]",
      "instances": [
        {
          "schema_version": 2,
          "attributes": {
            "alias": [],
            "allow_overwrite": null,
            "cidr_routing_policy": [],
            "failover_routing_policy": [],
            "fqdn": null,
            "geolocation_routing_policy": [],
            "health_check_id": null,
            "id": "Z0787179324II38L62LSP_prod-grafana.solv.co.ke_CNAME",
            "latency_routing_policy": [],
            "multivalue_answer_routing_policy": null,
            "name": "prod-grafana.solv.co.ke",
            "records": null,
            "set_identifier": null,
            "ttl": null,
            "type": "CNAME",
            "weighted_routing_policy": [],
            "zone_id": "Z0787179324II38L62LSP"
          },
          "sensitive_attributes": [],
          "private": "eyJzY2hlbWFfdmVyc2lvbiI6IjIifQ==",
          "dependencies": [
            "aws_route53_zone.ac--Z0787179324II38L62LSP"
          ]
        }
      ]
    },
    {
      "mode": "managed",
      "type": "aws_route53_record",
      "name": "ac--Z0787179324II38L62LSP_prod-jenkins-002E-solv-002E-co-002E-ke_CNAME",
      "provider": "provider[\"registry.terraform.io/hashicorp/aws\"]",
      "instances": [
        {
          "schema_version": 2,
          "attributes": {
            "alias": [],
            "allow_overwrite": null,
            "cidr_routing_policy": [],
            "failover_routing_policy": [],
            "fqdn": null,
            "geolocation_routing_policy": [],
            "health_check_id": null,
            "id": "Z0787179324II38L62LSP_prod-jenkins.solv.co.ke_CNAME",
            "latency_routing_policy": [],
            "multivalue_answer_routing_policy": null,
            "name": "prod-jenkins.solv.co.ke",
            "records": null,
            "set_identifier": null,
            "ttl": null,
            "type": "CNAME",
            "weighted_routing_policy": [],
            "zone_id": "Z0787179324II38L62LSP"
          },
          "sensitive_attributes": [],
          "private": "eyJzY2hlbWFfdmVyc2lvbiI6IjIifQ==",
          "dependencies": [
            "aws_route53_zone.ac--Z0787179324II38L62LSP"
          ]
        }
      ]
    },
    {
      "mode": "managed",
      "type": "aws_route53_record",
      "name": "ac--Z0787179324II38L62LSP_prod-kafka-002E-solv-002E-co-002E-ke_CNAME",
      "provider": "provider[\"registry.terraform.io/hashicorp/aws\"]",
      "instances": [
        {
          "schema_version": 2,
          "attributes": {
            "alias": [],
            "allow_overwrite": null,
            "cidr_routing_policy": [],
            "failover_routing_policy": [],
            "fqdn": null,
            "geolocation_routing_policy": [],
            "health_check_id": null,
            "id": "Z0787179324II38L62LSP_prod-kafka.solv.co.ke_CNAME",
            "latency_routing_policy": [],
            "multivalue_answer_routing_policy": null,
            "name": "prod-kafka.solv.co.ke",
            "records": null,
            "set_identifier": null,
            "ttl": null,
            "type": "CNAME",
            "weighted_routing_policy": [],
            "zone_id": "Z0787179324II38L62LSP"
          },
          "sensitive_attributes": [],
          "private": "eyJzY2hlbWFfdmVyc2lvbiI6IjIifQ==",
          "dependencies": [
            "aws_route53_zone.ac--Z0787179324II38L62LSP"
          ]
        }
      ]
    },
    {
      "mode": "managed",
      "type": "aws_route53_record",
      "name": "ac--Z0787179324II38L62LSP_prod-ke-scf-reports-002E-solv-002E-co-002E-ke_A",
      "provider": "provider[\"registry.terraform.io/hashicorp/aws\"]",
      "instances": [
        {
          "schema_version": 2,
          "attributes": {
            "alias": [],
            "allow_overwrite": null,
            "cidr_routing_policy": [],
            "failover_routing_policy": [],
            "fqdn": null,
            "geolocation_routing_policy": [],
            "health_check_id": null,
            "id": "Z0787179324II38L62LSP_prod-ke-scf-reports.solv.co.ke_A",
            "latency_routing_policy": [],
            "multivalue_answer_routing_policy": null,
            "name": "prod-ke-scf-reports.solv.co.ke",
            "records": null,
            "set_identifier": null,
            "ttl": null,
            "type": "A",
            "weighted_routing_policy": [],
            "zone_id": "Z0787179324II38L62LSP"
          },
          "sensitive_attributes": [],
          "private": "eyJzY2hlbWFfdmVyc2lvbiI6IjIifQ==",
          "dependencies": [
            "aws_route53_zone.ac--Z0787179324II38L62LSP"
          ]
        }
      ]
    },
    {
      "mode": "managed",
      "type": "aws_route53_record",
      "name": "ac--Z0787179324II38L62LSP_prod-kenya-prometheus-002E-solv-002E-co-002E-ke_CNAME",
      "provider": "provider[\"registry.terraform.io/hashicorp/aws\"]",
      "instances": [
        {
          "schema_version": 2,
          "attributes": {
            "alias": [],
            "allow_overwrite": null,
            "cidr_routing_policy": [],
            "failover_routing_policy": [],
            "fqdn": null,
            "geolocation_routing_policy": [],
            "health_check_id": null,
            "id": "Z0787179324II38L62LSP_prod-kenya-prometheus.solv.co.ke_CNAME",
            "latency_routing_policy": [],
            "multivalue_answer_routing_policy": null,
            "name": "prod-kenya-prometheus.solv.co.ke",
            "records": null,
            "set_identifier": null,
            "ttl": null,
            "type": "CNAME",
            "weighted_routing_policy": [],
            "zone_id": "Z0787179324II38L62LSP"
          },
          "sensitive_attributes": [],
          "private": "eyJzY2hlbWFfdmVyc2lvbiI6IjIifQ==",
          "dependencies": [
            "aws_route53_zone.ac--Z0787179324II38L62LSP"
          ]
        }
      ]
    },
    {
      "mode": "managed",
      "type": "aws_route53_record",
      "name": "ac--Z0787179324II38L62LSP_prod-prometheus-002E-solv-002E-co-002E-ke_CNAME",
      "provider": "provider[\"registry.terraform.io/hashicorp/aws\"]",
      "instances": [
        {
          "schema_version": 2,
          "attributes": {
            "alias": [],
            "allow_overwrite": null,
            "cidr_routing_policy": [],
            "failover_routing_policy": [],
            "fqdn": null,
            "geolocation_routing_policy": [],
            "health_check_id": null,
            "id": "Z0787179324II38L62LSP_prod-prometheus.solv.co.ke_CNAME",
            "latency_routing_policy": [],
            "multivalue_answer_routing_policy": null,
            "name": "prod-prometheus.solv.co.ke",
            "records": null,
            "set_identifier": null,
            "ttl": null,
            "type": "CNAME",
            "weighted_routing_policy": [],
            "zone_id": "Z0787179324II38L62LSP"
          },
          "sensitive_attributes": [],
          "private": "eyJzY2hlbWFfdmVyc2lvbiI6IjIifQ==",
          "dependencies": [
            "aws_route53_zone.ac--Z0787179324II38L62LSP"
          ]
        }
      ]
    },
    {
      "mode": "managed",
      "type": "aws_route53_record",
      "name": "ac--Z0787179324II38L62LSP_prodkenya-api-002E-solv-002E-co-002E-ke_CNAME",
      "provider": "provider[\"registry.terraform.io/hashicorp/aws\"]",
      "instances": [
        {
          "schema_version": 2,
          "attributes": {
            "alias": [],
            "allow_overwrite": null,
            "cidr_routing_policy": [],
            "failover_routing_policy": [],
            "fqdn": null,
            "geolocation_routing_policy": [],
            "health_check_id": null,
            "id": "Z0787179324II38L62LSP_prodkenya-api.solv.co.ke_CNAME",
            "latency_routing_policy": [],
            "multivalue_answer_routing_policy": null,
            "name": "prodkenya-api.solv.co.ke",
            "records": null,
            "set_identifier": null,
            "ttl": null,
            "type": "CNAME",
            "weighted_routing_policy": [],
            "zone_id": "Z0787179324II38L62LSP"
          },
          "sensitive_attributes": [],
          "private": "eyJzY2hlbWFfdmVyc2lvbiI6IjIifQ==",
          "dependencies": [
            "aws_route53_zone.ac--Z0787179324II38L62LSP"
          ]
        }
      ]
    },
    {
      "mode": "managed",
      "type": "aws_route53_record",
      "name": "ac--Z0787179324II38L62LSP_prodkenya-elk-002E-solv-002E-co-002E-ke_CNAME",
      "provider": "provider[\"registry.terraform.io/hashicorp/aws\"]",
      "instances": [
        {
          "schema_version": 2,
          "attributes": {
            "alias": [],
            "allow_overwrite": null,
            "cidr_routing_policy": [],
            "failover_routing_policy": [],
            "fqdn": null,
            "geolocation_routing_policy": [],
            "health_check_id": null,
            "id": "Z0787179324II38L62LSP_prodkenya-elk.solv.co.ke_CNAME",
            "latency_routing_policy": [],
            "multivalue_answer_routing_policy": null,
            "name": "prodkenya-elk.solv.co.ke",
            "records": null,
            "set_identifier": null,
            "ttl": null,
            "type": "CNAME",
            "weighted_routing_policy": [],
            "zone_id": "Z0787179324II38L62LSP"
          },
          "sensitive_attributes": [],
          "private": "eyJzY2hlbWFfdmVyc2lvbiI6IjIifQ==",
          "dependencies": [
            "aws_route53_zone.ac--Z0787179324II38L62LSP"
          ]
        }
      ]
    },
    {
      "mode": "managed",
      "type": "aws_route53_record",
      "name": "ac--Z0787179324II38L62LSP_prodkenyanlb-api-002E-solv-002E-co-002E-ke_A",
      "provider": "provider[\"registry.terraform.io/hashicorp/aws\"]",
      "instances": [
        {
          "schema_version": 2,
          "attributes": {
            "alias": [],
            "allow_overwrite": null,
            "cidr_routing_policy": [],
            "failover_routing_policy": [],
            "fqdn": null,
            "geolocation_routing_policy": [],
            "health_check_id": null,
            "id": "Z0787179324II38L62LSP_prodkenyanlb-api.solv.co.ke_A",
            "latency_routing_policy": [],
            "multivalue_answer_routing_policy": null,
            "name": "prodkenyanlb-api.solv.co.ke",
            "records": null,
            "set_identifier": null,
            "ttl": null,
            "type": "A",
            "weighted_routing_policy": [],
            "zone_id": "Z0787179324II38L62LSP"
          },
          "sensitive_attributes": [],
          "private": "eyJzY2hlbWFfdmVyc2lvbiI6IjIifQ==",
          "dependencies": [
            "aws_route53_zone.ac--Z0787179324II38L62LSP"
          ]
        }
      ]
    },
    {
      "mode": "managed",
      "type": "aws_route53_record",
      "name": "ac--Z0787179324II38L62LSP_qa-002E-solv-002E-co-002E-ke_NS",
      "provider": "provider[\"registry.terraform.io/hashicorp/aws\"]",
      "instances": [
        {
          "schema_version": 2,
          "attributes": {
            "alias": [],
            "allow_overwrite": null,
            "cidr_routing_policy": [],
            "failover_routing_policy": [],
            "fqdn": null,
            "geolocation_routing_policy": [],
            "health_check_id": null,
            "id": "Z0787179324II38L62LSP_qa.solv.co.ke_NS",
            "latency_routing_policy": [],
            "multivalue_answer_routing_policy": null,
            "name": "qa.solv.co.ke",
            "records": null,
            "set_identifier": null,
            "ttl": null,
            "type": "NS",
            "weighted_routing_policy": [],
            "zone_id": "Z0787179324II38L62LSP"
          },
          "sensitive_attributes": [],
          "private": "eyJzY2hlbWFfdmVyc2lvbiI6IjIifQ==",
          "dependencies": [
            "aws_route53_zone.ac--Z0787179324II38L62LSP"
          ]
        }
      ]
    },
    {
      "mode": "managed",
      "type": "aws_route53_record",
      "name": "ac--Z0787179324II38L62LSP_s3pdf-002E-solv-002E-co-002E-ke_CNAME",
      "provider": "provider[\"registry.terraform.io/hashicorp/aws\"]",
      "instances": [
        {
          "schema_version": 2,
          "attributes": {
            "alias": [],
            "allow_overwrite": null,
            "cidr_routing_policy": [],
            "failover_routing_policy": [],
            "fqdn": null,
            "geolocation_routing_policy": [],
            "health_check_id": null,
            "id": "Z0787179324II38L62LSP_s3pdf.solv.co.ke_CNAME",
            "latency_routing_policy": [],
            "multivalue_answer_routing_policy": null,
            "name": "s3pdf.solv.co.ke",
            "records": null,
            "set_identifier": null,
            "ttl": null,
            "type": "CNAME",
            "weighted_routing_policy": [],
            "zone_id": "Z0787179324II38L62LSP"
          },
          "sensitive_attributes": [],
          "private": "eyJzY2hlbWFfdmVyc2lvbiI6IjIifQ==",
          "dependencies": [
            "aws_route53_zone.ac--Z0787179324II38L62LSP"
          ]
        }
      ]
    },
    {
      "mode": "managed",
      "type": "aws_route53_record",
      "name": "ac--Z0787179324II38L62LSP_scf-admin-002E-solv-002E-co-002E-ke_CNAME",
      "provider": "provider[\"registry.terraform.io/hashicorp/aws\"]",
      "instances": [
        {
          "schema_version": 2,
          "attributes": {
            "alias": [],
            "allow_overwrite": null,
            "cidr_routing_policy": [],
            "failover_routing_policy": [],
            "fqdn": null,
            "geolocation_routing_policy": [],
            "health_check_id": null,
            "id": "Z0787179324II38L62LSP_scf-admin.solv.co.ke_CNAME",
            "latency_routing_policy": [],
            "multivalue_answer_routing_policy": null,
            "name": "scf-admin.solv.co.ke",
            "records": null,
            "set_identifier": null,
            "ttl": null,
            "type": "CNAME",
            "weighted_routing_policy": [],
            "zone_id": "Z0787179324II38L62LSP"
          },
          "sensitive_attributes": [],
          "private": "eyJzY2hlbWFfdmVyc2lvbiI6IjIifQ==",
          "dependencies": [
            "aws_route53_zone.ac--Z0787179324II38L62LSP"
          ]
        }
      ]
    },
    {
      "mode": "managed",
      "type": "aws_route53_record",
      "name": "ac--Z0787179324II38L62LSP_scf-anchor-002E-solv-002E-co-002E-ke_CNAME",
      "provider": "provider[\"registry.terraform.io/hashicorp/aws\"]",
      "instances": [
        {
          "schema_version": 2,
          "attributes": {
            "alias": [],
            "allow_overwrite": null,
            "cidr_routing_policy": [],
            "failover_routing_policy": [],
            "fqdn": null,
            "geolocation_routing_policy": [],
            "health_check_id": null,
            "id": "Z0787179324II38L62LSP_scf-anchor.solv.co.ke_CNAME",
            "latency_routing_policy": [],
            "multivalue_answer_routing_policy": null,
            "name": "scf-anchor.solv.co.ke",
            "records": null,
            "set_identifier": null,
            "ttl": null,
            "type": "CNAME",
            "weighted_routing_policy": [],
            "zone_id": "Z0787179324II38L62LSP"
          },
          "sensitive_attributes": [],
          "private": "eyJzY2hlbWFfdmVyc2lvbiI6IjIifQ==",
          "dependencies": [
            "aws_route53_zone.ac--Z0787179324II38L62LSP"
          ]
        }
      ]
    },
    {
      "mode": "managed",
      "type": "aws_route53_record",
      "name": "ac--Z0787179324II38L62LSP_scf-dealer-002E-solv-002E-co-002E-ke_CNAME",
      "provider": "provider[\"registry.terraform.io/hashicorp/aws\"]",
      "instances": [
        {
          "schema_version": 2,
          "attributes": {
            "alias": [],
            "allow_overwrite": null,
            "cidr_routing_policy": [],
            "failover_routing_policy": [],
            "fqdn": null,
            "geolocation_routing_policy": [],
            "health_check_id": null,
            "id": "Z0787179324II38L62LSP_scf-dealer.solv.co.ke_CNAME",
            "latency_routing_policy": [],
            "multivalue_answer_routing_policy": null,
            "name": "scf-dealer.solv.co.ke",
            "records": null,
            "set_identifier": null,
            "ttl": null,
            "type": "CNAME",
            "weighted_routing_policy": [],
            "zone_id": "Z0787179324II38L62LSP"
          },
          "sensitive_attributes": [],
          "private": "eyJzY2hlbWFfdmVyc2lvbiI6IjIifQ==",
          "dependencies": [
            "aws_route53_zone.ac--Z0787179324II38L62LSP"
          ]
        }
      ]
    },
    {
      "mode": "managed",
      "type": "aws_route53_record",
      "name": "ac--Z0787179324II38L62LSP_scf-fi-002E-solv-002E-co-002E-ke_CNAME",
      "provider": "provider[\"registry.terraform.io/hashicorp/aws\"]",
      "instances": [
        {
          "schema_version": 2,
          "attributes": {
            "alias": [],
            "allow_overwrite": null,
            "cidr_routing_policy": [],
            "failover_routing_policy": [],
            "fqdn": null,
            "geolocation_routing_policy": [],
            "health_check_id": null,
            "id": "Z0787179324II38L62LSP_scf-fi.solv.co.ke_CNAME",
            "latency_routing_policy": [],
            "multivalue_answer_routing_policy": null,
            "name": "scf-fi.solv.co.ke",
            "records": null,
            "set_identifier": null,
            "ttl": null,
            "type": "CNAME",
            "weighted_routing_policy": [],
            "zone_id": "Z0787179324II38L62LSP"
          },
          "sensitive_attributes": [],
          "private": "eyJzY2hlbWFfdmVyc2lvbiI6IjIifQ==",
          "dependencies": [
            "aws_route53_zone.ac--Z0787179324II38L62LSP"
          ]
        }
      ]
    },
    {
      "mode": "managed",
      "type": "aws_route53_record",
      "name": "ac--Z0787179324II38L62LSP_scf-master-anchor-002E-solv-002E-co-002E-ke_CNAME",
      "provider": "provider[\"registry.terraform.io/hashicorp/aws\"]",
      "instances": [
        {
          "schema_version": 2,
          "attributes": {
            "alias": [],
            "allow_overwrite": null,
            "cidr_routing_policy": [],
            "failover_routing_policy": [],
            "fqdn": null,
            "geolocation_routing_policy": [],
            "health_check_id": null,
            "id": "Z0787179324II38L62LSP_scf-master-anchor.solv.co.ke_CNAME",
            "latency_routing_policy": [],
            "multivalue_answer_routing_policy": null,
            "name": "scf-master-anchor.solv.co.ke",
            "records": null,
            "set_identifier": null,
            "ttl": null,
            "type": "CNAME",
            "weighted_routing_policy": [],
            "zone_id": "Z0787179324II38L62LSP"
          },
          "sensitive_attributes": [],
          "private": "eyJzY2hlbWFfdmVyc2lvbiI6IjIifQ==",
          "dependencies": [
            "aws_route53_zone.ac--Z0787179324II38L62LSP"
          ]
        }
      ]
    },
    {
      "mode": "managed",
      "type": "aws_route53_record",
      "name": "ac--Z0787179324II38L62LSP_scf-master-anchor-test-002E-solv-002E-co-002E-ke_CNAME",
      "provider": "provider[\"registry.terraform.io/hashicorp/aws\"]",
      "instances": [
        {
          "schema_version": 2,
          "attributes": {
            "alias": [],
            "allow_overwrite": null,
            "cidr_routing_policy": [],
            "failover_routing_policy": [],
            "fqdn": null,
            "geolocation_routing_policy": [],
            "health_check_id": null,
            "id": "Z0787179324II38L62LSP_scf-master-anchor-test.solv.co.ke_CNAME",
            "latency_routing_policy": [],
            "multivalue_answer_routing_policy": null,
            "name": "scf-master-anchor-test.solv.co.ke",
            "records": null,
            "set_identifier": null,
            "ttl": null,
            "type": "CNAME",
            "weighted_routing_policy": [],
            "zone_id": "Z0787179324II38L62LSP"
          },
          "sensitive_attributes": [],
          "private": "eyJzY2hlbWFfdmVyc2lvbiI6IjIifQ==",
          "dependencies": [
            "aws_route53_zone.ac--Z0787179324II38L62LSP"
          ]
        }
      ]
    },
    {
      "mode": "managed",
      "type": "aws_route53_record",
      "name": "ac--Z0787179324II38L62LSP_scf-onboard-002E-solv-002E-co-002E-ke_CNAME",
      "provider": "provider[\"registry.terraform.io/hashicorp/aws\"]",
      "instances": [
        {
          "schema_version": 2,
          "attributes": {
            "alias": [],
            "allow_overwrite": null,
            "cidr_routing_policy": [],
            "failover_routing_policy": [],
            "fqdn": null,
            "geolocation_routing_policy": [],
            "health_check_id": null,
            "id": "Z0787179324II38L62LSP_scf-onboard.solv.co.ke_CNAME",
            "latency_routing_policy": [],
            "multivalue_answer_routing_policy": null,
            "name": "scf-onboard.solv.co.ke",
            "records": null,
            "set_identifier": null,
            "ttl": null,
            "type": "CNAME",
            "weighted_routing_policy": [],
            "zone_id": "Z0787179324II38L62LSP"
          },
          "sensitive_attributes": [],
          "private": "eyJzY2hlbWFfdmVyc2lvbiI6IjIifQ==",
          "dependencies": [
            "aws_route53_zone.ac--Z0787179324II38L62LSP"
          ]
        }
      ]
    },
    {
      "mode": "managed",
      "type": "aws_route53_record",
      "name": "ac--Z0787179324II38L62LSP_scfinvoice-002E-solv-002E-co-002E-ke_CNAME",
      "provider": "provider[\"registry.terraform.io/hashicorp/aws\"]",
      "instances": [
        {
          "schema_version": 2,
          "attributes": {
            "alias": [],
            "allow_overwrite": null,
            "cidr_routing_policy": [],
            "failover_routing_policy": [],
            "fqdn": null,
            "geolocation_routing_policy": [],
            "health_check_id": null,
            "id": "Z0787179324II38L62LSP_scfinvoice.solv.co.ke_CNAME",
            "latency_routing_policy": [],
            "multivalue_answer_routing_policy": null,
            "name": "scfinvoice.solv.co.ke",
            "records": null,
            "set_identifier": null,
            "ttl": null,
            "type": "CNAME",
            "weighted_routing_policy": [],
            "zone_id": "Z0787179324II38L62LSP"
          },
          "sensitive_attributes": [],
          "private": "eyJzY2hlbWFfdmVyc2lvbiI6IjIifQ==",
          "dependencies": [
            "aws_route53_zone.ac--Z0787179324II38L62LSP"
          ]
        }
      ]
    },
    {
      "mode": "managed",
      "type": "aws_route53_record",
      "name": "ac--Z0787179324II38L62LSP_scfonboard-002E-solv-002E-co-002E-ke_A",
      "provider": "provider[\"registry.terraform.io/hashicorp/aws\"]",
      "instances": [
        {
          "schema_version": 2,
          "attributes": {
            "alias": [],
            "allow_overwrite": null,
            "cidr_routing_policy": [],
            "failover_routing_policy": [],
            "fqdn": null,
            "geolocation_routing_policy": [],
            "health_check_id": null,
            "id": "Z0787179324II38L62LSP_scfonboard.solv.co.ke_A",
            "latency_routing_policy": [],
            "multivalue_answer_routing_policy": null,
            "name": "scfonboard.solv.co.ke",
            "records": null,
            "set_identifier": null,
            "ttl": null,
            "type": "A",
            "weighted_routing_policy": [],
            "zone_id": "Z0787179324II38L62LSP"
          },
          "sensitive_attributes": [],
          "private": "eyJzY2hlbWFfdmVyc2lvbiI6IjIifQ==",
          "dependencies": [
            "aws_route53_zone.ac--Z0787179324II38L62LSP"
          ]
        }
      ]
    },
    {
      "mode": "managed",
      "type": "aws_route53_record",
      "name": "ac--Z0787179324II38L62LSP_selector1-002E-_domainkey-002E-solv-002E-co-002E-ke_CNAME",
      "provider": "provider[\"registry.terraform.io/hashicorp/aws\"]",
      "instances": [
        {
          "schema_version": 2,
          "attributes": {
            "alias": [],
            "allow_overwrite": null,
            "cidr_routing_policy": [],
            "failover_routing_policy": [],
            "fqdn": null,
            "geolocation_routing_policy": [],
            "health_check_id": null,
            "id": "Z0787179324II38L62LSP_selector1._domainkey.solv.co.ke_CNAME",
            "latency_routing_policy": [],
            "multivalue_answer_routing_policy": null,
            "name": "selector1._domainkey.solv.co.ke",
            "records": null,
            "set_identifier": null,
            "ttl": null,
            "type": "CNAME",
            "weighted_routing_policy": [],
            "zone_id": "Z0787179324II38L62LSP"
          },
          "sensitive_attributes": [],
          "private": "eyJzY2hlbWFfdmVyc2lvbiI6IjIifQ==",
          "dependencies": [
            "aws_route53_zone.ac--Z0787179324II38L62LSP"
          ]
        }
      ]
    },
    {
      "mode": "managed",
      "type": "aws_route53_record",
      "name": "ac--Z0787179324II38L62LSP_selector2-002E-_domainkey-002E-solv-002E-co-002E-ke_CNAME",
      "provider": "provider[\"registry.terraform.io/hashicorp/aws\"]",
      "instances": [
        {
          "schema_version": 2,
          "attributes": {
            "alias": [],
            "allow_overwrite": null,
            "cidr_routing_policy": [],
            "failover_routing_policy": [],
            "fqdn": null,
            "geolocation_routing_policy": [],
            "health_check_id": null,
            "id": "Z0787179324II38L62LSP_selector2._domainkey.solv.co.ke_CNAME",
            "latency_routing_policy": [],
            "multivalue_answer_routing_policy": null,
            "name": "selector2._domainkey.solv.co.ke",
            "records": null,
            "set_identifier": null,
            "ttl": null,
            "type": "CNAME",
            "weighted_routing_policy": [],
            "zone_id": "Z0787179324II38L62LSP"
          },
          "sensitive_attributes": [],
          "private": "eyJzY2hlbWFfdmVyc2lvbiI6IjIifQ==",
          "dependencies": [
            "aws_route53_zone.ac--Z0787179324II38L62LSP"
          ]
        }
      ]
    },
    {
      "mode": "managed",
      "type": "aws_route53_record",
      "name": "ac--Z0787179324II38L62LSP_sentrykenyaprod-002E-solv-002E-co-002E-ke_CNAME",
      "provider": "provider[\"registry.terraform.io/hashicorp/aws\"]",
      "instances": [
        {
          "schema_version": 2,
          "attributes": {
            "alias": [],
            "allow_overwrite": null,
            "cidr_routing_policy": [],
            "failover_routing_policy": [],
            "fqdn": null,
            "geolocation_routing_policy": [],
            "health_check_id": null,
            "id": "Z0787179324II38L62LSP_sentrykenyaprod.solv.co.ke_CNAME",
            "latency_routing_policy": [],
            "multivalue_answer_routing_policy": null,
            "name": "sentrykenyaprod.solv.co.ke",
            "records": null,
            "set_identifier": null,
            "ttl": null,
            "type": "CNAME",
            "weighted_routing_policy": [],
            "zone_id": "Z0787179324II38L62LSP"
          },
          "sensitive_attributes": [],
          "private": "eyJzY2hlbWFfdmVyc2lvbiI6IjIifQ==",
          "dependencies": [
            "aws_route53_zone.ac--Z0787179324II38L62LSP"
          ]
        }
      ]
    },
    {
      "mode": "managed",
      "type": "aws_route53_record",
      "name": "ac--Z0787179324II38L62LSP_solv-002E-co-002E-ke_A",
      "provider": "provider[\"registry.terraform.io/hashicorp/aws\"]",
      "instances": [
        {
          "schema_version": 2,
          "attributes": {
            "alias": [],
            "allow_overwrite": null,
            "cidr_routing_policy": [],
            "failover_routing_policy": [],
            "fqdn": null,
            "geolocation_routing_policy": [],
            "health_check_id": null,
            "id": "Z0787179324II38L62LSP_solv.co.ke_A",
            "latency_routing_policy": [],
            "multivalue_answer_routing_policy": null,
            "name": "solv.co.ke",
            "records": null,
            "set_identifier": null,
            "ttl": null,
            "type": "A",
            "weighted_routing_policy": [],
            "zone_id": "Z0787179324II38L62LSP"
          },
          "sensitive_attributes": [],
          "private": "eyJzY2hlbWFfdmVyc2lvbiI6IjIifQ==",
          "dependencies": [
            "aws_route53_zone.ac--Z0787179324II38L62LSP"
          ]
        }
      ]
    },
    {
      "mode": "managed",
      "type": "aws_route53_record",
      "name": "ac--Z0787179324II38L62LSP_solv-002E-co-002E-ke_MX",
      "provider": "provider[\"registry.terraform.io/hashicorp/aws\"]",
      "instances": [
        {
          "schema_version": 2,
          "attributes": {
            "alias": [],
            "allow_overwrite": null,
            "cidr_routing_policy": [],
            "failover_routing_policy": [],
            "fqdn": null,
            "geolocation_routing_policy": [],
            "health_check_id": null,
            "id": "Z0787179324II38L62LSP_solv.co.ke_MX",
            "latency_routing_policy": [],
            "multivalue_answer_routing_policy": null,
            "name": "solv.co.ke",
            "records": null,
            "set_identifier": null,
            "ttl": null,
            "type": "MX",
            "weighted_routing_policy": [],
            "zone_id": "Z0787179324II38L62LSP"
          },
          "sensitive_attributes": [],
          "private": "eyJzY2hlbWFfdmVyc2lvbiI6IjIifQ==",
          "dependencies": [
            "aws_route53_zone.ac--Z0787179324II38L62LSP"
          ]
        }
      ]
    },
    {
      "mode": "managed",
      "type": "aws_route53_record",
      "name": "ac--Z0787179324II38L62LSP_solv-002E-co-002E-ke_NS",
      "provider": "provider[\"registry.terraform.io/hashicorp/aws\"]",
      "instances": [
        {
          "schema_version": 2,
          "attributes": {
            "alias": [],
            "allow_overwrite": null,
            "cidr_routing_policy": [],
            "failover_routing_policy": [],
            "fqdn": null,
            "geolocation_routing_policy": [],
            "health_check_id": null,
            "id": "Z0787179324II38L62LSP_solv.co.ke_NS",
            "latency_routing_policy": [],
            "multivalue_answer_routing_policy": null,
            "name": "solv.co.ke",
            "records": null,
            "set_identifier": null,
            "ttl": null,
            "type": "NS",
            "weighted_routing_policy": [],
            "zone_id": "Z0787179324II38L62LSP"
          },
          "sensitive_attributes": [],
          "private": "eyJzY2hlbWFfdmVyc2lvbiI6IjIifQ==",
          "dependencies": [
            "aws_route53_zone.ac--Z0787179324II38L62LSP"
          ]
        }
      ]
    },
    {
      "mode": "managed",
      "type": "aws_route53_record",
      "name": "ac--Z0787179324II38L62LSP_solv-002E-co-002E-ke_SOA",
      "provider": "provider[\"registry.terraform.io/hashicorp/aws\"]",
      "instances": [
        {
          "schema_version": 2,
          "attributes": {
            "alias": [],
            "allow_overwrite": null,
            "cidr_routing_policy": [],
            "failover_routing_policy": [],
            "fqdn": null,
            "geolocation_routing_policy": [],
            "health_check_id": null,
            "id": "Z0787179324II38L62LSP_solv.co.ke_SOA",
            "latency_routing_policy": [],
            "multivalue_answer_routing_policy": null,
            "name": "solv.co.ke",
            "records": null,
            "set_identifier": null,
            "ttl": null,
            "type": "SOA",
            "weighted_routing_policy": [],
            "zone_id": "Z0787179324II38L62LSP"
          },
          "sensitive_attributes": [],
          "private": "eyJzY2hlbWFfdmVyc2lvbiI6IjIifQ==",
          "dependencies": [
            "aws_route53_zone.ac--Z0787179324II38L62LSP"
          ]
        }
      ]
    },
    {
      "mode": "managed",
      "type": "aws_route53_record",
      "name": "ac--Z0787179324II38L62LSP_solv-002E-co-002E-ke_TXT",
      "provider": "provider[\"registry.terraform.io/hashicorp/aws\"]",
      "instances": [
        {
          "schema_version": 2,
          "attributes": {
            "alias": [],
            "allow_overwrite": null,
            "cidr_routing_policy": [],
            "failover_routing_policy": [],
            "fqdn": null,
            "geolocation_routing_policy": [],
            "health_check_id": null,
            "id": "Z0787179324II38L62LSP_solv.co.ke_TXT",
            "latency_routing_policy": [],
            "multivalue_answer_routing_policy": null,
            "name": "solv.co.ke",
            "records": null,
            "set_identifier": null,
            "ttl": null,
            "type": "TXT",
            "weighted_routing_policy": [],
            "zone_id": "Z0787179324II38L62LSP"
          },
          "sensitive_attributes": [],
          "private": "eyJzY2hlbWFfdmVyc2lvbiI6IjIifQ==",
          "dependencies": [
            "aws_route53_zone.ac--Z0787179324II38L62LSP"
          ]
        }
      ]
    },
    {
      "mode": "managed",
      "type": "aws_route53_record",
      "name": "ac--Z0787179324II38L62LSP_sonarqube-002E-solv-002E-co-002E-ke_CNAME",
      "provider": "provider[\"registry.terraform.io/hashicorp/aws\"]",
      "instances": [
        {
          "schema_version": 2,
          "attributes": {
            "alias": [],
            "allow_overwrite": null,
            "cidr_routing_policy": [],
            "failover_routing_policy": [],
            "fqdn": null,
            "geolocation_routing_policy": [],
            "health_check_id": null,
            "id": "Z0787179324II38L62LSP_sonarqube.solv.co.ke_CNAME",
            "latency_routing_policy": [],
            "multivalue_answer_routing_policy": null,
            "name": "sonarqube.solv.co.ke",
            "records": null,
            "set_identifier": null,
            "ttl": null,
            "type": "CNAME",
            "weighted_routing_policy": [],
            "zone_id": "Z0787179324II38L62LSP"
          },
          "sensitive_attributes": [],
          "private": "eyJzY2hlbWFfdmVyc2lvbiI6IjIifQ==",
          "dependencies": [
            "aws_route53_zone.ac--Z0787179324II38L62LSP"
          ]
        }
      ]
    },
    {
      "mode": "managed",
      "type": "aws_route53_record",
      "name": "ac--Z0787179324II38L62LSP_wgrubrrv6wbydjoeveyxjla4e37nqjdv-002E-_domainkey-002E-solv-002E-co-002E-ke_CNAME",
      "provider": "provider[\"registry.terraform.io/hashicorp/aws\"]",
      "instances": [
        {
          "schema_version": 2,
          "attributes": {
            "alias": [],
            "allow_overwrite": null,
            "cidr_routing_policy": [],
            "failover_routing_policy": [],
            "fqdn": null,
            "geolocation_routing_policy": [],
            "health_check_id": null,
            "id": "Z0787179324II38L62LSP_wgrubrrv6wbydjoeveyxjla4e37nqjdv._domainkey.solv.co.ke_CNAME",
            "latency_routing_policy": [],
            "multivalue_answer_routing_policy": null,
            "name": "wgrubrrv6wbydjoeveyxjla4e37nqjdv._domainkey.solv.co.ke",
            "records": null,
            "set_identifier": null,
            "ttl": null,
            "type": "CNAME",
            "weighted_routing_policy": [],
            "zone_id": "Z0787179324II38L62LSP"
          },
          "sensitive_attributes": [],
          "private": "eyJzY2hlbWFfdmVyc2lvbiI6IjIifQ==",
          "dependencies": [
            "aws_route53_zone.ac--Z0787179324II38L62LSP"
          ]
        }
      ]
    },
    {
      "mode": "managed",
      "type": "aws_route53_record",
      "name": "ac--Z0787179324II38L62LSP_yhis2nzn2uvfqxaslxdh4a5e5rxhgwz7-002E-_domainkey-002E-solv-002E-co-002E-ke_CNAME",
      "provider": "provider[\"registry.terraform.io/hashicorp/aws\"]",
      "instances": [
        {
          "schema_version": 2,
          "attributes": {
            "alias": [],
            "allow_overwrite": null,
            "cidr_routing_policy": [],
            "failover_routing_policy": [],
            "fqdn": null,
            "geolocation_routing_policy": [],
            "health_check_id": null,
            "id": "Z0787179324II38L62LSP_yhis2nzn2uvfqxaslxdh4a5e5rxhgwz7._domainkey.solv.co.ke_CNAME",
            "latency_routing_policy": [],
            "multivalue_answer_routing_policy": null,
            "name": "yhis2nzn2uvfqxaslxdh4a5e5rxhgwz7._domainkey.solv.co.ke",
            "records": null,
            "set_identifier": null,
            "ttl": null,
            "type": "CNAME",
            "weighted_routing_policy": [],
            "zone_id": "Z0787179324II38L62LSP"
          },
          "sensitive_attributes": [],
          "private": "eyJzY2hlbWFfdmVyc2lvbiI6IjIifQ==",
          "dependencies": [
            "aws_route53_zone.ac--Z0787179324II38L62LSP"
          ]
        }
      ]
    },
    {
      "mode": "managed",
      "type": "aws_route53_record",
      "name": "ac--Z0787179324II38L62LSP_zb70471051-002E-solv-002E-co-002E-ke_CNAME",
      "provider": "provider[\"registry.terraform.io/hashicorp/aws\"]",
      "instances": [
        {
          "schema_version": 2,
          "attributes": {
            "alias": [],
            "allow_overwrite": null,
            "cidr_routing_policy": [],
            "failover_routing_policy": [],
            "fqdn": null,
            "geolocation_routing_policy": [],
            "health_check_id": null,
            "id": "Z0787179324II38L62LSP_zb70471051.solv.co.ke_CNAME",
            "latency_routing_policy": [],
            "multivalue_answer_routing_policy": null,
            "name": "zb70471051.solv.co.ke",
            "records": null,
            "set_identifier": null,
            "ttl": null,
            "type": "CNAME",
            "weighted_routing_policy": [],
            "zone_id": "Z0787179324II38L62LSP"
          },
          "sensitive_attributes": [],
          "private": "eyJzY2hlbWFfdmVyc2lvbiI6IjIifQ==",
          "dependencies": [
            "aws_route53_zone.ac--Z0787179324II38L62LSP"
          ]
        }
      ]
    },
    {
      "mode": "managed",
      "type": "aws_route53_zone",
      "name": "ac--Z06644081D5AL1S4JCAB",
      "provider": "provider[\"registry.terraform.io/hashicorp/aws\"]",
      "instances": [
        {
          "schema_version": 0,
          "attributes": {
            "arn": "arn:aws:route53:::hostedzone/Z06644081D5AL1S4JCAB",
            "comment": "",
            "delegation_set_id": "",
            "force_destroy": null,
            "id": "Z06644081D5AL1S4JCAB",
            "name": "prod.solv.co.ke",
            "name_servers": [
              "ns-1143.awsdns-14.org",
              "ns-1772.awsdns-29.co.uk",
              "ns-219.awsdns-27.com",
              "ns-965.awsdns-56.net"
            ],
            "primary_name_server": "ns-219.awsdns-27.com",
            "tags": {},
            "tags_all": {},
            "vpc": [],
            "zone_id": "Z06644081D5AL1S4JCAB"
          },
          "sensitive_attributes": []
        }
      ]
    },
    {
      "mode": "managed",
      "type": "aws_route53_zone",
      "name": "ac--Z0787179324II38L62LSP",
      "provider": "provider[\"registry.terraform.io/hashicorp/aws\"]",
      "instances": [
        {
          "schema_version": 0,
          "attributes": {
            "arn": "arn:aws:route53:::hostedzone/Z0787179324II38L62LSP",
            "comment": "",
            "delegation_set_id": "",
            "force_destroy": null,
            "id": "Z0787179324II38L62LSP",
            "name": "solv.co.ke",
            "name_servers": [
              "ns-1277.awsdns-31.org",
              "ns-1804.awsdns-33.co.uk",
              "ns-283.awsdns-35.com",
              "ns-797.awsdns-35.net"
            ],
            "primary_name_server": "ns-1277.awsdns-31.org",
            "tags": {},
            "tags_all": {},
            "vpc": [],
            "zone_id": "Z0787179324II38L62LSP"
          },
          "sensitive_attributes": []
        }
      ]
    },
    {
      "mode": "managed",
      "type": "aws_route_table",
      "name": "ac--rtb-01416f1f7a9caceb5",
      "provider": "provider[\"registry.terraform.io/hashicorp/aws\"]",
      "instances": [
        {
          "schema_version": 0,
          "attributes": {
            "arn": "arn:aws:ec2:eu-west-2:766176144542:route-table/rtb-01416f1f7a9caceb5",
            "id": "rtb-01416f1f7a9caceb5",
            "owner_id": "766176144542",
            "propagating_vgws": [],
            "route": [
              {
                "carrier_gateway_id": "",
                "cidr_block": "0.0.0.0/0",
                "core_network_arn": "",
                "destination_prefix_list_id": "",
                "egress_only_gateway_id": "",
                "gateway_id": "",
                "instance_id": "",
                "ipv6_cidr_block": "",
                "local_gateway_id": "",
                "nat_gateway_id": "",
                "network_interface_id": "",
                "transit_gateway_id": "tgw-07b3bfe1973f16f78",
                "vpc_endpoint_id": "",
                "vpc_peering_connection_id": ""
              },
              {
                "carrier_gateway_id": "",
                "cidr_block": "10.50.0.0/24",
                "core_network_arn": "",
                "destination_prefix_list_id": "",
                "egress_only_gateway_id": "",
                "gateway_id": "",
                "instance_id": "",
                "ipv6_cidr_block": "",
                "local_gateway_id": "",
                "nat_gateway_id": "",
                "network_interface_id": "",
                "transit_gateway_id": "",
                "vpc_endpoint_id": "",
                "vpc_peering_connection_id": "pcx-0417dc5b278b94d11"
              }
            ],
            "tags": {
              "Name": "main-rtb-private1-eu-west-2a"
            },
            "tags_all": {
              "Name": "main-rtb-private1-eu-west-2a"
            },
            "timeouts": null,
            "vpc_id": "vpc-0a776fe934cdc9011"
          },
          "sensitive_attributes": []
        }
      ]
    },
    {
      "mode": "managed",
      "type": "aws_route_table",
      "name": "ac--rtb-01910b765f126a1ff",
      "provider": "provider[\"registry.terraform.io/hashicorp/aws\"]",
      "instances": [
        {
          "schema_version": 0,
          "attributes": {
            "arn": "arn:aws:ec2:eu-west-2:766176144542:route-table/rtb-01910b765f126a1ff",
            "id": "rtb-01910b765f126a1ff",
            "owner_id": "766176144542",
            "propagating_vgws": [],
            "route": [
              {
                "carrier_gateway_id": "",
                "cidr_block": "0.0.0.0/0",
                "core_network_arn": "",
                "destination_prefix_list_id": "",
                "egress_only_gateway_id": "",
                "gateway_id": "",
                "instance_id": "",
                "ipv6_cidr_block": "",
                "local_gateway_id": "",
                "nat_gateway_id": "",
                "network_interface_id": "",
                "transit_gateway_id": "tgw-07b3bfe1973f16f78",
                "vpc_endpoint_id": "",
                "vpc_peering_connection_id": ""
              }
            ],
            "tags": {
              "Name": "main-rtb-private2-eu-west-2b"
            },
            "tags_all": {
              "Name": "main-rtb-private2-eu-west-2b"
            },
            "timeouts": null,
            "vpc_id": "vpc-0a776fe934cdc9011"
          },
          "sensitive_attributes": []
        }
      ]
    },
    {
      "mode": "managed",
      "type": "aws_route_table",
      "name": "ac--rtb-020007a0a77fdcf03",
      "provider": "provider[\"registry.terraform.io/hashicorp/aws\"]",
      "instances": [
        {
          "schema_version": 0,
          "attributes": {
            "arn": "arn:aws:ec2:eu-west-2:766176144542:route-table/rtb-020007a0a77fdcf03",
            "id": "rtb-020007a0a77fdcf03",
            "owner_id": "766176144542",
            "propagating_vgws": [],
            "route": [],
            "tags": {},
            "tags_all": {},
            "timeouts": null,
            "vpc_id": "vpc-0a776fe934cdc9011"
          },
          "sensitive_attributes": []
        }
      ]
    },
    {
      "mode": "managed",
      "type": "aws_route_table",
      "name": "ac--rtb-042e21eddd434b20b",
      "provider": "provider[\"registry.terraform.io/hashicorp/aws\"]",
      "instances": [
        {
          "schema_version": 0,
          "attributes": {
            "arn": "arn:aws:ec2:eu-west-2:766176144542:route-table/rtb-042e21eddd434b20b",
            "id": "rtb-042e21eddd434b20b",
            "owner_id": "766176144542",
            "propagating_vgws": [],
            "route": [
              {
                "carrier_gateway_id": "",
                "cidr_block": "0.0.0.0/0",
                "core_network_arn": "",
                "destination_prefix_list_id": "",
                "egress_only_gateway_id": "",
                "gateway_id": "",
                "instance_id": "",
                "ipv6_cidr_block": "",
                "local_gateway_id": "",
                "nat_gateway_id": "",
                "network_interface_id": "",
                "transit_gateway_id": "tgw-07b3bfe1973f16f78",
                "vpc_endpoint_id": "",
                "vpc_peering_connection_id": ""
              },
              {
                "carrier_gateway_id": "",
                "cidr_block": "10.40.0.0/16",
                "core_network_arn": "",
                "destination_prefix_list_id": "",
                "egress_only_gateway_id": "",
                "gateway_id": "",
                "instance_id": "",
                "ipv6_cidr_block": "",
                "local_gateway_id": "",
                "nat_gateway_id": "",
                "network_interface_id": "",
                "transit_gateway_id": "",
                "vpc_endpoint_id": "",
                "vpc_peering_connection_id": "pcx-0417dc5b278b94d11"
              }
            ],
            "tags": {
              "Name": "aujus-rtb-private1-eu-west-2a"
            },
            "tags_all": {
              "Name": "aujus-rtb-private1-eu-west-2a"
            },
            "timeouts": null,
            "vpc_id": "vpc-0fedac722f1953c41"
          },
          "sensitive_attributes": []
        }
      ]
    },
    {
      "mode": "managed",
      "type": "aws_route_table",
      "name": "ac--rtb-0448668edd3b158c3",
      "provider": "provider[\"registry.terraform.io/hashicorp/aws\"]",
      "instances": [
        {
          "schema_version": 0,
          "attributes": {
            "arn": "arn:aws:ec2:eu-west-2:766176144542:route-table/rtb-0448668edd3b158c3",
            "id": "rtb-0448668edd3b158c3",
            "owner_id": "766176144542",
            "propagating_vgws": [],
            "route": [
              {
                "carrier_gateway_id": "",
                "cidr_block": "0.0.0.0/0",
                "core_network_arn": "",
                "destination_prefix_list_id": "",
                "egress_only_gateway_id": "",
                "gateway_id": "",
                "instance_id": "",
                "ipv6_cidr_block": "",
                "local_gateway_id": "",
                "nat_gateway_id": "",
                "network_interface_id": "",
                "transit_gateway_id": "tgw-07b3bfe1973f16f78",
                "vpc_endpoint_id": "",
                "vpc_peering_connection_id": ""
              }
            ],
            "tags": {
              "Name": "main-rtb-private3-eu-west-2a"
            },
            "tags_all": {
              "Name": "main-rtb-private3-eu-west-2a"
            },
            "timeouts": null,
            "vpc_id": "vpc-0a776fe934cdc9011"
          },
          "sensitive_attributes": []
        }
      ]
    },
    {
      "mode": "managed",
      "type": "aws_route_table",
      "name": "ac--rtb-052a89214540f690f",
      "provider": "provider[\"registry.terraform.io/hashicorp/aws\"]",
      "instances": [
        {
          "schema_version": 0,
          "attributes": {
            "arn": "arn:aws:ec2:eu-west-2:766176144542:route-table/rtb-052a89214540f690f",
            "id": "rtb-052a89214540f690f",
            "owner_id": "766176144542",
            "propagating_vgws": [],
            "route": [],
            "tags": {},
            "tags_all": {},
            "timeouts": null,
            "vpc_id": "vpc-0fedac722f1953c41"
          },
          "sensitive_attributes": []
        }
      ]
    },
    {
      "mode": "managed",
      "type": "aws_route_table",
      "name": "ac--rtb-06be72788a38dd650",
      "provider": "provider[\"registry.terraform.io/hashicorp/aws\"]",
      "instances": [
        {
          "schema_version": 0,
          "attributes": {
            "arn": "arn:aws:ec2:eu-west-2:766176144542:route-table/rtb-06be72788a38dd650",
            "id": "rtb-06be72788a38dd650",
            "owner_id": "766176144542",
            "propagating_vgws": [],
            "route": [
              {
                "carrier_gateway_id": "",
                "cidr_block": "0.0.0.0/0",
                "core_network_arn": "",
                "destination_prefix_list_id": "",
                "egress_only_gateway_id": "",
                "gateway_id": "igw-075e0a6cb1704492b",
                "instance_id": "",
                "ipv6_cidr_block": "",
                "local_gateway_id": "",
                "nat_gateway_id": "",
                "network_interface_id": "",
                "transit_gateway_id": "",
                "vpc_endpoint_id": "",
                "vpc_peering_connection_id": ""
              }
            ],
            "tags": {
              "Name": "aujus-rtb-public"
            },
            "tags_all": {
              "Name": "aujus-rtb-public"
            },
            "timeouts": null,
            "vpc_id": "vpc-0fedac722f1953c41"
          },
          "sensitive_attributes": []
        }
      ]
    },
    {
      "mode": "managed",
      "type": "aws_route_table",
      "name": "ac--rtb-09eef75731b2c2e73",
      "provider": "provider[\"registry.terraform.io/hashicorp/aws\"]",
      "instances": [
        {
          "schema_version": 0,
          "attributes": {
            "arn": "arn:aws:ec2:eu-west-2:766176144542:route-table/rtb-09eef75731b2c2e73",
            "id": "rtb-09eef75731b2c2e73",
            "owner_id": "766176144542",
            "propagating_vgws": [],
            "route": [
              {
                "carrier_gateway_id": "",
                "cidr_block": "0.0.0.0/0",
                "core_network_arn": "",
                "destination_prefix_list_id": "",
                "egress_only_gateway_id": "",
                "gateway_id": "",
                "instance_id": "",
                "ipv6_cidr_block": "",
                "local_gateway_id": "",
                "nat_gateway_id": "",
                "network_interface_id": "",
                "transit_gateway_id": "tgw-07b3bfe1973f16f78",
                "vpc_endpoint_id": "",
                "vpc_peering_connection_id": ""
              }
            ],
            "tags": {
              "Name": "main-rtb-private4-eu-west-2b"
            },
            "tags_all": {
              "Name": "main-rtb-private4-eu-west-2b"
            },
            "timeouts": null,
            "vpc_id": "vpc-0a776fe934cdc9011"
          },
          "sensitive_attributes": []
        }
      ]
    },
    {
      "mode": "managed",
      "type": "aws_route_table",
      "name": "ac--rtb-0ca065df4d0821bd6",
      "provider": "provider[\"registry.terraform.io/hashicorp/aws\"]",
      "instances": [
        {
          "schema_version": 0,
          "attributes": {
            "arn": "arn:aws:ec2:eu-west-2:766176144542:route-table/rtb-0ca065df4d0821bd6",
            "id": "rtb-0ca065df4d0821bd6",
            "owner_id": "766176144542",
            "propagating_vgws": [],
            "route": [],
            "tags": {
              "Name": "aujus-rtb-private2-eu-west-2b"
            },
            "tags_all": {
              "Name": "aujus-rtb-private2-eu-west-2b"
            },
            "timeouts": null,
            "vpc_id": "vpc-0fedac722f1953c41"
          },
          "sensitive_attributes": []
        }
      ]
    },
    {
      "mode": "managed",
      "type": "aws_route_table",
      "name": "ac--rtb-0cc0cdb846e0dcc47",
      "provider": "provider[\"registry.terraform.io/hashicorp/aws\"]",
      "instances": [
        {
          "schema_version": 0,
          "attributes": {
            "arn": "arn:aws:ec2:eu-west-2:766176144542:route-table/rtb-0cc0cdb846e0dcc47",
            "id": "rtb-0cc0cdb846e0dcc47",
            "owner_id": "766176144542",
            "propagating_vgws": [],
            "route": [
              {
                "carrier_gateway_id": "",
                "cidr_block": "0.0.0.0/0",
                "core_network_arn": "",
                "destination_prefix_list_id": "",
                "egress_only_gateway_id": "",
                "gateway_id": "",
                "instance_id": "",
                "ipv6_cidr_block": "",
                "local_gateway_id": "",
                "nat_gateway_id": "",
                "network_interface_id": "",
                "transit_gateway_id": "tgw-07b3bfe1973f16f78",
                "vpc_endpoint_id": "",
                "vpc_peering_connection_id": ""
              }
            ],
            "tags": {
              "Name": "craftsilicon-private-subnets-rt"
            },
            "tags_all": {
              "Name": "craftsilicon-private-subnets-rt"
            },
            "timeouts": null,
            "vpc_id": "vpc-0a776fe934cdc9011"
          },
          "sensitive_attributes": []
        }
      ]
    },
    {
      "mode": "managed",
      "type": "aws_route_table",
      "name": "ac--rtb-0e20ee0f22702a312",
      "provider": "provider[\"registry.terraform.io/hashicorp/aws\"]",
      "instances": [
        {
          "schema_version": 0,
          "attributes": {
            "arn": "arn:aws:ec2:eu-west-2:766176144542:route-table/rtb-0e20ee0f22702a312",
            "id": "rtb-0e20ee0f22702a312",
            "owner_id": "766176144542",
            "propagating_vgws": [],
            "route": [
              {
                "carrier_gateway_id": "",
                "cidr_block": "0.0.0.0/0",
                "core_network_arn": "",
                "destination_prefix_list_id": "",
                "egress_only_gateway_id": "",
                "gateway_id": "igw-041b16d5723fab576",
                "instance_id": "",
                "ipv6_cidr_block": "",
                "local_gateway_id": "",
                "nat_gateway_id": "",
                "network_interface_id": "",
                "transit_gateway_id": "",
                "vpc_endpoint_id": "",
                "vpc_peering_connection_id": ""
              }
            ],
            "tags": {
              "Name": "main-rtb-public"
            },
            "tags_all": {
              "Name": "main-rtb-public"
            },
            "timeouts": null,
            "vpc_id": "vpc-0a776fe934cdc9011"
          },
          "sensitive_attributes": []
        }
      ]
    },
    {
      "mode": "managed",
      "type": "aws_route_table_association",
      "name": "ac--subnet-002ad57466d0cfd46-002F-rtb-01416f1f7a9caceb5",
      "provider": "provider[\"registry.terraform.io/hashicorp/aws\"]",
      "instances": [
        {
          "schema_version": 0,
          "attributes": {
            "gateway_id": null,
            "id": "rtbassoc-07733327d6f62c437",
            "route_table_id": "rtb-01416f1f7a9caceb5",
            "subnet_id": "subnet-002ad57466d0cfd46",
            "timeouts": null
          },
          "sensitive_attributes": [],
          "private": "eyJlMmJmYjczMC1lY2FhLTExZTYtOGY4OC0zNDM2M2JjN2M0YzAiOnsiY3JlYXRlIjozMDAwMDAwMDAwMDAsImRlbGV0ZSI6MzAwMDAwMDAwMDAwLCJ1cGRhdGUiOjEyMDAwMDAwMDAwMH0sInNjaGVtYV92ZXJzaW9uIjoiMCJ9",
          "dependencies": [
            "aws_route_table.ac--rtb-01416f1f7a9caceb5"
          ]
        }
      ]
    },
    {
      "mode": "managed",
      "type": "aws_route_table_association",
      "name": "ac--subnet-0124b4e97562ebbd7-002F-rtb-0e20ee0f22702a312",
      "provider": "provider[\"registry.terraform.io/hashicorp/aws\"]",
      "instances": [
        {
          "schema_version": 0,
          "attributes": {
            "gateway_id": null,
            "id": "rtbassoc-0e27040bdd868d82f",
            "route_table_id": "rtb-0e20ee0f22702a312",
            "subnet_id": "subnet-0124b4e97562ebbd7",
            "timeouts": null
          },
          "sensitive_attributes": [],
          "private": "eyJlMmJmYjczMC1lY2FhLTExZTYtOGY4OC0zNDM2M2JjN2M0YzAiOnsiY3JlYXRlIjozMDAwMDAwMDAwMDAsImRlbGV0ZSI6MzAwMDAwMDAwMDAwLCJ1cGRhdGUiOjEyMDAwMDAwMDAwMH0sInNjaGVtYV92ZXJzaW9uIjoiMCJ9",
          "dependencies": [
            "aws_route_table.ac--rtb-0e20ee0f22702a312"
          ]
        }
      ]
    },
    {
      "mode": "managed",
      "type": "aws_route_table_association",
      "name": "ac--subnet-036ada20d56a38f43-002F-rtb-0cc0cdb846e0dcc47",
      "provider": "provider[\"registry.terraform.io/hashicorp/aws\"]",
      "instances": [
        {
          "schema_version": 0,
          "attributes": {
            "gateway_id": null,
            "id": "rtbassoc-00f778cd2fe5da840",
            "route_table_id": "rtb-0cc0cdb846e0dcc47",
            "subnet_id": "subnet-036ada20d56a38f43",
            "timeouts": null
          },
          "sensitive_attributes": [],
          "private": "eyJlMmJmYjczMC1lY2FhLTExZTYtOGY4OC0zNDM2M2JjN2M0YzAiOnsiY3JlYXRlIjozMDAwMDAwMDAwMDAsImRlbGV0ZSI6MzAwMDAwMDAwMDAwLCJ1cGRhdGUiOjEyMDAwMDAwMDAwMH0sInNjaGVtYV92ZXJzaW9uIjoiMCJ9",
          "dependencies": [
            "aws_route_table.ac--rtb-0cc0cdb846e0dcc47"
          ]
        }
      ]
    },
    {
      "mode": "managed",
      "type": "aws_route_table_association",
      "name": "ac--subnet-0428e0711a4ca2507-002F-rtb-0cc0cdb846e0dcc47",
      "provider": "provider[\"registry.terraform.io/hashicorp/aws\"]",
      "instances": [
        {
          "schema_version": 0,
          "attributes": {
            "gateway_id": null,
            "id": "rtbassoc-007f35e2348a475cd",
            "route_table_id": "rtb-0cc0cdb846e0dcc47",
            "subnet_id": "subnet-0428e0711a4ca2507",
            "timeouts": null
          },
          "sensitive_attributes": [],
          "private": "eyJlMmJmYjczMC1lY2FhLTExZTYtOGY4OC0zNDM2M2JjN2M0YzAiOnsiY3JlYXRlIjozMDAwMDAwMDAwMDAsImRlbGV0ZSI6MzAwMDAwMDAwMDAwLCJ1cGRhdGUiOjEyMDAwMDAwMDAwMH0sInNjaGVtYV92ZXJzaW9uIjoiMCJ9",
          "dependencies": [
            "aws_route_table.ac--rtb-0cc0cdb846e0dcc47"
          ]
        }
      ]
    },
    {
      "mode": "managed",
      "type": "aws_route_table_association",
      "name": "ac--subnet-05a7709f7ea1ab238-002F-rtb-0ca065df4d0821bd6",
      "provider": "provider[\"registry.terraform.io/hashicorp/aws\"]",
      "instances": [
        {
          "schema_version": 0,
          "attributes": {
            "gateway_id": null,
            "id": "rtbassoc-0674d923cf1daca66",
            "route_table_id": "rtb-0ca065df4d0821bd6",
            "subnet_id": "subnet-05a7709f7ea1ab238",
            "timeouts": null
          },
          "sensitive_attributes": [],
          "private": "eyJlMmJmYjczMC1lY2FhLTExZTYtOGY4OC0zNDM2M2JjN2M0YzAiOnsiY3JlYXRlIjozMDAwMDAwMDAwMDAsImRlbGV0ZSI6MzAwMDAwMDAwMDAwLCJ1cGRhdGUiOjEyMDAwMDAwMDAwMH0sInNjaGVtYV92ZXJzaW9uIjoiMCJ9",
          "dependencies": [
            "aws_route_table.ac--rtb-0ca065df4d0821bd6"
          ]
        }
      ]
    },
    {
      "mode": "managed",
      "type": "aws_route_table_association",
      "name": "ac--subnet-078af4ec8efe88431-002F-rtb-06be72788a38dd650",
      "provider": "provider[\"registry.terraform.io/hashicorp/aws\"]",
      "instances": [
        {
          "schema_version": 0,
          "attributes": {
            "gateway_id": null,
            "id": "rtbassoc-0c59ca2ec309f2ff7",
            "route_table_id": "rtb-06be72788a38dd650",
            "subnet_id": "subnet-078af4ec8efe88431",
            "timeouts": null
          },
          "sensitive_attributes": [],
          "private": "eyJlMmJmYjczMC1lY2FhLTExZTYtOGY4OC0zNDM2M2JjN2M0YzAiOnsiY3JlYXRlIjozMDAwMDAwMDAwMDAsImRlbGV0ZSI6MzAwMDAwMDAwMDAwLCJ1cGRhdGUiOjEyMDAwMDAwMDAwMH0sInNjaGVtYV92ZXJzaW9uIjoiMCJ9",
          "dependencies": [
            "aws_route_table.ac--rtb-06be72788a38dd650"
          ]
        }
      ]
    },
    {
      "mode": "managed",
      "type": "aws_route_table_association",
      "name": "ac--subnet-087e5c32cbaca1cd8-002F-rtb-06be72788a38dd650",
      "provider": "provider[\"registry.terraform.io/hashicorp/aws\"]",
      "instances": [
        {
          "schema_version": 0,
          "attributes": {
            "gateway_id": null,
            "id": "rtbassoc-08a995a6f2937a539",
            "route_table_id": "rtb-06be72788a38dd650",
            "subnet_id": "subnet-087e5c32cbaca1cd8",
            "timeouts": null
          },
          "sensitive_attributes": [],
          "private": "eyJlMmJmYjczMC1lY2FhLTExZTYtOGY4OC0zNDM2M2JjN2M0YzAiOnsiY3JlYXRlIjozMDAwMDAwMDAwMDAsImRlbGV0ZSI6MzAwMDAwMDAwMDAwLCJ1cGRhdGUiOjEyMDAwMDAwMDAwMH0sInNjaGVtYV92ZXJzaW9uIjoiMCJ9",
          "dependencies": [
            "aws_route_table.ac--rtb-06be72788a38dd650"
          ]
        }
      ]
    },
    {
      "mode": "managed",
      "type": "aws_route_table_association",
      "name": "ac--subnet-09aa7e3eabd5bae59-002F-rtb-01910b765f126a1ff",
      "provider": "provider[\"registry.terraform.io/hashicorp/aws\"]",
      "instances": [
        {
          "schema_version": 0,
          "attributes": {
            "gateway_id": null,
            "id": "rtbassoc-06966c05b74aac568",
            "route_table_id": "rtb-01910b765f126a1ff",
            "subnet_id": "subnet-09aa7e3eabd5bae59",
            "timeouts": null
          },
          "sensitive_attributes": [],
          "private": "eyJlMmJmYjczMC1lY2FhLTExZTYtOGY4OC0zNDM2M2JjN2M0YzAiOnsiY3JlYXRlIjozMDAwMDAwMDAwMDAsImRlbGV0ZSI6MzAwMDAwMDAwMDAwLCJ1cGRhdGUiOjEyMDAwMDAwMDAwMH0sInNjaGVtYV92ZXJzaW9uIjoiMCJ9",
          "dependencies": [
            "aws_route_table.ac--rtb-01910b765f126a1ff"
          ]
        }
      ]
    },
    {
      "mode": "managed",
      "type": "aws_route_table_association",
      "name": "ac--subnet-0a7061207da3fd3a1-002F-rtb-042e21eddd434b20b",
      "provider": "provider[\"registry.terraform.io/hashicorp/aws\"]",
      "instances": [
        {
          "schema_version": 0,
          "attributes": {
            "gateway_id": null,
            "id": "rtbassoc-054e70ba58ad7b755",
            "route_table_id": "rtb-042e21eddd434b20b",
            "subnet_id": "subnet-0a7061207da3fd3a1",
            "timeouts": null
          },
          "sensitive_attributes": [],
          "private": "eyJlMmJmYjczMC1lY2FhLTExZTYtOGY4OC0zNDM2M2JjN2M0YzAiOnsiY3JlYXRlIjozMDAwMDAwMDAwMDAsImRlbGV0ZSI6MzAwMDAwMDAwMDAwLCJ1cGRhdGUiOjEyMDAwMDAwMDAwMH0sInNjaGVtYV92ZXJzaW9uIjoiMCJ9",
          "dependencies": [
            "aws_route_table.ac--rtb-042e21eddd434b20b"
          ]
        }
      ]
    },
    {
      "mode": "managed",
      "type": "aws_route_table_association",
      "name": "ac--subnet-0d715c5c159eae0fb-002F-rtb-0e20ee0f22702a312",
      "provider": "provider[\"registry.terraform.io/hashicorp/aws\"]",
      "instances": [
        {
          "schema_version": 0,
          "attributes": {
            "gateway_id": null,
            "id": "rtbassoc-07bde21fa8135c0ad",
            "route_table_id": "rtb-0e20ee0f22702a312",
            "subnet_id": "subnet-0d715c5c159eae0fb",
            "timeouts": null
          },
          "sensitive_attributes": [],
          "private": "eyJlMmJmYjczMC1lY2FhLTExZTYtOGY4OC0zNDM2M2JjN2M0YzAiOnsiY3JlYXRlIjozMDAwMDAwMDAwMDAsImRlbGV0ZSI6MzAwMDAwMDAwMDAwLCJ1cGRhdGUiOjEyMDAwMDAwMDAwMH0sInNjaGVtYV92ZXJzaW9uIjoiMCJ9",
          "dependencies": [
            "aws_route_table.ac--rtb-0e20ee0f22702a312"
          ]
        }
      ]
    },
    {
      "mode": "managed",
      "type": "aws_route_table_association",
      "name": "ac--subnet-0f597fdaea877e775-002F-rtb-09eef75731b2c2e73",
      "provider": "provider[\"registry.terraform.io/hashicorp/aws\"]",
      "instances": [
        {
          "schema_version": 0,
          "attributes": {
            "gateway_id": null,
            "id": "rtbassoc-0039ddb4856fec8cb",
            "route_table_id": "rtb-09eef75731b2c2e73",
            "subnet_id": "subnet-0f597fdaea877e775",
            "timeouts": null
          },
          "sensitive_attributes": [],
          "private": "eyJlMmJmYjczMC1lY2FhLTExZTYtOGY4OC0zNDM2M2JjN2M0YzAiOnsiY3JlYXRlIjozMDAwMDAwMDAwMDAsImRlbGV0ZSI6MzAwMDAwMDAwMDAwLCJ1cGRhdGUiOjEyMDAwMDAwMDAwMH0sInNjaGVtYV92ZXJzaW9uIjoiMCJ9",
          "dependencies": [
            "aws_route_table.ac--rtb-09eef75731b2c2e73"
          ]
        }
      ]
    },
    {
      "mode": "managed",
      "type": "aws_route_table_association",
      "name": "ac--subnet-0fc2fa7eea70faa76-002F-rtb-0448668edd3b158c3",
      "provider": "provider[\"registry.terraform.io/hashicorp/aws\"]",
      "instances": [
        {
          "schema_version": 0,
          "attributes": {
            "gateway_id": null,
            "id": "rtbassoc-0704313a5d4031c5d",
            "route_table_id": "rtb-0448668edd3b158c3",
            "subnet_id": "subnet-0fc2fa7eea70faa76",
            "timeouts": null
          },
          "sensitive_attributes": [],
          "private": "eyJlMmJmYjczMC1lY2FhLTExZTYtOGY4OC0zNDM2M2JjN2M0YzAiOnsiY3JlYXRlIjozMDAwMDAwMDAwMDAsImRlbGV0ZSI6MzAwMDAwMDAwMDAwLCJ1cGRhdGUiOjEyMDAwMDAwMDAwMH0sInNjaGVtYV92ZXJzaW9uIjoiMCJ9",
          "dependencies": [
            "aws_route_table.ac--rtb-0448668edd3b158c3"
          ]
        }
      ]
    }
  ]
}